{
  "version": 4,
  "terraform_version": "1.7.2",
  "serial": 185,
  "lineage": "4c9d337a-6544-552e-6dc2-6065288d225c",
  "outputs": {},
  "resources": [
    {
      "module": "module.eks",
      "mode": "data",
      "type": "aws_caller_identity",
      "name": "current",
      "provider": "provider[\"registry.terraform.io/hashicorp/aws\"]",
      "instances": [
        {
          "schema_version": 0,
          "attributes": {
            "account_id": "339712971032",
            "arn": "arn:aws:iam::339712971032:user/terraform",
            "id": "339712971032",
            "user_id": "AIDAU6GDYSEMFFKJODROY"
          },
          "sensitive_attributes": []
        }
      ]
    },
    {
      "module": "module.eks",
      "mode": "data",
      "type": "aws_ecrpublic_authorization_token",
      "name": "token",
      "provider": "provider[\"registry.terraform.io/hashicorp/aws\"]",
      "instances": [
        {
          "schema_version": 0,
          "attributes": {
            "authorization_token": "QVdTOmV5SndZWGxzYjJGa0lqb2lMMkp0VUV0S1dGQTNObGhqTnk5dFEzZFBTRFpHYmsxamRIZDJVbWRMVWtzMloyTTFXVTFYTmxZelJrWTNTRlpIWjNvemNtRXZTMG92V0Rsak9XOXNLMUJ3TW5aWlpHTnZjV1JWWmpFclVISnRPV05FY0ZaR1RFZDRPVmhtVVhsSWNESm5MMFV4TjI1SlJGRnpjV1p0WlVSdVJrTkliRmRqUXpKaWNWaHlXRXd2YTFGeU4wWkJXSEoxVEdsVlExVTRObGM1ZDBJMWFrMVJXRU40TW5SYWRERjBkRFUyWlZNM01XMHhiVWxpYzIxeFdXd3daRWhuVTBGc09ESnFaWFJKUjBFMkwweGpVSGMzVGpSd1JHNVZja0psTlZCcksxZHFVM2xYTmxOeGJrWm1RekpPYWpsbVJFUTVSaXRPWTNkVmR6VjVkelZIUWlzM1UxUmhWbTVRY0hocFdtZFpiSEpRTVZCQ1oyRkhZM0JSYTBGQ05HUnRXR1JoTlhZNEwxVTFWbWRaV1cxMmNFNVJjRVF5V25SMU5IaHNOMUp0UkVGcGEwZDNVRXM0YldGMWNFZHhlV3hGTjBNNVZWTjZPSGxUT0RWbFFXVmhhMnRMVERSc2NrcEdZV1k0WlVWTFNYSm1lVFpMWVRaVWQwMU1MMGR6UzB0WVpHWlljM0ZtYm04NWRrTjNZM0poUVZocVFXWkJPR1JEZG5ST2NWaG1iMGhRZGpCek1FMXNMMDFaV0hkNVlUY3pkVFZwU21GdFVqbHFTVWM1TDNCMlFqVTFZekJXVTIxT09XZ3JURzlDTkZCeFEyTlljVEl6VlRBd1V6QlZjWHBtZFZoNVdEVjJhMWRsVmpnMVNYaFlTSEpMWVhjcmRqUnFiMWhwTkM4eVRsSTRhRkZDTWpaWk1scERlRzUzUTNWemJISnFPRGhhVW5kekszVnFUWGx5YmpsVVRqSXZjeTlDZDJkdE1XbEViR3R1WXpkMlRHcEtUVlpZUlhNMVNsUjBiVVJyTVdOS1ZIRjBOblpKU0had1FXUTFiRFZwV2xSRVJqZHVkRnAyV2xwMkwxRlljREZrTkRGSFVtOU9VR2dyUVhKRk1GVkZkbmxoY0VJclRVWllaR2xqTUhkSGNrNUpVbkpWVEZsUWFWbDVhR1ZvWnpkSFVHbHljMGxXZUdad2FVaDBjV0Y0TjNSaVVtWlpkVFp2YVVKSmJXVlRjSGRvYzB4U09YbE5kbTB3YzJoYUx6aHBXR1Z4WlZwalkwUmlRM1l2VG1GTGREaHZPR0o0VWpKWVJrdFNUMnQ0YWxSYVVFOTBhWGN4Um5sTWRWUnBWalJrU0ROblpXdDBSemRXYXpoWFJFdE9UMUJrVXpCTk1qUjNVRkIzUTFweFVTOVVSRnB5TDNBMWFYQm9hakJLVTBnelNGSnRXbXh4WWtKd0wzSTVhVlZzY1hvMFVVTmtUelZUYmxOWWJUQndkbkU0TjJFeVptSmxSRVk1TURKQ1pVOXJTRlUwVmtsbFNWQk9Wa0pZZG1ka2RXUkNVVlE0U0ZGMmRWTk9RV1pCU25rM1RYbDNTM1JNWWxNcmVXUjJiVzFTT0dKNlZuUnhjamxCVjBwYVF6UnVSRU4xVFZOc1NIVTBXV1oxZDNGSlFVWlVVVWcwVEM5U1IyZElaVEppYVhONU1GVm9kWFpIZG04eE1XWTFXRUpJWTNkeFozQmlWWEptWkdkTFZtcERUVVJ6VVVoNVRVVkNZMXAyVm5VemJYZGFaRmxsSzFONVRERXdSMVprZERoMlptbEtNams1T1VaMVNsSnhhRVpRTkRZcmFVVnFaR0Z2YW5CbE1IUk9OblY2ZGtOeFVteDRaR1pCVm1wS1p6QWlMQ0prWVhSaGEyVjVJam9pWlhsS1VWSkdaMmxQYVVwM1N6STFVMU5FU2toWFZ6RkVaR3hvV0dSV1dsaFdSV1JFWlZWS1NGVnFhRFpoVm5CVFVsYzVUMWxyU2tOVmJsWkVZakJvYzJGWVpFTmlTRTVwWVVaTmVHUXpUazFNTWtwT1QxVnNhbEl4VmxkU2JGb3pXV3Q0UW1SVlZURldWWGh5WkVSTmVFMHhVa2RaYTJ4M1lXMTRhRTlWVWxWamFrWXhVa1pXTW1KdVJqVlJWR2hKWld4R1RGTlRPVEprUmxaT1VsZDRiMXB1Vmxwa2VUbFpVbFJhTkdORVZqUlZibVJLWlcxR2NFNUlUbFZrTW5SVFdsYzFObFpYWnpCWk0wbDVVa2hXYzJSV1NsaFdSMFl5VG1rNVVVMVhhekpPUjI4d1VteENlV1ZyU2xaUFNHaHBVVEZhYW1Nd2VIcFRlbXhOVVRGc1VHVlVXbnBQVmxJMFZHMXdhbEp0T0RCaU1qVjZZVWQzZDFWSWNIRmxXRXBMVlVWYWNFNVlSbE5PUjJRMlpVYzVlV1ZHV214WlZtUk1UMVYwUTJOdVZtbFZNVnBJVFRGRmVGZHVjRkJSYW1oTVVXcHNjbVZ0ZEd4bFdGcElWVlpvVkdGR1FrZGpSR3hMVlVkbmVHVnRVazFVTWxaT1lsZEdSMDFFVGxkVE1uQnNWVWhvYTA5SFVrbGxiRlpRWTBNNVVsSnJaM0pXUXpsWVVUTnZlbFZGYTNKUmJXeFZUMFZzV21ScVNYbGtTSEJPVVc1dk0wMHhRa2xqTTA1cVVWVjRTMUV4VW5aalJtOTRUVlUwZVZSdFNtMVdSa1U1VUZOSmMwbHJiRUpTUTBrMlNXdDRSbUpITVhkVFJGcDNXWHBrYms1SVJtMU9NV1JKVmtkd1VWUkhlRU5OYm1oRllURmtlbFZGZUdwbFdFMTNWRWhTVlV3eFNrUlVNSEJPVkhwR1ZsTlhOVXRTYmxJeVZraFJNR0pIUm5OWFNHUjZUMGhvUms0eVRuVmtSVTVhVFVoS2RGVXlOVlpoV0ZaTlVURnNWRlZzV2xGVE0yOHlVbFJTZW1WWVRsSmpWRUp3VGxkR2JtTldUa2hoUlRRMFZtMW9hMDlYT1doUlYyOHpaREJzYmsweldUSlBSVkYyVXpJNWRXTkdSWFprTWtwd1ZEQktTVlF6Y0haYU1VNXpWMFJrUTFScE9IbGtNbTl5WTI1b01VOVZXa05OUldRMlUyMW9SMkl3WkRGYWJIQlRUMFZHVEU5WWNETlhhMnhwWWpKd1dGbHJjSEJXVm5Cb1ZqQldXbHBxVGtSaGJXUnJWMFphVVZwdGIzbGFTRko0WWpGUk1GSkVhelJoUjNCR1ZGYzVkbFl4WkVWUmFrNTVUakpXYTFJeVRsQk5NMnhhWlZWek5HUlRPVnBWUnpGRFN6QTVibFJYY0RKaVZtUlJZMGRhZFU1c1FtRlRSV2g0VVhsMGEwNXJXVFJpUmtKQ1VrWk5NbVJyZEZKUFZrMTRVME4wU0ZKNU9UQk5NMEpSVmxVd2VWWlhlR3RhUlhNeVRESldkbE5zVWxOaU1WSjRVa2RGTVZOVWFFdFZTRXBDVld0b2RFOUZUbmxUTTBwTFZFZG9NMk5GV21wTk0wWk9WVE5hTkU1V1ZreE5la296Wkhvd09VbHVNRDBpTENKMlpYSnphVzl1SWpvaU15SXNJblI1Y0dVaU9pSkVRVlJCWDB0RldTSXNJbVY0Y0dseVlYUnBiMjRpT2pFM01EYzVPVFl6TWpGOQ==",
            "expires_at": "2024-02-15T11:25:21Z",
            "id": "us-east-1",
            "password": "eyJwYXlsb2FkIjoiL2JtUEtKWFA3NlhjNy9tQ3dPSDZGbk1jdHd2UmdLUks2Z2M1WU1XNlYzRkY3SFZHZ3ozcmEvS0ovWDljOW9sK1BwMnZZZGNvcWRVZjErUHJtOWNEcFZGTEd4OVhmUXlIcDJnL0UxN25JRFFzcWZtZURuRkNIbFdjQzJicVhyWEwva1FyN0ZBWHJ1TGlVQ1U4Nlc5d0I1ak1RWEN4MnRadDF0dDU2ZVM3MW0xbUlic21xWWwwZEhnU0FsODJqZXRJR0E2L0xjUHc3TjRwRG5VckJlNVBrK1dqU3lXNlNxbkZmQzJOajlmREQ5RitOY3dVdzV5dzVHQis3U1RhVm5QcHhpWmdZbHJQMVBCZ2FHY3BRa0FCNGRtWGRhNXY4L1U1VmdZWW12cE5RcEQyWnR1NHhsN1JtREFpa0d3UEs4bWF1cEdxeWxFN0M5VVN6OHlTODVlQWVha2tLTDRsckpGYWY4ZUVLSXJmeTZLYTZUd01ML0dzS0tYZGZYc3Fmbm85dkN3Y3JhQVhqQWZBOGRDdnROcVhmb0hQdjBzME1sL01ZWHd5YTczdTVpSmFtUjlqSUc5L3B2QjU1YzBWU21OOWgrTG9CNFBxQ2NYcTIzVTAwUzBVcXpmdVh5WDV2a1dlVjg1SXhYSHJLYXcrdjRqb1hpNC8yTlI4aFFCMjZZMlpDeG53Q3VzbHJqODhaUndzK3VqTXlybjlUTjIvcy9Cd2dtMWlEbGtuYzd2TGpKTVZYRXM1SlR0bURrMWNKVHF0NnZJSHZwQWQ1bDVpWlRERjdudFp2Wlp2L1FYcDFkNDFHUm9OUGgrQXJFMFVFdnlhcEIrTUZYZGljMHdHck5JUnJVTFlQaVl5aGVoZzdHUGlyc0lWeGZwaUh0cWF4N3RiUmZZdTZvaUJJbWVTcHdoc0xSOXlNdm0wc2haLzhpWGVxZVpjY0RiQ3YvTmFLdDhvOGJ4UjJYRktST2t4alRaUE90aXcxRnlMdVRpVjRkSDNnZWt0RzdWazhXREtOT1BkUzBNMjR3UFB3Q1pxUS9URFpyL3A1aXBoajBKU0gzSFJtWmxxYkJwL3I5aVVscXo0UUNkTzVTblNYbTBwdnE4N2EyZmJlREY5MDJCZU9rSFU0VkllSVBOVkJYdmdkdWRCUVQ4SFF2dVNOQWZBSnk3TXl3S3RMYlMreWR2bW1SOGJ6VnRxcjlBV0paQzRuREN1TVNsSHU0WWZ1d3FJQUZUUUg0TC9SR2dIZTJiaXN5MFVodXZHdm8xMWY1WEJIY3dxZ3BiVXJmZGdLVmpDTURzUUh5TUVCY1p2VnUzbXdaZFllK1N5TDEwR1ZkdDh2ZmlKMjk5OUZ1SlJxaEZQNDYraUVqZGFvanBlMHRONnV6dkNxUmx4ZGZBVmpKZzAiLCJkYXRha2V5IjoiZXlKUVJGZ2lPaUp3SzI1U1NESkhXVzFEZGxoWGRWWlhWRWREZVVKSFVqaDZhVnBTUlc5T1lrSkNVblZEYjBoc2FYZENiSE5pYUZNeGQzTk1MMkpOT1VsalIxVldSbFozWWt4QmRVVTFWVXhyZERNeE0xUkdZa2x3YW14aE9VUlVjakYxUkZWMmJuRjVRVGhJZWxGTFNTOTJkRlZOUld4b1puVlpkeTlZUlRaNGNEVjRVbmRKZW1GcE5ITlVkMnRTWlc1NlZXZzBZM0l5UkhWc2RWSlhWR0YyTmk5UU1XazJOR28wUmxCeWVrSlZPSGhpUTFaamMweHpTemxNUTFsUGVUWnpPVlI0VG1walJtODBiMjV6YUd3d1VIcHFlWEpLVUVacE5YRlNOR2Q2ZUc5eWVGWmxZVmRMT1V0Q2NuVmlVMVpITTFFeFducFBRamhMUWpscmVtdGxlWFpIVVZoVGFGQkdjRGxLVUdneGVtUk1UMlZOYldGR01ETldTMnBsVUhoa09HUkllbFZQY0M5UlJrZ3JWQzlYUTNvelVFa3JRbWxVT0VsWmRqSXlkSHBOUW5vM00xQkljM05qUVV4S1ExUnZjRm94TVU0eVRtSm1WRkU5UFNJc0lrbEJSQ0k2SWt4RmJHMXdTRFp3WXpkbk5IRm1OMWRJVkdwUVRHeENNbmhFYTFkelVFeGplWE13VEhSVUwxSkRUMHBOVHpGVlNXNUtSblIyVkhRMGJHRnNXSGR6T0hoRk4yTnVkRU5aTUhKdFUyNVZhWFZNUTFsVFVsWlFTM28yUlRSemVYTlJjVEJwTldGbmNWTkhhRTQ0Vm1oa09XOWhRV28zZDBsbk0zWTJPRVF2UzI5dWNGRXZkMkpwVDBKSVQzcHZaMU5zV0RkQ1RpOHlkMm9yY25oMU9VWkNNRWQ2U21oR2IwZDFabHBTT0VGTE9YcDNXa2xpYjJwWFlrcHBWVnBoVjBWWlpqTkRhbWRrV0ZaUVptb3laSFJ4YjFRMFJEazRhR3BGVFc5dlYxZEVRak55TjJWa1IyTlBNM2xaZVVzNGRTOVpVRzFDSzA5blRXcDJiVmRRY0dadU5sQmFTRWh4UXl0a05rWTRiRkJCUkZNMmRrdFJPVk14U0N0SFJ5OTBNM0JRVlUweVZXeGtaRXMyTDJWdlNsUlNiMVJ4UkdFMVNUaEtVSEpCVWtodE9FTnlTM0pLVEdoM2NFWmpNM0ZOVTNaNE5WVkxNekozZHowOUluMD0iLCJ2ZXJzaW9uIjoiMyIsInR5cGUiOiJEQVRBX0tFWSIsImV4cGlyYXRpb24iOjE3MDc5OTYzMjF9",
            "user_name": "AWS"
          },
          "sensitive_attributes": []
        }
      ]
    },
    {
      "module": "module.eks",
      "mode": "data",
      "type": "aws_eks_cluster_auth",
      "name": "eks",
      "provider": "provider[\"registry.terraform.io/hashicorp/aws\"]",
      "instances": [
        {
          "schema_version": 0,
          "attributes": {
            "id": "phdi-playground-dev",
            "name": "phdi-playground-dev",
            "token": "k8s-aws-v1.aHR0cHM6Ly9zdHMuYW1hem9uYXdzLmNvbS8_QWN0aW9uPUdldENhbGxlcklkZW50aXR5JlZlcnNpb249MjAxMS0wNi0xNSZYLUFtei1BbGdvcml0aG09QVdTNC1ITUFDLVNIQTI1NiZYLUFtei1DcmVkZW50aWFsPUFLSUFVNkdEWVNFTU42QktGQVdHJTJGMjAyNDAyMTQlMkZ1cy1lYXN0LTElMkZzdHMlMkZhd3M0X3JlcXVlc3QmWC1BbXotRGF0ZT0yMDI0MDIxNFQyMzI1MjNaJlgtQW16LUV4cGlyZXM9MCZYLUFtei1TaWduZWRIZWFkZXJzPWhvc3QlM0J4LWs4cy1hd3MtaWQmWC1BbXotU2lnbmF0dXJlPWE0NDVmYzY1NzViNTk4NjQzY2IzYjVkMWIyYzJlYmIwMDgyYmI2ODM0N2QwY2NlMDZhNGQ4ZDA5M2M5YzNjNzM"
          },
          "sensitive_attributes": []
        }
      ]
    },
    {
      "module": "module.eks",
      "mode": "data",
      "type": "aws_iam_policy_document",
      "name": "assume_role",
      "provider": "provider[\"registry.terraform.io/hashicorp/aws\"]",
      "instances": [
        {
          "schema_version": 0,
          "attributes": {
            "id": "3552664922",
            "json": "{\n  \"Version\": \"2012-10-17\",\n  \"Statement\": [\n    {\n      \"Effect\": \"Allow\",\n      \"Action\": \"sts:AssumeRole\",\n      \"Principal\": {\n        \"Service\": \"eks.amazonaws.com\"\n      }\n    }\n  ]\n}",
            "override_policy_documents": null,
            "policy_id": null,
            "source_policy_documents": null,
            "statement": [
              {
                "actions": [
                  "sts:AssumeRole"
                ],
                "condition": [],
                "effect": "Allow",
                "not_actions": [],
                "not_principals": [],
                "not_resources": [],
                "principals": [
                  {
                    "identifiers": [
                      "eks.amazonaws.com"
                    ],
                    "type": "Service"
                  }
                ],
                "resources": [],
                "sid": ""
              }
            ],
            "version": "2012-10-17"
          },
          "sensitive_attributes": []
        }
      ]
    },
    {
      "module": "module.eks",
      "mode": "data",
      "type": "aws_iam_policy_document",
      "name": "load_balancer_controller",
      "provider": "provider[\"registry.terraform.io/hashicorp/aws\"]",
      "instances": [
        {
          "schema_version": 0,
          "attributes": {
            "id": "2969066150",
            "json": "{\n  \"Version\": \"2012-10-17\",\n  \"Statement\": [\n    {\n      \"Effect\": \"Allow\",\n      \"Action\": \"iam:CreateServiceLinkedRole\",\n      \"Resource\": \"*\",\n      \"Condition\": {\n        \"StringEquals\": {\n          \"iam:AWSServiceName\": \"elasticloadbalancing.amazonaws.com\"\n        }\n      }\n    },\n    {\n      \"Effect\": \"Allow\",\n      \"Action\": [\n        \"elasticloadbalancing:DescribeTargetHealth\",\n        \"elasticloadbalancing:DescribeTargetGroups\",\n        \"elasticloadbalancing:DescribeTargetGroupAttributes\",\n        \"elasticloadbalancing:DescribeTags\",\n        \"elasticloadbalancing:DescribeSSLPolicies\",\n        \"elasticloadbalancing:DescribeRules\",\n        \"elasticloadbalancing:DescribeLoadBalancers\",\n        \"elasticloadbalancing:DescribeLoadBalancerAttributes\",\n        \"elasticloadbalancing:DescribeListeners\",\n        \"elasticloadbalancing:DescribeListenerCertificates\",\n        \"ec2:GetCoipPoolUsage\",\n        \"ec2:DescribeVpcs\",\n        \"ec2:DescribeVpcPeeringConnections\",\n        \"ec2:DescribeTags\",\n        \"ec2:DescribeSubnets\",\n        \"ec2:DescribeSecurityGroups\",\n        \"ec2:DescribeNetworkInterfaces\",\n        \"ec2:DescribeInternetGateways\",\n        \"ec2:DescribeInstances\",\n        \"ec2:DescribeCoipPools\",\n        \"ec2:DescribeAvailabilityZones\",\n        \"ec2:DescribeAddresses\",\n        \"ec2:DescribeAccountAttributes\"\n      ],\n      \"Resource\": \"*\"\n    },\n    {\n      \"Effect\": \"Allow\",\n      \"Action\": [\n        \"wafv2:GetWebACLForResource\",\n        \"wafv2:GetWebACL\",\n        \"wafv2:DisassociateWebACL\",\n        \"wafv2:AssociateWebACL\",\n        \"waf-regional:GetWebACLForResource\",\n        \"waf-regional:GetWebACL\",\n        \"waf-regional:DisassociateWebACL\",\n        \"waf-regional:AssociateWebACL\",\n        \"shield:GetSubscriptionState\",\n        \"shield:DescribeProtection\",\n        \"shield:DeleteProtection\",\n        \"shield:CreateProtection\",\n        \"iam:ListServerCertificates\",\n        \"iam:GetServerCertificate\",\n        \"cognito-idp:DescribeUserPoolClient\",\n        \"acm:ListCertificates\",\n        \"acm:DescribeCertificate\"\n      ],\n      \"Resource\": \"*\"\n    },\n    {\n      \"Effect\": \"Allow\",\n      \"Action\": [\n        \"ec2:RevokeSecurityGroupIngress\",\n        \"ec2:AuthorizeSecurityGroupIngress\"\n      ],\n      \"Resource\": \"*\"\n    },\n    {\n      \"Effect\": \"Allow\",\n      \"Action\": \"ec2:CreateSecurityGroup\",\n      \"Resource\": \"*\"\n    },\n    {\n      \"Effect\": \"Allow\",\n      \"Action\": \"ec2:CreateTags\",\n      \"Resource\": \"arn:aws:ec2:*:*:security-group/*\",\n      \"Condition\": {\n        \"Null\": {\n          \"aws:RequestTag/elbv2.k8s.aws/cluster\": \"false\"\n        },\n        \"StringEquals\": {\n          \"ec2:CreateAction\": \"CreateSecurityGroup\"\n        }\n      }\n    },\n    {\n      \"Effect\": \"Allow\",\n      \"Action\": [\n        \"ec2:DeleteTags\",\n        \"ec2:CreateTags\"\n      ],\n      \"Resource\": \"arn:aws:ec2:*:*:security-group/*\",\n      \"Condition\": {\n        \"Null\": {\n          \"aws:RequestTag/elbv2.k8s.aws/cluster\": \"true\",\n          \"aws:ResourceTag/elbv2.k8s.aws/cluster\": \"false\"\n        }\n      }\n    },\n    {\n      \"Effect\": \"Allow\",\n      \"Action\": [\n        \"ec2:RevokeSecurityGroupIngress\",\n        \"ec2:DeleteSecurityGroup\",\n        \"ec2:AuthorizeSecurityGroupIngress\"\n      ],\n      \"Resource\": \"*\",\n      \"Condition\": {\n        \"Null\": {\n          \"aws:ResourceTag/elbv2.k8s.aws/cluster\": \"false\"\n        }\n      }\n    },\n    {\n      \"Effect\": \"Allow\",\n      \"Action\": [\n        \"elasticloadbalancing:CreateTargetGroup\",\n        \"elasticloadbalancing:CreateLoadBalancer\"\n      ],\n      \"Resource\": \"*\",\n      \"Condition\": {\n        \"Null\": {\n          \"aws:RequestTag/elbv2.k8s.aws/cluster\": \"false\"\n        }\n      }\n    },\n    {\n      \"Effect\": \"Allow\",\n      \"Action\": [\n        \"elasticloadbalancing:DeleteRule\",\n        \"elasticloadbalancing:DeleteListener\",\n        \"elasticloadbalancing:CreateRule\",\n        \"elasticloadbalancing:CreateListener\"\n      ],\n      \"Resource\": \"*\"\n    },\n    {\n      \"Effect\": \"Allow\",\n      \"Action\": [\n        \"elasticloadbalancing:RemoveTags\",\n        \"elasticloadbalancing:AddTags\"\n      ],\n      \"Resource\": [\n        \"arn:aws:elasticloadbalancing:*:*:targetgroup/*/*\",\n        \"arn:aws:elasticloadbalancing:*:*:loadbalancer/net/*/*\",\n        \"arn:aws:elasticloadbalancing:*:*:loadbalancer/app/*/*\"\n      ],\n      \"Condition\": {\n        \"Null\": {\n          \"aws:RequestTag/elbv2.k8s.aws/cluster\": \"true\",\n          \"aws:ResourceTag/elbv2.k8s.aws/cluster\": \"false\"\n        }\n      }\n    },\n    {\n      \"Effect\": \"Allow\",\n      \"Action\": [\n        \"elasticloadbalancing:RemoveTags\",\n        \"elasticloadbalancing:AddTags\"\n      ],\n      \"Resource\": [\n        \"arn:aws:elasticloadbalancing:*:*:listener/net/*/*/*\",\n        \"arn:aws:elasticloadbalancing:*:*:listener/app/*/*/*\",\n        \"arn:aws:elasticloadbalancing:*:*:listener-rule/net/*/*/*\",\n        \"arn:aws:elasticloadbalancing:*:*:listener-rule/app/*/*/*\"\n      ]\n    },\n    {\n      \"Effect\": \"Allow\",\n      \"Action\": [\n        \"elasticloadbalancing:SetSubnets\",\n        \"elasticloadbalancing:SetSecurityGroups\",\n        \"elasticloadbalancing:SetIpAddressType\",\n        \"elasticloadbalancing:ModifyTargetGroupAttributes\",\n        \"elasticloadbalancing:ModifyTargetGroup\",\n        \"elasticloadbalancing:ModifyLoadBalancerAttributes\",\n        \"elasticloadbalancing:DescribeTrustStores\",\n        \"elasticloadbalancing:DeleteTargetGroup\",\n        \"elasticloadbalancing:DeleteLoadBalancer\"\n      ],\n      \"Resource\": \"*\",\n      \"Condition\": {\n        \"Null\": {\n          \"aws:ResourceTag/elbv2.k8s.aws/cluster\": \"false\"\n        }\n      }\n    },\n    {\n      \"Effect\": \"Allow\",\n      \"Action\": \"elasticloadbalancing:AddTags\",\n      \"Resource\": [\n        \"arn:aws:elasticloadbalancing:*:*:targetgroup/*/*\",\n        \"arn:aws:elasticloadbalancing:*:*:loadbalancer/net/*/*\",\n        \"arn:aws:elasticloadbalancing:*:*:loadbalancer/app/*/*\"\n      ],\n      \"Condition\": {\n        \"Null\": {\n          \"aws:RequestTag/elbv2.k8s.aws/cluster\": \"false\"\n        },\n        \"StringEquals\": {\n          \"elasticloadbalancing:CreateAction\": [\n            \"CreateTargetGroup\",\n            \"CreateLoadBalancer\"\n          ]\n        }\n      }\n    },\n    {\n      \"Effect\": \"Allow\",\n      \"Action\": [\n        \"elasticloadbalancing:RegisterTargets\",\n        \"elasticloadbalancing:DeregisterTargets\"\n      ],\n      \"Resource\": \"arn:aws:elasticloadbalancing:*:*:targetgroup/*/*\"\n    },\n    {\n      \"Effect\": \"Allow\",\n      \"Action\": [\n        \"elasticloadbalancing:SetWebAcl\",\n        \"elasticloadbalancing:RemoveListenerCertificates\",\n        \"elasticloadbalancing:ModifyRule\",\n        \"elasticloadbalancing:ModifyListener\",\n        \"elasticloadbalancing:AddListenerCertificates\"\n      ],\n      \"Resource\": \"*\"\n    }\n  ]\n}",
            "override_policy_documents": null,
            "policy_id": null,
            "source_policy_documents": null,
            "statement": [
              {
                "actions": [
                  "iam:CreateServiceLinkedRole"
                ],
                "condition": [
                  {
                    "test": "StringEquals",
                    "values": [
                      "elasticloadbalancing.amazonaws.com"
                    ],
                    "variable": "iam:AWSServiceName"
                  }
                ],
                "effect": "Allow",
                "not_actions": [],
                "not_principals": [],
                "not_resources": [],
                "principals": [],
                "resources": [
                  "*"
                ],
                "sid": ""
              },
              {
                "actions": [
                  "ec2:DescribeAccountAttributes",
                  "ec2:DescribeAddresses",
                  "ec2:DescribeAvailabilityZones",
                  "ec2:DescribeCoipPools",
                  "ec2:DescribeInstances",
                  "ec2:DescribeInternetGateways",
                  "ec2:DescribeNetworkInterfaces",
                  "ec2:DescribeSecurityGroups",
                  "ec2:DescribeSubnets",
                  "ec2:DescribeTags",
                  "ec2:DescribeVpcPeeringConnections",
                  "ec2:DescribeVpcs",
                  "ec2:GetCoipPoolUsage",
                  "elasticloadbalancing:DescribeListenerCertificates",
                  "elasticloadbalancing:DescribeListeners",
                  "elasticloadbalancing:DescribeLoadBalancerAttributes",
                  "elasticloadbalancing:DescribeLoadBalancers",
                  "elasticloadbalancing:DescribeRules",
                  "elasticloadbalancing:DescribeSSLPolicies",
                  "elasticloadbalancing:DescribeTags",
                  "elasticloadbalancing:DescribeTargetGroupAttributes",
                  "elasticloadbalancing:DescribeTargetGroups",
                  "elasticloadbalancing:DescribeTargetHealth"
                ],
                "condition": [],
                "effect": "Allow",
                "not_actions": [],
                "not_principals": [],
                "not_resources": [],
                "principals": [],
                "resources": [
                  "*"
                ],
                "sid": ""
              },
              {
                "actions": [
                  "acm:DescribeCertificate",
                  "acm:ListCertificates",
                  "cognito-idp:DescribeUserPoolClient",
                  "iam:GetServerCertificate",
                  "iam:ListServerCertificates",
                  "shield:CreateProtection",
                  "shield:DeleteProtection",
                  "shield:DescribeProtection",
                  "shield:GetSubscriptionState",
                  "waf-regional:AssociateWebACL",
                  "waf-regional:DisassociateWebACL",
                  "waf-regional:GetWebACL",
                  "waf-regional:GetWebACLForResource",
                  "wafv2:AssociateWebACL",
                  "wafv2:DisassociateWebACL",
                  "wafv2:GetWebACL",
                  "wafv2:GetWebACLForResource"
                ],
                "condition": [],
                "effect": "Allow",
                "not_actions": [],
                "not_principals": [],
                "not_resources": [],
                "principals": [],
                "resources": [
                  "*"
                ],
                "sid": ""
              },
              {
                "actions": [
                  "ec2:AuthorizeSecurityGroupIngress",
                  "ec2:RevokeSecurityGroupIngress"
                ],
                "condition": [],
                "effect": "Allow",
                "not_actions": [],
                "not_principals": [],
                "not_resources": [],
                "principals": [],
                "resources": [
                  "*"
                ],
                "sid": ""
              },
              {
                "actions": [
                  "ec2:CreateSecurityGroup"
                ],
                "condition": [],
                "effect": "Allow",
                "not_actions": [],
                "not_principals": [],
                "not_resources": [],
                "principals": [],
                "resources": [
                  "*"
                ],
                "sid": ""
              },
              {
                "actions": [
                  "ec2:CreateTags"
                ],
                "condition": [
                  {
                    "test": "Null",
                    "values": [
                      "false"
                    ],
                    "variable": "aws:RequestTag/elbv2.k8s.aws/cluster"
                  },
                  {
                    "test": "StringEquals",
                    "values": [
                      "CreateSecurityGroup"
                    ],
                    "variable": "ec2:CreateAction"
                  }
                ],
                "effect": "Allow",
                "not_actions": [],
                "not_principals": [],
                "not_resources": [],
                "principals": [],
                "resources": [
                  "arn:aws:ec2:*:*:security-group/*"
                ],
                "sid": ""
              },
              {
                "actions": [
                  "ec2:CreateTags",
                  "ec2:DeleteTags"
                ],
                "condition": [
                  {
                    "test": "Null",
                    "values": [
                      "false"
                    ],
                    "variable": "aws:ResourceTag/elbv2.k8s.aws/cluster"
                  },
                  {
                    "test": "Null",
                    "values": [
                      "true"
                    ],
                    "variable": "aws:RequestTag/elbv2.k8s.aws/cluster"
                  }
                ],
                "effect": "Allow",
                "not_actions": [],
                "not_principals": [],
                "not_resources": [],
                "principals": [],
                "resources": [
                  "arn:aws:ec2:*:*:security-group/*"
                ],
                "sid": ""
              },
              {
                "actions": [
                  "ec2:AuthorizeSecurityGroupIngress",
                  "ec2:DeleteSecurityGroup",
                  "ec2:RevokeSecurityGroupIngress"
                ],
                "condition": [
                  {
                    "test": "Null",
                    "values": [
                      "false"
                    ],
                    "variable": "aws:ResourceTag/elbv2.k8s.aws/cluster"
                  }
                ],
                "effect": "Allow",
                "not_actions": [],
                "not_principals": [],
                "not_resources": [],
                "principals": [],
                "resources": [
                  "*"
                ],
                "sid": ""
              },
              {
                "actions": [
                  "elasticloadbalancing:CreateLoadBalancer",
                  "elasticloadbalancing:CreateTargetGroup"
                ],
                "condition": [
                  {
                    "test": "Null",
                    "values": [
                      "false"
                    ],
                    "variable": "aws:RequestTag/elbv2.k8s.aws/cluster"
                  }
                ],
                "effect": "Allow",
                "not_actions": [],
                "not_principals": [],
                "not_resources": [],
                "principals": [],
                "resources": [
                  "*"
                ],
                "sid": ""
              },
              {
                "actions": [
                  "elasticloadbalancing:CreateListener",
                  "elasticloadbalancing:CreateRule",
                  "elasticloadbalancing:DeleteListener",
                  "elasticloadbalancing:DeleteRule"
                ],
                "condition": [],
                "effect": "Allow",
                "not_actions": [],
                "not_principals": [],
                "not_resources": [],
                "principals": [],
                "resources": [
                  "*"
                ],
                "sid": ""
              },
              {
                "actions": [
                  "elasticloadbalancing:AddTags",
                  "elasticloadbalancing:RemoveTags"
                ],
                "condition": [
                  {
                    "test": "Null",
                    "values": [
                      "false"
                    ],
                    "variable": "aws:ResourceTag/elbv2.k8s.aws/cluster"
                  },
                  {
                    "test": "Null",
                    "values": [
                      "true"
                    ],
                    "variable": "aws:RequestTag/elbv2.k8s.aws/cluster"
                  }
                ],
                "effect": "Allow",
                "not_actions": [],
                "not_principals": [],
                "not_resources": [],
                "principals": [],
                "resources": [
                  "arn:aws:elasticloadbalancing:*:*:loadbalancer/app/*/*",
                  "arn:aws:elasticloadbalancing:*:*:loadbalancer/net/*/*",
                  "arn:aws:elasticloadbalancing:*:*:targetgroup/*/*"
                ],
                "sid": ""
              },
              {
                "actions": [
                  "elasticloadbalancing:AddTags",
                  "elasticloadbalancing:RemoveTags"
                ],
                "condition": [],
                "effect": "Allow",
                "not_actions": [],
                "not_principals": [],
                "not_resources": [],
                "principals": [],
                "resources": [
                  "arn:aws:elasticloadbalancing:*:*:listener-rule/app/*/*/*",
                  "arn:aws:elasticloadbalancing:*:*:listener-rule/net/*/*/*",
                  "arn:aws:elasticloadbalancing:*:*:listener/app/*/*/*",
                  "arn:aws:elasticloadbalancing:*:*:listener/net/*/*/*"
                ],
                "sid": ""
              },
              {
                "actions": [
                  "elasticloadbalancing:DeleteLoadBalancer",
                  "elasticloadbalancing:DeleteTargetGroup",
                  "elasticloadbalancing:DescribeTrustStores",
                  "elasticloadbalancing:ModifyLoadBalancerAttributes",
                  "elasticloadbalancing:ModifyTargetGroup",
                  "elasticloadbalancing:ModifyTargetGroupAttributes",
                  "elasticloadbalancing:SetIpAddressType",
                  "elasticloadbalancing:SetSecurityGroups",
                  "elasticloadbalancing:SetSubnets"
                ],
                "condition": [
                  {
                    "test": "Null",
                    "values": [
                      "false"
                    ],
                    "variable": "aws:ResourceTag/elbv2.k8s.aws/cluster"
                  }
                ],
                "effect": "Allow",
                "not_actions": [],
                "not_principals": [],
                "not_resources": [],
                "principals": [],
                "resources": [
                  "*"
                ],
                "sid": ""
              },
              {
                "actions": [
                  "elasticloadbalancing:AddTags"
                ],
                "condition": [
                  {
                    "test": "Null",
                    "values": [
                      "false"
                    ],
                    "variable": "aws:RequestTag/elbv2.k8s.aws/cluster"
                  },
                  {
                    "test": "StringEquals",
                    "values": [
                      "CreateTargetGroup",
                      "CreateLoadBalancer"
                    ],
                    "variable": "elasticloadbalancing:CreateAction"
                  }
                ],
                "effect": "Allow",
                "not_actions": [],
                "not_principals": [],
                "not_resources": [],
                "principals": [],
                "resources": [
                  "arn:aws:elasticloadbalancing:*:*:loadbalancer/app/*/*",
                  "arn:aws:elasticloadbalancing:*:*:loadbalancer/net/*/*",
                  "arn:aws:elasticloadbalancing:*:*:targetgroup/*/*"
                ],
                "sid": ""
              },
              {
                "actions": [
                  "elasticloadbalancing:DeregisterTargets",
                  "elasticloadbalancing:RegisterTargets"
                ],
                "condition": [],
                "effect": "Allow",
                "not_actions": [],
                "not_principals": [],
                "not_resources": [],
                "principals": [],
                "resources": [
                  "arn:aws:elasticloadbalancing:*:*:targetgroup/*/*"
                ],
                "sid": ""
              },
              {
                "actions": [
                  "elasticloadbalancing:AddListenerCertificates",
                  "elasticloadbalancing:ModifyListener",
                  "elasticloadbalancing:ModifyRule",
                  "elasticloadbalancing:RemoveListenerCertificates",
                  "elasticloadbalancing:SetWebAcl"
                ],
                "condition": [],
                "effect": "Allow",
                "not_actions": [],
                "not_principals": [],
                "not_resources": [],
                "principals": [],
                "resources": [
                  "*"
                ],
                "sid": ""
              }
            ],
            "version": "2012-10-17"
          },
          "sensitive_attributes": []
        }
      ]
    },
    {
      "module": "module.eks",
      "mode": "data",
      "type": "kubectl_file_documents",
      "name": "ingress",
      "provider": "module.eks.provider[\"registry.terraform.io/gavinbunney/kubectl\"]",
      "instances": [
        {
          "schema_version": 0,
          "attributes": {
            "content": "apiVersion: networking.k8s.io/v1\nkind: Ingress\nmetadata:\n  name: ingress\n  annotations:\n    alb.ingress.kubernetes.io/scheme: internet-facing\n    alb.ingress.kubernetes.io/target-type: ip\n    alb.ingress.kubernetes.io/group.name: phdi-playground-dev\nspec:\n  ingressClassName: alb\n  rules:\n    - http:\n        paths:\n          - path: /ingestion\n            pathType: Prefix\n            backend:\n              service:\n                name: phdi-playground-dev-ingestion-ingestion-service\n                port:\n                  number: 8080\n          - path: /fhir-converter\n            pathType: Prefix\n            backend:\n              service:\n                name: phdi-playground-dev-fhir-converter-fhir-converter-service\n                port:\n                  number: 8080\n          - path: /message-parser\n            pathType: Prefix\n            backend:\n              service:\n                name: phdi-playground-dev-message-parser-message-parser-service\n                port:\n                  number: 8080\n          - path: /validation\n            pathType: Prefix\n            backend:\n              service:\n                name: phdi-playground-dev-validation-validation-service\n                port:\n                  number: 80\n          - path: /orchestration\n            pathType: Prefix\n            backend:\n              service:\n                name: phdi-playground-dev-orchestration-orchestration-service\n                port:\n                  number: 8080\n",
            "documents": [
              "apiVersion: networking.k8s.io/v1\nkind: Ingress\nmetadata:\n  name: ingress\n  annotations:\n    alb.ingress.kubernetes.io/scheme: internet-facing\n    alb.ingress.kubernetes.io/target-type: ip\n    alb.ingress.kubernetes.io/group.name: phdi-playground-dev\nspec:\n  ingressClassName: alb\n  rules:\n    - http:\n        paths:\n          - path: /ingestion\n            pathType: Prefix\n            backend:\n              service:\n                name: phdi-playground-dev-ingestion-ingestion-service\n                port:\n                  number: 8080\n          - path: /fhir-converter\n            pathType: Prefix\n            backend:\n              service:\n                name: phdi-playground-dev-fhir-converter-fhir-converter-service\n                port:\n                  number: 8080\n          - path: /message-parser\n            pathType: Prefix\n            backend:\n              service:\n                name: phdi-playground-dev-message-parser-message-parser-service\n                port:\n                  number: 8080\n          - path: /validation\n            pathType: Prefix\n            backend:\n              service:\n                name: phdi-playground-dev-validation-validation-service\n                port:\n                  number: 80\n          - path: /orchestration\n            pathType: Prefix\n            backend:\n              service:\n                name: phdi-playground-dev-orchestration-orchestration-service\n                port:\n                  number: 8080"
            ],
            "id": "8cd0c0f00af3093e4e18ae9918754a34a0a206e0bea4f01048eb9ee67c2f0ee6",
            "manifests": {
              "/apis/networking.k8s.io/v1/ingresses/ingress": "apiVersion: networking.k8s.io/v1\nkind: Ingress\nmetadata:\n  annotations:\n    alb.ingress.kubernetes.io/group.name: phdi-playground-dev\n    alb.ingress.kubernetes.io/scheme: internet-facing\n    alb.ingress.kubernetes.io/target-type: ip\n  name: ingress\nspec:\n  ingressClassName: alb\n  rules:\n  - http:\n      paths:\n      - backend:\n          service:\n            name: phdi-playground-dev-ingestion-ingestion-service\n            port:\n              number: 8080\n        path: /ingestion\n        pathType: Prefix\n      - backend:\n          service:\n            name: phdi-playground-dev-fhir-converter-fhir-converter-service\n            port:\n              number: 8080\n        path: /fhir-converter\n        pathType: Prefix\n      - backend:\n          service:\n            name: phdi-playground-dev-message-parser-message-parser-service\n            port:\n              number: 8080\n        path: /message-parser\n        pathType: Prefix\n      - backend:\n          service:\n            name: phdi-playground-dev-validation-validation-service\n            port:\n              number: 80\n        path: /validation\n        pathType: Prefix\n      - backend:\n          service:\n            name: phdi-playground-dev-orchestration-orchestration-service\n            port:\n              number: 8080\n        path: /orchestration\n        pathType: Prefix\n"
            }
          },
          "sensitive_attributes": []
        }
      ]
    },
    {
      "module": "module.eks",
      "mode": "data",
      "type": "kubectl_file_documents",
      "name": "karpenter",
      "provider": "module.eks.provider[\"registry.terraform.io/gavinbunney/kubectl\"]",
      "instances": [
        {
          "schema_version": 0,
          "attributes": {
            "content": "apiVersion: karpenter.sh/v1beta1\nkind: NodePool\nmetadata:\n  name: default\nspec:\n  template:\n    spec:\n      requirements:\n        - key: kubernetes.io/arch\n          operator: In\n          values: [\"amd64\"]\n        - key: kubernetes.io/os\n          operator: In\n          values: [\"linux\"]\n        - key: karpenter.sh/capacity-type\n          operator: In\n          values: [\"spot\"]\n        - key: karpenter.k8s.aws/instance-category\n          operator: In\n          values: [\"c\", \"m\", \"r\"]\n        - key: karpenter.k8s.aws/instance-generation\n          operator: Gt\n          values: [\"2\"]\n      nodeClassRef:\n        name: default\n  limits:\n    cpu: 1000\n  disruption:\n    consolidationPolicy: WhenUnderutilized\n    expireAfter: 720h # 30 * 24h = 720h\n---\napiVersion: karpenter.k8s.aws/v1beta1\nkind: EC2NodeClass\nmetadata:\n  name: default\nspec:\n  amiFamily: AL2 # Amazon Linux 2\n  role: \"KarpenterNodeRole-phdi-playground-dev\"\n  subnetSelectorTerms:\n    - tags:\n        karpenter.sh/discovery: \"phdi-playground-dev\"\n  securityGroupSelectorTerms:\n    - tags:\n        karpenter.sh/discovery: \"phdi-playground-dev\"\n",
            "documents": [
              "apiVersion: karpenter.sh/v1beta1\nkind: NodePool\nmetadata:\n  name: default\nspec:\n  template:\n    spec:\n      requirements:\n        - key: kubernetes.io/arch\n          operator: In\n          values: [\"amd64\"]\n        - key: kubernetes.io/os\n          operator: In\n          values: [\"linux\"]\n        - key: karpenter.sh/capacity-type\n          operator: In\n          values: [\"spot\"]\n        - key: karpenter.k8s.aws/instance-category\n          operator: In\n          values: [\"c\", \"m\", \"r\"]\n        - key: karpenter.k8s.aws/instance-generation\n          operator: Gt\n          values: [\"2\"]\n      nodeClassRef:\n        name: default\n  limits:\n    cpu: 1000\n  disruption:\n    consolidationPolicy: WhenUnderutilized\n    expireAfter: 720h # 30 * 24h = 720h",
              "apiVersion: karpenter.k8s.aws/v1beta1\nkind: EC2NodeClass\nmetadata:\n  name: default\nspec:\n  amiFamily: AL2 # Amazon Linux 2\n  role: \"KarpenterNodeRole-phdi-playground-dev\"\n  subnetSelectorTerms:\n    - tags:\n        karpenter.sh/discovery: \"phdi-playground-dev\"\n  securityGroupSelectorTerms:\n    - tags:\n        karpenter.sh/discovery: \"phdi-playground-dev\""
            ],
            "id": "04a2ca1e90fdc14b61dbcd65e45ffe1597638f1ecd4ef6cda87e26cedf067e16",
            "manifests": {
              "/apis/karpenter.k8s.aws/v1beta1/ec2nodeclasses/default": "apiVersion: karpenter.k8s.aws/v1beta1\nkind: EC2NodeClass\nmetadata:\n  name: default\nspec:\n  amiFamily: AL2\n  role: KarpenterNodeRole-phdi-playground-dev\n  securityGroupSelectorTerms:\n  - tags:\n      karpenter.sh/discovery: phdi-playground-dev\n  subnetSelectorTerms:\n  - tags:\n      karpenter.sh/discovery: phdi-playground-dev\n",
              "/apis/karpenter.sh/v1beta1/nodepools/default": "apiVersion: karpenter.sh/v1beta1\nkind: NodePool\nmetadata:\n  name: default\nspec:\n  disruption:\n    consolidationPolicy: WhenUnderutilized\n    expireAfter: 720h\n  limits:\n    cpu: 1000\n  template:\n    spec:\n      nodeClassRef:\n        name: default\n      requirements:\n      - key: kubernetes.io/arch\n        operator: In\n        values:\n        - amd64\n      - key: kubernetes.io/os\n        operator: In\n        values:\n        - linux\n      - key: karpenter.sh/capacity-type\n        operator: In\n        values:\n        - spot\n      - key: karpenter.k8s.aws/instance-category\n        operator: In\n        values:\n        - c\n        - m\n        - r\n      - key: karpenter.k8s.aws/instance-generation\n        operator: Gt\n        values:\n        - \"2\"\n"
            }
          },
          "sensitive_attributes": []
        }
      ]
    },
    {
      "module": "module.eks",
      "mode": "data",
      "type": "kubectl_file_documents",
      "name": "load_balancer_controller_crds",
      "provider": "module.eks.provider[\"registry.terraform.io/gavinbunney/kubectl\"]",
      "instances": [
        {
          "schema_version": 0,
          "attributes": {
            "content": "apiVersion: apiextensions.k8s.io/v1\nkind: CustomResourceDefinition\nmetadata:\n  annotations:\n    controller-gen.kubebuilder.io/version: v0.11.1\n  name: ingressclassparams.elbv2.k8s.aws\nspec:\n  group: elbv2.k8s.aws\n  names:\n    kind: IngressClassParams\n    listKind: IngressClassParamsList\n    plural: ingressclassparams\n    singular: ingressclassparams\n  scope: Cluster\n  versions:\n    - additionalPrinterColumns:\n        - description: The Ingress Group name\n          jsonPath: .spec.group.name\n          name: GROUP-NAME\n          type: string\n        - description: The AWS Load Balancer scheme\n          jsonPath: .spec.scheme\n          name: SCHEME\n          type: string\n        - description: The AWS Load Balancer ipAddressType\n          jsonPath: .spec.ipAddressType\n          name: IP-ADDRESS-TYPE\n          type: string\n        - jsonPath: .metadata.creationTimestamp\n          name: AGE\n          type: date\n      name: v1beta1\n      schema:\n        openAPIV3Schema:\n          description: IngressClassParams is the Schema for the IngressClassParams API\n          properties:\n            apiVersion:\n              description:\n                \"APIVersion defines the versioned schema of this representation\n                of an object. Servers should convert recognized schemas to the latest\n                internal value, and may reject unrecognized values. More info: https://git.k8s.io/community/contributors/devel/sig-architecture/api-conventions.md#resources\"\n              type: string\n            kind:\n              description:\n                \"Kind is a string value representing the REST resource this\n                object represents. Servers may infer this from the endpoint the client\n                submits requests to. Cannot be updated. In CamelCase. More info: https://git.k8s.io/community/contributors/devel/sig-architecture/api-conventions.md#types-kinds\"\n              type: string\n            metadata:\n              type: object\n            spec:\n              description: IngressClassParamsSpec defines the desired state of IngressClassParams\n              properties:\n                group:\n                  description:\n                    Group defines the IngressGroup for all Ingresses that\n                    belong to IngressClass with this IngressClassParams.\n                  properties:\n                    name:\n                      description: Name is the name of IngressGroup.\n                      type: string\n                  required:\n                    - name\n                  type: object\n                inboundCIDRs:\n                  description:\n                    InboundCIDRs specifies the CIDRs that are allowed to\n                    access the Ingresses that belong to IngressClass with this IngressClassParams.\n                  items:\n                    type: string\n                  type: array\n                ipAddressType:\n                  description:\n                    IPAddressType defines the ip address type for all Ingresses\n                    that belong to IngressClass with this IngressClassParams.\n                  enum:\n                    - ipv4\n                    - dualstack\n                  type: string\n                loadBalancerAttributes:\n                  description:\n                    LoadBalancerAttributes define the custom attributes to\n                    LoadBalancers for all Ingress that that belong to IngressClass with\n                    this IngressClassParams.\n                  items:\n                    description: Attributes defines custom attributes on resources.\n                    properties:\n                      key:\n                        description: The key of the attribute.\n                        type: string\n                      value:\n                        description: The value of the attribute.\n                        type: string\n                    required:\n                      - key\n                      - value\n                    type: object\n                  type: array\n                namespaceSelector:\n                  description:\n                    NamespaceSelector restrict the namespaces of Ingresses\n                    that are allowed to specify the IngressClass with this IngressClassParams.\n                    * if absent or present but empty, it selects all namespaces.\n                  properties:\n                    matchExpressions:\n                      description:\n                        matchExpressions is a list of label selector requirements.\n                        The requirements are ANDed.\n                      items:\n                        description:\n                          A label selector requirement is a selector that\n                          contains values, a key, and an operator that relates the key\n                          and values.\n                        properties:\n                          key:\n                            description:\n                              key is the label key that the selector applies\n                              to.\n                            type: string\n                          operator:\n                            description:\n                              operator represents a key's relationship to\n                              a set of values. Valid operators are In, NotIn, Exists\n                              and DoesNotExist.\n                            type: string\n                          values:\n                            description:\n                              values is an array of string values. If the\n                              operator is In or NotIn, the values array must be non-empty.\n                              If the operator is Exists or DoesNotExist, the values\n                              array must be empty. This array is replaced during a strategic\n                              merge patch.\n                            items:\n                              type: string\n                            type: array\n                        required:\n                          - key\n                          - operator\n                        type: object\n                      type: array\n                    matchLabels:\n                      additionalProperties:\n                        type: string\n                      description:\n                        matchLabels is a map of {key,value} pairs. A single\n                        {key,value} in the matchLabels map is equivalent to an element\n                        of matchExpressions, whose key field is \"key\", the operator\n                        is \"In\", and the values array contains only \"value\". The requirements\n                        are ANDed.\n                      type: object\n                  type: object\n                  x-kubernetes-map-type: atomic\n                scheme:\n                  description:\n                    Scheme defines the scheme for all Ingresses that belong\n                    to IngressClass with this IngressClassParams.\n                  enum:\n                    - internal\n                    - internet-facing\n                  type: string\n                sslPolicy:\n                  description:\n                    SSLPolicy specifies the SSL Policy for all Ingresses\n                    that belong to IngressClass with this IngressClassParams.\n                  type: string\n                subnets:\n                  description:\n                    Subnets defines the subnets for all Ingresses that belong\n                    to IngressClass with this IngressClassParams.\n                  properties:\n                    ids:\n                      description:\n                        IDs specify the resource IDs of subnets. Exactly\n                        one of this or `tags` must be specified.\n                      items:\n                        description: SubnetID specifies a subnet ID.\n                        pattern: subnet-[0-9a-f]+\n                        type: string\n                      minItems: 1\n                      type: array\n                    tags:\n                      additionalProperties:\n                        items:\n                          type: string\n                        type: array\n                      description:\n                        Tags specifies subnets in the load balancer's VPC\n                        where each tag specified in the map key contains one of the\n                        values in the corresponding value list. Exactly one of this\n                        or `ids` must be specified.\n                      type: object\n                  type: object\n                tags:\n                  description:\n                    Tags defines list of Tags on AWS resources provisioned\n                    for Ingresses that belong to IngressClass with this IngressClassParams.\n                  items:\n                    description: Tag defines a AWS Tag on resources.\n                    properties:\n                      key:\n                        description: The key of the tag.\n                        type: string\n                      value:\n                        description: The value of the tag.\n                        type: string\n                    required:\n                      - key\n                      - value\n                    type: object\n                  type: array\n              type: object\n          type: object\n      served: true\n      storage: true\n      subresources: {}\n---\napiVersion: apiextensions.k8s.io/v1\nkind: CustomResourceDefinition\nmetadata:\n  annotations:\n    controller-gen.kubebuilder.io/version: v0.11.1\n  name: targetgroupbindings.elbv2.k8s.aws\nspec:\n  group: elbv2.k8s.aws\n  names:\n    kind: TargetGroupBinding\n    listKind: TargetGroupBindingList\n    plural: targetgroupbindings\n    singular: targetgroupbinding\n  scope: Namespaced\n  versions:\n    - additionalPrinterColumns:\n        - description: The Kubernetes Service's name\n          jsonPath: .spec.serviceRef.name\n          name: SERVICE-NAME\n          type: string\n        - description: The Kubernetes Service's port\n          jsonPath: .spec.serviceRef.port\n          name: SERVICE-PORT\n          type: string\n        - description: The AWS TargetGroup's TargetType\n          jsonPath: .spec.targetType\n          name: TARGET-TYPE\n          type: string\n        - description: The AWS TargetGroup's Amazon Resource Name\n          jsonPath: .spec.targetGroupARN\n          name: ARN\n          priority: 1\n          type: string\n        - jsonPath: .metadata.creationTimestamp\n          name: AGE\n          type: date\n      name: v1alpha1\n      schema:\n        openAPIV3Schema:\n          description: TargetGroupBinding is the Schema for the TargetGroupBinding API\n          properties:\n            apiVersion:\n              description:\n                \"APIVersion defines the versioned schema of this representation\n                of an object. Servers should convert recognized schemas to the latest\n                internal value, and may reject unrecognized values. More info: https://git.k8s.io/community/contributors/devel/sig-architecture/api-conventions.md#resources\"\n              type: string\n            kind:\n              description:\n                \"Kind is a string value representing the REST resource this\n                object represents. Servers may infer this from the endpoint the client\n                submits requests to. Cannot be updated. In CamelCase. More info: https://git.k8s.io/community/contributors/devel/sig-architecture/api-conventions.md#types-kinds\"\n              type: string\n            metadata:\n              type: object\n            spec:\n              description: TargetGroupBindingSpec defines the desired state of TargetGroupBinding\n              properties:\n                networking:\n                  description:\n                    networking provides the networking setup for ELBV2 LoadBalancer\n                    to access targets in TargetGroup.\n                  properties:\n                    ingress:\n                      description:\n                        List of ingress rules to allow ELBV2 LoadBalancer\n                        to access targets in TargetGroup.\n                      items:\n                        properties:\n                          from:\n                            description:\n                              List of peers which should be able to access\n                              the targets in TargetGroup. At least one NetworkingPeer\n                              should be specified.\n                            items:\n                              description:\n                                NetworkingPeer defines the source/destination\n                                peer for networking rules.\n                              properties:\n                                ipBlock:\n                                  description:\n                                    IPBlock defines an IPBlock peer. If specified,\n                                    none of the other fields can be set.\n                                  properties:\n                                    cidr:\n                                      description:\n                                        CIDR is the network CIDR. Both IPV4\n                                        or IPV6 CIDR are accepted.\n                                      type: string\n                                  required:\n                                    - cidr\n                                  type: object\n                                securityGroup:\n                                  description:\n                                    SecurityGroup defines a SecurityGroup\n                                    peer. If specified, none of the other fields can\n                                    be set.\n                                  properties:\n                                    groupID:\n                                      description: GroupID is the EC2 SecurityGroupID.\n                                      type: string\n                                  required:\n                                    - groupID\n                                  type: object\n                              type: object\n                            type: array\n                          ports:\n                            description:\n                              List of ports which should be made accessible\n                              on the targets in TargetGroup. If ports is empty or unspecified,\n                              it defaults to all ports with TCP.\n                            items:\n                              properties:\n                                port:\n                                  anyOf:\n                                    - type: integer\n                                    - type: string\n                                  description:\n                                    The port which traffic must match. When\n                                    NodePort endpoints(instance TargetType) is used,\n                                    this must be a numerical port. When Port endpoints(ip\n                                    TargetType) is used, this can be either numerical\n                                    or named port on pods. if port is unspecified, it\n                                    defaults to all ports.\n                                  x-kubernetes-int-or-string: true\n                                protocol:\n                                  description:\n                                    The protocol which traffic must match.\n                                    If protocol is unspecified, it defaults to TCP.\n                                  enum:\n                                    - TCP\n                                    - UDP\n                                  type: string\n                              type: object\n                            type: array\n                        required:\n                          - from\n                          - ports\n                        type: object\n                      type: array\n                  type: object\n                serviceRef:\n                  description:\n                    serviceRef is a reference to a Kubernetes Service and\n                    ServicePort.\n                  properties:\n                    name:\n                      description: Name is the name of the Service.\n                      type: string\n                    port:\n                      anyOf:\n                        - type: integer\n                        - type: string\n                      description: Port is the port of the ServicePort.\n                      x-kubernetes-int-or-string: true\n                  required:\n                    - name\n                    - port\n                  type: object\n                targetGroupARN:\n                  description:\n                    targetGroupARN is the Amazon Resource Name (ARN) for\n                    the TargetGroup.\n                  type: string\n                targetType:\n                  description:\n                    targetType is the TargetType of TargetGroup. If unspecified,\n                    it will be automatically inferred.\n                  enum:\n                    - instance\n                    - ip\n                  type: string\n              required:\n                - serviceRef\n                - targetGroupARN\n              type: object\n            status:\n              description: TargetGroupBindingStatus defines the observed state of TargetGroupBinding\n              properties:\n                observedGeneration:\n                  description: The generation observed by the TargetGroupBinding controller.\n                  format: int64\n                  type: integer\n              type: object\n          type: object\n      served: true\n      storage: false\n      subresources:\n        status: {}\n    - additionalPrinterColumns:\n        - description: The Kubernetes Service's name\n          jsonPath: .spec.serviceRef.name\n          name: SERVICE-NAME\n          type: string\n        - description: The Kubernetes Service's port\n          jsonPath: .spec.serviceRef.port\n          name: SERVICE-PORT\n          type: string\n        - description: The AWS TargetGroup's TargetType\n          jsonPath: .spec.targetType\n          name: TARGET-TYPE\n          type: string\n        - description: The AWS TargetGroup's Amazon Resource Name\n          jsonPath: .spec.targetGroupARN\n          name: ARN\n          priority: 1\n          type: string\n        - jsonPath: .metadata.creationTimestamp\n          name: AGE\n          type: date\n      name: v1beta1\n      schema:\n        openAPIV3Schema:\n          description: TargetGroupBinding is the Schema for the TargetGroupBinding API\n          properties:\n            apiVersion:\n              description:\n                \"APIVersion defines the versioned schema of this representation\n                of an object. Servers should convert recognized schemas to the latest\n                internal value, and may reject unrecognized values. More info: https://git.k8s.io/community/contributors/devel/sig-architecture/api-conventions.md#resources\"\n              type: string\n            kind:\n              description:\n                \"Kind is a string value representing the REST resource this\n                object represents. Servers may infer this from the endpoint the client\n                submits requests to. Cannot be updated. In CamelCase. More info: https://git.k8s.io/community/contributors/devel/sig-architecture/api-conventions.md#types-kinds\"\n              type: string\n            metadata:\n              type: object\n            spec:\n              description: TargetGroupBindingSpec defines the desired state of TargetGroupBinding\n              properties:\n                ipAddressType:\n                  description:\n                    ipAddressType specifies whether the target group is of\n                    type IPv4 or IPv6. If unspecified, it will be automatically inferred.\n                  enum:\n                    - ipv4\n                    - ipv6\n                  type: string\n                networking:\n                  description:\n                    networking defines the networking rules to allow ELBV2\n                    LoadBalancer to access targets in TargetGroup.\n                  properties:\n                    ingress:\n                      description:\n                        List of ingress rules to allow ELBV2 LoadBalancer\n                        to access targets in TargetGroup.\n                      items:\n                        description:\n                          NetworkingIngressRule defines a particular set\n                          of traffic that is allowed to access TargetGroup's targets.\n                        properties:\n                          from:\n                            description:\n                              List of peers which should be able to access\n                              the targets in TargetGroup. At least one NetworkingPeer\n                              should be specified.\n                            items:\n                              description:\n                                NetworkingPeer defines the source/destination\n                                peer for networking rules.\n                              properties:\n                                ipBlock:\n                                  description:\n                                    IPBlock defines an IPBlock peer. If specified,\n                                    none of the other fields can be set.\n                                  properties:\n                                    cidr:\n                                      description:\n                                        CIDR is the network CIDR. Both IPV4\n                                        or IPV6 CIDR are accepted.\n                                      type: string\n                                  required:\n                                    - cidr\n                                  type: object\n                                securityGroup:\n                                  description:\n                                    SecurityGroup defines a SecurityGroup\n                                    peer. If specified, none of the other fields can\n                                    be set.\n                                  properties:\n                                    groupID:\n                                      description: GroupID is the EC2 SecurityGroupID.\n                                      type: string\n                                  required:\n                                    - groupID\n                                  type: object\n                              type: object\n                            type: array\n                          ports:\n                            description:\n                              List of ports which should be made accessible\n                              on the targets in TargetGroup. If ports is empty or unspecified,\n                              it defaults to all ports with TCP.\n                            items:\n                              description:\n                                NetworkingPort defines the port and protocol\n                                for networking rules.\n                              properties:\n                                port:\n                                  anyOf:\n                                    - type: integer\n                                    - type: string\n                                  description:\n                                    The port which traffic must match. When\n                                    NodePort endpoints(instance TargetType) is used,\n                                    this must be a numerical port. When Port endpoints(ip\n                                    TargetType) is used, this can be either numerical\n                                    or named port on pods. if port is unspecified, it\n                                    defaults to all ports.\n                                  x-kubernetes-int-or-string: true\n                                protocol:\n                                  description:\n                                    The protocol which traffic must match.\n                                    If protocol is unspecified, it defaults to TCP.\n                                  enum:\n                                    - TCP\n                                    - UDP\n                                  type: string\n                              type: object\n                            type: array\n                        required:\n                          - from\n                          - ports\n                        type: object\n                      type: array\n                  type: object\n                nodeSelector:\n                  description:\n                    node selector for instance type target groups to only\n                    register certain nodes\n                  properties:\n                    matchExpressions:\n                      description:\n                        matchExpressions is a list of label selector requirements.\n                        The requirements are ANDed.\n                      items:\n                        description:\n                          A label selector requirement is a selector that\n                          contains values, a key, and an operator that relates the key\n                          and values.\n                        properties:\n                          key:\n                            description:\n                              key is the label key that the selector applies\n                              to.\n                            type: string\n                          operator:\n                            description:\n                              operator represents a key's relationship to\n                              a set of values. Valid operators are In, NotIn, Exists\n                              and DoesNotExist.\n                            type: string\n                          values:\n                            description:\n                              values is an array of string values. If the\n                              operator is In or NotIn, the values array must be non-empty.\n                              If the operator is Exists or DoesNotExist, the values\n                              array must be empty. This array is replaced during a strategic\n                              merge patch.\n                            items:\n                              type: string\n                            type: array\n                        required:\n                          - key\n                          - operator\n                        type: object\n                      type: array\n                    matchLabels:\n                      additionalProperties:\n                        type: string\n                      description:\n                        matchLabels is a map of {key,value} pairs. A single\n                        {key,value} in the matchLabels map is equivalent to an element\n                        of matchExpressions, whose key field is \"key\", the operator\n                        is \"In\", and the values array contains only \"value\". The requirements\n                        are ANDed.\n                      type: object\n                  type: object\n                  x-kubernetes-map-type: atomic\n                serviceRef:\n                  description:\n                    serviceRef is a reference to a Kubernetes Service and\n                    ServicePort.\n                  properties:\n                    name:\n                      description: Name is the name of the Service.\n                      type: string\n                    port:\n                      anyOf:\n                        - type: integer\n                        - type: string\n                      description: Port is the port of the ServicePort.\n                      x-kubernetes-int-or-string: true\n                  required:\n                    - name\n                    - port\n                  type: object\n                targetGroupARN:\n                  description:\n                    targetGroupARN is the Amazon Resource Name (ARN) for\n                    the TargetGroup.\n                  minLength: 1\n                  type: string\n                targetType:\n                  description:\n                    targetType is the TargetType of TargetGroup. If unspecified,\n                    it will be automatically inferred.\n                  enum:\n                    - instance\n                    - ip\n                  type: string\n              required:\n                - serviceRef\n                - targetGroupARN\n              type: object\n            status:\n              description: TargetGroupBindingStatus defines the observed state of TargetGroupBinding\n              properties:\n                observedGeneration:\n                  description: The generation observed by the TargetGroupBinding controller.\n                  format: int64\n                  type: integer\n              type: object\n          type: object\n      served: true\n      storage: true\n      subresources:\n        status: {}\n",
            "documents": [
              "apiVersion: apiextensions.k8s.io/v1\nkind: CustomResourceDefinition\nmetadata:\n  annotations:\n    controller-gen.kubebuilder.io/version: v0.11.1\n  name: ingressclassparams.elbv2.k8s.aws\nspec:\n  group: elbv2.k8s.aws\n  names:\n    kind: IngressClassParams\n    listKind: IngressClassParamsList\n    plural: ingressclassparams\n    singular: ingressclassparams\n  scope: Cluster\n  versions:\n    - additionalPrinterColumns:\n        - description: The Ingress Group name\n          jsonPath: .spec.group.name\n          name: GROUP-NAME\n          type: string\n        - description: The AWS Load Balancer scheme\n          jsonPath: .spec.scheme\n          name: SCHEME\n          type: string\n        - description: The AWS Load Balancer ipAddressType\n          jsonPath: .spec.ipAddressType\n          name: IP-ADDRESS-TYPE\n          type: string\n        - jsonPath: .metadata.creationTimestamp\n          name: AGE\n          type: date\n      name: v1beta1\n      schema:\n        openAPIV3Schema:\n          description: IngressClassParams is the Schema for the IngressClassParams API\n          properties:\n            apiVersion:\n              description:\n                \"APIVersion defines the versioned schema of this representation\n                of an object. Servers should convert recognized schemas to the latest\n                internal value, and may reject unrecognized values. More info: https://git.k8s.io/community/contributors/devel/sig-architecture/api-conventions.md#resources\"\n              type: string\n            kind:\n              description:\n                \"Kind is a string value representing the REST resource this\n                object represents. Servers may infer this from the endpoint the client\n                submits requests to. Cannot be updated. In CamelCase. More info: https://git.k8s.io/community/contributors/devel/sig-architecture/api-conventions.md#types-kinds\"\n              type: string\n            metadata:\n              type: object\n            spec:\n              description: IngressClassParamsSpec defines the desired state of IngressClassParams\n              properties:\n                group:\n                  description:\n                    Group defines the IngressGroup for all Ingresses that\n                    belong to IngressClass with this IngressClassParams.\n                  properties:\n                    name:\n                      description: Name is the name of IngressGroup.\n                      type: string\n                  required:\n                    - name\n                  type: object\n                inboundCIDRs:\n                  description:\n                    InboundCIDRs specifies the CIDRs that are allowed to\n                    access the Ingresses that belong to IngressClass with this IngressClassParams.\n                  items:\n                    type: string\n                  type: array\n                ipAddressType:\n                  description:\n                    IPAddressType defines the ip address type for all Ingresses\n                    that belong to IngressClass with this IngressClassParams.\n                  enum:\n                    - ipv4\n                    - dualstack\n                  type: string\n                loadBalancerAttributes:\n                  description:\n                    LoadBalancerAttributes define the custom attributes to\n                    LoadBalancers for all Ingress that that belong to IngressClass with\n                    this IngressClassParams.\n                  items:\n                    description: Attributes defines custom attributes on resources.\n                    properties:\n                      key:\n                        description: The key of the attribute.\n                        type: string\n                      value:\n                        description: The value of the attribute.\n                        type: string\n                    required:\n                      - key\n                      - value\n                    type: object\n                  type: array\n                namespaceSelector:\n                  description:\n                    NamespaceSelector restrict the namespaces of Ingresses\n                    that are allowed to specify the IngressClass with this IngressClassParams.\n                    * if absent or present but empty, it selects all namespaces.\n                  properties:\n                    matchExpressions:\n                      description:\n                        matchExpressions is a list of label selector requirements.\n                        The requirements are ANDed.\n                      items:\n                        description:\n                          A label selector requirement is a selector that\n                          contains values, a key, and an operator that relates the key\n                          and values.\n                        properties:\n                          key:\n                            description:\n                              key is the label key that the selector applies\n                              to.\n                            type: string\n                          operator:\n                            description:\n                              operator represents a key's relationship to\n                              a set of values. Valid operators are In, NotIn, Exists\n                              and DoesNotExist.\n                            type: string\n                          values:\n                            description:\n                              values is an array of string values. If the\n                              operator is In or NotIn, the values array must be non-empty.\n                              If the operator is Exists or DoesNotExist, the values\n                              array must be empty. This array is replaced during a strategic\n                              merge patch.\n                            items:\n                              type: string\n                            type: array\n                        required:\n                          - key\n                          - operator\n                        type: object\n                      type: array\n                    matchLabels:\n                      additionalProperties:\n                        type: string\n                      description:\n                        matchLabels is a map of {key,value} pairs. A single\n                        {key,value} in the matchLabels map is equivalent to an element\n                        of matchExpressions, whose key field is \"key\", the operator\n                        is \"In\", and the values array contains only \"value\". The requirements\n                        are ANDed.\n                      type: object\n                  type: object\n                  x-kubernetes-map-type: atomic\n                scheme:\n                  description:\n                    Scheme defines the scheme for all Ingresses that belong\n                    to IngressClass with this IngressClassParams.\n                  enum:\n                    - internal\n                    - internet-facing\n                  type: string\n                sslPolicy:\n                  description:\n                    SSLPolicy specifies the SSL Policy for all Ingresses\n                    that belong to IngressClass with this IngressClassParams.\n                  type: string\n                subnets:\n                  description:\n                    Subnets defines the subnets for all Ingresses that belong\n                    to IngressClass with this IngressClassParams.\n                  properties:\n                    ids:\n                      description:\n                        IDs specify the resource IDs of subnets. Exactly\n                        one of this or `tags` must be specified.\n                      items:\n                        description: SubnetID specifies a subnet ID.\n                        pattern: subnet-[0-9a-f]+\n                        type: string\n                      minItems: 1\n                      type: array\n                    tags:\n                      additionalProperties:\n                        items:\n                          type: string\n                        type: array\n                      description:\n                        Tags specifies subnets in the load balancer's VPC\n                        where each tag specified in the map key contains one of the\n                        values in the corresponding value list. Exactly one of this\n                        or `ids` must be specified.\n                      type: object\n                  type: object\n                tags:\n                  description:\n                    Tags defines list of Tags on AWS resources provisioned\n                    for Ingresses that belong to IngressClass with this IngressClassParams.\n                  items:\n                    description: Tag defines a AWS Tag on resources.\n                    properties:\n                      key:\n                        description: The key of the tag.\n                        type: string\n                      value:\n                        description: The value of the tag.\n                        type: string\n                    required:\n                      - key\n                      - value\n                    type: object\n                  type: array\n              type: object\n          type: object\n      served: true\n      storage: true\n      subresources: {}",
              "apiVersion: apiextensions.k8s.io/v1\nkind: CustomResourceDefinition\nmetadata:\n  annotations:\n    controller-gen.kubebuilder.io/version: v0.11.1\n  name: targetgroupbindings.elbv2.k8s.aws\nspec:\n  group: elbv2.k8s.aws\n  names:\n    kind: TargetGroupBinding\n    listKind: TargetGroupBindingList\n    plural: targetgroupbindings\n    singular: targetgroupbinding\n  scope: Namespaced\n  versions:\n    - additionalPrinterColumns:\n        - description: The Kubernetes Service's name\n          jsonPath: .spec.serviceRef.name\n          name: SERVICE-NAME\n          type: string\n        - description: The Kubernetes Service's port\n          jsonPath: .spec.serviceRef.port\n          name: SERVICE-PORT\n          type: string\n        - description: The AWS TargetGroup's TargetType\n          jsonPath: .spec.targetType\n          name: TARGET-TYPE\n          type: string\n        - description: The AWS TargetGroup's Amazon Resource Name\n          jsonPath: .spec.targetGroupARN\n          name: ARN\n          priority: 1\n          type: string\n        - jsonPath: .metadata.creationTimestamp\n          name: AGE\n          type: date\n      name: v1alpha1\n      schema:\n        openAPIV3Schema:\n          description: TargetGroupBinding is the Schema for the TargetGroupBinding API\n          properties:\n            apiVersion:\n              description:\n                \"APIVersion defines the versioned schema of this representation\n                of an object. Servers should convert recognized schemas to the latest\n                internal value, and may reject unrecognized values. More info: https://git.k8s.io/community/contributors/devel/sig-architecture/api-conventions.md#resources\"\n              type: string\n            kind:\n              description:\n                \"Kind is a string value representing the REST resource this\n                object represents. Servers may infer this from the endpoint the client\n                submits requests to. Cannot be updated. In CamelCase. More info: https://git.k8s.io/community/contributors/devel/sig-architecture/api-conventions.md#types-kinds\"\n              type: string\n            metadata:\n              type: object\n            spec:\n              description: TargetGroupBindingSpec defines the desired state of TargetGroupBinding\n              properties:\n                networking:\n                  description:\n                    networking provides the networking setup for ELBV2 LoadBalancer\n                    to access targets in TargetGroup.\n                  properties:\n                    ingress:\n                      description:\n                        List of ingress rules to allow ELBV2 LoadBalancer\n                        to access targets in TargetGroup.\n                      items:\n                        properties:\n                          from:\n                            description:\n                              List of peers which should be able to access\n                              the targets in TargetGroup. At least one NetworkingPeer\n                              should be specified.\n                            items:\n                              description:\n                                NetworkingPeer defines the source/destination\n                                peer for networking rules.\n                              properties:\n                                ipBlock:\n                                  description:\n                                    IPBlock defines an IPBlock peer. If specified,\n                                    none of the other fields can be set.\n                                  properties:\n                                    cidr:\n                                      description:\n                                        CIDR is the network CIDR. Both IPV4\n                                        or IPV6 CIDR are accepted.\n                                      type: string\n                                  required:\n                                    - cidr\n                                  type: object\n                                securityGroup:\n                                  description:\n                                    SecurityGroup defines a SecurityGroup\n                                    peer. If specified, none of the other fields can\n                                    be set.\n                                  properties:\n                                    groupID:\n                                      description: GroupID is the EC2 SecurityGroupID.\n                                      type: string\n                                  required:\n                                    - groupID\n                                  type: object\n                              type: object\n                            type: array\n                          ports:\n                            description:\n                              List of ports which should be made accessible\n                              on the targets in TargetGroup. If ports is empty or unspecified,\n                              it defaults to all ports with TCP.\n                            items:\n                              properties:\n                                port:\n                                  anyOf:\n                                    - type: integer\n                                    - type: string\n                                  description:\n                                    The port which traffic must match. When\n                                    NodePort endpoints(instance TargetType) is used,\n                                    this must be a numerical port. When Port endpoints(ip\n                                    TargetType) is used, this can be either numerical\n                                    or named port on pods. if port is unspecified, it\n                                    defaults to all ports.\n                                  x-kubernetes-int-or-string: true\n                                protocol:\n                                  description:\n                                    The protocol which traffic must match.\n                                    If protocol is unspecified, it defaults to TCP.\n                                  enum:\n                                    - TCP\n                                    - UDP\n                                  type: string\n                              type: object\n                            type: array\n                        required:\n                          - from\n                          - ports\n                        type: object\n                      type: array\n                  type: object\n                serviceRef:\n                  description:\n                    serviceRef is a reference to a Kubernetes Service and\n                    ServicePort.\n                  properties:\n                    name:\n                      description: Name is the name of the Service.\n                      type: string\n                    port:\n                      anyOf:\n                        - type: integer\n                        - type: string\n                      description: Port is the port of the ServicePort.\n                      x-kubernetes-int-or-string: true\n                  required:\n                    - name\n                    - port\n                  type: object\n                targetGroupARN:\n                  description:\n                    targetGroupARN is the Amazon Resource Name (ARN) for\n                    the TargetGroup.\n                  type: string\n                targetType:\n                  description:\n                    targetType is the TargetType of TargetGroup. If unspecified,\n                    it will be automatically inferred.\n                  enum:\n                    - instance\n                    - ip\n                  type: string\n              required:\n                - serviceRef\n                - targetGroupARN\n              type: object\n            status:\n              description: TargetGroupBindingStatus defines the observed state of TargetGroupBinding\n              properties:\n                observedGeneration:\n                  description: The generation observed by the TargetGroupBinding controller.\n                  format: int64\n                  type: integer\n              type: object\n          type: object\n      served: true\n      storage: false\n      subresources:\n        status: {}\n    - additionalPrinterColumns:\n        - description: The Kubernetes Service's name\n          jsonPath: .spec.serviceRef.name\n          name: SERVICE-NAME\n          type: string\n        - description: The Kubernetes Service's port\n          jsonPath: .spec.serviceRef.port\n          name: SERVICE-PORT\n          type: string\n        - description: The AWS TargetGroup's TargetType\n          jsonPath: .spec.targetType\n          name: TARGET-TYPE\n          type: string\n        - description: The AWS TargetGroup's Amazon Resource Name\n          jsonPath: .spec.targetGroupARN\n          name: ARN\n          priority: 1\n          type: string\n        - jsonPath: .metadata.creationTimestamp\n          name: AGE\n          type: date\n      name: v1beta1\n      schema:\n        openAPIV3Schema:\n          description: TargetGroupBinding is the Schema for the TargetGroupBinding API\n          properties:\n            apiVersion:\n              description:\n                \"APIVersion defines the versioned schema of this representation\n                of an object. Servers should convert recognized schemas to the latest\n                internal value, and may reject unrecognized values. More info: https://git.k8s.io/community/contributors/devel/sig-architecture/api-conventions.md#resources\"\n              type: string\n            kind:\n              description:\n                \"Kind is a string value representing the REST resource this\n                object represents. Servers may infer this from the endpoint the client\n                submits requests to. Cannot be updated. In CamelCase. More info: https://git.k8s.io/community/contributors/devel/sig-architecture/api-conventions.md#types-kinds\"\n              type: string\n            metadata:\n              type: object\n            spec:\n              description: TargetGroupBindingSpec defines the desired state of TargetGroupBinding\n              properties:\n                ipAddressType:\n                  description:\n                    ipAddressType specifies whether the target group is of\n                    type IPv4 or IPv6. If unspecified, it will be automatically inferred.\n                  enum:\n                    - ipv4\n                    - ipv6\n                  type: string\n                networking:\n                  description:\n                    networking defines the networking rules to allow ELBV2\n                    LoadBalancer to access targets in TargetGroup.\n                  properties:\n                    ingress:\n                      description:\n                        List of ingress rules to allow ELBV2 LoadBalancer\n                        to access targets in TargetGroup.\n                      items:\n                        description:\n                          NetworkingIngressRule defines a particular set\n                          of traffic that is allowed to access TargetGroup's targets.\n                        properties:\n                          from:\n                            description:\n                              List of peers which should be able to access\n                              the targets in TargetGroup. At least one NetworkingPeer\n                              should be specified.\n                            items:\n                              description:\n                                NetworkingPeer defines the source/destination\n                                peer for networking rules.\n                              properties:\n                                ipBlock:\n                                  description:\n                                    IPBlock defines an IPBlock peer. If specified,\n                                    none of the other fields can be set.\n                                  properties:\n                                    cidr:\n                                      description:\n                                        CIDR is the network CIDR. Both IPV4\n                                        or IPV6 CIDR are accepted.\n                                      type: string\n                                  required:\n                                    - cidr\n                                  type: object\n                                securityGroup:\n                                  description:\n                                    SecurityGroup defines a SecurityGroup\n                                    peer. If specified, none of the other fields can\n                                    be set.\n                                  properties:\n                                    groupID:\n                                      description: GroupID is the EC2 SecurityGroupID.\n                                      type: string\n                                  required:\n                                    - groupID\n                                  type: object\n                              type: object\n                            type: array\n                          ports:\n                            description:\n                              List of ports which should be made accessible\n                              on the targets in TargetGroup. If ports is empty or unspecified,\n                              it defaults to all ports with TCP.\n                            items:\n                              description:\n                                NetworkingPort defines the port and protocol\n                                for networking rules.\n                              properties:\n                                port:\n                                  anyOf:\n                                    - type: integer\n                                    - type: string\n                                  description:\n                                    The port which traffic must match. When\n                                    NodePort endpoints(instance TargetType) is used,\n                                    this must be a numerical port. When Port endpoints(ip\n                                    TargetType) is used, this can be either numerical\n                                    or named port on pods. if port is unspecified, it\n                                    defaults to all ports.\n                                  x-kubernetes-int-or-string: true\n                                protocol:\n                                  description:\n                                    The protocol which traffic must match.\n                                    If protocol is unspecified, it defaults to TCP.\n                                  enum:\n                                    - TCP\n                                    - UDP\n                                  type: string\n                              type: object\n                            type: array\n                        required:\n                          - from\n                          - ports\n                        type: object\n                      type: array\n                  type: object\n                nodeSelector:\n                  description:\n                    node selector for instance type target groups to only\n                    register certain nodes\n                  properties:\n                    matchExpressions:\n                      description:\n                        matchExpressions is a list of label selector requirements.\n                        The requirements are ANDed.\n                      items:\n                        description:\n                          A label selector requirement is a selector that\n                          contains values, a key, and an operator that relates the key\n                          and values.\n                        properties:\n                          key:\n                            description:\n                              key is the label key that the selector applies\n                              to.\n                            type: string\n                          operator:\n                            description:\n                              operator represents a key's relationship to\n                              a set of values. Valid operators are In, NotIn, Exists\n                              and DoesNotExist.\n                            type: string\n                          values:\n                            description:\n                              values is an array of string values. If the\n                              operator is In or NotIn, the values array must be non-empty.\n                              If the operator is Exists or DoesNotExist, the values\n                              array must be empty. This array is replaced during a strategic\n                              merge patch.\n                            items:\n                              type: string\n                            type: array\n                        required:\n                          - key\n                          - operator\n                        type: object\n                      type: array\n                    matchLabels:\n                      additionalProperties:\n                        type: string\n                      description:\n                        matchLabels is a map of {key,value} pairs. A single\n                        {key,value} in the matchLabels map is equivalent to an element\n                        of matchExpressions, whose key field is \"key\", the operator\n                        is \"In\", and the values array contains only \"value\". The requirements\n                        are ANDed.\n                      type: object\n                  type: object\n                  x-kubernetes-map-type: atomic\n                serviceRef:\n                  description:\n                    serviceRef is a reference to a Kubernetes Service and\n                    ServicePort.\n                  properties:\n                    name:\n                      description: Name is the name of the Service.\n                      type: string\n                    port:\n                      anyOf:\n                        - type: integer\n                        - type: string\n                      description: Port is the port of the ServicePort.\n                      x-kubernetes-int-or-string: true\n                  required:\n                    - name\n                    - port\n                  type: object\n                targetGroupARN:\n                  description:\n                    targetGroupARN is the Amazon Resource Name (ARN) for\n                    the TargetGroup.\n                  minLength: 1\n                  type: string\n                targetType:\n                  description:\n                    targetType is the TargetType of TargetGroup. If unspecified,\n                    it will be automatically inferred.\n                  enum:\n                    - instance\n                    - ip\n                  type: string\n              required:\n                - serviceRef\n                - targetGroupARN\n              type: object\n            status:\n              description: TargetGroupBindingStatus defines the observed state of TargetGroupBinding\n              properties:\n                observedGeneration:\n                  description: The generation observed by the TargetGroupBinding controller.\n                  format: int64\n                  type: integer\n              type: object\n          type: object\n      served: true\n      storage: true\n      subresources:\n        status: {}"
            ],
            "id": "2dcac1fc5f7392fc1c958488eec612bd675612fc14d85c8e2f26e8deaaa53292",
            "manifests": {
              "/apis/apiextensions.k8s.io/v1/customresourcedefinitions/ingressclassparams.elbv2.k8s.aws": "apiVersion: apiextensions.k8s.io/v1\nkind: CustomResourceDefinition\nmetadata:\n  annotations:\n    controller-gen.kubebuilder.io/version: v0.11.1\n  name: ingressclassparams.elbv2.k8s.aws\nspec:\n  group: elbv2.k8s.aws\n  names:\n    kind: IngressClassParams\n    listKind: IngressClassParamsList\n    plural: ingressclassparams\n    singular: ingressclassparams\n  scope: Cluster\n  versions:\n  - additionalPrinterColumns:\n    - description: The Ingress Group name\n      jsonPath: .spec.group.name\n      name: GROUP-NAME\n      type: string\n    - description: The AWS Load Balancer scheme\n      jsonPath: .spec.scheme\n      name: SCHEME\n      type: string\n    - description: The AWS Load Balancer ipAddressType\n      jsonPath: .spec.ipAddressType\n      name: IP-ADDRESS-TYPE\n      type: string\n    - jsonPath: .metadata.creationTimestamp\n      name: AGE\n      type: date\n    name: v1beta1\n    schema:\n      openAPIV3Schema:\n        description: IngressClassParams is the Schema for the IngressClassParams API\n        properties:\n          apiVersion:\n            description: 'APIVersion defines the versioned schema of this representation\n              of an object. Servers should convert recognized schemas to the latest\n              internal value, and may reject unrecognized values. More info: https://git.k8s.io/community/contributors/devel/sig-architecture/api-conventions.md#resources'\n            type: string\n          kind:\n            description: 'Kind is a string value representing the REST resource this\n              object represents. Servers may infer this from the endpoint the client\n              submits requests to. Cannot be updated. In CamelCase. More info: https://git.k8s.io/community/contributors/devel/sig-architecture/api-conventions.md#types-kinds'\n            type: string\n          metadata:\n            type: object\n          spec:\n            description: IngressClassParamsSpec defines the desired state of IngressClassParams\n            properties:\n              group:\n                description: Group defines the IngressGroup for all Ingresses that\n                  belong to IngressClass with this IngressClassParams.\n                properties:\n                  name:\n                    description: Name is the name of IngressGroup.\n                    type: string\n                required:\n                - name\n                type: object\n              inboundCIDRs:\n                description: InboundCIDRs specifies the CIDRs that are allowed to\n                  access the Ingresses that belong to IngressClass with this IngressClassParams.\n                items:\n                  type: string\n                type: array\n              ipAddressType:\n                description: IPAddressType defines the ip address type for all Ingresses\n                  that belong to IngressClass with this IngressClassParams.\n                enum:\n                - ipv4\n                - dualstack\n                type: string\n              loadBalancerAttributes:\n                description: LoadBalancerAttributes define the custom attributes to\n                  LoadBalancers for all Ingress that that belong to IngressClass with\n                  this IngressClassParams.\n                items:\n                  description: Attributes defines custom attributes on resources.\n                  properties:\n                    key:\n                      description: The key of the attribute.\n                      type: string\n                    value:\n                      description: The value of the attribute.\n                      type: string\n                  required:\n                  - key\n                  - value\n                  type: object\n                type: array\n              namespaceSelector:\n                description: NamespaceSelector restrict the namespaces of Ingresses\n                  that are allowed to specify the IngressClass with this IngressClassParams.\n                  * if absent or present but empty, it selects all namespaces.\n                properties:\n                  matchExpressions:\n                    description: matchExpressions is a list of label selector requirements.\n                      The requirements are ANDed.\n                    items:\n                      description: A label selector requirement is a selector that\n                        contains values, a key, and an operator that relates the key\n                        and values.\n                      properties:\n                        key:\n                          description: key is the label key that the selector applies\n                            to.\n                          type: string\n                        operator:\n                          description: operator represents a key's relationship to\n                            a set of values. Valid operators are In, NotIn, Exists\n                            and DoesNotExist.\n                          type: string\n                        values:\n                          description: values is an array of string values. If the\n                            operator is In or NotIn, the values array must be non-empty.\n                            If the operator is Exists or DoesNotExist, the values\n                            array must be empty. This array is replaced during a strategic\n                            merge patch.\n                          items:\n                            type: string\n                          type: array\n                      required:\n                      - key\n                      - operator\n                      type: object\n                    type: array\n                  matchLabels:\n                    additionalProperties:\n                      type: string\n                    description: matchLabels is a map of {key,value} pairs. A single\n                      {key,value} in the matchLabels map is equivalent to an element\n                      of matchExpressions, whose key field is \"key\", the operator\n                      is \"In\", and the values array contains only \"value\". The requirements\n                      are ANDed.\n                    type: object\n                type: object\n                x-kubernetes-map-type: atomic\n              scheme:\n                description: Scheme defines the scheme for all Ingresses that belong\n                  to IngressClass with this IngressClassParams.\n                enum:\n                - internal\n                - internet-facing\n                type: string\n              sslPolicy:\n                description: SSLPolicy specifies the SSL Policy for all Ingresses\n                  that belong to IngressClass with this IngressClassParams.\n                type: string\n              subnets:\n                description: Subnets defines the subnets for all Ingresses that belong\n                  to IngressClass with this IngressClassParams.\n                properties:\n                  ids:\n                    description: IDs specify the resource IDs of subnets. Exactly\n                      one of this or `tags` must be specified.\n                    items:\n                      description: SubnetID specifies a subnet ID.\n                      pattern: subnet-[0-9a-f]+\n                      type: string\n                    minItems: 1\n                    type: array\n                  tags:\n                    additionalProperties:\n                      items:\n                        type: string\n                      type: array\n                    description: Tags specifies subnets in the load balancer's VPC\n                      where each tag specified in the map key contains one of the\n                      values in the corresponding value list. Exactly one of this\n                      or `ids` must be specified.\n                    type: object\n                type: object\n              tags:\n                description: Tags defines list of Tags on AWS resources provisioned\n                  for Ingresses that belong to IngressClass with this IngressClassParams.\n                items:\n                  description: Tag defines a AWS Tag on resources.\n                  properties:\n                    key:\n                      description: The key of the tag.\n                      type: string\n                    value:\n                      description: The value of the tag.\n                      type: string\n                  required:\n                  - key\n                  - value\n                  type: object\n                type: array\n            type: object\n        type: object\n    served: true\n    storage: true\n    subresources: {}\n",
              "/apis/apiextensions.k8s.io/v1/customresourcedefinitions/targetgroupbindings.elbv2.k8s.aws": "apiVersion: apiextensions.k8s.io/v1\nkind: CustomResourceDefinition\nmetadata:\n  annotations:\n    controller-gen.kubebuilder.io/version: v0.11.1\n  name: targetgroupbindings.elbv2.k8s.aws\nspec:\n  group: elbv2.k8s.aws\n  names:\n    kind: TargetGroupBinding\n    listKind: TargetGroupBindingList\n    plural: targetgroupbindings\n    singular: targetgroupbinding\n  scope: Namespaced\n  versions:\n  - additionalPrinterColumns:\n    - description: The Kubernetes Service's name\n      jsonPath: .spec.serviceRef.name\n      name: SERVICE-NAME\n      type: string\n    - description: The Kubernetes Service's port\n      jsonPath: .spec.serviceRef.port\n      name: SERVICE-PORT\n      type: string\n    - description: The AWS TargetGroup's TargetType\n      jsonPath: .spec.targetType\n      name: TARGET-TYPE\n      type: string\n    - description: The AWS TargetGroup's Amazon Resource Name\n      jsonPath: .spec.targetGroupARN\n      name: ARN\n      priority: 1\n      type: string\n    - jsonPath: .metadata.creationTimestamp\n      name: AGE\n      type: date\n    name: v1alpha1\n    schema:\n      openAPIV3Schema:\n        description: TargetGroupBinding is the Schema for the TargetGroupBinding API\n        properties:\n          apiVersion:\n            description: 'APIVersion defines the versioned schema of this representation\n              of an object. Servers should convert recognized schemas to the latest\n              internal value, and may reject unrecognized values. More info: https://git.k8s.io/community/contributors/devel/sig-architecture/api-conventions.md#resources'\n            type: string\n          kind:\n            description: 'Kind is a string value representing the REST resource this\n              object represents. Servers may infer this from the endpoint the client\n              submits requests to. Cannot be updated. In CamelCase. More info: https://git.k8s.io/community/contributors/devel/sig-architecture/api-conventions.md#types-kinds'\n            type: string\n          metadata:\n            type: object\n          spec:\n            description: TargetGroupBindingSpec defines the desired state of TargetGroupBinding\n            properties:\n              networking:\n                description: networking provides the networking setup for ELBV2 LoadBalancer\n                  to access targets in TargetGroup.\n                properties:\n                  ingress:\n                    description: List of ingress rules to allow ELBV2 LoadBalancer\n                      to access targets in TargetGroup.\n                    items:\n                      properties:\n                        from:\n                          description: List of peers which should be able to access\n                            the targets in TargetGroup. At least one NetworkingPeer\n                            should be specified.\n                          items:\n                            description: NetworkingPeer defines the source/destination\n                              peer for networking rules.\n                            properties:\n                              ipBlock:\n                                description: IPBlock defines an IPBlock peer. If specified,\n                                  none of the other fields can be set.\n                                properties:\n                                  cidr:\n                                    description: CIDR is the network CIDR. Both IPV4\n                                      or IPV6 CIDR are accepted.\n                                    type: string\n                                required:\n                                - cidr\n                                type: object\n                              securityGroup:\n                                description: SecurityGroup defines a SecurityGroup\n                                  peer. If specified, none of the other fields can\n                                  be set.\n                                properties:\n                                  groupID:\n                                    description: GroupID is the EC2 SecurityGroupID.\n                                    type: string\n                                required:\n                                - groupID\n                                type: object\n                            type: object\n                          type: array\n                        ports:\n                          description: List of ports which should be made accessible\n                            on the targets in TargetGroup. If ports is empty or unspecified,\n                            it defaults to all ports with TCP.\n                          items:\n                            properties:\n                              port:\n                                anyOf:\n                                - type: integer\n                                - type: string\n                                description: The port which traffic must match. When\n                                  NodePort endpoints(instance TargetType) is used,\n                                  this must be a numerical port. When Port endpoints(ip\n                                  TargetType) is used, this can be either numerical\n                                  or named port on pods. if port is unspecified, it\n                                  defaults to all ports.\n                                x-kubernetes-int-or-string: true\n                              protocol:\n                                description: The protocol which traffic must match.\n                                  If protocol is unspecified, it defaults to TCP.\n                                enum:\n                                - TCP\n                                - UDP\n                                type: string\n                            type: object\n                          type: array\n                      required:\n                      - from\n                      - ports\n                      type: object\n                    type: array\n                type: object\n              serviceRef:\n                description: serviceRef is a reference to a Kubernetes Service and\n                  ServicePort.\n                properties:\n                  name:\n                    description: Name is the name of the Service.\n                    type: string\n                  port:\n                    anyOf:\n                    - type: integer\n                    - type: string\n                    description: Port is the port of the ServicePort.\n                    x-kubernetes-int-or-string: true\n                required:\n                - name\n                - port\n                type: object\n              targetGroupARN:\n                description: targetGroupARN is the Amazon Resource Name (ARN) for\n                  the TargetGroup.\n                type: string\n              targetType:\n                description: targetType is the TargetType of TargetGroup. If unspecified,\n                  it will be automatically inferred.\n                enum:\n                - instance\n                - ip\n                type: string\n            required:\n            - serviceRef\n            - targetGroupARN\n            type: object\n          status:\n            description: TargetGroupBindingStatus defines the observed state of TargetGroupBinding\n            properties:\n              observedGeneration:\n                description: The generation observed by the TargetGroupBinding controller.\n                format: int64\n                type: integer\n            type: object\n        type: object\n    served: true\n    storage: false\n    subresources:\n      status: {}\n  - additionalPrinterColumns:\n    - description: The Kubernetes Service's name\n      jsonPath: .spec.serviceRef.name\n      name: SERVICE-NAME\n      type: string\n    - description: The Kubernetes Service's port\n      jsonPath: .spec.serviceRef.port\n      name: SERVICE-PORT\n      type: string\n    - description: The AWS TargetGroup's TargetType\n      jsonPath: .spec.targetType\n      name: TARGET-TYPE\n      type: string\n    - description: The AWS TargetGroup's Amazon Resource Name\n      jsonPath: .spec.targetGroupARN\n      name: ARN\n      priority: 1\n      type: string\n    - jsonPath: .metadata.creationTimestamp\n      name: AGE\n      type: date\n    name: v1beta1\n    schema:\n      openAPIV3Schema:\n        description: TargetGroupBinding is the Schema for the TargetGroupBinding API\n        properties:\n          apiVersion:\n            description: 'APIVersion defines the versioned schema of this representation\n              of an object. Servers should convert recognized schemas to the latest\n              internal value, and may reject unrecognized values. More info: https://git.k8s.io/community/contributors/devel/sig-architecture/api-conventions.md#resources'\n            type: string\n          kind:\n            description: 'Kind is a string value representing the REST resource this\n              object represents. Servers may infer this from the endpoint the client\n              submits requests to. Cannot be updated. In CamelCase. More info: https://git.k8s.io/community/contributors/devel/sig-architecture/api-conventions.md#types-kinds'\n            type: string\n          metadata:\n            type: object\n          spec:\n            description: TargetGroupBindingSpec defines the desired state of TargetGroupBinding\n            properties:\n              ipAddressType:\n                description: ipAddressType specifies whether the target group is of\n                  type IPv4 or IPv6. If unspecified, it will be automatically inferred.\n                enum:\n                - ipv4\n                - ipv6\n                type: string\n              networking:\n                description: networking defines the networking rules to allow ELBV2\n                  LoadBalancer to access targets in TargetGroup.\n                properties:\n                  ingress:\n                    description: List of ingress rules to allow ELBV2 LoadBalancer\n                      to access targets in TargetGroup.\n                    items:\n                      description: NetworkingIngressRule defines a particular set\n                        of traffic that is allowed to access TargetGroup's targets.\n                      properties:\n                        from:\n                          description: List of peers which should be able to access\n                            the targets in TargetGroup. At least one NetworkingPeer\n                            should be specified.\n                          items:\n                            description: NetworkingPeer defines the source/destination\n                              peer for networking rules.\n                            properties:\n                              ipBlock:\n                                description: IPBlock defines an IPBlock peer. If specified,\n                                  none of the other fields can be set.\n                                properties:\n                                  cidr:\n                                    description: CIDR is the network CIDR. Both IPV4\n                                      or IPV6 CIDR are accepted.\n                                    type: string\n                                required:\n                                - cidr\n                                type: object\n                              securityGroup:\n                                description: SecurityGroup defines a SecurityGroup\n                                  peer. If specified, none of the other fields can\n                                  be set.\n                                properties:\n                                  groupID:\n                                    description: GroupID is the EC2 SecurityGroupID.\n                                    type: string\n                                required:\n                                - groupID\n                                type: object\n                            type: object\n                          type: array\n                        ports:\n                          description: List of ports which should be made accessible\n                            on the targets in TargetGroup. If ports is empty or unspecified,\n                            it defaults to all ports with TCP.\n                          items:\n                            description: NetworkingPort defines the port and protocol\n                              for networking rules.\n                            properties:\n                              port:\n                                anyOf:\n                                - type: integer\n                                - type: string\n                                description: The port which traffic must match. When\n                                  NodePort endpoints(instance TargetType) is used,\n                                  this must be a numerical port. When Port endpoints(ip\n                                  TargetType) is used, this can be either numerical\n                                  or named port on pods. if port is unspecified, it\n                                  defaults to all ports.\n                                x-kubernetes-int-or-string: true\n                              protocol:\n                                description: The protocol which traffic must match.\n                                  If protocol is unspecified, it defaults to TCP.\n                                enum:\n                                - TCP\n                                - UDP\n                                type: string\n                            type: object\n                          type: array\n                      required:\n                      - from\n                      - ports\n                      type: object\n                    type: array\n                type: object\n              nodeSelector:\n                description: node selector for instance type target groups to only\n                  register certain nodes\n                properties:\n                  matchExpressions:\n                    description: matchExpressions is a list of label selector requirements.\n                      The requirements are ANDed.\n                    items:\n                      description: A label selector requirement is a selector that\n                        contains values, a key, and an operator that relates the key\n                        and values.\n                      properties:\n                        key:\n                          description: key is the label key that the selector applies\n                            to.\n                          type: string\n                        operator:\n                          description: operator represents a key's relationship to\n                            a set of values. Valid operators are In, NotIn, Exists\n                            and DoesNotExist.\n                          type: string\n                        values:\n                          description: values is an array of string values. If the\n                            operator is In or NotIn, the values array must be non-empty.\n                            If the operator is Exists or DoesNotExist, the values\n                            array must be empty. This array is replaced during a strategic\n                            merge patch.\n                          items:\n                            type: string\n                          type: array\n                      required:\n                      - key\n                      - operator\n                      type: object\n                    type: array\n                  matchLabels:\n                    additionalProperties:\n                      type: string\n                    description: matchLabels is a map of {key,value} pairs. A single\n                      {key,value} in the matchLabels map is equivalent to an element\n                      of matchExpressions, whose key field is \"key\", the operator\n                      is \"In\", and the values array contains only \"value\". The requirements\n                      are ANDed.\n                    type: object\n                type: object\n                x-kubernetes-map-type: atomic\n              serviceRef:\n                description: serviceRef is a reference to a Kubernetes Service and\n                  ServicePort.\n                properties:\n                  name:\n                    description: Name is the name of the Service.\n                    type: string\n                  port:\n                    anyOf:\n                    - type: integer\n                    - type: string\n                    description: Port is the port of the ServicePort.\n                    x-kubernetes-int-or-string: true\n                required:\n                - name\n                - port\n                type: object\n              targetGroupARN:\n                description: targetGroupARN is the Amazon Resource Name (ARN) for\n                  the TargetGroup.\n                minLength: 1\n                type: string\n              targetType:\n                description: targetType is the TargetType of TargetGroup. If unspecified,\n                  it will be automatically inferred.\n                enum:\n                - instance\n                - ip\n                type: string\n            required:\n            - serviceRef\n            - targetGroupARN\n            type: object\n          status:\n            description: TargetGroupBindingStatus defines the observed state of TargetGroupBinding\n            properties:\n              observedGeneration:\n                description: The generation observed by the TargetGroupBinding controller.\n                format: int64\n                type: integer\n            type: object\n        type: object\n    served: true\n    storage: true\n    subresources:\n      status: {}\n"
            }
          },
          "sensitive_attributes": []
        }
      ]
    },
    {
      "module": "module.eks",
      "mode": "data",
      "type": "kubectl_file_documents",
      "name": "service_account",
      "provider": "module.eks.provider[\"registry.terraform.io/gavinbunney/kubectl\"]",
      "instances": [
        {
          "schema_version": 0,
          "attributes": {
            "content": "apiVersion: v1\nkind: ServiceAccount\nmetadata:\n  labels:\n    app.kubernetes.io/component: controller\n    app.kubernetes.io/name: aws-load-balancer-controller\n  name: aws-load-balancer-controller\n  namespace: kube-system\n  annotations:\n    eks.amazonaws.com/role-arn: arn:aws:iam::339712971032:role/AmazonEKSLoadBalancerControllerRole\n",
            "documents": [
              "apiVersion: v1\nkind: ServiceAccount\nmetadata:\n  labels:\n    app.kubernetes.io/component: controller\n    app.kubernetes.io/name: aws-load-balancer-controller\n  name: aws-load-balancer-controller\n  namespace: kube-system\n  annotations:\n    eks.amazonaws.com/role-arn: arn:aws:iam::339712971032:role/AmazonEKSLoadBalancerControllerRole"
            ],
            "id": "03fcf104f6023e5f5a8102b18f7a1aa26d93e1fd3a33f55b35b294bd1a9ff132",
            "manifests": {
              "/api/v1/namespaces/kube-system/serviceaccounts/aws-load-balancer-controller": "apiVersion: v1\nkind: ServiceAccount\nmetadata:\n  annotations:\n    eks.amazonaws.com/role-arn: arn:aws:iam::339712971032:role/AmazonEKSLoadBalancerControllerRole\n  labels:\n    app.kubernetes.io/component: controller\n    app.kubernetes.io/name: aws-load-balancer-controller\n  name: aws-load-balancer-controller\n  namespace: kube-system\n"
            }
          },
          "sensitive_attributes": []
        }
      ]
    },
    {
      "module": "module.eks",
      "mode": "data",
      "type": "kubectl_path_documents",
      "name": "cluster_role",
      "provider": "module.eks.provider[\"registry.terraform.io/gavinbunney/kubectl\"]",
      "instances": [
        {
          "schema_version": 0,
          "attributes": {
            "disable_template": false,
            "documents": [
              "apiVersion: rbac.authorization.k8s.io/v1\nkind: ClusterRole\nmetadata:\n  labels:\n    app.kubernetes.io/name: alb-ingress-controller\n  name: alb-ingress-controller\nrules:\n  - apiGroups:\n      - \"\"\n      - extensions\n    resources:\n      - configmaps\n      - endpoints\n      - events\n      - ingresses\n      - ingresses/status\n      - services\n    verbs:\n      - create\n      - get\n      - list\n      - update\n      - watch\n      - patch\n  - apiGroups:\n      - \"\"\n      - extensions\n    resources:\n      - nodes\n      - pods\n      - secrets\n      - services\n      - namespaces\n    verbs:\n      - get\n      - list\n      - watch"
            ],
            "id": "a5103ea6ed2e2e923c2bd2a7c7c6db659f05527305b570ea4d4a66ab7b5fd4e9",
            "manifests": {
              "/apis/rbac.authorization.k8s.io/v1/clusterroles/alb-ingress-controller": "apiVersion: rbac.authorization.k8s.io/v1\nkind: ClusterRole\nmetadata:\n  labels:\n    app.kubernetes.io/name: alb-ingress-controller\n  name: alb-ingress-controller\nrules:\n- apiGroups:\n  - \"\"\n  - extensions\n  resources:\n  - configmaps\n  - endpoints\n  - events\n  - ingresses\n  - ingresses/status\n  - services\n  verbs:\n  - create\n  - get\n  - list\n  - update\n  - watch\n  - patch\n- apiGroups:\n  - \"\"\n  - extensions\n  resources:\n  - nodes\n  - pods\n  - secrets\n  - services\n  - namespaces\n  verbs:\n  - get\n  - list\n  - watch\n"
            },
            "pattern": "./manifests/clusterRole.yaml",
            "sensitive_vars": null,
            "vars": null
          },
          "sensitive_attributes": []
        }
      ]
    },
    {
      "module": "module.eks",
      "mode": "data",
      "type": "kubectl_path_documents",
      "name": "cluster_role_binding",
      "provider": "module.eks.provider[\"registry.terraform.io/gavinbunney/kubectl\"]",
      "instances": [
        {
          "schema_version": 0,
          "attributes": {
            "disable_template": false,
            "documents": [
              "apiVersion: rbac.authorization.k8s.io/v1\nkind: ClusterRoleBinding\nmetadata:\n  labels:\n    app.kubernetes.io/name: alb-ingress-controller\n  name: alb-ingress-controller\nroleRef:\n  apiGroup: rbac.authorization.k8s.io\n  kind: ClusterRole\n  name: alb-ingress-controller\nsubjects:\n  - kind: ServiceAccount\n    name: alb-ingress-controller\n    namespace: kube-system"
            ],
            "id": "4b5bc3770dd6f6e1529f0c84401ef20a1fdc78bb9a51a3e09cb8538e28d56d1c",
            "manifests": {
              "/apis/rbac.authorization.k8s.io/v1/clusterrolebindings/alb-ingress-controller": "apiVersion: rbac.authorization.k8s.io/v1\nkind: ClusterRoleBinding\nmetadata:\n  labels:\n    app.kubernetes.io/name: alb-ingress-controller\n  name: alb-ingress-controller\nroleRef:\n  apiGroup: rbac.authorization.k8s.io\n  kind: ClusterRole\n  name: alb-ingress-controller\nsubjects:\n- kind: ServiceAccount\n  name: alb-ingress-controller\n  namespace: kube-system\n"
            },
            "pattern": "./manifests/clusterRoleBinding.yaml",
            "sensitive_vars": null,
            "vars": null
          },
          "sensitive_attributes": []
        }
      ]
    },
    {
      "module": "module.eks",
      "mode": "data",
      "type": "kubernetes_ingress_v1",
      "name": "ingress",
      "provider": "module.eks.provider[\"registry.terraform.io/hashicorp/kubernetes\"]",
      "instances": [
        {
          "schema_version": 0,
          "attributes": {
            "id": "default/ingress",
            "metadata": [
              {
                "annotations": {
                  "alb.ingress.kubernetes.io/group.name": "phdi-playground-dev",
                  "alb.ingress.kubernetes.io/scheme": "internet-facing",
                  "alb.ingress.kubernetes.io/target-type": "ip",
                  "kubectl.kubernetes.io/last-applied-configuration": "{\"apiVersion\":\"networking.k8s.io/v1\",\"kind\":\"Ingress\",\"metadata\":{\"annotations\":{\"alb.ingress.kubernetes.io/group.name\":\"phdi-playground-dev\",\"alb.ingress.kubernetes.io/scheme\":\"internet-facing\",\"alb.ingress.kubernetes.io/target-type\":\"ip\"},\"name\":\"ingress\",\"namespace\":\"default\"},\"spec\":{\"ingressClassName\":\"alb\",\"rules\":[{\"http\":{\"paths\":[{\"backend\":{\"service\":{\"name\":\"phdi-playground-dev-ingestion-ingestion-service\",\"port\":{\"number\":8080}}},\"path\":\"/ingestion\",\"pathType\":\"Prefix\"},{\"backend\":{\"service\":{\"name\":\"phdi-playground-dev-fhir-converter-fhir-converter-service\",\"port\":{\"number\":8080}}},\"path\":\"/fhir-converter\",\"pathType\":\"Prefix\"},{\"backend\":{\"service\":{\"name\":\"phdi-playground-dev-message-parser-message-parser-service\",\"port\":{\"number\":8080}}},\"path\":\"/message-parser\",\"pathType\":\"Prefix\"},{\"backend\":{\"service\":{\"name\":\"phdi-playground-dev-validation-validation-service\",\"port\":{\"number\":80}}},\"path\":\"/validation\",\"pathType\":\"Prefix\"},{\"backend\":{\"service\":{\"name\":\"phdi-playground-dev-orchestration-orchestration-service\",\"port\":{\"number\":8080}}},\"path\":\"/orchestration\",\"pathType\":\"Prefix\"}]}}]}}\n"
                },
                "generation": 1,
                "labels": {},
                "name": "ingress",
                "namespace": "default",
                "resource_version": "4626",
                "uid": "ad5ad346-ce05-434a-b809-571e56df887e"
              }
            ],
            "spec": [
              {
                "default_backend": [],
                "ingress_class_name": "alb",
                "rule": [
                  {
                    "host": "",
                    "http": [
                      {
                        "path": [
                          {
                            "backend": [
                              {
                                "resource": [],
                                "service": [
                                  {
                                    "name": "phdi-playground-dev-ingestion-ingestion-service",
                                    "port": [
                                      {
                                        "name": "",
                                        "number": 8080
                                      }
                                    ]
                                  }
                                ]
                              }
                            ],
                            "path": "/ingestion",
                            "path_type": "Prefix"
                          },
                          {
                            "backend": [
                              {
                                "resource": [],
                                "service": [
                                  {
                                    "name": "phdi-playground-dev-fhir-converter-fhir-converter-service",
                                    "port": [
                                      {
                                        "name": "",
                                        "number": 8080
                                      }
                                    ]
                                  }
                                ]
                              }
                            ],
                            "path": "/fhir-converter",
                            "path_type": "Prefix"
                          },
                          {
                            "backend": [
                              {
                                "resource": [],
                                "service": [
                                  {
                                    "name": "phdi-playground-dev-message-parser-message-parser-service",
                                    "port": [
                                      {
                                        "name": "",
                                        "number": 8080
                                      }
                                    ]
                                  }
                                ]
                              }
                            ],
                            "path": "/message-parser",
                            "path_type": "Prefix"
                          },
                          {
                            "backend": [
                              {
                                "resource": [],
                                "service": [
                                  {
                                    "name": "phdi-playground-dev-validation-validation-service",
                                    "port": [
                                      {
                                        "name": "",
                                        "number": 80
                                      }
                                    ]
                                  }
                                ]
                              }
                            ],
                            "path": "/validation",
                            "path_type": "Prefix"
                          },
                          {
                            "backend": [
                              {
                                "resource": [],
                                "service": [
                                  {
                                    "name": "phdi-playground-dev-orchestration-orchestration-service",
                                    "port": [
                                      {
                                        "name": "",
                                        "number": 8080
                                      }
                                    ]
                                  }
                                ]
                              }
                            ],
                            "path": "/orchestration",
                            "path_type": "Prefix"
                          }
                        ]
                      }
                    ]
                  }
                ],
                "tls": []
              }
            ],
            "status": [
              {
                "load_balancer": [
                  {
                    "ingress": [
                      {
                        "hostname": "k8s-phdiplaygrounddev-1f5c307cc0-429276606.us-east-1.elb.amazonaws.com",
                        "ip": ""
                      }
                    ]
                  }
                ]
              }
            ]
          },
          "sensitive_attributes": []
        }
      ]
    },
    {
      "module": "module.eks",
      "mode": "managed",
      "type": "aws_iam_policy",
      "name": "load_balancer_controller",
      "provider": "provider[\"registry.terraform.io/hashicorp/aws\"]",
      "instances": [
        {
          "schema_version": 0,
          "attributes": {
            "arn": "arn:aws:iam::339712971032:policy/AWSLoadBalancerControllerIAMPolicy",
            "description": "Policy for ALB Ingress Controller",
            "id": "arn:aws:iam::339712971032:policy/AWSLoadBalancerControllerIAMPolicy",
            "name": "AWSLoadBalancerControllerIAMPolicy",
            "name_prefix": "",
            "path": "/",
            "policy": "{\"Statement\":[{\"Action\":\"iam:CreateServiceLinkedRole\",\"Condition\":{\"StringEquals\":{\"iam:AWSServiceName\":\"elasticloadbalancing.amazonaws.com\"}},\"Effect\":\"Allow\",\"Resource\":\"*\"},{\"Action\":[\"elasticloadbalancing:DescribeTargetHealth\",\"elasticloadbalancing:DescribeTargetGroups\",\"elasticloadbalancing:DescribeTargetGroupAttributes\",\"elasticloadbalancing:DescribeTags\",\"elasticloadbalancing:DescribeSSLPolicies\",\"elasticloadbalancing:DescribeRules\",\"elasticloadbalancing:DescribeLoadBalancers\",\"elasticloadbalancing:DescribeLoadBalancerAttributes\",\"elasticloadbalancing:DescribeListeners\",\"elasticloadbalancing:DescribeListenerCertificates\",\"ec2:GetCoipPoolUsage\",\"ec2:DescribeVpcs\",\"ec2:DescribeVpcPeeringConnections\",\"ec2:DescribeTags\",\"ec2:DescribeSubnets\",\"ec2:DescribeSecurityGroups\",\"ec2:DescribeNetworkInterfaces\",\"ec2:DescribeInternetGateways\",\"ec2:DescribeInstances\",\"ec2:DescribeCoipPools\",\"ec2:DescribeAvailabilityZones\",\"ec2:DescribeAddresses\",\"ec2:DescribeAccountAttributes\"],\"Effect\":\"Allow\",\"Resource\":\"*\"},{\"Action\":[\"wafv2:GetWebACLForResource\",\"wafv2:GetWebACL\",\"wafv2:DisassociateWebACL\",\"wafv2:AssociateWebACL\",\"waf-regional:GetWebACLForResource\",\"waf-regional:GetWebACL\",\"waf-regional:DisassociateWebACL\",\"waf-regional:AssociateWebACL\",\"shield:GetSubscriptionState\",\"shield:DescribeProtection\",\"shield:DeleteProtection\",\"shield:CreateProtection\",\"iam:ListServerCertificates\",\"iam:GetServerCertificate\",\"cognito-idp:DescribeUserPoolClient\",\"acm:ListCertificates\",\"acm:DescribeCertificate\"],\"Effect\":\"Allow\",\"Resource\":\"*\"},{\"Action\":[\"ec2:RevokeSecurityGroupIngress\",\"ec2:AuthorizeSecurityGroupIngress\"],\"Effect\":\"Allow\",\"Resource\":\"*\"},{\"Action\":\"ec2:CreateSecurityGroup\",\"Effect\":\"Allow\",\"Resource\":\"*\"},{\"Action\":\"ec2:CreateTags\",\"Condition\":{\"Null\":{\"aws:RequestTag/elbv2.k8s.aws/cluster\":\"false\"},\"StringEquals\":{\"ec2:CreateAction\":\"CreateSecurityGroup\"}},\"Effect\":\"Allow\",\"Resource\":\"arn:aws:ec2:*:*:security-group/*\"},{\"Action\":[\"ec2:DeleteTags\",\"ec2:CreateTags\"],\"Condition\":{\"Null\":{\"aws:RequestTag/elbv2.k8s.aws/cluster\":\"true\",\"aws:ResourceTag/elbv2.k8s.aws/cluster\":\"false\"}},\"Effect\":\"Allow\",\"Resource\":\"arn:aws:ec2:*:*:security-group/*\"},{\"Action\":[\"ec2:RevokeSecurityGroupIngress\",\"ec2:DeleteSecurityGroup\",\"ec2:AuthorizeSecurityGroupIngress\"],\"Condition\":{\"Null\":{\"aws:ResourceTag/elbv2.k8s.aws/cluster\":\"false\"}},\"Effect\":\"Allow\",\"Resource\":\"*\"},{\"Action\":[\"elasticloadbalancing:CreateTargetGroup\",\"elasticloadbalancing:CreateLoadBalancer\"],\"Condition\":{\"Null\":{\"aws:RequestTag/elbv2.k8s.aws/cluster\":\"false\"}},\"Effect\":\"Allow\",\"Resource\":\"*\"},{\"Action\":[\"elasticloadbalancing:DeleteRule\",\"elasticloadbalancing:DeleteListener\",\"elasticloadbalancing:CreateRule\",\"elasticloadbalancing:CreateListener\"],\"Effect\":\"Allow\",\"Resource\":\"*\"},{\"Action\":[\"elasticloadbalancing:RemoveTags\",\"elasticloadbalancing:AddTags\"],\"Condition\":{\"Null\":{\"aws:RequestTag/elbv2.k8s.aws/cluster\":\"true\",\"aws:ResourceTag/elbv2.k8s.aws/cluster\":\"false\"}},\"Effect\":\"Allow\",\"Resource\":[\"arn:aws:elasticloadbalancing:*:*:targetgroup/*/*\",\"arn:aws:elasticloadbalancing:*:*:loadbalancer/net/*/*\",\"arn:aws:elasticloadbalancing:*:*:loadbalancer/app/*/*\"]},{\"Action\":[\"elasticloadbalancing:RemoveTags\",\"elasticloadbalancing:AddTags\"],\"Effect\":\"Allow\",\"Resource\":[\"arn:aws:elasticloadbalancing:*:*:listener/net/*/*/*\",\"arn:aws:elasticloadbalancing:*:*:listener/app/*/*/*\",\"arn:aws:elasticloadbalancing:*:*:listener-rule/net/*/*/*\",\"arn:aws:elasticloadbalancing:*:*:listener-rule/app/*/*/*\"]},{\"Action\":[\"elasticloadbalancing:SetSubnets\",\"elasticloadbalancing:SetSecurityGroups\",\"elasticloadbalancing:SetIpAddressType\",\"elasticloadbalancing:ModifyTargetGroupAttributes\",\"elasticloadbalancing:ModifyTargetGroup\",\"elasticloadbalancing:ModifyLoadBalancerAttributes\",\"elasticloadbalancing:DescribeTrustStores\",\"elasticloadbalancing:DeleteTargetGroup\",\"elasticloadbalancing:DeleteLoadBalancer\"],\"Condition\":{\"Null\":{\"aws:ResourceTag/elbv2.k8s.aws/cluster\":\"false\"}},\"Effect\":\"Allow\",\"Resource\":\"*\"},{\"Action\":\"elasticloadbalancing:AddTags\",\"Condition\":{\"Null\":{\"aws:RequestTag/elbv2.k8s.aws/cluster\":\"false\"},\"StringEquals\":{\"elasticloadbalancing:CreateAction\":[\"CreateTargetGroup\",\"CreateLoadBalancer\"]}},\"Effect\":\"Allow\",\"Resource\":[\"arn:aws:elasticloadbalancing:*:*:targetgroup/*/*\",\"arn:aws:elasticloadbalancing:*:*:loadbalancer/net/*/*\",\"arn:aws:elasticloadbalancing:*:*:loadbalancer/app/*/*\"]},{\"Action\":[\"elasticloadbalancing:RegisterTargets\",\"elasticloadbalancing:DeregisterTargets\"],\"Effect\":\"Allow\",\"Resource\":\"arn:aws:elasticloadbalancing:*:*:targetgroup/*/*\"},{\"Action\":[\"elasticloadbalancing:SetWebAcl\",\"elasticloadbalancing:RemoveListenerCertificates\",\"elasticloadbalancing:ModifyRule\",\"elasticloadbalancing:ModifyListener\",\"elasticloadbalancing:AddListenerCertificates\"],\"Effect\":\"Allow\",\"Resource\":\"*\"}],\"Version\":\"2012-10-17\"}",
            "policy_id": "ANPAU6GDYSEMOYRX25P4I",
            "tags": {},
            "tags_all": {
              "Environment": "dev",
              "Owner": "Skylight"
            }
          },
          "sensitive_attributes": [],
          "private": "bnVsbA==",
          "dependencies": [
            "module.eks.data.aws_iam_policy_document.load_balancer_controller"
          ]
        }
      ]
    },
    {
      "module": "module.eks",
      "mode": "managed",
      "type": "aws_iam_role",
      "name": "eks_service_account",
      "provider": "provider[\"registry.terraform.io/hashicorp/aws\"]",
      "instances": [
        {
          "schema_version": 0,
          "attributes": {
            "arn": "arn:aws:iam::339712971032:role/AmazonEKSLoadBalancerControllerRole",
            "assume_role_policy": "{\"Statement\":[{\"Action\":\"sts:AssumeRoleWithWebIdentity\",\"Condition\":{\"StringEquals\":{\"oidc.eks.us-east-1.amazonaws.com/id/FD74D748539038C56F947D4FE2130D33:aud\":\"sts.amazonaws.com\",\"oidc.eks.us-east-1.amazonaws.com/id/FD74D748539038C56F947D4FE2130D33:sub\":\"system:serviceaccount:kube-system:aws-load-balancer-controller\"}},\"Effect\":\"Allow\",\"Principal\":{\"Federated\":\"arn:aws:iam::339712971032:oidc-provider/oidc.eks.us-east-1.amazonaws.com/id/FD74D748539038C56F947D4FE2130D33\"}}],\"Version\":\"2012-10-17\"}",
            "create_date": "2024-02-14T23:11:00Z",
            "description": "",
            "force_detach_policies": false,
            "id": "AmazonEKSLoadBalancerControllerRole",
            "inline_policy": [],
            "managed_policy_arns": [
              "arn:aws:iam::339712971032:policy/AWSLoadBalancerControllerIAMPolicy"
            ],
            "max_session_duration": 3600,
            "name": "AmazonEKSLoadBalancerControllerRole",
            "name_prefix": "",
            "path": "/",
            "permissions_boundary": "",
            "tags": {},
            "tags_all": {
              "Environment": "dev",
              "Owner": "Skylight"
            },
            "unique_id": "AROAU6GDYSEMDXXDNFUA2"
          },
          "sensitive_attributes": [],
          "private": "bnVsbA==",
          "dependencies": [
            "module.eks.data.aws_caller_identity.current",
            "module.eks.module.eks-cluster.aws_cloudwatch_log_group.this",
            "module.eks.module.eks-cluster.aws_eks_cluster.this",
            "module.eks.module.eks-cluster.aws_iam_policy.cni_ipv6_policy",
            "module.eks.module.eks-cluster.aws_iam_role.this",
            "module.eks.module.eks-cluster.aws_iam_role_policy_attachment.this",
            "module.eks.module.eks-cluster.aws_security_group.cluster",
            "module.eks.module.eks-cluster.aws_security_group.node",
            "module.eks.module.eks-cluster.aws_security_group_rule.cluster",
            "module.eks.module.eks-cluster.aws_security_group_rule.node",
            "module.eks.module.eks-cluster.data.aws_caller_identity.current",
            "module.eks.module.eks-cluster.data.aws_iam_policy_document.assume_role_policy",
            "module.eks.module.eks-cluster.data.aws_iam_policy_document.cni_ipv6_policy",
            "module.eks.module.eks-cluster.data.aws_iam_session_context.current",
            "module.eks.module.eks-cluster.data.aws_partition.current",
            "module.eks.module.eks-cluster.module.kms.aws_kms_external_key.this",
            "module.eks.module.eks-cluster.module.kms.aws_kms_key.this",
            "module.eks.module.eks-cluster.module.kms.aws_kms_replica_external_key.this",
            "module.eks.module.eks-cluster.module.kms.aws_kms_replica_key.this",
            "module.eks.module.eks-cluster.module.kms.data.aws_caller_identity.current",
            "module.eks.module.eks-cluster.module.kms.data.aws_iam_policy_document.this",
            "module.eks.module.eks-cluster.module.kms.data.aws_partition.current",
            "module.vpc.aws_subnet.private",
            "module.vpc.aws_subnet.public",
            "module.vpc.aws_vpc.this",
            "module.vpc.aws_vpc_ipv4_cidr_block_association.this"
          ]
        }
      ]
    },
    {
      "module": "module.eks",
      "mode": "managed",
      "type": "aws_iam_role_policy_attachment",
      "name": "load_balancer_controller",
      "provider": "provider[\"registry.terraform.io/hashicorp/aws\"]",
      "instances": [
        {
          "schema_version": 0,
          "attributes": {
            "id": "AmazonEKSLoadBalancerControllerRole-20240214231101487500000017",
            "policy_arn": "arn:aws:iam::339712971032:policy/AWSLoadBalancerControllerIAMPolicy",
            "role": "AmazonEKSLoadBalancerControllerRole"
          },
          "sensitive_attributes": [],
          "private": "bnVsbA==",
          "dependencies": [
            "module.eks.aws_iam_policy.load_balancer_controller",
            "module.eks.aws_iam_role.eks_service_account",
            "module.eks.data.aws_caller_identity.current",
            "module.eks.data.aws_iam_policy_document.load_balancer_controller",
            "module.eks.module.eks-cluster.aws_cloudwatch_log_group.this",
            "module.eks.module.eks-cluster.aws_eks_cluster.this",
            "module.eks.module.eks-cluster.aws_iam_policy.cni_ipv6_policy",
            "module.eks.module.eks-cluster.aws_iam_role.this",
            "module.eks.module.eks-cluster.aws_iam_role_policy_attachment.this",
            "module.eks.module.eks-cluster.aws_security_group.cluster",
            "module.eks.module.eks-cluster.aws_security_group.node",
            "module.eks.module.eks-cluster.aws_security_group_rule.cluster",
            "module.eks.module.eks-cluster.aws_security_group_rule.node",
            "module.eks.module.eks-cluster.data.aws_caller_identity.current",
            "module.eks.module.eks-cluster.data.aws_iam_policy_document.assume_role_policy",
            "module.eks.module.eks-cluster.data.aws_iam_policy_document.cni_ipv6_policy",
            "module.eks.module.eks-cluster.data.aws_iam_session_context.current",
            "module.eks.module.eks-cluster.data.aws_partition.current",
            "module.eks.module.eks-cluster.module.kms.aws_kms_external_key.this",
            "module.eks.module.eks-cluster.module.kms.aws_kms_key.this",
            "module.eks.module.eks-cluster.module.kms.aws_kms_replica_external_key.this",
            "module.eks.module.eks-cluster.module.kms.aws_kms_replica_key.this",
            "module.eks.module.eks-cluster.module.kms.data.aws_caller_identity.current",
            "module.eks.module.eks-cluster.module.kms.data.aws_iam_policy_document.this",
            "module.eks.module.eks-cluster.module.kms.data.aws_partition.current",
            "module.vpc.aws_subnet.private",
            "module.vpc.aws_subnet.public",
            "module.vpc.aws_vpc.this",
            "module.vpc.aws_vpc_ipv4_cidr_block_association.this"
          ]
        }
      ]
    },
    {
      "module": "module.eks",
      "mode": "managed",
      "type": "helm_release",
      "name": "building_blocks",
      "provider": "module.eks.provider[\"registry.terraform.io/hashicorp/helm\"]",
      "instances": [
        {
          "index_key": "fhir-converter",
          "schema_version": 1,
          "attributes": {
            "atomic": false,
            "chart": "fhir-converter-chart",
            "cleanup_on_fail": true,
            "create_namespace": false,
            "dependency_update": false,
            "description": null,
            "devel": null,
            "disable_crd_hooks": false,
            "disable_openapi_validation": false,
            "disable_webhooks": false,
            "force_update": true,
            "id": "phdi-playground-dev-fhir-converter",
            "keyring": null,
            "lint": false,
            "manifest": null,
            "max_history": 0,
            "metadata": [
              {
                "app_version": "1.1.1",
                "chart": "fhir-converter-chart",
                "name": "phdi-playground-dev-fhir-converter",
                "namespace": "default",
                "revision": 1,
                "values": "{\"fhirConverterUrl\":\"https://k8s-phdiplaygrounddev.us-east-1.elb.amazonaws.com/fhir-converter\",\"image\":{\"tag\":\"v1.1.11\"},\"ingestionUrl\":\"https://k8s-phdiplaygrounddev.us-east-1.elb.amazonaws.com/ingestion\",\"messageParserUrl\":\"https://k8s-phdiplaygrounddev.us-east-1.elb.amazonaws.com/message-parser\",\"smartyAuthId\":\"98681a8c-89f6-f5b9-f14d-c832ce28e9b4\",\"smartyToken\":\"AB5Bd7y9KGgxghGrD635\",\"validationUrl\":\"https://k8s-phdiplaygrounddev.us-east-1.elb.amazonaws.com/validation\"}",
                "version": "0.1.7"
              }
            ],
            "name": "phdi-playground-dev-fhir-converter",
            "namespace": "default",
            "pass_credentials": false,
            "postrender": [],
            "recreate_pods": true,
            "render_subchart_notes": true,
            "replace": false,
            "repository": "https://cdcgov.github.io/phdi-charts/",
            "repository_ca_file": null,
            "repository_cert_file": null,
            "repository_key_file": null,
            "repository_password": null,
            "repository_username": null,
            "reset_values": false,
            "reuse_values": false,
            "set": [
              {
                "name": "fhirConverterUrl",
                "type": "",
                "value": "https://k8s-phdiplaygrounddev.us-east-1.elb.amazonaws.com/fhir-converter"
              },
              {
                "name": "image.tag",
                "type": "",
                "value": "v1.1.11"
              },
              {
                "name": "ingestionUrl",
                "type": "",
                "value": "https://k8s-phdiplaygrounddev.us-east-1.elb.amazonaws.com/ingestion"
              },
              {
                "name": "messageParserUrl",
                "type": "",
                "value": "https://k8s-phdiplaygrounddev.us-east-1.elb.amazonaws.com/message-parser"
              },
              {
                "name": "smartyAuthId",
                "type": "",
                "value": "98681a8c-89f6-f5b9-f14d-c832ce28e9b4"
              },
              {
                "name": "smartyToken",
                "type": "",
                "value": "AB5Bd7y9KGgxghGrD635"
              },
              {
                "name": "validationUrl",
                "type": "",
                "value": "https://k8s-phdiplaygrounddev.us-east-1.elb.amazonaws.com/validation"
              }
            ],
            "set_list": [],
            "set_sensitive": [],
            "skip_crds": false,
            "status": "deployed",
            "timeout": 300,
            "values": null,
            "verify": false,
            "version": "0.1.7",
            "wait": true,
            "wait_for_jobs": false
          },
          "sensitive_attributes": [],
          "private": "eyJzY2hlbWFfdmVyc2lvbiI6IjEifQ==",
          "dependencies": [
            "module.eks.data.aws_ecrpublic_authorization_token.token",
            "module.eks.data.aws_eks_cluster_auth.eks",
            "module.eks.data.kubectl_file_documents.load_balancer_controller_crds",
            "module.eks.helm_release.load_balancer_controller",
            "module.eks.kubectl_manifest.load_balancer_controller_crds",
            "module.eks.module.eks-cluster.aws_cloudwatch_log_group.this",
            "module.eks.module.eks-cluster.aws_ec2_tag.cluster_primary_security_group",
            "module.eks.module.eks-cluster.aws_eks_addon.before_compute",
            "module.eks.module.eks-cluster.aws_eks_addon.this",
            "module.eks.module.eks-cluster.aws_eks_cluster.this",
            "module.eks.module.eks-cluster.aws_eks_identity_provider_config.this",
            "module.eks.module.eks-cluster.aws_iam_openid_connect_provider.oidc_provider",
            "module.eks.module.eks-cluster.aws_iam_policy.cluster_encryption",
            "module.eks.module.eks-cluster.aws_iam_policy.cni_ipv6_policy",
            "module.eks.module.eks-cluster.aws_iam_role.this",
            "module.eks.module.eks-cluster.aws_iam_role_policy_attachment.additional",
            "module.eks.module.eks-cluster.aws_iam_role_policy_attachment.cluster_encryption",
            "module.eks.module.eks-cluster.aws_iam_role_policy_attachment.this",
            "module.eks.module.eks-cluster.aws_security_group.cluster",
            "module.eks.module.eks-cluster.aws_security_group.node",
            "module.eks.module.eks-cluster.aws_security_group_rule.cluster",
            "module.eks.module.eks-cluster.aws_security_group_rule.node",
            "module.eks.module.eks-cluster.data.aws_caller_identity.current",
            "module.eks.module.eks-cluster.data.aws_eks_addon_version.this",
            "module.eks.module.eks-cluster.data.aws_iam_policy_document.assume_role_policy",
            "module.eks.module.eks-cluster.data.aws_iam_policy_document.cni_ipv6_policy",
            "module.eks.module.eks-cluster.data.aws_iam_session_context.current",
            "module.eks.module.eks-cluster.data.aws_partition.current",
            "module.eks.module.eks-cluster.data.tls_certificate.this",
            "module.eks.module.eks-cluster.kubernetes_config_map.aws_auth",
            "module.eks.module.eks-cluster.kubernetes_config_map_v1_data.aws_auth",
            "module.eks.module.eks-cluster.module.eks_managed_node_group.aws_autoscaling_schedule.this",
            "module.eks.module.eks-cluster.module.eks_managed_node_group.aws_eks_node_group.this",
            "module.eks.module.eks-cluster.module.eks_managed_node_group.aws_iam_role.this",
            "module.eks.module.eks-cluster.module.eks_managed_node_group.aws_iam_role_policy_attachment.additional",
            "module.eks.module.eks-cluster.module.eks_managed_node_group.aws_iam_role_policy_attachment.this",
            "module.eks.module.eks-cluster.module.eks_managed_node_group.aws_launch_template.this",
            "module.eks.module.eks-cluster.module.eks_managed_node_group.data.aws_caller_identity.current",
            "module.eks.module.eks-cluster.module.eks_managed_node_group.data.aws_iam_policy_document.assume_role_policy",
            "module.eks.module.eks-cluster.module.eks_managed_node_group.data.aws_partition.current",
            "module.eks.module.eks-cluster.module.eks_managed_node_group.module.user_data.data.cloudinit_config.linux_eks_managed_node_group",
            "module.eks.module.eks-cluster.module.fargate_profile.aws_eks_fargate_profile.this",
            "module.eks.module.eks-cluster.module.fargate_profile.aws_iam_role.this",
            "module.eks.module.eks-cluster.module.fargate_profile.aws_iam_role_policy_attachment.additional",
            "module.eks.module.eks-cluster.module.fargate_profile.aws_iam_role_policy_attachment.this",
            "module.eks.module.eks-cluster.module.fargate_profile.data.aws_caller_identity.current",
            "module.eks.module.eks-cluster.module.fargate_profile.data.aws_iam_policy_document.assume_role_policy",
            "module.eks.module.eks-cluster.module.fargate_profile.data.aws_partition.current",
            "module.eks.module.eks-cluster.module.kms.aws_kms_alias.this",
            "module.eks.module.eks-cluster.module.kms.aws_kms_external_key.this",
            "module.eks.module.eks-cluster.module.kms.aws_kms_grant.this",
            "module.eks.module.eks-cluster.module.kms.aws_kms_key.this",
            "module.eks.module.eks-cluster.module.kms.aws_kms_replica_external_key.this",
            "module.eks.module.eks-cluster.module.kms.aws_kms_replica_key.this",
            "module.eks.module.eks-cluster.module.kms.data.aws_caller_identity.current",
            "module.eks.module.eks-cluster.module.kms.data.aws_iam_policy_document.this",
            "module.eks.module.eks-cluster.module.kms.data.aws_partition.current",
            "module.eks.module.eks-cluster.module.self_managed_node_group.aws_autoscaling_group.this",
            "module.eks.module.eks-cluster.module.self_managed_node_group.aws_autoscaling_schedule.this",
            "module.eks.module.eks-cluster.module.self_managed_node_group.aws_iam_instance_profile.this",
            "module.eks.module.eks-cluster.module.self_managed_node_group.aws_iam_role.this",
            "module.eks.module.eks-cluster.module.self_managed_node_group.aws_iam_role_policy_attachment.additional",
            "module.eks.module.eks-cluster.module.self_managed_node_group.aws_iam_role_policy_attachment.this",
            "module.eks.module.eks-cluster.module.self_managed_node_group.aws_launch_template.this",
            "module.eks.module.eks-cluster.module.self_managed_node_group.data.aws_ami.eks_default",
            "module.eks.module.eks-cluster.module.self_managed_node_group.data.aws_caller_identity.current",
            "module.eks.module.eks-cluster.module.self_managed_node_group.data.aws_iam_policy_document.assume_role_policy",
            "module.eks.module.eks-cluster.module.self_managed_node_group.data.aws_partition.current",
            "module.eks.module.eks-cluster.module.self_managed_node_group.module.user_data.data.cloudinit_config.linux_eks_managed_node_group",
            "module.eks.module.eks-cluster.time_sleep.this",
            "module.eks.module.eks_blueprints_addons.aws_iam_instance_profile.karpenter",
            "module.eks.module.eks_blueprints_addons.aws_iam_role.karpenter",
            "module.eks.module.eks_blueprints_addons.data.aws_caller_identity.current",
            "module.eks.module.eks_blueprints_addons.data.aws_iam_policy_document.karpenter",
            "module.eks.module.eks_blueprints_addons.data.aws_iam_policy_document.karpenter_assume_role",
            "module.eks.module.eks_blueprints_addons.data.aws_partition.current",
            "module.eks.module.eks_blueprints_addons.data.aws_region.current",
            "module.eks.module.eks_blueprints_addons.module.karpenter.aws_iam_policy.this",
            "module.eks.module.eks_blueprints_addons.module.karpenter.aws_iam_role.this",
            "module.eks.module.eks_blueprints_addons.module.karpenter.aws_iam_role_policy_attachment.additional",
            "module.eks.module.eks_blueprints_addons.module.karpenter.aws_iam_role_policy_attachment.this",
            "module.eks.module.eks_blueprints_addons.module.karpenter.data.aws_caller_identity.current",
            "module.eks.module.eks_blueprints_addons.module.karpenter.data.aws_iam_policy_document.assume",
            "module.eks.module.eks_blueprints_addons.module.karpenter.data.aws_iam_policy_document.this",
            "module.eks.module.eks_blueprints_addons.module.karpenter.data.aws_partition.current",
            "module.eks.module.eks_blueprints_addons.module.karpenter.helm_release.this",
            "module.eks.module.eks_blueprints_addons.module.karpenter_sqs.aws_sqs_queue.dlq",
            "module.eks.module.eks_blueprints_addons.module.karpenter_sqs.aws_sqs_queue.this",
            "module.eks.module.eks_blueprints_addons.module.karpenter_sqs.aws_sqs_queue_policy.dlq",
            "module.eks.module.eks_blueprints_addons.module.karpenter_sqs.aws_sqs_queue_policy.this",
            "module.eks.module.eks_blueprints_addons.module.karpenter_sqs.aws_sqs_queue_redrive_allow_policy.dlq",
            "module.eks.module.eks_blueprints_addons.module.karpenter_sqs.aws_sqs_queue_redrive_allow_policy.this",
            "module.eks.module.eks_blueprints_addons.module.karpenter_sqs.aws_sqs_queue_redrive_policy.dlq",
            "module.eks.module.eks_blueprints_addons.module.karpenter_sqs.aws_sqs_queue_redrive_policy.this",
            "module.eks.module.eks_blueprints_addons.module.karpenter_sqs.data.aws_iam_policy_document.dlq",
            "module.eks.module.eks_blueprints_addons.module.karpenter_sqs.data.aws_iam_policy_document.this",
            "module.eks.module.eks_blueprints_addons.time_sleep.this",
            "module.eks.terraform_data.wait_for_load_balancer_controller",
            "module.vpc.aws_subnet.private",
            "module.vpc.aws_subnet.public",
            "module.vpc.aws_vpc.this",
            "module.vpc.aws_vpc_ipv4_cidr_block_association.this"
          ]
        },
        {
          "index_key": "ingestion",
          "schema_version": 1,
          "attributes": {
            "atomic": false,
            "chart": "ingestion-chart",
            "cleanup_on_fail": true,
            "create_namespace": false,
            "dependency_update": false,
            "description": null,
            "devel": null,
            "disable_crd_hooks": false,
            "disable_openapi_validation": false,
            "disable_webhooks": false,
            "force_update": true,
            "id": "phdi-playground-dev-ingestion",
            "keyring": null,
            "lint": false,
            "manifest": null,
            "max_history": 0,
            "metadata": [
              {
                "app_version": "1.1.1",
                "chart": "ingestion-chart",
                "name": "phdi-playground-dev-ingestion",
                "namespace": "default",
                "revision": 1,
                "values": "{\"fhirConverterUrl\":\"https://k8s-phdiplaygrounddev.us-east-1.elb.amazonaws.com/fhir-converter\",\"image\":{\"tag\":\"v1.1.11\"},\"ingestionUrl\":\"https://k8s-phdiplaygrounddev.us-east-1.elb.amazonaws.com/ingestion\",\"messageParserUrl\":\"https://k8s-phdiplaygrounddev.us-east-1.elb.amazonaws.com/message-parser\",\"smartyAuthId\":\"98681a8c-89f6-f5b9-f14d-c832ce28e9b4\",\"smartyToken\":\"AB5Bd7y9KGgxghGrD635\",\"validationUrl\":\"https://k8s-phdiplaygrounddev.us-east-1.elb.amazonaws.com/validation\"}",
                "version": "0.1.7"
              }
            ],
            "name": "phdi-playground-dev-ingestion",
            "namespace": "default",
            "pass_credentials": false,
            "postrender": [],
            "recreate_pods": true,
            "render_subchart_notes": true,
            "replace": false,
            "repository": "https://cdcgov.github.io/phdi-charts/",
            "repository_ca_file": null,
            "repository_cert_file": null,
            "repository_key_file": null,
            "repository_password": null,
            "repository_username": null,
            "reset_values": false,
            "reuse_values": false,
            "set": [
              {
                "name": "fhirConverterUrl",
                "type": "",
                "value": "https://k8s-phdiplaygrounddev.us-east-1.elb.amazonaws.com/fhir-converter"
              },
              {
                "name": "image.tag",
                "type": "",
                "value": "v1.1.11"
              },
              {
                "name": "ingestionUrl",
                "type": "",
                "value": "https://k8s-phdiplaygrounddev.us-east-1.elb.amazonaws.com/ingestion"
              },
              {
                "name": "messageParserUrl",
                "type": "",
                "value": "https://k8s-phdiplaygrounddev.us-east-1.elb.amazonaws.com/message-parser"
              },
              {
                "name": "smartyAuthId",
                "type": "",
                "value": "98681a8c-89f6-f5b9-f14d-c832ce28e9b4"
              },
              {
                "name": "smartyToken",
                "type": "",
                "value": "AB5Bd7y9KGgxghGrD635"
              },
              {
                "name": "validationUrl",
                "type": "",
                "value": "https://k8s-phdiplaygrounddev.us-east-1.elb.amazonaws.com/validation"
              }
            ],
            "set_list": [],
            "set_sensitive": [],
            "skip_crds": false,
            "status": "deployed",
            "timeout": 300,
            "values": null,
            "verify": false,
            "version": "0.1.7",
            "wait": true,
            "wait_for_jobs": false
          },
          "sensitive_attributes": [],
          "private": "eyJzY2hlbWFfdmVyc2lvbiI6IjEifQ==",
          "dependencies": [
            "module.eks.data.aws_ecrpublic_authorization_token.token",
            "module.eks.data.aws_eks_cluster_auth.eks",
            "module.eks.data.kubectl_file_documents.load_balancer_controller_crds",
            "module.eks.helm_release.load_balancer_controller",
            "module.eks.kubectl_manifest.load_balancer_controller_crds",
            "module.eks.module.eks-cluster.aws_cloudwatch_log_group.this",
            "module.eks.module.eks-cluster.aws_ec2_tag.cluster_primary_security_group",
            "module.eks.module.eks-cluster.aws_eks_addon.before_compute",
            "module.eks.module.eks-cluster.aws_eks_addon.this",
            "module.eks.module.eks-cluster.aws_eks_cluster.this",
            "module.eks.module.eks-cluster.aws_eks_identity_provider_config.this",
            "module.eks.module.eks-cluster.aws_iam_openid_connect_provider.oidc_provider",
            "module.eks.module.eks-cluster.aws_iam_policy.cluster_encryption",
            "module.eks.module.eks-cluster.aws_iam_policy.cni_ipv6_policy",
            "module.eks.module.eks-cluster.aws_iam_role.this",
            "module.eks.module.eks-cluster.aws_iam_role_policy_attachment.additional",
            "module.eks.module.eks-cluster.aws_iam_role_policy_attachment.cluster_encryption",
            "module.eks.module.eks-cluster.aws_iam_role_policy_attachment.this",
            "module.eks.module.eks-cluster.aws_security_group.cluster",
            "module.eks.module.eks-cluster.aws_security_group.node",
            "module.eks.module.eks-cluster.aws_security_group_rule.cluster",
            "module.eks.module.eks-cluster.aws_security_group_rule.node",
            "module.eks.module.eks-cluster.data.aws_caller_identity.current",
            "module.eks.module.eks-cluster.data.aws_eks_addon_version.this",
            "module.eks.module.eks-cluster.data.aws_iam_policy_document.assume_role_policy",
            "module.eks.module.eks-cluster.data.aws_iam_policy_document.cni_ipv6_policy",
            "module.eks.module.eks-cluster.data.aws_iam_session_context.current",
            "module.eks.module.eks-cluster.data.aws_partition.current",
            "module.eks.module.eks-cluster.data.tls_certificate.this",
            "module.eks.module.eks-cluster.kubernetes_config_map.aws_auth",
            "module.eks.module.eks-cluster.kubernetes_config_map_v1_data.aws_auth",
            "module.eks.module.eks-cluster.module.eks_managed_node_group.aws_autoscaling_schedule.this",
            "module.eks.module.eks-cluster.module.eks_managed_node_group.aws_eks_node_group.this",
            "module.eks.module.eks-cluster.module.eks_managed_node_group.aws_iam_role.this",
            "module.eks.module.eks-cluster.module.eks_managed_node_group.aws_iam_role_policy_attachment.additional",
            "module.eks.module.eks-cluster.module.eks_managed_node_group.aws_iam_role_policy_attachment.this",
            "module.eks.module.eks-cluster.module.eks_managed_node_group.aws_launch_template.this",
            "module.eks.module.eks-cluster.module.eks_managed_node_group.data.aws_caller_identity.current",
            "module.eks.module.eks-cluster.module.eks_managed_node_group.data.aws_iam_policy_document.assume_role_policy",
            "module.eks.module.eks-cluster.module.eks_managed_node_group.data.aws_partition.current",
            "module.eks.module.eks-cluster.module.eks_managed_node_group.module.user_data.data.cloudinit_config.linux_eks_managed_node_group",
            "module.eks.module.eks-cluster.module.fargate_profile.aws_eks_fargate_profile.this",
            "module.eks.module.eks-cluster.module.fargate_profile.aws_iam_role.this",
            "module.eks.module.eks-cluster.module.fargate_profile.aws_iam_role_policy_attachment.additional",
            "module.eks.module.eks-cluster.module.fargate_profile.aws_iam_role_policy_attachment.this",
            "module.eks.module.eks-cluster.module.fargate_profile.data.aws_caller_identity.current",
            "module.eks.module.eks-cluster.module.fargate_profile.data.aws_iam_policy_document.assume_role_policy",
            "module.eks.module.eks-cluster.module.fargate_profile.data.aws_partition.current",
            "module.eks.module.eks-cluster.module.kms.aws_kms_alias.this",
            "module.eks.module.eks-cluster.module.kms.aws_kms_external_key.this",
            "module.eks.module.eks-cluster.module.kms.aws_kms_grant.this",
            "module.eks.module.eks-cluster.module.kms.aws_kms_key.this",
            "module.eks.module.eks-cluster.module.kms.aws_kms_replica_external_key.this",
            "module.eks.module.eks-cluster.module.kms.aws_kms_replica_key.this",
            "module.eks.module.eks-cluster.module.kms.data.aws_caller_identity.current",
            "module.eks.module.eks-cluster.module.kms.data.aws_iam_policy_document.this",
            "module.eks.module.eks-cluster.module.kms.data.aws_partition.current",
            "module.eks.module.eks-cluster.module.self_managed_node_group.aws_autoscaling_group.this",
            "module.eks.module.eks-cluster.module.self_managed_node_group.aws_autoscaling_schedule.this",
            "module.eks.module.eks-cluster.module.self_managed_node_group.aws_iam_instance_profile.this",
            "module.eks.module.eks-cluster.module.self_managed_node_group.aws_iam_role.this",
            "module.eks.module.eks-cluster.module.self_managed_node_group.aws_iam_role_policy_attachment.additional",
            "module.eks.module.eks-cluster.module.self_managed_node_group.aws_iam_role_policy_attachment.this",
            "module.eks.module.eks-cluster.module.self_managed_node_group.aws_launch_template.this",
            "module.eks.module.eks-cluster.module.self_managed_node_group.data.aws_ami.eks_default",
            "module.eks.module.eks-cluster.module.self_managed_node_group.data.aws_caller_identity.current",
            "module.eks.module.eks-cluster.module.self_managed_node_group.data.aws_iam_policy_document.assume_role_policy",
            "module.eks.module.eks-cluster.module.self_managed_node_group.data.aws_partition.current",
            "module.eks.module.eks-cluster.module.self_managed_node_group.module.user_data.data.cloudinit_config.linux_eks_managed_node_group",
            "module.eks.module.eks-cluster.time_sleep.this",
            "module.eks.module.eks_blueprints_addons.aws_iam_instance_profile.karpenter",
            "module.eks.module.eks_blueprints_addons.aws_iam_role.karpenter",
            "module.eks.module.eks_blueprints_addons.data.aws_caller_identity.current",
            "module.eks.module.eks_blueprints_addons.data.aws_iam_policy_document.karpenter",
            "module.eks.module.eks_blueprints_addons.data.aws_iam_policy_document.karpenter_assume_role",
            "module.eks.module.eks_blueprints_addons.data.aws_partition.current",
            "module.eks.module.eks_blueprints_addons.data.aws_region.current",
            "module.eks.module.eks_blueprints_addons.module.karpenter.aws_iam_policy.this",
            "module.eks.module.eks_blueprints_addons.module.karpenter.aws_iam_role.this",
            "module.eks.module.eks_blueprints_addons.module.karpenter.aws_iam_role_policy_attachment.additional",
            "module.eks.module.eks_blueprints_addons.module.karpenter.aws_iam_role_policy_attachment.this",
            "module.eks.module.eks_blueprints_addons.module.karpenter.data.aws_caller_identity.current",
            "module.eks.module.eks_blueprints_addons.module.karpenter.data.aws_iam_policy_document.assume",
            "module.eks.module.eks_blueprints_addons.module.karpenter.data.aws_iam_policy_document.this",
            "module.eks.module.eks_blueprints_addons.module.karpenter.data.aws_partition.current",
            "module.eks.module.eks_blueprints_addons.module.karpenter.helm_release.this",
            "module.eks.module.eks_blueprints_addons.module.karpenter_sqs.aws_sqs_queue.dlq",
            "module.eks.module.eks_blueprints_addons.module.karpenter_sqs.aws_sqs_queue.this",
            "module.eks.module.eks_blueprints_addons.module.karpenter_sqs.aws_sqs_queue_policy.dlq",
            "module.eks.module.eks_blueprints_addons.module.karpenter_sqs.aws_sqs_queue_policy.this",
            "module.eks.module.eks_blueprints_addons.module.karpenter_sqs.aws_sqs_queue_redrive_allow_policy.dlq",
            "module.eks.module.eks_blueprints_addons.module.karpenter_sqs.aws_sqs_queue_redrive_allow_policy.this",
            "module.eks.module.eks_blueprints_addons.module.karpenter_sqs.aws_sqs_queue_redrive_policy.dlq",
            "module.eks.module.eks_blueprints_addons.module.karpenter_sqs.aws_sqs_queue_redrive_policy.this",
            "module.eks.module.eks_blueprints_addons.module.karpenter_sqs.data.aws_iam_policy_document.dlq",
            "module.eks.module.eks_blueprints_addons.module.karpenter_sqs.data.aws_iam_policy_document.this",
            "module.eks.module.eks_blueprints_addons.time_sleep.this",
            "module.eks.terraform_data.wait_for_load_balancer_controller",
            "module.vpc.aws_subnet.private",
            "module.vpc.aws_subnet.public",
            "module.vpc.aws_vpc.this",
            "module.vpc.aws_vpc_ipv4_cidr_block_association.this"
          ]
        },
        {
          "index_key": "message-parser",
          "schema_version": 1,
          "attributes": {
            "atomic": false,
            "chart": "message-parser-chart",
            "cleanup_on_fail": true,
            "create_namespace": false,
            "dependency_update": false,
            "description": null,
            "devel": null,
            "disable_crd_hooks": false,
            "disable_openapi_validation": false,
            "disable_webhooks": false,
            "force_update": true,
            "id": "phdi-playground-dev-message-parser",
            "keyring": null,
            "lint": false,
            "manifest": null,
            "max_history": 0,
            "metadata": [
              {
                "app_version": "1.1.1",
                "chart": "message-parser-chart",
                "name": "phdi-playground-dev-message-parser",
                "namespace": "default",
                "revision": 1,
                "values": "{\"fhirConverterUrl\":\"https://k8s-phdiplaygrounddev.us-east-1.elb.amazonaws.com/fhir-converter\",\"image\":{\"tag\":\"v1.1.11\"},\"ingestionUrl\":\"https://k8s-phdiplaygrounddev.us-east-1.elb.amazonaws.com/ingestion\",\"messageParserUrl\":\"https://k8s-phdiplaygrounddev.us-east-1.elb.amazonaws.com/message-parser\",\"smartyAuthId\":\"98681a8c-89f6-f5b9-f14d-c832ce28e9b4\",\"smartyToken\":\"AB5Bd7y9KGgxghGrD635\",\"validationUrl\":\"https://k8s-phdiplaygrounddev.us-east-1.elb.amazonaws.com/validation\"}",
                "version": "0.1.7"
              }
            ],
            "name": "phdi-playground-dev-message-parser",
            "namespace": "default",
            "pass_credentials": false,
            "postrender": [],
            "recreate_pods": true,
            "render_subchart_notes": true,
            "replace": false,
            "repository": "https://cdcgov.github.io/phdi-charts/",
            "repository_ca_file": null,
            "repository_cert_file": null,
            "repository_key_file": null,
            "repository_password": null,
            "repository_username": null,
            "reset_values": false,
            "reuse_values": false,
            "set": [
              {
                "name": "fhirConverterUrl",
                "type": "",
                "value": "https://k8s-phdiplaygrounddev.us-east-1.elb.amazonaws.com/fhir-converter"
              },
              {
                "name": "image.tag",
                "type": "",
                "value": "v1.1.11"
              },
              {
                "name": "ingestionUrl",
                "type": "",
                "value": "https://k8s-phdiplaygrounddev.us-east-1.elb.amazonaws.com/ingestion"
              },
              {
                "name": "messageParserUrl",
                "type": "",
                "value": "https://k8s-phdiplaygrounddev.us-east-1.elb.amazonaws.com/message-parser"
              },
              {
                "name": "smartyAuthId",
                "type": "",
                "value": "98681a8c-89f6-f5b9-f14d-c832ce28e9b4"
              },
              {
                "name": "smartyToken",
                "type": "",
                "value": "AB5Bd7y9KGgxghGrD635"
              },
              {
                "name": "validationUrl",
                "type": "",
                "value": "https://k8s-phdiplaygrounddev.us-east-1.elb.amazonaws.com/validation"
              }
            ],
            "set_list": [],
            "set_sensitive": [],
            "skip_crds": false,
            "status": "deployed",
            "timeout": 300,
            "values": null,
            "verify": false,
            "version": "0.1.7",
            "wait": true,
            "wait_for_jobs": false
          },
          "sensitive_attributes": [],
          "private": "eyJzY2hlbWFfdmVyc2lvbiI6IjEifQ==",
          "dependencies": [
            "module.eks.data.aws_ecrpublic_authorization_token.token",
            "module.eks.data.aws_eks_cluster_auth.eks",
            "module.eks.data.kubectl_file_documents.load_balancer_controller_crds",
            "module.eks.helm_release.load_balancer_controller",
            "module.eks.kubectl_manifest.load_balancer_controller_crds",
            "module.eks.module.eks-cluster.aws_cloudwatch_log_group.this",
            "module.eks.module.eks-cluster.aws_ec2_tag.cluster_primary_security_group",
            "module.eks.module.eks-cluster.aws_eks_addon.before_compute",
            "module.eks.module.eks-cluster.aws_eks_addon.this",
            "module.eks.module.eks-cluster.aws_eks_cluster.this",
            "module.eks.module.eks-cluster.aws_eks_identity_provider_config.this",
            "module.eks.module.eks-cluster.aws_iam_openid_connect_provider.oidc_provider",
            "module.eks.module.eks-cluster.aws_iam_policy.cluster_encryption",
            "module.eks.module.eks-cluster.aws_iam_policy.cni_ipv6_policy",
            "module.eks.module.eks-cluster.aws_iam_role.this",
            "module.eks.module.eks-cluster.aws_iam_role_policy_attachment.additional",
            "module.eks.module.eks-cluster.aws_iam_role_policy_attachment.cluster_encryption",
            "module.eks.module.eks-cluster.aws_iam_role_policy_attachment.this",
            "module.eks.module.eks-cluster.aws_security_group.cluster",
            "module.eks.module.eks-cluster.aws_security_group.node",
            "module.eks.module.eks-cluster.aws_security_group_rule.cluster",
            "module.eks.module.eks-cluster.aws_security_group_rule.node",
            "module.eks.module.eks-cluster.data.aws_caller_identity.current",
            "module.eks.module.eks-cluster.data.aws_eks_addon_version.this",
            "module.eks.module.eks-cluster.data.aws_iam_policy_document.assume_role_policy",
            "module.eks.module.eks-cluster.data.aws_iam_policy_document.cni_ipv6_policy",
            "module.eks.module.eks-cluster.data.aws_iam_session_context.current",
            "module.eks.module.eks-cluster.data.aws_partition.current",
            "module.eks.module.eks-cluster.data.tls_certificate.this",
            "module.eks.module.eks-cluster.kubernetes_config_map.aws_auth",
            "module.eks.module.eks-cluster.kubernetes_config_map_v1_data.aws_auth",
            "module.eks.module.eks-cluster.module.eks_managed_node_group.aws_autoscaling_schedule.this",
            "module.eks.module.eks-cluster.module.eks_managed_node_group.aws_eks_node_group.this",
            "module.eks.module.eks-cluster.module.eks_managed_node_group.aws_iam_role.this",
            "module.eks.module.eks-cluster.module.eks_managed_node_group.aws_iam_role_policy_attachment.additional",
            "module.eks.module.eks-cluster.module.eks_managed_node_group.aws_iam_role_policy_attachment.this",
            "module.eks.module.eks-cluster.module.eks_managed_node_group.aws_launch_template.this",
            "module.eks.module.eks-cluster.module.eks_managed_node_group.data.aws_caller_identity.current",
            "module.eks.module.eks-cluster.module.eks_managed_node_group.data.aws_iam_policy_document.assume_role_policy",
            "module.eks.module.eks-cluster.module.eks_managed_node_group.data.aws_partition.current",
            "module.eks.module.eks-cluster.module.eks_managed_node_group.module.user_data.data.cloudinit_config.linux_eks_managed_node_group",
            "module.eks.module.eks-cluster.module.fargate_profile.aws_eks_fargate_profile.this",
            "module.eks.module.eks-cluster.module.fargate_profile.aws_iam_role.this",
            "module.eks.module.eks-cluster.module.fargate_profile.aws_iam_role_policy_attachment.additional",
            "module.eks.module.eks-cluster.module.fargate_profile.aws_iam_role_policy_attachment.this",
            "module.eks.module.eks-cluster.module.fargate_profile.data.aws_caller_identity.current",
            "module.eks.module.eks-cluster.module.fargate_profile.data.aws_iam_policy_document.assume_role_policy",
            "module.eks.module.eks-cluster.module.fargate_profile.data.aws_partition.current",
            "module.eks.module.eks-cluster.module.kms.aws_kms_alias.this",
            "module.eks.module.eks-cluster.module.kms.aws_kms_external_key.this",
            "module.eks.module.eks-cluster.module.kms.aws_kms_grant.this",
            "module.eks.module.eks-cluster.module.kms.aws_kms_key.this",
            "module.eks.module.eks-cluster.module.kms.aws_kms_replica_external_key.this",
            "module.eks.module.eks-cluster.module.kms.aws_kms_replica_key.this",
            "module.eks.module.eks-cluster.module.kms.data.aws_caller_identity.current",
            "module.eks.module.eks-cluster.module.kms.data.aws_iam_policy_document.this",
            "module.eks.module.eks-cluster.module.kms.data.aws_partition.current",
            "module.eks.module.eks-cluster.module.self_managed_node_group.aws_autoscaling_group.this",
            "module.eks.module.eks-cluster.module.self_managed_node_group.aws_autoscaling_schedule.this",
            "module.eks.module.eks-cluster.module.self_managed_node_group.aws_iam_instance_profile.this",
            "module.eks.module.eks-cluster.module.self_managed_node_group.aws_iam_role.this",
            "module.eks.module.eks-cluster.module.self_managed_node_group.aws_iam_role_policy_attachment.additional",
            "module.eks.module.eks-cluster.module.self_managed_node_group.aws_iam_role_policy_attachment.this",
            "module.eks.module.eks-cluster.module.self_managed_node_group.aws_launch_template.this",
            "module.eks.module.eks-cluster.module.self_managed_node_group.data.aws_ami.eks_default",
            "module.eks.module.eks-cluster.module.self_managed_node_group.data.aws_caller_identity.current",
            "module.eks.module.eks-cluster.module.self_managed_node_group.data.aws_iam_policy_document.assume_role_policy",
            "module.eks.module.eks-cluster.module.self_managed_node_group.data.aws_partition.current",
            "module.eks.module.eks-cluster.module.self_managed_node_group.module.user_data.data.cloudinit_config.linux_eks_managed_node_group",
            "module.eks.module.eks-cluster.time_sleep.this",
            "module.eks.module.eks_blueprints_addons.aws_iam_instance_profile.karpenter",
            "module.eks.module.eks_blueprints_addons.aws_iam_role.karpenter",
            "module.eks.module.eks_blueprints_addons.data.aws_caller_identity.current",
            "module.eks.module.eks_blueprints_addons.data.aws_iam_policy_document.karpenter",
            "module.eks.module.eks_blueprints_addons.data.aws_iam_policy_document.karpenter_assume_role",
            "module.eks.module.eks_blueprints_addons.data.aws_partition.current",
            "module.eks.module.eks_blueprints_addons.data.aws_region.current",
            "module.eks.module.eks_blueprints_addons.module.karpenter.aws_iam_policy.this",
            "module.eks.module.eks_blueprints_addons.module.karpenter.aws_iam_role.this",
            "module.eks.module.eks_blueprints_addons.module.karpenter.aws_iam_role_policy_attachment.additional",
            "module.eks.module.eks_blueprints_addons.module.karpenter.aws_iam_role_policy_attachment.this",
            "module.eks.module.eks_blueprints_addons.module.karpenter.data.aws_caller_identity.current",
            "module.eks.module.eks_blueprints_addons.module.karpenter.data.aws_iam_policy_document.assume",
            "module.eks.module.eks_blueprints_addons.module.karpenter.data.aws_iam_policy_document.this",
            "module.eks.module.eks_blueprints_addons.module.karpenter.data.aws_partition.current",
            "module.eks.module.eks_blueprints_addons.module.karpenter.helm_release.this",
            "module.eks.module.eks_blueprints_addons.module.karpenter_sqs.aws_sqs_queue.dlq",
            "module.eks.module.eks_blueprints_addons.module.karpenter_sqs.aws_sqs_queue.this",
            "module.eks.module.eks_blueprints_addons.module.karpenter_sqs.aws_sqs_queue_policy.dlq",
            "module.eks.module.eks_blueprints_addons.module.karpenter_sqs.aws_sqs_queue_policy.this",
            "module.eks.module.eks_blueprints_addons.module.karpenter_sqs.aws_sqs_queue_redrive_allow_policy.dlq",
            "module.eks.module.eks_blueprints_addons.module.karpenter_sqs.aws_sqs_queue_redrive_allow_policy.this",
            "module.eks.module.eks_blueprints_addons.module.karpenter_sqs.aws_sqs_queue_redrive_policy.dlq",
            "module.eks.module.eks_blueprints_addons.module.karpenter_sqs.aws_sqs_queue_redrive_policy.this",
            "module.eks.module.eks_blueprints_addons.module.karpenter_sqs.data.aws_iam_policy_document.dlq",
            "module.eks.module.eks_blueprints_addons.module.karpenter_sqs.data.aws_iam_policy_document.this",
            "module.eks.module.eks_blueprints_addons.time_sleep.this",
            "module.eks.terraform_data.wait_for_load_balancer_controller",
            "module.vpc.aws_subnet.private",
            "module.vpc.aws_subnet.public",
            "module.vpc.aws_vpc.this",
            "module.vpc.aws_vpc_ipv4_cidr_block_association.this"
          ]
        },
        {
          "index_key": "orchestration",
          "schema_version": 1,
          "attributes": {
            "atomic": false,
            "chart": "orchestration",
            "cleanup_on_fail": true,
            "create_namespace": false,
            "dependency_update": false,
            "description": null,
            "devel": null,
            "disable_crd_hooks": false,
            "disable_openapi_validation": false,
            "disable_webhooks": false,
            "force_update": true,
            "id": "phdi-playground-dev-orchestration",
            "keyring": null,
            "lint": false,
            "manifest": null,
            "max_history": 0,
            "metadata": [
              {
                "app_version": "1.1.1",
                "chart": "orchestration",
                "name": "phdi-playground-dev-orchestration",
                "namespace": "default",
                "revision": 1,
                "values": "{\"fhirConverterUrl\":\"https://k8s-phdiplaygrounddev.us-east-1.elb.amazonaws.com/fhir-converter\",\"image\":{\"tag\":\"v1.1.11\"},\"ingestionUrl\":\"https://k8s-phdiplaygrounddev.us-east-1.elb.amazonaws.com/ingestion\",\"messageParserUrl\":\"https://k8s-phdiplaygrounddev.us-east-1.elb.amazonaws.com/message-parser\",\"smartyAuthId\":\"98681a8c-89f6-f5b9-f14d-c832ce28e9b4\",\"smartyToken\":\"AB5Bd7y9KGgxghGrD635\",\"validationUrl\":\"https://k8s-phdiplaygrounddev.us-east-1.elb.amazonaws.com/validation\"}",
                "version": "0.1.9"
              }
            ],
            "name": "phdi-playground-dev-orchestration",
            "namespace": "default",
            "pass_credentials": false,
            "postrender": [],
            "recreate_pods": true,
            "render_subchart_notes": true,
            "replace": false,
            "repository": "https://cdcgov.github.io/phdi-charts/",
            "repository_ca_file": null,
            "repository_cert_file": null,
            "repository_key_file": null,
            "repository_password": null,
            "repository_username": null,
            "reset_values": false,
            "reuse_values": false,
            "set": [
              {
                "name": "fhirConverterUrl",
                "type": "",
                "value": "https://k8s-phdiplaygrounddev.us-east-1.elb.amazonaws.com/fhir-converter"
              },
              {
                "name": "image.tag",
                "type": "",
                "value": "v1.1.11"
              },
              {
                "name": "ingestionUrl",
                "type": "",
                "value": "https://k8s-phdiplaygrounddev.us-east-1.elb.amazonaws.com/ingestion"
              },
              {
                "name": "messageParserUrl",
                "type": "",
                "value": "https://k8s-phdiplaygrounddev.us-east-1.elb.amazonaws.com/message-parser"
              },
              {
                "name": "smartyAuthId",
                "type": "",
                "value": "98681a8c-89f6-f5b9-f14d-c832ce28e9b4"
              },
              {
                "name": "smartyToken",
                "type": "",
                "value": "AB5Bd7y9KGgxghGrD635"
              },
              {
                "name": "validationUrl",
                "type": "",
                "value": "https://k8s-phdiplaygrounddev.us-east-1.elb.amazonaws.com/validation"
              }
            ],
            "set_list": [],
            "set_sensitive": [],
            "skip_crds": false,
            "status": "deployed",
            "timeout": 300,
            "values": null,
            "verify": false,
            "version": "0.1.9",
            "wait": true,
            "wait_for_jobs": false
          },
          "sensitive_attributes": [],
          "private": "eyJzY2hlbWFfdmVyc2lvbiI6IjEifQ==",
          "dependencies": [
            "module.eks.data.aws_ecrpublic_authorization_token.token",
            "module.eks.data.aws_eks_cluster_auth.eks",
            "module.eks.data.kubectl_file_documents.load_balancer_controller_crds",
            "module.eks.helm_release.load_balancer_controller",
            "module.eks.kubectl_manifest.load_balancer_controller_crds",
            "module.eks.module.eks-cluster.aws_cloudwatch_log_group.this",
            "module.eks.module.eks-cluster.aws_ec2_tag.cluster_primary_security_group",
            "module.eks.module.eks-cluster.aws_eks_addon.before_compute",
            "module.eks.module.eks-cluster.aws_eks_addon.this",
            "module.eks.module.eks-cluster.aws_eks_cluster.this",
            "module.eks.module.eks-cluster.aws_eks_identity_provider_config.this",
            "module.eks.module.eks-cluster.aws_iam_openid_connect_provider.oidc_provider",
            "module.eks.module.eks-cluster.aws_iam_policy.cluster_encryption",
            "module.eks.module.eks-cluster.aws_iam_policy.cni_ipv6_policy",
            "module.eks.module.eks-cluster.aws_iam_role.this",
            "module.eks.module.eks-cluster.aws_iam_role_policy_attachment.additional",
            "module.eks.module.eks-cluster.aws_iam_role_policy_attachment.cluster_encryption",
            "module.eks.module.eks-cluster.aws_iam_role_policy_attachment.this",
            "module.eks.module.eks-cluster.aws_security_group.cluster",
            "module.eks.module.eks-cluster.aws_security_group.node",
            "module.eks.module.eks-cluster.aws_security_group_rule.cluster",
            "module.eks.module.eks-cluster.aws_security_group_rule.node",
            "module.eks.module.eks-cluster.data.aws_caller_identity.current",
            "module.eks.module.eks-cluster.data.aws_eks_addon_version.this",
            "module.eks.module.eks-cluster.data.aws_iam_policy_document.assume_role_policy",
            "module.eks.module.eks-cluster.data.aws_iam_policy_document.cni_ipv6_policy",
            "module.eks.module.eks-cluster.data.aws_iam_session_context.current",
            "module.eks.module.eks-cluster.data.aws_partition.current",
            "module.eks.module.eks-cluster.data.tls_certificate.this",
            "module.eks.module.eks-cluster.kubernetes_config_map.aws_auth",
            "module.eks.module.eks-cluster.kubernetes_config_map_v1_data.aws_auth",
            "module.eks.module.eks-cluster.module.eks_managed_node_group.aws_autoscaling_schedule.this",
            "module.eks.module.eks-cluster.module.eks_managed_node_group.aws_eks_node_group.this",
            "module.eks.module.eks-cluster.module.eks_managed_node_group.aws_iam_role.this",
            "module.eks.module.eks-cluster.module.eks_managed_node_group.aws_iam_role_policy_attachment.additional",
            "module.eks.module.eks-cluster.module.eks_managed_node_group.aws_iam_role_policy_attachment.this",
            "module.eks.module.eks-cluster.module.eks_managed_node_group.aws_launch_template.this",
            "module.eks.module.eks-cluster.module.eks_managed_node_group.data.aws_caller_identity.current",
            "module.eks.module.eks-cluster.module.eks_managed_node_group.data.aws_iam_policy_document.assume_role_policy",
            "module.eks.module.eks-cluster.module.eks_managed_node_group.data.aws_partition.current",
            "module.eks.module.eks-cluster.module.eks_managed_node_group.module.user_data.data.cloudinit_config.linux_eks_managed_node_group",
            "module.eks.module.eks-cluster.module.fargate_profile.aws_eks_fargate_profile.this",
            "module.eks.module.eks-cluster.module.fargate_profile.aws_iam_role.this",
            "module.eks.module.eks-cluster.module.fargate_profile.aws_iam_role_policy_attachment.additional",
            "module.eks.module.eks-cluster.module.fargate_profile.aws_iam_role_policy_attachment.this",
            "module.eks.module.eks-cluster.module.fargate_profile.data.aws_caller_identity.current",
            "module.eks.module.eks-cluster.module.fargate_profile.data.aws_iam_policy_document.assume_role_policy",
            "module.eks.module.eks-cluster.module.fargate_profile.data.aws_partition.current",
            "module.eks.module.eks-cluster.module.kms.aws_kms_alias.this",
            "module.eks.module.eks-cluster.module.kms.aws_kms_external_key.this",
            "module.eks.module.eks-cluster.module.kms.aws_kms_grant.this",
            "module.eks.module.eks-cluster.module.kms.aws_kms_key.this",
            "module.eks.module.eks-cluster.module.kms.aws_kms_replica_external_key.this",
            "module.eks.module.eks-cluster.module.kms.aws_kms_replica_key.this",
            "module.eks.module.eks-cluster.module.kms.data.aws_caller_identity.current",
            "module.eks.module.eks-cluster.module.kms.data.aws_iam_policy_document.this",
            "module.eks.module.eks-cluster.module.kms.data.aws_partition.current",
            "module.eks.module.eks-cluster.module.self_managed_node_group.aws_autoscaling_group.this",
            "module.eks.module.eks-cluster.module.self_managed_node_group.aws_autoscaling_schedule.this",
            "module.eks.module.eks-cluster.module.self_managed_node_group.aws_iam_instance_profile.this",
            "module.eks.module.eks-cluster.module.self_managed_node_group.aws_iam_role.this",
            "module.eks.module.eks-cluster.module.self_managed_node_group.aws_iam_role_policy_attachment.additional",
            "module.eks.module.eks-cluster.module.self_managed_node_group.aws_iam_role_policy_attachment.this",
            "module.eks.module.eks-cluster.module.self_managed_node_group.aws_launch_template.this",
            "module.eks.module.eks-cluster.module.self_managed_node_group.data.aws_ami.eks_default",
            "module.eks.module.eks-cluster.module.self_managed_node_group.data.aws_caller_identity.current",
            "module.eks.module.eks-cluster.module.self_managed_node_group.data.aws_iam_policy_document.assume_role_policy",
            "module.eks.module.eks-cluster.module.self_managed_node_group.data.aws_partition.current",
            "module.eks.module.eks-cluster.module.self_managed_node_group.module.user_data.data.cloudinit_config.linux_eks_managed_node_group",
            "module.eks.module.eks-cluster.time_sleep.this",
            "module.eks.module.eks_blueprints_addons.aws_iam_instance_profile.karpenter",
            "module.eks.module.eks_blueprints_addons.aws_iam_role.karpenter",
            "module.eks.module.eks_blueprints_addons.data.aws_caller_identity.current",
            "module.eks.module.eks_blueprints_addons.data.aws_iam_policy_document.karpenter",
            "module.eks.module.eks_blueprints_addons.data.aws_iam_policy_document.karpenter_assume_role",
            "module.eks.module.eks_blueprints_addons.data.aws_partition.current",
            "module.eks.module.eks_blueprints_addons.data.aws_region.current",
            "module.eks.module.eks_blueprints_addons.module.karpenter.aws_iam_policy.this",
            "module.eks.module.eks_blueprints_addons.module.karpenter.aws_iam_role.this",
            "module.eks.module.eks_blueprints_addons.module.karpenter.aws_iam_role_policy_attachment.additional",
            "module.eks.module.eks_blueprints_addons.module.karpenter.aws_iam_role_policy_attachment.this",
            "module.eks.module.eks_blueprints_addons.module.karpenter.data.aws_caller_identity.current",
            "module.eks.module.eks_blueprints_addons.module.karpenter.data.aws_iam_policy_document.assume",
            "module.eks.module.eks_blueprints_addons.module.karpenter.data.aws_iam_policy_document.this",
            "module.eks.module.eks_blueprints_addons.module.karpenter.data.aws_partition.current",
            "module.eks.module.eks_blueprints_addons.module.karpenter.helm_release.this",
            "module.eks.module.eks_blueprints_addons.module.karpenter_sqs.aws_sqs_queue.dlq",
            "module.eks.module.eks_blueprints_addons.module.karpenter_sqs.aws_sqs_queue.this",
            "module.eks.module.eks_blueprints_addons.module.karpenter_sqs.aws_sqs_queue_policy.dlq",
            "module.eks.module.eks_blueprints_addons.module.karpenter_sqs.aws_sqs_queue_policy.this",
            "module.eks.module.eks_blueprints_addons.module.karpenter_sqs.aws_sqs_queue_redrive_allow_policy.dlq",
            "module.eks.module.eks_blueprints_addons.module.karpenter_sqs.aws_sqs_queue_redrive_allow_policy.this",
            "module.eks.module.eks_blueprints_addons.module.karpenter_sqs.aws_sqs_queue_redrive_policy.dlq",
            "module.eks.module.eks_blueprints_addons.module.karpenter_sqs.aws_sqs_queue_redrive_policy.this",
            "module.eks.module.eks_blueprints_addons.module.karpenter_sqs.data.aws_iam_policy_document.dlq",
            "module.eks.module.eks_blueprints_addons.module.karpenter_sqs.data.aws_iam_policy_document.this",
            "module.eks.module.eks_blueprints_addons.time_sleep.this",
            "module.eks.terraform_data.wait_for_load_balancer_controller",
            "module.vpc.aws_subnet.private",
            "module.vpc.aws_subnet.public",
            "module.vpc.aws_vpc.this",
            "module.vpc.aws_vpc_ipv4_cidr_block_association.this"
          ]
        },
        {
          "index_key": "validation",
          "schema_version": 1,
          "attributes": {
            "atomic": false,
            "chart": "validation-chart",
            "cleanup_on_fail": true,
            "create_namespace": false,
            "dependency_update": false,
            "description": null,
            "devel": null,
            "disable_crd_hooks": false,
            "disable_openapi_validation": false,
            "disable_webhooks": false,
            "force_update": true,
            "id": "phdi-playground-dev-validation",
            "keyring": null,
            "lint": false,
            "manifest": null,
            "max_history": 0,
            "metadata": [
              {
                "app_version": "v1.1.1",
                "chart": "validation-chart",
                "name": "phdi-playground-dev-validation",
                "namespace": "default",
                "revision": 1,
                "values": "{\"fhirConverterUrl\":\"https://k8s-phdiplaygrounddev.us-east-1.elb.amazonaws.com/fhir-converter\",\"image\":{\"tag\":\"v1.1.11\"},\"ingestionUrl\":\"https://k8s-phdiplaygrounddev.us-east-1.elb.amazonaws.com/ingestion\",\"messageParserUrl\":\"https://k8s-phdiplaygrounddev.us-east-1.elb.amazonaws.com/message-parser\",\"smartyAuthId\":\"98681a8c-89f6-f5b9-f14d-c832ce28e9b4\",\"smartyToken\":\"AB5Bd7y9KGgxghGrD635\",\"validationUrl\":\"https://k8s-phdiplaygrounddev.us-east-1.elb.amazonaws.com/validation\"}",
                "version": "0.1.7"
              }
            ],
            "name": "phdi-playground-dev-validation",
            "namespace": "default",
            "pass_credentials": false,
            "postrender": [],
            "recreate_pods": true,
            "render_subchart_notes": true,
            "replace": false,
            "repository": "https://cdcgov.github.io/phdi-charts/",
            "repository_ca_file": null,
            "repository_cert_file": null,
            "repository_key_file": null,
            "repository_password": null,
            "repository_username": null,
            "reset_values": false,
            "reuse_values": false,
            "set": [
              {
                "name": "fhirConverterUrl",
                "type": "",
                "value": "https://k8s-phdiplaygrounddev.us-east-1.elb.amazonaws.com/fhir-converter"
              },
              {
                "name": "image.tag",
                "type": "",
                "value": "v1.1.11"
              },
              {
                "name": "ingestionUrl",
                "type": "",
                "value": "https://k8s-phdiplaygrounddev.us-east-1.elb.amazonaws.com/ingestion"
              },
              {
                "name": "messageParserUrl",
                "type": "",
                "value": "https://k8s-phdiplaygrounddev.us-east-1.elb.amazonaws.com/message-parser"
              },
              {
                "name": "smartyAuthId",
                "type": "",
                "value": "98681a8c-89f6-f5b9-f14d-c832ce28e9b4"
              },
              {
                "name": "smartyToken",
                "type": "",
                "value": "AB5Bd7y9KGgxghGrD635"
              },
              {
                "name": "validationUrl",
                "type": "",
                "value": "https://k8s-phdiplaygrounddev.us-east-1.elb.amazonaws.com/validation"
              }
            ],
            "set_list": [],
            "set_sensitive": [],
            "skip_crds": false,
            "status": "deployed",
            "timeout": 300,
            "values": null,
            "verify": false,
            "version": "0.1.7",
            "wait": true,
            "wait_for_jobs": false
          },
          "sensitive_attributes": [],
          "private": "eyJzY2hlbWFfdmVyc2lvbiI6IjEifQ==",
          "dependencies": [
            "module.eks.data.aws_ecrpublic_authorization_token.token",
            "module.eks.data.aws_eks_cluster_auth.eks",
            "module.eks.data.kubectl_file_documents.load_balancer_controller_crds",
            "module.eks.helm_release.load_balancer_controller",
            "module.eks.kubectl_manifest.load_balancer_controller_crds",
            "module.eks.module.eks-cluster.aws_cloudwatch_log_group.this",
            "module.eks.module.eks-cluster.aws_ec2_tag.cluster_primary_security_group",
            "module.eks.module.eks-cluster.aws_eks_addon.before_compute",
            "module.eks.module.eks-cluster.aws_eks_addon.this",
            "module.eks.module.eks-cluster.aws_eks_cluster.this",
            "module.eks.module.eks-cluster.aws_eks_identity_provider_config.this",
            "module.eks.module.eks-cluster.aws_iam_openid_connect_provider.oidc_provider",
            "module.eks.module.eks-cluster.aws_iam_policy.cluster_encryption",
            "module.eks.module.eks-cluster.aws_iam_policy.cni_ipv6_policy",
            "module.eks.module.eks-cluster.aws_iam_role.this",
            "module.eks.module.eks-cluster.aws_iam_role_policy_attachment.additional",
            "module.eks.module.eks-cluster.aws_iam_role_policy_attachment.cluster_encryption",
            "module.eks.module.eks-cluster.aws_iam_role_policy_attachment.this",
            "module.eks.module.eks-cluster.aws_security_group.cluster",
            "module.eks.module.eks-cluster.aws_security_group.node",
            "module.eks.module.eks-cluster.aws_security_group_rule.cluster",
            "module.eks.module.eks-cluster.aws_security_group_rule.node",
            "module.eks.module.eks-cluster.data.aws_caller_identity.current",
            "module.eks.module.eks-cluster.data.aws_eks_addon_version.this",
            "module.eks.module.eks-cluster.data.aws_iam_policy_document.assume_role_policy",
            "module.eks.module.eks-cluster.data.aws_iam_policy_document.cni_ipv6_policy",
            "module.eks.module.eks-cluster.data.aws_iam_session_context.current",
            "module.eks.module.eks-cluster.data.aws_partition.current",
            "module.eks.module.eks-cluster.data.tls_certificate.this",
            "module.eks.module.eks-cluster.kubernetes_config_map.aws_auth",
            "module.eks.module.eks-cluster.kubernetes_config_map_v1_data.aws_auth",
            "module.eks.module.eks-cluster.module.eks_managed_node_group.aws_autoscaling_schedule.this",
            "module.eks.module.eks-cluster.module.eks_managed_node_group.aws_eks_node_group.this",
            "module.eks.module.eks-cluster.module.eks_managed_node_group.aws_iam_role.this",
            "module.eks.module.eks-cluster.module.eks_managed_node_group.aws_iam_role_policy_attachment.additional",
            "module.eks.module.eks-cluster.module.eks_managed_node_group.aws_iam_role_policy_attachment.this",
            "module.eks.module.eks-cluster.module.eks_managed_node_group.aws_launch_template.this",
            "module.eks.module.eks-cluster.module.eks_managed_node_group.data.aws_caller_identity.current",
            "module.eks.module.eks-cluster.module.eks_managed_node_group.data.aws_iam_policy_document.assume_role_policy",
            "module.eks.module.eks-cluster.module.eks_managed_node_group.data.aws_partition.current",
            "module.eks.module.eks-cluster.module.eks_managed_node_group.module.user_data.data.cloudinit_config.linux_eks_managed_node_group",
            "module.eks.module.eks-cluster.module.fargate_profile.aws_eks_fargate_profile.this",
            "module.eks.module.eks-cluster.module.fargate_profile.aws_iam_role.this",
            "module.eks.module.eks-cluster.module.fargate_profile.aws_iam_role_policy_attachment.additional",
            "module.eks.module.eks-cluster.module.fargate_profile.aws_iam_role_policy_attachment.this",
            "module.eks.module.eks-cluster.module.fargate_profile.data.aws_caller_identity.current",
            "module.eks.module.eks-cluster.module.fargate_profile.data.aws_iam_policy_document.assume_role_policy",
            "module.eks.module.eks-cluster.module.fargate_profile.data.aws_partition.current",
            "module.eks.module.eks-cluster.module.kms.aws_kms_alias.this",
            "module.eks.module.eks-cluster.module.kms.aws_kms_external_key.this",
            "module.eks.module.eks-cluster.module.kms.aws_kms_grant.this",
            "module.eks.module.eks-cluster.module.kms.aws_kms_key.this",
            "module.eks.module.eks-cluster.module.kms.aws_kms_replica_external_key.this",
            "module.eks.module.eks-cluster.module.kms.aws_kms_replica_key.this",
            "module.eks.module.eks-cluster.module.kms.data.aws_caller_identity.current",
            "module.eks.module.eks-cluster.module.kms.data.aws_iam_policy_document.this",
            "module.eks.module.eks-cluster.module.kms.data.aws_partition.current",
            "module.eks.module.eks-cluster.module.self_managed_node_group.aws_autoscaling_group.this",
            "module.eks.module.eks-cluster.module.self_managed_node_group.aws_autoscaling_schedule.this",
            "module.eks.module.eks-cluster.module.self_managed_node_group.aws_iam_instance_profile.this",
            "module.eks.module.eks-cluster.module.self_managed_node_group.aws_iam_role.this",
            "module.eks.module.eks-cluster.module.self_managed_node_group.aws_iam_role_policy_attachment.additional",
            "module.eks.module.eks-cluster.module.self_managed_node_group.aws_iam_role_policy_attachment.this",
            "module.eks.module.eks-cluster.module.self_managed_node_group.aws_launch_template.this",
            "module.eks.module.eks-cluster.module.self_managed_node_group.data.aws_ami.eks_default",
            "module.eks.module.eks-cluster.module.self_managed_node_group.data.aws_caller_identity.current",
            "module.eks.module.eks-cluster.module.self_managed_node_group.data.aws_iam_policy_document.assume_role_policy",
            "module.eks.module.eks-cluster.module.self_managed_node_group.data.aws_partition.current",
            "module.eks.module.eks-cluster.module.self_managed_node_group.module.user_data.data.cloudinit_config.linux_eks_managed_node_group",
            "module.eks.module.eks-cluster.time_sleep.this",
            "module.eks.module.eks_blueprints_addons.aws_iam_instance_profile.karpenter",
            "module.eks.module.eks_blueprints_addons.aws_iam_role.karpenter",
            "module.eks.module.eks_blueprints_addons.data.aws_caller_identity.current",
            "module.eks.module.eks_blueprints_addons.data.aws_iam_policy_document.karpenter",
            "module.eks.module.eks_blueprints_addons.data.aws_iam_policy_document.karpenter_assume_role",
            "module.eks.module.eks_blueprints_addons.data.aws_partition.current",
            "module.eks.module.eks_blueprints_addons.data.aws_region.current",
            "module.eks.module.eks_blueprints_addons.module.karpenter.aws_iam_policy.this",
            "module.eks.module.eks_blueprints_addons.module.karpenter.aws_iam_role.this",
            "module.eks.module.eks_blueprints_addons.module.karpenter.aws_iam_role_policy_attachment.additional",
            "module.eks.module.eks_blueprints_addons.module.karpenter.aws_iam_role_policy_attachment.this",
            "module.eks.module.eks_blueprints_addons.module.karpenter.data.aws_caller_identity.current",
            "module.eks.module.eks_blueprints_addons.module.karpenter.data.aws_iam_policy_document.assume",
            "module.eks.module.eks_blueprints_addons.module.karpenter.data.aws_iam_policy_document.this",
            "module.eks.module.eks_blueprints_addons.module.karpenter.data.aws_partition.current",
            "module.eks.module.eks_blueprints_addons.module.karpenter.helm_release.this",
            "module.eks.module.eks_blueprints_addons.module.karpenter_sqs.aws_sqs_queue.dlq",
            "module.eks.module.eks_blueprints_addons.module.karpenter_sqs.aws_sqs_queue.this",
            "module.eks.module.eks_blueprints_addons.module.karpenter_sqs.aws_sqs_queue_policy.dlq",
            "module.eks.module.eks_blueprints_addons.module.karpenter_sqs.aws_sqs_queue_policy.this",
            "module.eks.module.eks_blueprints_addons.module.karpenter_sqs.aws_sqs_queue_redrive_allow_policy.dlq",
            "module.eks.module.eks_blueprints_addons.module.karpenter_sqs.aws_sqs_queue_redrive_allow_policy.this",
            "module.eks.module.eks_blueprints_addons.module.karpenter_sqs.aws_sqs_queue_redrive_policy.dlq",
            "module.eks.module.eks_blueprints_addons.module.karpenter_sqs.aws_sqs_queue_redrive_policy.this",
            "module.eks.module.eks_blueprints_addons.module.karpenter_sqs.data.aws_iam_policy_document.dlq",
            "module.eks.module.eks_blueprints_addons.module.karpenter_sqs.data.aws_iam_policy_document.this",
            "module.eks.module.eks_blueprints_addons.time_sleep.this",
            "module.eks.terraform_data.wait_for_load_balancer_controller",
            "module.vpc.aws_subnet.private",
            "module.vpc.aws_subnet.public",
            "module.vpc.aws_vpc.this",
            "module.vpc.aws_vpc_ipv4_cidr_block_association.this"
          ]
        }
      ]
    },
    {
      "module": "module.eks",
      "mode": "managed",
      "type": "helm_release",
      "name": "load_balancer_controller",
      "provider": "module.eks.provider[\"registry.terraform.io/hashicorp/helm\"]",
      "instances": [
        {
          "schema_version": 1,
          "attributes": {
            "atomic": false,
            "chart": "aws-load-balancer-controller",
            "cleanup_on_fail": false,
            "create_namespace": false,
            "dependency_update": false,
            "description": null,
            "devel": null,
            "disable_crd_hooks": false,
            "disable_openapi_validation": false,
            "disable_webhooks": false,
            "force_update": false,
            "id": "aws-load-balancer-controller",
            "keyring": null,
            "lint": false,
            "manifest": null,
            "max_history": 0,
            "metadata": [
              {
                "app_version": "v2.7.0",
                "chart": "aws-load-balancer-controller",
                "name": "aws-load-balancer-controller",
                "namespace": "kube-system",
                "revision": 1,
                "values": "{\"clusterName\":\"phdi-playground-dev\",\"clusterSecretsPermissions\":{\"allowAllSecrets\":true},\"enableCertManager\":false,\"region\":\"us-east-1\",\"serviceAccount\":{\"create\":false,\"name\":\"aws-load-balancer-controller\"},\"vpcId\":\"vpc-0ce2209f49b6b97ad\"}",
                "version": "1.7.0"
              }
            ],
            "name": "aws-load-balancer-controller",
            "namespace": "kube-system",
            "pass_credentials": false,
            "postrender": [],
            "recreate_pods": false,
            "render_subchart_notes": true,
            "replace": false,
            "repository": "https://aws.github.io/eks-charts",
            "repository_ca_file": null,
            "repository_cert_file": null,
            "repository_key_file": null,
            "repository_password": null,
            "repository_username": null,
            "reset_values": false,
            "reuse_values": false,
            "set": [
              {
                "name": "clusterName",
                "type": "",
                "value": "phdi-playground-dev"
              },
              {
                "name": "clusterSecretsPermissions.allowAllSecrets",
                "type": "",
                "value": "true"
              },
              {
                "name": "enableCertManager",
                "type": "",
                "value": "false"
              },
              {
                "name": "region",
                "type": "",
                "value": "us-east-1"
              },
              {
                "name": "serviceAccount.create",
                "type": "",
                "value": "false"
              },
              {
                "name": "serviceAccount.name",
                "type": "",
                "value": "aws-load-balancer-controller"
              },
              {
                "name": "vpcId",
                "type": "",
                "value": "vpc-0ce2209f49b6b97ad"
              }
            ],
            "set_list": [],
            "set_sensitive": [],
            "skip_crds": false,
            "status": "deployed",
            "timeout": 300,
            "values": null,
            "verify": false,
            "version": "1.7.0",
            "wait": true,
            "wait_for_jobs": false
          },
          "sensitive_attributes": [],
          "private": "eyJzY2hlbWFfdmVyc2lvbiI6IjEifQ==",
          "dependencies": [
            "module.eks.data.aws_ecrpublic_authorization_token.token",
            "module.eks.data.aws_eks_cluster_auth.eks",
            "module.eks.data.kubectl_file_documents.load_balancer_controller_crds",
            "module.eks.kubectl_manifest.load_balancer_controller_crds",
            "module.eks.module.eks-cluster.aws_cloudwatch_log_group.this",
            "module.eks.module.eks-cluster.aws_ec2_tag.cluster_primary_security_group",
            "module.eks.module.eks-cluster.aws_eks_addon.before_compute",
            "module.eks.module.eks-cluster.aws_eks_addon.this",
            "module.eks.module.eks-cluster.aws_eks_cluster.this",
            "module.eks.module.eks-cluster.aws_eks_identity_provider_config.this",
            "module.eks.module.eks-cluster.aws_iam_openid_connect_provider.oidc_provider",
            "module.eks.module.eks-cluster.aws_iam_policy.cluster_encryption",
            "module.eks.module.eks-cluster.aws_iam_policy.cni_ipv6_policy",
            "module.eks.module.eks-cluster.aws_iam_role.this",
            "module.eks.module.eks-cluster.aws_iam_role_policy_attachment.additional",
            "module.eks.module.eks-cluster.aws_iam_role_policy_attachment.cluster_encryption",
            "module.eks.module.eks-cluster.aws_iam_role_policy_attachment.this",
            "module.eks.module.eks-cluster.aws_security_group.cluster",
            "module.eks.module.eks-cluster.aws_security_group.node",
            "module.eks.module.eks-cluster.aws_security_group_rule.cluster",
            "module.eks.module.eks-cluster.aws_security_group_rule.node",
            "module.eks.module.eks-cluster.data.aws_caller_identity.current",
            "module.eks.module.eks-cluster.data.aws_eks_addon_version.this",
            "module.eks.module.eks-cluster.data.aws_iam_policy_document.assume_role_policy",
            "module.eks.module.eks-cluster.data.aws_iam_policy_document.cni_ipv6_policy",
            "module.eks.module.eks-cluster.data.aws_iam_session_context.current",
            "module.eks.module.eks-cluster.data.aws_partition.current",
            "module.eks.module.eks-cluster.data.tls_certificate.this",
            "module.eks.module.eks-cluster.kubernetes_config_map.aws_auth",
            "module.eks.module.eks-cluster.kubernetes_config_map_v1_data.aws_auth",
            "module.eks.module.eks-cluster.module.eks_managed_node_group.aws_autoscaling_schedule.this",
            "module.eks.module.eks-cluster.module.eks_managed_node_group.aws_eks_node_group.this",
            "module.eks.module.eks-cluster.module.eks_managed_node_group.aws_iam_role.this",
            "module.eks.module.eks-cluster.module.eks_managed_node_group.aws_iam_role_policy_attachment.additional",
            "module.eks.module.eks-cluster.module.eks_managed_node_group.aws_iam_role_policy_attachment.this",
            "module.eks.module.eks-cluster.module.eks_managed_node_group.aws_launch_template.this",
            "module.eks.module.eks-cluster.module.eks_managed_node_group.data.aws_caller_identity.current",
            "module.eks.module.eks-cluster.module.eks_managed_node_group.data.aws_iam_policy_document.assume_role_policy",
            "module.eks.module.eks-cluster.module.eks_managed_node_group.data.aws_partition.current",
            "module.eks.module.eks-cluster.module.eks_managed_node_group.module.user_data.data.cloudinit_config.linux_eks_managed_node_group",
            "module.eks.module.eks-cluster.module.fargate_profile.aws_eks_fargate_profile.this",
            "module.eks.module.eks-cluster.module.fargate_profile.aws_iam_role.this",
            "module.eks.module.eks-cluster.module.fargate_profile.aws_iam_role_policy_attachment.additional",
            "module.eks.module.eks-cluster.module.fargate_profile.aws_iam_role_policy_attachment.this",
            "module.eks.module.eks-cluster.module.fargate_profile.data.aws_caller_identity.current",
            "module.eks.module.eks-cluster.module.fargate_profile.data.aws_iam_policy_document.assume_role_policy",
            "module.eks.module.eks-cluster.module.fargate_profile.data.aws_partition.current",
            "module.eks.module.eks-cluster.module.kms.aws_kms_alias.this",
            "module.eks.module.eks-cluster.module.kms.aws_kms_external_key.this",
            "module.eks.module.eks-cluster.module.kms.aws_kms_grant.this",
            "module.eks.module.eks-cluster.module.kms.aws_kms_key.this",
            "module.eks.module.eks-cluster.module.kms.aws_kms_replica_external_key.this",
            "module.eks.module.eks-cluster.module.kms.aws_kms_replica_key.this",
            "module.eks.module.eks-cluster.module.kms.data.aws_caller_identity.current",
            "module.eks.module.eks-cluster.module.kms.data.aws_iam_policy_document.this",
            "module.eks.module.eks-cluster.module.kms.data.aws_partition.current",
            "module.eks.module.eks-cluster.module.self_managed_node_group.aws_autoscaling_group.this",
            "module.eks.module.eks-cluster.module.self_managed_node_group.aws_autoscaling_schedule.this",
            "module.eks.module.eks-cluster.module.self_managed_node_group.aws_iam_instance_profile.this",
            "module.eks.module.eks-cluster.module.self_managed_node_group.aws_iam_role.this",
            "module.eks.module.eks-cluster.module.self_managed_node_group.aws_iam_role_policy_attachment.additional",
            "module.eks.module.eks-cluster.module.self_managed_node_group.aws_iam_role_policy_attachment.this",
            "module.eks.module.eks-cluster.module.self_managed_node_group.aws_launch_template.this",
            "module.eks.module.eks-cluster.module.self_managed_node_group.data.aws_ami.eks_default",
            "module.eks.module.eks-cluster.module.self_managed_node_group.data.aws_caller_identity.current",
            "module.eks.module.eks-cluster.module.self_managed_node_group.data.aws_iam_policy_document.assume_role_policy",
            "module.eks.module.eks-cluster.module.self_managed_node_group.data.aws_partition.current",
            "module.eks.module.eks-cluster.module.self_managed_node_group.module.user_data.data.cloudinit_config.linux_eks_managed_node_group",
            "module.eks.module.eks-cluster.time_sleep.this",
            "module.eks.module.eks_blueprints_addons.aws_iam_instance_profile.karpenter",
            "module.eks.module.eks_blueprints_addons.aws_iam_role.karpenter",
            "module.eks.module.eks_blueprints_addons.data.aws_caller_identity.current",
            "module.eks.module.eks_blueprints_addons.data.aws_iam_policy_document.karpenter",
            "module.eks.module.eks_blueprints_addons.data.aws_iam_policy_document.karpenter_assume_role",
            "module.eks.module.eks_blueprints_addons.data.aws_partition.current",
            "module.eks.module.eks_blueprints_addons.data.aws_region.current",
            "module.eks.module.eks_blueprints_addons.module.karpenter.aws_iam_policy.this",
            "module.eks.module.eks_blueprints_addons.module.karpenter.aws_iam_role.this",
            "module.eks.module.eks_blueprints_addons.module.karpenter.aws_iam_role_policy_attachment.additional",
            "module.eks.module.eks_blueprints_addons.module.karpenter.aws_iam_role_policy_attachment.this",
            "module.eks.module.eks_blueprints_addons.module.karpenter.data.aws_caller_identity.current",
            "module.eks.module.eks_blueprints_addons.module.karpenter.data.aws_iam_policy_document.assume",
            "module.eks.module.eks_blueprints_addons.module.karpenter.data.aws_iam_policy_document.this",
            "module.eks.module.eks_blueprints_addons.module.karpenter.data.aws_partition.current",
            "module.eks.module.eks_blueprints_addons.module.karpenter.helm_release.this",
            "module.eks.module.eks_blueprints_addons.module.karpenter_sqs.aws_sqs_queue.dlq",
            "module.eks.module.eks_blueprints_addons.module.karpenter_sqs.aws_sqs_queue.this",
            "module.eks.module.eks_blueprints_addons.module.karpenter_sqs.aws_sqs_queue_policy.dlq",
            "module.eks.module.eks_blueprints_addons.module.karpenter_sqs.aws_sqs_queue_policy.this",
            "module.eks.module.eks_blueprints_addons.module.karpenter_sqs.aws_sqs_queue_redrive_allow_policy.dlq",
            "module.eks.module.eks_blueprints_addons.module.karpenter_sqs.aws_sqs_queue_redrive_allow_policy.this",
            "module.eks.module.eks_blueprints_addons.module.karpenter_sqs.aws_sqs_queue_redrive_policy.dlq",
            "module.eks.module.eks_blueprints_addons.module.karpenter_sqs.aws_sqs_queue_redrive_policy.this",
            "module.eks.module.eks_blueprints_addons.module.karpenter_sqs.data.aws_iam_policy_document.dlq",
            "module.eks.module.eks_blueprints_addons.module.karpenter_sqs.data.aws_iam_policy_document.this",
            "module.eks.module.eks_blueprints_addons.time_sleep.this",
            "module.vpc.aws_subnet.private",
            "module.vpc.aws_subnet.public",
            "module.vpc.aws_vpc.this",
            "module.vpc.aws_vpc_ipv4_cidr_block_association.this"
          ]
        }
      ]
    },
    {
      "module": "module.eks",
      "mode": "managed",
      "type": "kubectl_manifest",
      "name": "cluster_role",
      "provider": "module.eks.provider[\"registry.terraform.io/gavinbunney/kubectl\"]",
      "instances": [
        {
          "schema_version": 1,
          "attributes": {
            "api_version": "rbac.authorization.k8s.io/v1",
            "apply_only": false,
            "force_conflicts": false,
            "force_new": false,
            "id": "/apis/rbac.authorization.k8s.io/v1/clusterroles/alb-ingress-controller",
            "ignore_fields": null,
            "kind": "ClusterRole",
            "live_manifest_incluster": "fc6335fb652e36ad0fa2be3696bd4c821b021b81c41a473fd3846c88a60e14ab",
            "live_uid": "bfe6ae52-f856-4a6d-86dd-2e5a0fd09eda",
            "name": "alb-ingress-controller",
            "namespace": null,
            "override_namespace": null,
            "sensitive_fields": null,
            "server_side_apply": false,
            "timeouts": null,
            "uid": "bfe6ae52-f856-4a6d-86dd-2e5a0fd09eda",
            "validate_schema": true,
            "wait": null,
            "wait_for_rollout": true,
            "yaml_body": "apiVersion: rbac.authorization.k8s.io/v1\nkind: ClusterRole\nmetadata:\n  labels:\n    app.kubernetes.io/name: alb-ingress-controller\n  name: alb-ingress-controller\nrules:\n  - apiGroups:\n      - \"\"\n      - extensions\n    resources:\n      - configmaps\n      - endpoints\n      - events\n      - ingresses\n      - ingresses/status\n      - services\n    verbs:\n      - create\n      - get\n      - list\n      - update\n      - watch\n      - patch\n  - apiGroups:\n      - \"\"\n      - extensions\n    resources:\n      - nodes\n      - pods\n      - secrets\n      - services\n      - namespaces\n    verbs:\n      - get\n      - list\n      - watch",
            "yaml_body_parsed": "apiVersion: rbac.authorization.k8s.io/v1\nkind: ClusterRole\nmetadata:\n  labels:\n    app.kubernetes.io/name: alb-ingress-controller\n  name: alb-ingress-controller\nrules:\n- apiGroups:\n  - \"\"\n  - extensions\n  resources:\n  - configmaps\n  - endpoints\n  - events\n  - ingresses\n  - ingresses/status\n  - services\n  verbs:\n  - create\n  - get\n  - list\n  - update\n  - watch\n  - patch\n- apiGroups:\n  - \"\"\n  - extensions\n  resources:\n  - nodes\n  - pods\n  - secrets\n  - services\n  - namespaces\n  verbs:\n  - get\n  - list\n  - watch\n",
            "yaml_incluster": "fc6335fb652e36ad0fa2be3696bd4c821b021b81c41a473fd3846c88a60e14ab"
          },
          "sensitive_attributes": [],
          "private": "eyJlMmJmYjczMC1lY2FhLTExZTYtOGY4OC0zNDM2M2JjN2M0YzAiOnsiY3JlYXRlIjo2MDAwMDAwMDAwMDB9LCJzY2hlbWFfdmVyc2lvbiI6IjEifQ==",
          "dependencies": [
            "module.eks.data.aws_eks_cluster_auth.eks",
            "module.eks.data.kubectl_path_documents.cluster_role",
            "module.eks.module.eks-cluster.aws_cloudwatch_log_group.this",
            "module.eks.module.eks-cluster.aws_eks_cluster.this",
            "module.eks.module.eks-cluster.aws_iam_policy.cni_ipv6_policy",
            "module.eks.module.eks-cluster.aws_iam_role.this",
            "module.eks.module.eks-cluster.aws_iam_role_policy_attachment.this",
            "module.eks.module.eks-cluster.aws_security_group.cluster",
            "module.eks.module.eks-cluster.aws_security_group.node",
            "module.eks.module.eks-cluster.aws_security_group_rule.cluster",
            "module.eks.module.eks-cluster.aws_security_group_rule.node",
            "module.eks.module.eks-cluster.data.aws_caller_identity.current",
            "module.eks.module.eks-cluster.data.aws_iam_policy_document.assume_role_policy",
            "module.eks.module.eks-cluster.data.aws_iam_policy_document.cni_ipv6_policy",
            "module.eks.module.eks-cluster.data.aws_iam_session_context.current",
            "module.eks.module.eks-cluster.data.aws_partition.current",
            "module.eks.module.eks-cluster.module.kms.aws_kms_external_key.this",
            "module.eks.module.eks-cluster.module.kms.aws_kms_key.this",
            "module.eks.module.eks-cluster.module.kms.aws_kms_replica_external_key.this",
            "module.eks.module.eks-cluster.module.kms.aws_kms_replica_key.this",
            "module.eks.module.eks-cluster.module.kms.data.aws_caller_identity.current",
            "module.eks.module.eks-cluster.module.kms.data.aws_iam_policy_document.this",
            "module.eks.module.eks-cluster.module.kms.data.aws_partition.current",
            "module.vpc.aws_subnet.private",
            "module.vpc.aws_subnet.public",
            "module.vpc.aws_vpc.this",
            "module.vpc.aws_vpc_ipv4_cidr_block_association.this"
          ]
        }
      ]
    },
    {
      "module": "module.eks",
      "mode": "managed",
      "type": "kubectl_manifest",
      "name": "cluster_role_binding",
      "provider": "module.eks.provider[\"registry.terraform.io/gavinbunney/kubectl\"]",
      "instances": [
        {
          "schema_version": 1,
          "attributes": {
            "api_version": "rbac.authorization.k8s.io/v1",
            "apply_only": false,
            "force_conflicts": false,
            "force_new": false,
            "id": "/apis/rbac.authorization.k8s.io/v1/clusterrolebindings/alb-ingress-controller",
            "ignore_fields": null,
            "kind": "ClusterRoleBinding",
            "live_manifest_incluster": "12239e803382d42a007d34e787ade5ad0142244a68d21d6a61dc2e19a038f70e",
            "live_uid": "19f6c9dd-5591-4845-83e9-7bd1c52bd2a8",
            "name": "alb-ingress-controller",
            "namespace": null,
            "override_namespace": null,
            "sensitive_fields": null,
            "server_side_apply": false,
            "timeouts": null,
            "uid": "19f6c9dd-5591-4845-83e9-7bd1c52bd2a8",
            "validate_schema": true,
            "wait": null,
            "wait_for_rollout": true,
            "yaml_body": "apiVersion: rbac.authorization.k8s.io/v1\nkind: ClusterRoleBinding\nmetadata:\n  labels:\n    app.kubernetes.io/name: alb-ingress-controller\n  name: alb-ingress-controller\nroleRef:\n  apiGroup: rbac.authorization.k8s.io\n  kind: ClusterRole\n  name: alb-ingress-controller\nsubjects:\n  - kind: ServiceAccount\n    name: alb-ingress-controller\n    namespace: kube-system",
            "yaml_body_parsed": "apiVersion: rbac.authorization.k8s.io/v1\nkind: ClusterRoleBinding\nmetadata:\n  labels:\n    app.kubernetes.io/name: alb-ingress-controller\n  name: alb-ingress-controller\nroleRef:\n  apiGroup: rbac.authorization.k8s.io\n  kind: ClusterRole\n  name: alb-ingress-controller\nsubjects:\n- kind: ServiceAccount\n  name: alb-ingress-controller\n  namespace: kube-system\n",
            "yaml_incluster": "12239e803382d42a007d34e787ade5ad0142244a68d21d6a61dc2e19a038f70e"
          },
          "sensitive_attributes": [],
          "private": "eyJlMmJmYjczMC1lY2FhLTExZTYtOGY4OC0zNDM2M2JjN2M0YzAiOnsiY3JlYXRlIjo2MDAwMDAwMDAwMDB9LCJzY2hlbWFfdmVyc2lvbiI6IjEifQ==",
          "dependencies": [
            "module.eks.data.aws_eks_cluster_auth.eks",
            "module.eks.data.kubectl_path_documents.cluster_role_binding",
            "module.eks.module.eks-cluster.aws_cloudwatch_log_group.this",
            "module.eks.module.eks-cluster.aws_eks_cluster.this",
            "module.eks.module.eks-cluster.aws_iam_policy.cni_ipv6_policy",
            "module.eks.module.eks-cluster.aws_iam_role.this",
            "module.eks.module.eks-cluster.aws_iam_role_policy_attachment.this",
            "module.eks.module.eks-cluster.aws_security_group.cluster",
            "module.eks.module.eks-cluster.aws_security_group.node",
            "module.eks.module.eks-cluster.aws_security_group_rule.cluster",
            "module.eks.module.eks-cluster.aws_security_group_rule.node",
            "module.eks.module.eks-cluster.data.aws_caller_identity.current",
            "module.eks.module.eks-cluster.data.aws_iam_policy_document.assume_role_policy",
            "module.eks.module.eks-cluster.data.aws_iam_policy_document.cni_ipv6_policy",
            "module.eks.module.eks-cluster.data.aws_iam_session_context.current",
            "module.eks.module.eks-cluster.data.aws_partition.current",
            "module.eks.module.eks-cluster.module.kms.aws_kms_external_key.this",
            "module.eks.module.eks-cluster.module.kms.aws_kms_key.this",
            "module.eks.module.eks-cluster.module.kms.aws_kms_replica_external_key.this",
            "module.eks.module.eks-cluster.module.kms.aws_kms_replica_key.this",
            "module.eks.module.eks-cluster.module.kms.data.aws_caller_identity.current",
            "module.eks.module.eks-cluster.module.kms.data.aws_iam_policy_document.this",
            "module.eks.module.eks-cluster.module.kms.data.aws_partition.current",
            "module.vpc.aws_subnet.private",
            "module.vpc.aws_subnet.public",
            "module.vpc.aws_vpc.this",
            "module.vpc.aws_vpc_ipv4_cidr_block_association.this"
          ]
        }
      ]
    },
    {
      "module": "module.eks",
      "mode": "managed",
      "type": "kubectl_manifest",
      "name": "ingress",
      "provider": "module.eks.provider[\"registry.terraform.io/gavinbunney/kubectl\"]",
      "instances": [
        {
          "schema_version": 1,
          "attributes": {
            "api_version": "networking.k8s.io/v1",
            "apply_only": false,
            "force_conflicts": false,
            "force_new": false,
            "id": "/apis/networking.k8s.io/v1/namespaces/default/ingresses/ingress",
            "ignore_fields": null,
            "kind": "Ingress",
            "live_manifest_incluster": "23a64502852f02d4f89e7dff302b0656503dfbaa6ed1642f3f08e61b81f1cf1b",
            "live_uid": "ad5ad346-ce05-434a-b809-571e56df887e",
            "name": "ingress",
            "namespace": null,
            "override_namespace": null,
            "sensitive_fields": null,
            "server_side_apply": false,
            "timeouts": null,
            "uid": "ad5ad346-ce05-434a-b809-571e56df887e",
            "validate_schema": true,
            "wait": null,
            "wait_for_rollout": true,
            "yaml_body": "apiVersion: networking.k8s.io/v1\nkind: Ingress\nmetadata:\n  name: ingress\n  annotations:\n    alb.ingress.kubernetes.io/scheme: internet-facing\n    alb.ingress.kubernetes.io/target-type: ip\n    alb.ingress.kubernetes.io/group.name: phdi-playground-dev\nspec:\n  ingressClassName: alb\n  rules:\n    - http:\n        paths:\n          - path: /ingestion\n            pathType: Prefix\n            backend:\n              service:\n                name: phdi-playground-dev-ingestion-ingestion-service\n                port:\n                  number: 8080\n          - path: /fhir-converter\n            pathType: Prefix\n            backend:\n              service:\n                name: phdi-playground-dev-fhir-converter-fhir-converter-service\n                port:\n                  number: 8080\n          - path: /message-parser\n            pathType: Prefix\n            backend:\n              service:\n                name: phdi-playground-dev-message-parser-message-parser-service\n                port:\n                  number: 8080\n          - path: /validation\n            pathType: Prefix\n            backend:\n              service:\n                name: phdi-playground-dev-validation-validation-service\n                port:\n                  number: 80\n          - path: /orchestration\n            pathType: Prefix\n            backend:\n              service:\n                name: phdi-playground-dev-orchestration-orchestration-service\n                port:\n                  number: 8080",
            "yaml_body_parsed": "apiVersion: networking.k8s.io/v1\nkind: Ingress\nmetadata:\n  annotations:\n    alb.ingress.kubernetes.io/group.name: phdi-playground-dev\n    alb.ingress.kubernetes.io/scheme: internet-facing\n    alb.ingress.kubernetes.io/target-type: ip\n  name: ingress\nspec:\n  ingressClassName: alb\n  rules:\n  - http:\n      paths:\n      - backend:\n          service:\n            name: phdi-playground-dev-ingestion-ingestion-service\n            port:\n              number: 8080\n        path: /ingestion\n        pathType: Prefix\n      - backend:\n          service:\n            name: phdi-playground-dev-fhir-converter-fhir-converter-service\n            port:\n              number: 8080\n        path: /fhir-converter\n        pathType: Prefix\n      - backend:\n          service:\n            name: phdi-playground-dev-message-parser-message-parser-service\n            port:\n              number: 8080\n        path: /message-parser\n        pathType: Prefix\n      - backend:\n          service:\n            name: phdi-playground-dev-validation-validation-service\n            port:\n              number: 80\n        path: /validation\n        pathType: Prefix\n      - backend:\n          service:\n            name: phdi-playground-dev-orchestration-orchestration-service\n            port:\n              number: 8080\n        path: /orchestration\n        pathType: Prefix\n",
            "yaml_incluster": "23a64502852f02d4f89e7dff302b0656503dfbaa6ed1642f3f08e61b81f1cf1b"
          },
          "sensitive_attributes": [],
          "private": "eyJlMmJmYjczMC1lY2FhLTExZTYtOGY4OC0zNDM2M2JjN2M0YzAiOnsiY3JlYXRlIjo2MDAwMDAwMDAwMDB9LCJzY2hlbWFfdmVyc2lvbiI6IjEifQ==",
          "dependencies": [
            "module.eks.data.aws_ecrpublic_authorization_token.token",
            "module.eks.data.aws_eks_cluster_auth.eks",
            "module.eks.data.kubectl_file_documents.ingress",
            "module.eks.data.kubectl_file_documents.load_balancer_controller_crds",
            "module.eks.helm_release.building_blocks",
            "module.eks.helm_release.load_balancer_controller",
            "module.eks.kubectl_manifest.load_balancer_controller_crds",
            "module.eks.module.eks-cluster.aws_cloudwatch_log_group.this",
            "module.eks.module.eks-cluster.aws_ec2_tag.cluster_primary_security_group",
            "module.eks.module.eks-cluster.aws_eks_addon.before_compute",
            "module.eks.module.eks-cluster.aws_eks_addon.this",
            "module.eks.module.eks-cluster.aws_eks_cluster.this",
            "module.eks.module.eks-cluster.aws_eks_identity_provider_config.this",
            "module.eks.module.eks-cluster.aws_iam_openid_connect_provider.oidc_provider",
            "module.eks.module.eks-cluster.aws_iam_policy.cluster_encryption",
            "module.eks.module.eks-cluster.aws_iam_policy.cni_ipv6_policy",
            "module.eks.module.eks-cluster.aws_iam_role.this",
            "module.eks.module.eks-cluster.aws_iam_role_policy_attachment.additional",
            "module.eks.module.eks-cluster.aws_iam_role_policy_attachment.cluster_encryption",
            "module.eks.module.eks-cluster.aws_iam_role_policy_attachment.this",
            "module.eks.module.eks-cluster.aws_security_group.cluster",
            "module.eks.module.eks-cluster.aws_security_group.node",
            "module.eks.module.eks-cluster.aws_security_group_rule.cluster",
            "module.eks.module.eks-cluster.aws_security_group_rule.node",
            "module.eks.module.eks-cluster.data.aws_caller_identity.current",
            "module.eks.module.eks-cluster.data.aws_eks_addon_version.this",
            "module.eks.module.eks-cluster.data.aws_iam_policy_document.assume_role_policy",
            "module.eks.module.eks-cluster.data.aws_iam_policy_document.cni_ipv6_policy",
            "module.eks.module.eks-cluster.data.aws_iam_session_context.current",
            "module.eks.module.eks-cluster.data.aws_partition.current",
            "module.eks.module.eks-cluster.data.tls_certificate.this",
            "module.eks.module.eks-cluster.kubernetes_config_map.aws_auth",
            "module.eks.module.eks-cluster.kubernetes_config_map_v1_data.aws_auth",
            "module.eks.module.eks-cluster.module.eks_managed_node_group.aws_autoscaling_schedule.this",
            "module.eks.module.eks-cluster.module.eks_managed_node_group.aws_eks_node_group.this",
            "module.eks.module.eks-cluster.module.eks_managed_node_group.aws_iam_role.this",
            "module.eks.module.eks-cluster.module.eks_managed_node_group.aws_iam_role_policy_attachment.additional",
            "module.eks.module.eks-cluster.module.eks_managed_node_group.aws_iam_role_policy_attachment.this",
            "module.eks.module.eks-cluster.module.eks_managed_node_group.aws_launch_template.this",
            "module.eks.module.eks-cluster.module.eks_managed_node_group.data.aws_caller_identity.current",
            "module.eks.module.eks-cluster.module.eks_managed_node_group.data.aws_iam_policy_document.assume_role_policy",
            "module.eks.module.eks-cluster.module.eks_managed_node_group.data.aws_partition.current",
            "module.eks.module.eks-cluster.module.eks_managed_node_group.module.user_data.data.cloudinit_config.linux_eks_managed_node_group",
            "module.eks.module.eks-cluster.module.fargate_profile.aws_eks_fargate_profile.this",
            "module.eks.module.eks-cluster.module.fargate_profile.aws_iam_role.this",
            "module.eks.module.eks-cluster.module.fargate_profile.aws_iam_role_policy_attachment.additional",
            "module.eks.module.eks-cluster.module.fargate_profile.aws_iam_role_policy_attachment.this",
            "module.eks.module.eks-cluster.module.fargate_profile.data.aws_caller_identity.current",
            "module.eks.module.eks-cluster.module.fargate_profile.data.aws_iam_policy_document.assume_role_policy",
            "module.eks.module.eks-cluster.module.fargate_profile.data.aws_partition.current",
            "module.eks.module.eks-cluster.module.kms.aws_kms_alias.this",
            "module.eks.module.eks-cluster.module.kms.aws_kms_external_key.this",
            "module.eks.module.eks-cluster.module.kms.aws_kms_grant.this",
            "module.eks.module.eks-cluster.module.kms.aws_kms_key.this",
            "module.eks.module.eks-cluster.module.kms.aws_kms_replica_external_key.this",
            "module.eks.module.eks-cluster.module.kms.aws_kms_replica_key.this",
            "module.eks.module.eks-cluster.module.kms.data.aws_caller_identity.current",
            "module.eks.module.eks-cluster.module.kms.data.aws_iam_policy_document.this",
            "module.eks.module.eks-cluster.module.kms.data.aws_partition.current",
            "module.eks.module.eks-cluster.module.self_managed_node_group.aws_autoscaling_group.this",
            "module.eks.module.eks-cluster.module.self_managed_node_group.aws_autoscaling_schedule.this",
            "module.eks.module.eks-cluster.module.self_managed_node_group.aws_iam_instance_profile.this",
            "module.eks.module.eks-cluster.module.self_managed_node_group.aws_iam_role.this",
            "module.eks.module.eks-cluster.module.self_managed_node_group.aws_iam_role_policy_attachment.additional",
            "module.eks.module.eks-cluster.module.self_managed_node_group.aws_iam_role_policy_attachment.this",
            "module.eks.module.eks-cluster.module.self_managed_node_group.aws_launch_template.this",
            "module.eks.module.eks-cluster.module.self_managed_node_group.data.aws_ami.eks_default",
            "module.eks.module.eks-cluster.module.self_managed_node_group.data.aws_caller_identity.current",
            "module.eks.module.eks-cluster.module.self_managed_node_group.data.aws_iam_policy_document.assume_role_policy",
            "module.eks.module.eks-cluster.module.self_managed_node_group.data.aws_partition.current",
            "module.eks.module.eks-cluster.module.self_managed_node_group.module.user_data.data.cloudinit_config.linux_eks_managed_node_group",
            "module.eks.module.eks-cluster.time_sleep.this",
            "module.eks.module.eks_blueprints_addons.aws_iam_instance_profile.karpenter",
            "module.eks.module.eks_blueprints_addons.aws_iam_role.karpenter",
            "module.eks.module.eks_blueprints_addons.data.aws_caller_identity.current",
            "module.eks.module.eks_blueprints_addons.data.aws_iam_policy_document.karpenter",
            "module.eks.module.eks_blueprints_addons.data.aws_iam_policy_document.karpenter_assume_role",
            "module.eks.module.eks_blueprints_addons.data.aws_partition.current",
            "module.eks.module.eks_blueprints_addons.data.aws_region.current",
            "module.eks.module.eks_blueprints_addons.module.karpenter.aws_iam_policy.this",
            "module.eks.module.eks_blueprints_addons.module.karpenter.aws_iam_role.this",
            "module.eks.module.eks_blueprints_addons.module.karpenter.aws_iam_role_policy_attachment.additional",
            "module.eks.module.eks_blueprints_addons.module.karpenter.aws_iam_role_policy_attachment.this",
            "module.eks.module.eks_blueprints_addons.module.karpenter.data.aws_caller_identity.current",
            "module.eks.module.eks_blueprints_addons.module.karpenter.data.aws_iam_policy_document.assume",
            "module.eks.module.eks_blueprints_addons.module.karpenter.data.aws_iam_policy_document.this",
            "module.eks.module.eks_blueprints_addons.module.karpenter.data.aws_partition.current",
            "module.eks.module.eks_blueprints_addons.module.karpenter.helm_release.this",
            "module.eks.module.eks_blueprints_addons.module.karpenter_sqs.aws_sqs_queue.dlq",
            "module.eks.module.eks_blueprints_addons.module.karpenter_sqs.aws_sqs_queue.this",
            "module.eks.module.eks_blueprints_addons.module.karpenter_sqs.aws_sqs_queue_policy.dlq",
            "module.eks.module.eks_blueprints_addons.module.karpenter_sqs.aws_sqs_queue_policy.this",
            "module.eks.module.eks_blueprints_addons.module.karpenter_sqs.aws_sqs_queue_redrive_allow_policy.dlq",
            "module.eks.module.eks_blueprints_addons.module.karpenter_sqs.aws_sqs_queue_redrive_allow_policy.this",
            "module.eks.module.eks_blueprints_addons.module.karpenter_sqs.aws_sqs_queue_redrive_policy.dlq",
            "module.eks.module.eks_blueprints_addons.module.karpenter_sqs.aws_sqs_queue_redrive_policy.this",
            "module.eks.module.eks_blueprints_addons.module.karpenter_sqs.data.aws_iam_policy_document.dlq",
            "module.eks.module.eks_blueprints_addons.module.karpenter_sqs.data.aws_iam_policy_document.this",
            "module.eks.module.eks_blueprints_addons.time_sleep.this",
            "module.eks.terraform_data.wait_for_load_balancer_controller",
            "module.vpc.aws_subnet.private",
            "module.vpc.aws_subnet.public",
            "module.vpc.aws_vpc.this",
            "module.vpc.aws_vpc_ipv4_cidr_block_association.this"
          ]
        }
      ]
    },
    {
      "module": "module.eks",
      "mode": "managed",
      "type": "kubectl_manifest",
      "name": "load_balancer_controller_crds",
      "provider": "module.eks.provider[\"registry.terraform.io/gavinbunney/kubectl\"]",
      "instances": [
        {
          "index_key": "/apis/apiextensions.k8s.io/v1/customresourcedefinitions/ingressclassparams.elbv2.k8s.aws",
          "schema_version": 1,
          "attributes": {
            "api_version": "apiextensions.k8s.io/v1",
            "apply_only": false,
            "force_conflicts": false,
            "force_new": false,
            "id": "/apis/apiextensions.k8s.io/v1/customresourcedefinitions/ingressclassparams.elbv2.k8s.aws",
            "ignore_fields": null,
            "kind": "CustomResourceDefinition",
            "live_manifest_incluster": "e6d6dfbc6e061b04dff73b37e5fbe1df4d0459a68606f35dbf56f7ff7a301277",
            "live_uid": "d893b2fe-48bb-46b2-a417-56a984432e3d",
            "name": "ingressclassparams.elbv2.k8s.aws",
            "namespace": null,
            "override_namespace": null,
            "sensitive_fields": null,
            "server_side_apply": false,
            "timeouts": null,
            "uid": "d893b2fe-48bb-46b2-a417-56a984432e3d",
            "validate_schema": true,
            "wait": null,
            "wait_for_rollout": true,
            "yaml_body": "apiVersion: apiextensions.k8s.io/v1\nkind: CustomResourceDefinition\nmetadata:\n  annotations:\n    controller-gen.kubebuilder.io/version: v0.11.1\n  name: ingressclassparams.elbv2.k8s.aws\nspec:\n  group: elbv2.k8s.aws\n  names:\n    kind: IngressClassParams\n    listKind: IngressClassParamsList\n    plural: ingressclassparams\n    singular: ingressclassparams\n  scope: Cluster\n  versions:\n  - additionalPrinterColumns:\n    - description: The Ingress Group name\n      jsonPath: .spec.group.name\n      name: GROUP-NAME\n      type: string\n    - description: The AWS Load Balancer scheme\n      jsonPath: .spec.scheme\n      name: SCHEME\n      type: string\n    - description: The AWS Load Balancer ipAddressType\n      jsonPath: .spec.ipAddressType\n      name: IP-ADDRESS-TYPE\n      type: string\n    - jsonPath: .metadata.creationTimestamp\n      name: AGE\n      type: date\n    name: v1beta1\n    schema:\n      openAPIV3Schema:\n        description: IngressClassParams is the Schema for the IngressClassParams API\n        properties:\n          apiVersion:\n            description: 'APIVersion defines the versioned schema of this representation\n              of an object. Servers should convert recognized schemas to the latest\n              internal value, and may reject unrecognized values. More info: https://git.k8s.io/community/contributors/devel/sig-architecture/api-conventions.md#resources'\n            type: string\n          kind:\n            description: 'Kind is a string value representing the REST resource this\n              object represents. Servers may infer this from the endpoint the client\n              submits requests to. Cannot be updated. In CamelCase. More info: https://git.k8s.io/community/contributors/devel/sig-architecture/api-conventions.md#types-kinds'\n            type: string\n          metadata:\n            type: object\n          spec:\n            description: IngressClassParamsSpec defines the desired state of IngressClassParams\n            properties:\n              group:\n                description: Group defines the IngressGroup for all Ingresses that\n                  belong to IngressClass with this IngressClassParams.\n                properties:\n                  name:\n                    description: Name is the name of IngressGroup.\n                    type: string\n                required:\n                - name\n                type: object\n              inboundCIDRs:\n                description: InboundCIDRs specifies the CIDRs that are allowed to\n                  access the Ingresses that belong to IngressClass with this IngressClassParams.\n                items:\n                  type: string\n                type: array\n              ipAddressType:\n                description: IPAddressType defines the ip address type for all Ingresses\n                  that belong to IngressClass with this IngressClassParams.\n                enum:\n                - ipv4\n                - dualstack\n                type: string\n              loadBalancerAttributes:\n                description: LoadBalancerAttributes define the custom attributes to\n                  LoadBalancers for all Ingress that that belong to IngressClass with\n                  this IngressClassParams.\n                items:\n                  description: Attributes defines custom attributes on resources.\n                  properties:\n                    key:\n                      description: The key of the attribute.\n                      type: string\n                    value:\n                      description: The value of the attribute.\n                      type: string\n                  required:\n                  - key\n                  - value\n                  type: object\n                type: array\n              namespaceSelector:\n                description: NamespaceSelector restrict the namespaces of Ingresses\n                  that are allowed to specify the IngressClass with this IngressClassParams.\n                  * if absent or present but empty, it selects all namespaces.\n                properties:\n                  matchExpressions:\n                    description: matchExpressions is a list of label selector requirements.\n                      The requirements are ANDed.\n                    items:\n                      description: A label selector requirement is a selector that\n                        contains values, a key, and an operator that relates the key\n                        and values.\n                      properties:\n                        key:\n                          description: key is the label key that the selector applies\n                            to.\n                          type: string\n                        operator:\n                          description: operator represents a key's relationship to\n                            a set of values. Valid operators are In, NotIn, Exists\n                            and DoesNotExist.\n                          type: string\n                        values:\n                          description: values is an array of string values. If the\n                            operator is In or NotIn, the values array must be non-empty.\n                            If the operator is Exists or DoesNotExist, the values\n                            array must be empty. This array is replaced during a strategic\n                            merge patch.\n                          items:\n                            type: string\n                          type: array\n                      required:\n                      - key\n                      - operator\n                      type: object\n                    type: array\n                  matchLabels:\n                    additionalProperties:\n                      type: string\n                    description: matchLabels is a map of {key,value} pairs. A single\n                      {key,value} in the matchLabels map is equivalent to an element\n                      of matchExpressions, whose key field is \"key\", the operator\n                      is \"In\", and the values array contains only \"value\". The requirements\n                      are ANDed.\n                    type: object\n                type: object\n                x-kubernetes-map-type: atomic\n              scheme:\n                description: Scheme defines the scheme for all Ingresses that belong\n                  to IngressClass with this IngressClassParams.\n                enum:\n                - internal\n                - internet-facing\n                type: string\n              sslPolicy:\n                description: SSLPolicy specifies the SSL Policy for all Ingresses\n                  that belong to IngressClass with this IngressClassParams.\n                type: string\n              subnets:\n                description: Subnets defines the subnets for all Ingresses that belong\n                  to IngressClass with this IngressClassParams.\n                properties:\n                  ids:\n                    description: IDs specify the resource IDs of subnets. Exactly\n                      one of this or `tags` must be specified.\n                    items:\n                      description: SubnetID specifies a subnet ID.\n                      pattern: subnet-[0-9a-f]+\n                      type: string\n                    minItems: 1\n                    type: array\n                  tags:\n                    additionalProperties:\n                      items:\n                        type: string\n                      type: array\n                    description: Tags specifies subnets in the load balancer's VPC\n                      where each tag specified in the map key contains one of the\n                      values in the corresponding value list. Exactly one of this\n                      or `ids` must be specified.\n                    type: object\n                type: object\n              tags:\n                description: Tags defines list of Tags on AWS resources provisioned\n                  for Ingresses that belong to IngressClass with this IngressClassParams.\n                items:\n                  description: Tag defines a AWS Tag on resources.\n                  properties:\n                    key:\n                      description: The key of the tag.\n                      type: string\n                    value:\n                      description: The value of the tag.\n                      type: string\n                  required:\n                  - key\n                  - value\n                  type: object\n                type: array\n            type: object\n        type: object\n    served: true\n    storage: true\n    subresources: {}\n",
            "yaml_body_parsed": "apiVersion: apiextensions.k8s.io/v1\nkind: CustomResourceDefinition\nmetadata:\n  annotations:\n    controller-gen.kubebuilder.io/version: v0.11.1\n  name: ingressclassparams.elbv2.k8s.aws\nspec:\n  group: elbv2.k8s.aws\n  names:\n    kind: IngressClassParams\n    listKind: IngressClassParamsList\n    plural: ingressclassparams\n    singular: ingressclassparams\n  scope: Cluster\n  versions:\n  - additionalPrinterColumns:\n    - description: The Ingress Group name\n      jsonPath: .spec.group.name\n      name: GROUP-NAME\n      type: string\n    - description: The AWS Load Balancer scheme\n      jsonPath: .spec.scheme\n      name: SCHEME\n      type: string\n    - description: The AWS Load Balancer ipAddressType\n      jsonPath: .spec.ipAddressType\n      name: IP-ADDRESS-TYPE\n      type: string\n    - jsonPath: .metadata.creationTimestamp\n      name: AGE\n      type: date\n    name: v1beta1\n    schema:\n      openAPIV3Schema:\n        description: IngressClassParams is the Schema for the IngressClassParams API\n        properties:\n          apiVersion:\n            description: 'APIVersion defines the versioned schema of this representation\n              of an object. Servers should convert recognized schemas to the latest\n              internal value, and may reject unrecognized values. More info: https://git.k8s.io/community/contributors/devel/sig-architecture/api-conventions.md#resources'\n            type: string\n          kind:\n            description: 'Kind is a string value representing the REST resource this\n              object represents. Servers may infer this from the endpoint the client\n              submits requests to. Cannot be updated. In CamelCase. More info: https://git.k8s.io/community/contributors/devel/sig-architecture/api-conventions.md#types-kinds'\n            type: string\n          metadata:\n            type: object\n          spec:\n            description: IngressClassParamsSpec defines the desired state of IngressClassParams\n            properties:\n              group:\n                description: Group defines the IngressGroup for all Ingresses that\n                  belong to IngressClass with this IngressClassParams.\n                properties:\n                  name:\n                    description: Name is the name of IngressGroup.\n                    type: string\n                required:\n                - name\n                type: object\n              inboundCIDRs:\n                description: InboundCIDRs specifies the CIDRs that are allowed to\n                  access the Ingresses that belong to IngressClass with this IngressClassParams.\n                items:\n                  type: string\n                type: array\n              ipAddressType:\n                description: IPAddressType defines the ip address type for all Ingresses\n                  that belong to IngressClass with this IngressClassParams.\n                enum:\n                - ipv4\n                - dualstack\n                type: string\n              loadBalancerAttributes:\n                description: LoadBalancerAttributes define the custom attributes to\n                  LoadBalancers for all Ingress that that belong to IngressClass with\n                  this IngressClassParams.\n                items:\n                  description: Attributes defines custom attributes on resources.\n                  properties:\n                    key:\n                      description: The key of the attribute.\n                      type: string\n                    value:\n                      description: The value of the attribute.\n                      type: string\n                  required:\n                  - key\n                  - value\n                  type: object\n                type: array\n              namespaceSelector:\n                description: NamespaceSelector restrict the namespaces of Ingresses\n                  that are allowed to specify the IngressClass with this IngressClassParams.\n                  * if absent or present but empty, it selects all namespaces.\n                properties:\n                  matchExpressions:\n                    description: matchExpressions is a list of label selector requirements.\n                      The requirements are ANDed.\n                    items:\n                      description: A label selector requirement is a selector that\n                        contains values, a key, and an operator that relates the key\n                        and values.\n                      properties:\n                        key:\n                          description: key is the label key that the selector applies\n                            to.\n                          type: string\n                        operator:\n                          description: operator represents a key's relationship to\n                            a set of values. Valid operators are In, NotIn, Exists\n                            and DoesNotExist.\n                          type: string\n                        values:\n                          description: values is an array of string values. If the\n                            operator is In or NotIn, the values array must be non-empty.\n                            If the operator is Exists or DoesNotExist, the values\n                            array must be empty. This array is replaced during a strategic\n                            merge patch.\n                          items:\n                            type: string\n                          type: array\n                      required:\n                      - key\n                      - operator\n                      type: object\n                    type: array\n                  matchLabels:\n                    additionalProperties:\n                      type: string\n                    description: matchLabels is a map of {key,value} pairs. A single\n                      {key,value} in the matchLabels map is equivalent to an element\n                      of matchExpressions, whose key field is \"key\", the operator\n                      is \"In\", and the values array contains only \"value\". The requirements\n                      are ANDed.\n                    type: object\n                type: object\n                x-kubernetes-map-type: atomic\n              scheme:\n                description: Scheme defines the scheme for all Ingresses that belong\n                  to IngressClass with this IngressClassParams.\n                enum:\n                - internal\n                - internet-facing\n                type: string\n              sslPolicy:\n                description: SSLPolicy specifies the SSL Policy for all Ingresses\n                  that belong to IngressClass with this IngressClassParams.\n                type: string\n              subnets:\n                description: Subnets defines the subnets for all Ingresses that belong\n                  to IngressClass with this IngressClassParams.\n                properties:\n                  ids:\n                    description: IDs specify the resource IDs of subnets. Exactly\n                      one of this or `tags` must be specified.\n                    items:\n                      description: SubnetID specifies a subnet ID.\n                      pattern: subnet-[0-9a-f]+\n                      type: string\n                    minItems: 1\n                    type: array\n                  tags:\n                    additionalProperties:\n                      items:\n                        type: string\n                      type: array\n                    description: Tags specifies subnets in the load balancer's VPC\n                      where each tag specified in the map key contains one of the\n                      values in the corresponding value list. Exactly one of this\n                      or `ids` must be specified.\n                    type: object\n                type: object\n              tags:\n                description: Tags defines list of Tags on AWS resources provisioned\n                  for Ingresses that belong to IngressClass with this IngressClassParams.\n                items:\n                  description: Tag defines a AWS Tag on resources.\n                  properties:\n                    key:\n                      description: The key of the tag.\n                      type: string\n                    value:\n                      description: The value of the tag.\n                      type: string\n                  required:\n                  - key\n                  - value\n                  type: object\n                type: array\n            type: object\n        type: object\n    served: true\n    storage: true\n    subresources: {}\n",
            "yaml_incluster": "e6d6dfbc6e061b04dff73b37e5fbe1df4d0459a68606f35dbf56f7ff7a301277"
          },
          "sensitive_attributes": [],
          "private": "eyJlMmJmYjczMC1lY2FhLTExZTYtOGY4OC0zNDM2M2JjN2M0YzAiOnsiY3JlYXRlIjo2MDAwMDAwMDAwMDB9LCJzY2hlbWFfdmVyc2lvbiI6IjEifQ==",
          "dependencies": [
            "module.eks.data.aws_ecrpublic_authorization_token.token",
            "module.eks.data.aws_eks_cluster_auth.eks",
            "module.eks.data.kubectl_file_documents.load_balancer_controller_crds",
            "module.eks.module.eks-cluster.aws_cloudwatch_log_group.this",
            "module.eks.module.eks-cluster.aws_ec2_tag.cluster_primary_security_group",
            "module.eks.module.eks-cluster.aws_eks_addon.before_compute",
            "module.eks.module.eks-cluster.aws_eks_addon.this",
            "module.eks.module.eks-cluster.aws_eks_cluster.this",
            "module.eks.module.eks-cluster.aws_eks_identity_provider_config.this",
            "module.eks.module.eks-cluster.aws_iam_openid_connect_provider.oidc_provider",
            "module.eks.module.eks-cluster.aws_iam_policy.cluster_encryption",
            "module.eks.module.eks-cluster.aws_iam_policy.cni_ipv6_policy",
            "module.eks.module.eks-cluster.aws_iam_role.this",
            "module.eks.module.eks-cluster.aws_iam_role_policy_attachment.additional",
            "module.eks.module.eks-cluster.aws_iam_role_policy_attachment.cluster_encryption",
            "module.eks.module.eks-cluster.aws_iam_role_policy_attachment.this",
            "module.eks.module.eks-cluster.aws_security_group.cluster",
            "module.eks.module.eks-cluster.aws_security_group.node",
            "module.eks.module.eks-cluster.aws_security_group_rule.cluster",
            "module.eks.module.eks-cluster.aws_security_group_rule.node",
            "module.eks.module.eks-cluster.data.aws_caller_identity.current",
            "module.eks.module.eks-cluster.data.aws_eks_addon_version.this",
            "module.eks.module.eks-cluster.data.aws_iam_policy_document.assume_role_policy",
            "module.eks.module.eks-cluster.data.aws_iam_policy_document.cni_ipv6_policy",
            "module.eks.module.eks-cluster.data.aws_iam_session_context.current",
            "module.eks.module.eks-cluster.data.aws_partition.current",
            "module.eks.module.eks-cluster.data.tls_certificate.this",
            "module.eks.module.eks-cluster.kubernetes_config_map.aws_auth",
            "module.eks.module.eks-cluster.kubernetes_config_map_v1_data.aws_auth",
            "module.eks.module.eks-cluster.module.eks_managed_node_group.aws_autoscaling_schedule.this",
            "module.eks.module.eks-cluster.module.eks_managed_node_group.aws_eks_node_group.this",
            "module.eks.module.eks-cluster.module.eks_managed_node_group.aws_iam_role.this",
            "module.eks.module.eks-cluster.module.eks_managed_node_group.aws_iam_role_policy_attachment.additional",
            "module.eks.module.eks-cluster.module.eks_managed_node_group.aws_iam_role_policy_attachment.this",
            "module.eks.module.eks-cluster.module.eks_managed_node_group.aws_launch_template.this",
            "module.eks.module.eks-cluster.module.eks_managed_node_group.data.aws_caller_identity.current",
            "module.eks.module.eks-cluster.module.eks_managed_node_group.data.aws_iam_policy_document.assume_role_policy",
            "module.eks.module.eks-cluster.module.eks_managed_node_group.data.aws_partition.current",
            "module.eks.module.eks-cluster.module.eks_managed_node_group.module.user_data.data.cloudinit_config.linux_eks_managed_node_group",
            "module.eks.module.eks-cluster.module.fargate_profile.aws_eks_fargate_profile.this",
            "module.eks.module.eks-cluster.module.fargate_profile.aws_iam_role.this",
            "module.eks.module.eks-cluster.module.fargate_profile.aws_iam_role_policy_attachment.additional",
            "module.eks.module.eks-cluster.module.fargate_profile.aws_iam_role_policy_attachment.this",
            "module.eks.module.eks-cluster.module.fargate_profile.data.aws_caller_identity.current",
            "module.eks.module.eks-cluster.module.fargate_profile.data.aws_iam_policy_document.assume_role_policy",
            "module.eks.module.eks-cluster.module.fargate_profile.data.aws_partition.current",
            "module.eks.module.eks-cluster.module.kms.aws_kms_alias.this",
            "module.eks.module.eks-cluster.module.kms.aws_kms_external_key.this",
            "module.eks.module.eks-cluster.module.kms.aws_kms_grant.this",
            "module.eks.module.eks-cluster.module.kms.aws_kms_key.this",
            "module.eks.module.eks-cluster.module.kms.aws_kms_replica_external_key.this",
            "module.eks.module.eks-cluster.module.kms.aws_kms_replica_key.this",
            "module.eks.module.eks-cluster.module.kms.data.aws_caller_identity.current",
            "module.eks.module.eks-cluster.module.kms.data.aws_iam_policy_document.this",
            "module.eks.module.eks-cluster.module.kms.data.aws_partition.current",
            "module.eks.module.eks-cluster.module.self_managed_node_group.aws_autoscaling_group.this",
            "module.eks.module.eks-cluster.module.self_managed_node_group.aws_autoscaling_schedule.this",
            "module.eks.module.eks-cluster.module.self_managed_node_group.aws_iam_instance_profile.this",
            "module.eks.module.eks-cluster.module.self_managed_node_group.aws_iam_role.this",
            "module.eks.module.eks-cluster.module.self_managed_node_group.aws_iam_role_policy_attachment.additional",
            "module.eks.module.eks-cluster.module.self_managed_node_group.aws_iam_role_policy_attachment.this",
            "module.eks.module.eks-cluster.module.self_managed_node_group.aws_launch_template.this",
            "module.eks.module.eks-cluster.module.self_managed_node_group.data.aws_ami.eks_default",
            "module.eks.module.eks-cluster.module.self_managed_node_group.data.aws_caller_identity.current",
            "module.eks.module.eks-cluster.module.self_managed_node_group.data.aws_iam_policy_document.assume_role_policy",
            "module.eks.module.eks-cluster.module.self_managed_node_group.data.aws_partition.current",
            "module.eks.module.eks-cluster.module.self_managed_node_group.module.user_data.data.cloudinit_config.linux_eks_managed_node_group",
            "module.eks.module.eks-cluster.time_sleep.this",
            "module.eks.module.eks_blueprints_addons.aws_iam_instance_profile.karpenter",
            "module.eks.module.eks_blueprints_addons.aws_iam_role.karpenter",
            "module.eks.module.eks_blueprints_addons.data.aws_caller_identity.current",
            "module.eks.module.eks_blueprints_addons.data.aws_iam_policy_document.karpenter",
            "module.eks.module.eks_blueprints_addons.data.aws_iam_policy_document.karpenter_assume_role",
            "module.eks.module.eks_blueprints_addons.data.aws_partition.current",
            "module.eks.module.eks_blueprints_addons.data.aws_region.current",
            "module.eks.module.eks_blueprints_addons.module.karpenter.aws_iam_policy.this",
            "module.eks.module.eks_blueprints_addons.module.karpenter.aws_iam_role.this",
            "module.eks.module.eks_blueprints_addons.module.karpenter.aws_iam_role_policy_attachment.additional",
            "module.eks.module.eks_blueprints_addons.module.karpenter.aws_iam_role_policy_attachment.this",
            "module.eks.module.eks_blueprints_addons.module.karpenter.data.aws_caller_identity.current",
            "module.eks.module.eks_blueprints_addons.module.karpenter.data.aws_iam_policy_document.assume",
            "module.eks.module.eks_blueprints_addons.module.karpenter.data.aws_iam_policy_document.this",
            "module.eks.module.eks_blueprints_addons.module.karpenter.data.aws_partition.current",
            "module.eks.module.eks_blueprints_addons.module.karpenter.helm_release.this",
            "module.eks.module.eks_blueprints_addons.module.karpenter_sqs.aws_sqs_queue.dlq",
            "module.eks.module.eks_blueprints_addons.module.karpenter_sqs.aws_sqs_queue.this",
            "module.eks.module.eks_blueprints_addons.module.karpenter_sqs.aws_sqs_queue_policy.dlq",
            "module.eks.module.eks_blueprints_addons.module.karpenter_sqs.aws_sqs_queue_policy.this",
            "module.eks.module.eks_blueprints_addons.module.karpenter_sqs.aws_sqs_queue_redrive_allow_policy.dlq",
            "module.eks.module.eks_blueprints_addons.module.karpenter_sqs.aws_sqs_queue_redrive_allow_policy.this",
            "module.eks.module.eks_blueprints_addons.module.karpenter_sqs.aws_sqs_queue_redrive_policy.dlq",
            "module.eks.module.eks_blueprints_addons.module.karpenter_sqs.aws_sqs_queue_redrive_policy.this",
            "module.eks.module.eks_blueprints_addons.module.karpenter_sqs.data.aws_iam_policy_document.dlq",
            "module.eks.module.eks_blueprints_addons.module.karpenter_sqs.data.aws_iam_policy_document.this",
            "module.eks.module.eks_blueprints_addons.time_sleep.this",
            "module.vpc.aws_subnet.private",
            "module.vpc.aws_subnet.public",
            "module.vpc.aws_vpc.this",
            "module.vpc.aws_vpc_ipv4_cidr_block_association.this"
          ]
        },
        {
          "index_key": "/apis/apiextensions.k8s.io/v1/customresourcedefinitions/targetgroupbindings.elbv2.k8s.aws",
          "schema_version": 1,
          "attributes": {
            "api_version": "apiextensions.k8s.io/v1",
            "apply_only": false,
            "force_conflicts": false,
            "force_new": false,
            "id": "/apis/apiextensions.k8s.io/v1/customresourcedefinitions/targetgroupbindings.elbv2.k8s.aws",
            "ignore_fields": null,
            "kind": "CustomResourceDefinition",
            "live_manifest_incluster": "feb1800c1914914b8f9a159f923420e9fed3e23225fe66389f669e7ebd41139a",
            "live_uid": "90e07f50-90a9-45ff-8707-3dea6b361f74",
            "name": "targetgroupbindings.elbv2.k8s.aws",
            "namespace": null,
            "override_namespace": null,
            "sensitive_fields": null,
            "server_side_apply": false,
            "timeouts": null,
            "uid": "90e07f50-90a9-45ff-8707-3dea6b361f74",
            "validate_schema": true,
            "wait": null,
            "wait_for_rollout": true,
            "yaml_body": "apiVersion: apiextensions.k8s.io/v1\nkind: CustomResourceDefinition\nmetadata:\n  annotations:\n    controller-gen.kubebuilder.io/version: v0.11.1\n  name: targetgroupbindings.elbv2.k8s.aws\nspec:\n  group: elbv2.k8s.aws\n  names:\n    kind: TargetGroupBinding\n    listKind: TargetGroupBindingList\n    plural: targetgroupbindings\n    singular: targetgroupbinding\n  scope: Namespaced\n  versions:\n  - additionalPrinterColumns:\n    - description: The Kubernetes Service's name\n      jsonPath: .spec.serviceRef.name\n      name: SERVICE-NAME\n      type: string\n    - description: The Kubernetes Service's port\n      jsonPath: .spec.serviceRef.port\n      name: SERVICE-PORT\n      type: string\n    - description: The AWS TargetGroup's TargetType\n      jsonPath: .spec.targetType\n      name: TARGET-TYPE\n      type: string\n    - description: The AWS TargetGroup's Amazon Resource Name\n      jsonPath: .spec.targetGroupARN\n      name: ARN\n      priority: 1\n      type: string\n    - jsonPath: .metadata.creationTimestamp\n      name: AGE\n      type: date\n    name: v1alpha1\n    schema:\n      openAPIV3Schema:\n        description: TargetGroupBinding is the Schema for the TargetGroupBinding API\n        properties:\n          apiVersion:\n            description: 'APIVersion defines the versioned schema of this representation\n              of an object. Servers should convert recognized schemas to the latest\n              internal value, and may reject unrecognized values. More info: https://git.k8s.io/community/contributors/devel/sig-architecture/api-conventions.md#resources'\n            type: string\n          kind:\n            description: 'Kind is a string value representing the REST resource this\n              object represents. Servers may infer this from the endpoint the client\n              submits requests to. Cannot be updated. In CamelCase. More info: https://git.k8s.io/community/contributors/devel/sig-architecture/api-conventions.md#types-kinds'\n            type: string\n          metadata:\n            type: object\n          spec:\n            description: TargetGroupBindingSpec defines the desired state of TargetGroupBinding\n            properties:\n              networking:\n                description: networking provides the networking setup for ELBV2 LoadBalancer\n                  to access targets in TargetGroup.\n                properties:\n                  ingress:\n                    description: List of ingress rules to allow ELBV2 LoadBalancer\n                      to access targets in TargetGroup.\n                    items:\n                      properties:\n                        from:\n                          description: List of peers which should be able to access\n                            the targets in TargetGroup. At least one NetworkingPeer\n                            should be specified.\n                          items:\n                            description: NetworkingPeer defines the source/destination\n                              peer for networking rules.\n                            properties:\n                              ipBlock:\n                                description: IPBlock defines an IPBlock peer. If specified,\n                                  none of the other fields can be set.\n                                properties:\n                                  cidr:\n                                    description: CIDR is the network CIDR. Both IPV4\n                                      or IPV6 CIDR are accepted.\n                                    type: string\n                                required:\n                                - cidr\n                                type: object\n                              securityGroup:\n                                description: SecurityGroup defines a SecurityGroup\n                                  peer. If specified, none of the other fields can\n                                  be set.\n                                properties:\n                                  groupID:\n                                    description: GroupID is the EC2 SecurityGroupID.\n                                    type: string\n                                required:\n                                - groupID\n                                type: object\n                            type: object\n                          type: array\n                        ports:\n                          description: List of ports which should be made accessible\n                            on the targets in TargetGroup. If ports is empty or unspecified,\n                            it defaults to all ports with TCP.\n                          items:\n                            properties:\n                              port:\n                                anyOf:\n                                - type: integer\n                                - type: string\n                                description: The port which traffic must match. When\n                                  NodePort endpoints(instance TargetType) is used,\n                                  this must be a numerical port. When Port endpoints(ip\n                                  TargetType) is used, this can be either numerical\n                                  or named port on pods. if port is unspecified, it\n                                  defaults to all ports.\n                                x-kubernetes-int-or-string: true\n                              protocol:\n                                description: The protocol which traffic must match.\n                                  If protocol is unspecified, it defaults to TCP.\n                                enum:\n                                - TCP\n                                - UDP\n                                type: string\n                            type: object\n                          type: array\n                      required:\n                      - from\n                      - ports\n                      type: object\n                    type: array\n                type: object\n              serviceRef:\n                description: serviceRef is a reference to a Kubernetes Service and\n                  ServicePort.\n                properties:\n                  name:\n                    description: Name is the name of the Service.\n                    type: string\n                  port:\n                    anyOf:\n                    - type: integer\n                    - type: string\n                    description: Port is the port of the ServicePort.\n                    x-kubernetes-int-or-string: true\n                required:\n                - name\n                - port\n                type: object\n              targetGroupARN:\n                description: targetGroupARN is the Amazon Resource Name (ARN) for\n                  the TargetGroup.\n                type: string\n              targetType:\n                description: targetType is the TargetType of TargetGroup. If unspecified,\n                  it will be automatically inferred.\n                enum:\n                - instance\n                - ip\n                type: string\n            required:\n            - serviceRef\n            - targetGroupARN\n            type: object\n          status:\n            description: TargetGroupBindingStatus defines the observed state of TargetGroupBinding\n            properties:\n              observedGeneration:\n                description: The generation observed by the TargetGroupBinding controller.\n                format: int64\n                type: integer\n            type: object\n        type: object\n    served: true\n    storage: false\n    subresources:\n      status: {}\n  - additionalPrinterColumns:\n    - description: The Kubernetes Service's name\n      jsonPath: .spec.serviceRef.name\n      name: SERVICE-NAME\n      type: string\n    - description: The Kubernetes Service's port\n      jsonPath: .spec.serviceRef.port\n      name: SERVICE-PORT\n      type: string\n    - description: The AWS TargetGroup's TargetType\n      jsonPath: .spec.targetType\n      name: TARGET-TYPE\n      type: string\n    - description: The AWS TargetGroup's Amazon Resource Name\n      jsonPath: .spec.targetGroupARN\n      name: ARN\n      priority: 1\n      type: string\n    - jsonPath: .metadata.creationTimestamp\n      name: AGE\n      type: date\n    name: v1beta1\n    schema:\n      openAPIV3Schema:\n        description: TargetGroupBinding is the Schema for the TargetGroupBinding API\n        properties:\n          apiVersion:\n            description: 'APIVersion defines the versioned schema of this representation\n              of an object. Servers should convert recognized schemas to the latest\n              internal value, and may reject unrecognized values. More info: https://git.k8s.io/community/contributors/devel/sig-architecture/api-conventions.md#resources'\n            type: string\n          kind:\n            description: 'Kind is a string value representing the REST resource this\n              object represents. Servers may infer this from the endpoint the client\n              submits requests to. Cannot be updated. In CamelCase. More info: https://git.k8s.io/community/contributors/devel/sig-architecture/api-conventions.md#types-kinds'\n            type: string\n          metadata:\n            type: object\n          spec:\n            description: TargetGroupBindingSpec defines the desired state of TargetGroupBinding\n            properties:\n              ipAddressType:\n                description: ipAddressType specifies whether the target group is of\n                  type IPv4 or IPv6. If unspecified, it will be automatically inferred.\n                enum:\n                - ipv4\n                - ipv6\n                type: string\n              networking:\n                description: networking defines the networking rules to allow ELBV2\n                  LoadBalancer to access targets in TargetGroup.\n                properties:\n                  ingress:\n                    description: List of ingress rules to allow ELBV2 LoadBalancer\n                      to access targets in TargetGroup.\n                    items:\n                      description: NetworkingIngressRule defines a particular set\n                        of traffic that is allowed to access TargetGroup's targets.\n                      properties:\n                        from:\n                          description: List of peers which should be able to access\n                            the targets in TargetGroup. At least one NetworkingPeer\n                            should be specified.\n                          items:\n                            description: NetworkingPeer defines the source/destination\n                              peer for networking rules.\n                            properties:\n                              ipBlock:\n                                description: IPBlock defines an IPBlock peer. If specified,\n                                  none of the other fields can be set.\n                                properties:\n                                  cidr:\n                                    description: CIDR is the network CIDR. Both IPV4\n                                      or IPV6 CIDR are accepted.\n                                    type: string\n                                required:\n                                - cidr\n                                type: object\n                              securityGroup:\n                                description: SecurityGroup defines a SecurityGroup\n                                  peer. If specified, none of the other fields can\n                                  be set.\n                                properties:\n                                  groupID:\n                                    description: GroupID is the EC2 SecurityGroupID.\n                                    type: string\n                                required:\n                                - groupID\n                                type: object\n                            type: object\n                          type: array\n                        ports:\n                          description: List of ports which should be made accessible\n                            on the targets in TargetGroup. If ports is empty or unspecified,\n                            it defaults to all ports with TCP.\n                          items:\n                            description: NetworkingPort defines the port and protocol\n                              for networking rules.\n                            properties:\n                              port:\n                                anyOf:\n                                - type: integer\n                                - type: string\n                                description: The port which traffic must match. When\n                                  NodePort endpoints(instance TargetType) is used,\n                                  this must be a numerical port. When Port endpoints(ip\n                                  TargetType) is used, this can be either numerical\n                                  or named port on pods. if port is unspecified, it\n                                  defaults to all ports.\n                                x-kubernetes-int-or-string: true\n                              protocol:\n                                description: The protocol which traffic must match.\n                                  If protocol is unspecified, it defaults to TCP.\n                                enum:\n                                - TCP\n                                - UDP\n                                type: string\n                            type: object\n                          type: array\n                      required:\n                      - from\n                      - ports\n                      type: object\n                    type: array\n                type: object\n              nodeSelector:\n                description: node selector for instance type target groups to only\n                  register certain nodes\n                properties:\n                  matchExpressions:\n                    description: matchExpressions is a list of label selector requirements.\n                      The requirements are ANDed.\n                    items:\n                      description: A label selector requirement is a selector that\n                        contains values, a key, and an operator that relates the key\n                        and values.\n                      properties:\n                        key:\n                          description: key is the label key that the selector applies\n                            to.\n                          type: string\n                        operator:\n                          description: operator represents a key's relationship to\n                            a set of values. Valid operators are In, NotIn, Exists\n                            and DoesNotExist.\n                          type: string\n                        values:\n                          description: values is an array of string values. If the\n                            operator is In or NotIn, the values array must be non-empty.\n                            If the operator is Exists or DoesNotExist, the values\n                            array must be empty. This array is replaced during a strategic\n                            merge patch.\n                          items:\n                            type: string\n                          type: array\n                      required:\n                      - key\n                      - operator\n                      type: object\n                    type: array\n                  matchLabels:\n                    additionalProperties:\n                      type: string\n                    description: matchLabels is a map of {key,value} pairs. A single\n                      {key,value} in the matchLabels map is equivalent to an element\n                      of matchExpressions, whose key field is \"key\", the operator\n                      is \"In\", and the values array contains only \"value\". The requirements\n                      are ANDed.\n                    type: object\n                type: object\n                x-kubernetes-map-type: atomic\n              serviceRef:\n                description: serviceRef is a reference to a Kubernetes Service and\n                  ServicePort.\n                properties:\n                  name:\n                    description: Name is the name of the Service.\n                    type: string\n                  port:\n                    anyOf:\n                    - type: integer\n                    - type: string\n                    description: Port is the port of the ServicePort.\n                    x-kubernetes-int-or-string: true\n                required:\n                - name\n                - port\n                type: object\n              targetGroupARN:\n                description: targetGroupARN is the Amazon Resource Name (ARN) for\n                  the TargetGroup.\n                minLength: 1\n                type: string\n              targetType:\n                description: targetType is the TargetType of TargetGroup. If unspecified,\n                  it will be automatically inferred.\n                enum:\n                - instance\n                - ip\n                type: string\n            required:\n            - serviceRef\n            - targetGroupARN\n            type: object\n          status:\n            description: TargetGroupBindingStatus defines the observed state of TargetGroupBinding\n            properties:\n              observedGeneration:\n                description: The generation observed by the TargetGroupBinding controller.\n                format: int64\n                type: integer\n            type: object\n        type: object\n    served: true\n    storage: true\n    subresources:\n      status: {}\n",
            "yaml_body_parsed": "apiVersion: apiextensions.k8s.io/v1\nkind: CustomResourceDefinition\nmetadata:\n  annotations:\n    controller-gen.kubebuilder.io/version: v0.11.1\n  name: targetgroupbindings.elbv2.k8s.aws\nspec:\n  group: elbv2.k8s.aws\n  names:\n    kind: TargetGroupBinding\n    listKind: TargetGroupBindingList\n    plural: targetgroupbindings\n    singular: targetgroupbinding\n  scope: Namespaced\n  versions:\n  - additionalPrinterColumns:\n    - description: The Kubernetes Service's name\n      jsonPath: .spec.serviceRef.name\n      name: SERVICE-NAME\n      type: string\n    - description: The Kubernetes Service's port\n      jsonPath: .spec.serviceRef.port\n      name: SERVICE-PORT\n      type: string\n    - description: The AWS TargetGroup's TargetType\n      jsonPath: .spec.targetType\n      name: TARGET-TYPE\n      type: string\n    - description: The AWS TargetGroup's Amazon Resource Name\n      jsonPath: .spec.targetGroupARN\n      name: ARN\n      priority: 1\n      type: string\n    - jsonPath: .metadata.creationTimestamp\n      name: AGE\n      type: date\n    name: v1alpha1\n    schema:\n      openAPIV3Schema:\n        description: TargetGroupBinding is the Schema for the TargetGroupBinding API\n        properties:\n          apiVersion:\n            description: 'APIVersion defines the versioned schema of this representation\n              of an object. Servers should convert recognized schemas to the latest\n              internal value, and may reject unrecognized values. More info: https://git.k8s.io/community/contributors/devel/sig-architecture/api-conventions.md#resources'\n            type: string\n          kind:\n            description: 'Kind is a string value representing the REST resource this\n              object represents. Servers may infer this from the endpoint the client\n              submits requests to. Cannot be updated. In CamelCase. More info: https://git.k8s.io/community/contributors/devel/sig-architecture/api-conventions.md#types-kinds'\n            type: string\n          metadata:\n            type: object\n          spec:\n            description: TargetGroupBindingSpec defines the desired state of TargetGroupBinding\n            properties:\n              networking:\n                description: networking provides the networking setup for ELBV2 LoadBalancer\n                  to access targets in TargetGroup.\n                properties:\n                  ingress:\n                    description: List of ingress rules to allow ELBV2 LoadBalancer\n                      to access targets in TargetGroup.\n                    items:\n                      properties:\n                        from:\n                          description: List of peers which should be able to access\n                            the targets in TargetGroup. At least one NetworkingPeer\n                            should be specified.\n                          items:\n                            description: NetworkingPeer defines the source/destination\n                              peer for networking rules.\n                            properties:\n                              ipBlock:\n                                description: IPBlock defines an IPBlock peer. If specified,\n                                  none of the other fields can be set.\n                                properties:\n                                  cidr:\n                                    description: CIDR is the network CIDR. Both IPV4\n                                      or IPV6 CIDR are accepted.\n                                    type: string\n                                required:\n                                - cidr\n                                type: object\n                              securityGroup:\n                                description: SecurityGroup defines a SecurityGroup\n                                  peer. If specified, none of the other fields can\n                                  be set.\n                                properties:\n                                  groupID:\n                                    description: GroupID is the EC2 SecurityGroupID.\n                                    type: string\n                                required:\n                                - groupID\n                                type: object\n                            type: object\n                          type: array\n                        ports:\n                          description: List of ports which should be made accessible\n                            on the targets in TargetGroup. If ports is empty or unspecified,\n                            it defaults to all ports with TCP.\n                          items:\n                            properties:\n                              port:\n                                anyOf:\n                                - type: integer\n                                - type: string\n                                description: The port which traffic must match. When\n                                  NodePort endpoints(instance TargetType) is used,\n                                  this must be a numerical port. When Port endpoints(ip\n                                  TargetType) is used, this can be either numerical\n                                  or named port on pods. if port is unspecified, it\n                                  defaults to all ports.\n                                x-kubernetes-int-or-string: true\n                              protocol:\n                                description: The protocol which traffic must match.\n                                  If protocol is unspecified, it defaults to TCP.\n                                enum:\n                                - TCP\n                                - UDP\n                                type: string\n                            type: object\n                          type: array\n                      required:\n                      - from\n                      - ports\n                      type: object\n                    type: array\n                type: object\n              serviceRef:\n                description: serviceRef is a reference to a Kubernetes Service and\n                  ServicePort.\n                properties:\n                  name:\n                    description: Name is the name of the Service.\n                    type: string\n                  port:\n                    anyOf:\n                    - type: integer\n                    - type: string\n                    description: Port is the port of the ServicePort.\n                    x-kubernetes-int-or-string: true\n                required:\n                - name\n                - port\n                type: object\n              targetGroupARN:\n                description: targetGroupARN is the Amazon Resource Name (ARN) for\n                  the TargetGroup.\n                type: string\n              targetType:\n                description: targetType is the TargetType of TargetGroup. If unspecified,\n                  it will be automatically inferred.\n                enum:\n                - instance\n                - ip\n                type: string\n            required:\n            - serviceRef\n            - targetGroupARN\n            type: object\n          status:\n            description: TargetGroupBindingStatus defines the observed state of TargetGroupBinding\n            properties:\n              observedGeneration:\n                description: The generation observed by the TargetGroupBinding controller.\n                format: int64\n                type: integer\n            type: object\n        type: object\n    served: true\n    storage: false\n    subresources:\n      status: {}\n  - additionalPrinterColumns:\n    - description: The Kubernetes Service's name\n      jsonPath: .spec.serviceRef.name\n      name: SERVICE-NAME\n      type: string\n    - description: The Kubernetes Service's port\n      jsonPath: .spec.serviceRef.port\n      name: SERVICE-PORT\n      type: string\n    - description: The AWS TargetGroup's TargetType\n      jsonPath: .spec.targetType\n      name: TARGET-TYPE\n      type: string\n    - description: The AWS TargetGroup's Amazon Resource Name\n      jsonPath: .spec.targetGroupARN\n      name: ARN\n      priority: 1\n      type: string\n    - jsonPath: .metadata.creationTimestamp\n      name: AGE\n      type: date\n    name: v1beta1\n    schema:\n      openAPIV3Schema:\n        description: TargetGroupBinding is the Schema for the TargetGroupBinding API\n        properties:\n          apiVersion:\n            description: 'APIVersion defines the versioned schema of this representation\n              of an object. Servers should convert recognized schemas to the latest\n              internal value, and may reject unrecognized values. More info: https://git.k8s.io/community/contributors/devel/sig-architecture/api-conventions.md#resources'\n            type: string\n          kind:\n            description: 'Kind is a string value representing the REST resource this\n              object represents. Servers may infer this from the endpoint the client\n              submits requests to. Cannot be updated. In CamelCase. More info: https://git.k8s.io/community/contributors/devel/sig-architecture/api-conventions.md#types-kinds'\n            type: string\n          metadata:\n            type: object\n          spec:\n            description: TargetGroupBindingSpec defines the desired state of TargetGroupBinding\n            properties:\n              ipAddressType:\n                description: ipAddressType specifies whether the target group is of\n                  type IPv4 or IPv6. If unspecified, it will be automatically inferred.\n                enum:\n                - ipv4\n                - ipv6\n                type: string\n              networking:\n                description: networking defines the networking rules to allow ELBV2\n                  LoadBalancer to access targets in TargetGroup.\n                properties:\n                  ingress:\n                    description: List of ingress rules to allow ELBV2 LoadBalancer\n                      to access targets in TargetGroup.\n                    items:\n                      description: NetworkingIngressRule defines a particular set\n                        of traffic that is allowed to access TargetGroup's targets.\n                      properties:\n                        from:\n                          description: List of peers which should be able to access\n                            the targets in TargetGroup. At least one NetworkingPeer\n                            should be specified.\n                          items:\n                            description: NetworkingPeer defines the source/destination\n                              peer for networking rules.\n                            properties:\n                              ipBlock:\n                                description: IPBlock defines an IPBlock peer. If specified,\n                                  none of the other fields can be set.\n                                properties:\n                                  cidr:\n                                    description: CIDR is the network CIDR. Both IPV4\n                                      or IPV6 CIDR are accepted.\n                                    type: string\n                                required:\n                                - cidr\n                                type: object\n                              securityGroup:\n                                description: SecurityGroup defines a SecurityGroup\n                                  peer. If specified, none of the other fields can\n                                  be set.\n                                properties:\n                                  groupID:\n                                    description: GroupID is the EC2 SecurityGroupID.\n                                    type: string\n                                required:\n                                - groupID\n                                type: object\n                            type: object\n                          type: array\n                        ports:\n                          description: List of ports which should be made accessible\n                            on the targets in TargetGroup. If ports is empty or unspecified,\n                            it defaults to all ports with TCP.\n                          items:\n                            description: NetworkingPort defines the port and protocol\n                              for networking rules.\n                            properties:\n                              port:\n                                anyOf:\n                                - type: integer\n                                - type: string\n                                description: The port which traffic must match. When\n                                  NodePort endpoints(instance TargetType) is used,\n                                  this must be a numerical port. When Port endpoints(ip\n                                  TargetType) is used, this can be either numerical\n                                  or named port on pods. if port is unspecified, it\n                                  defaults to all ports.\n                                x-kubernetes-int-or-string: true\n                              protocol:\n                                description: The protocol which traffic must match.\n                                  If protocol is unspecified, it defaults to TCP.\n                                enum:\n                                - TCP\n                                - UDP\n                                type: string\n                            type: object\n                          type: array\n                      required:\n                      - from\n                      - ports\n                      type: object\n                    type: array\n                type: object\n              nodeSelector:\n                description: node selector for instance type target groups to only\n                  register certain nodes\n                properties:\n                  matchExpressions:\n                    description: matchExpressions is a list of label selector requirements.\n                      The requirements are ANDed.\n                    items:\n                      description: A label selector requirement is a selector that\n                        contains values, a key, and an operator that relates the key\n                        and values.\n                      properties:\n                        key:\n                          description: key is the label key that the selector applies\n                            to.\n                          type: string\n                        operator:\n                          description: operator represents a key's relationship to\n                            a set of values. Valid operators are In, NotIn, Exists\n                            and DoesNotExist.\n                          type: string\n                        values:\n                          description: values is an array of string values. If the\n                            operator is In or NotIn, the values array must be non-empty.\n                            If the operator is Exists or DoesNotExist, the values\n                            array must be empty. This array is replaced during a strategic\n                            merge patch.\n                          items:\n                            type: string\n                          type: array\n                      required:\n                      - key\n                      - operator\n                      type: object\n                    type: array\n                  matchLabels:\n                    additionalProperties:\n                      type: string\n                    description: matchLabels is a map of {key,value} pairs. A single\n                      {key,value} in the matchLabels map is equivalent to an element\n                      of matchExpressions, whose key field is \"key\", the operator\n                      is \"In\", and the values array contains only \"value\". The requirements\n                      are ANDed.\n                    type: object\n                type: object\n                x-kubernetes-map-type: atomic\n              serviceRef:\n                description: serviceRef is a reference to a Kubernetes Service and\n                  ServicePort.\n                properties:\n                  name:\n                    description: Name is the name of the Service.\n                    type: string\n                  port:\n                    anyOf:\n                    - type: integer\n                    - type: string\n                    description: Port is the port of the ServicePort.\n                    x-kubernetes-int-or-string: true\n                required:\n                - name\n                - port\n                type: object\n              targetGroupARN:\n                description: targetGroupARN is the Amazon Resource Name (ARN) for\n                  the TargetGroup.\n                minLength: 1\n                type: string\n              targetType:\n                description: targetType is the TargetType of TargetGroup. If unspecified,\n                  it will be automatically inferred.\n                enum:\n                - instance\n                - ip\n                type: string\n            required:\n            - serviceRef\n            - targetGroupARN\n            type: object\n          status:\n            description: TargetGroupBindingStatus defines the observed state of TargetGroupBinding\n            properties:\n              observedGeneration:\n                description: The generation observed by the TargetGroupBinding controller.\n                format: int64\n                type: integer\n            type: object\n        type: object\n    served: true\n    storage: true\n    subresources:\n      status: {}\n",
            "yaml_incluster": "feb1800c1914914b8f9a159f923420e9fed3e23225fe66389f669e7ebd41139a"
          },
          "sensitive_attributes": [],
          "private": "eyJlMmJmYjczMC1lY2FhLTExZTYtOGY4OC0zNDM2M2JjN2M0YzAiOnsiY3JlYXRlIjo2MDAwMDAwMDAwMDB9LCJzY2hlbWFfdmVyc2lvbiI6IjEifQ==",
          "dependencies": [
            "module.eks.data.aws_ecrpublic_authorization_token.token",
            "module.eks.data.aws_eks_cluster_auth.eks",
            "module.eks.data.kubectl_file_documents.load_balancer_controller_crds",
            "module.eks.module.eks-cluster.aws_cloudwatch_log_group.this",
            "module.eks.module.eks-cluster.aws_ec2_tag.cluster_primary_security_group",
            "module.eks.module.eks-cluster.aws_eks_addon.before_compute",
            "module.eks.module.eks-cluster.aws_eks_addon.this",
            "module.eks.module.eks-cluster.aws_eks_cluster.this",
            "module.eks.module.eks-cluster.aws_eks_identity_provider_config.this",
            "module.eks.module.eks-cluster.aws_iam_openid_connect_provider.oidc_provider",
            "module.eks.module.eks-cluster.aws_iam_policy.cluster_encryption",
            "module.eks.module.eks-cluster.aws_iam_policy.cni_ipv6_policy",
            "module.eks.module.eks-cluster.aws_iam_role.this",
            "module.eks.module.eks-cluster.aws_iam_role_policy_attachment.additional",
            "module.eks.module.eks-cluster.aws_iam_role_policy_attachment.cluster_encryption",
            "module.eks.module.eks-cluster.aws_iam_role_policy_attachment.this",
            "module.eks.module.eks-cluster.aws_security_group.cluster",
            "module.eks.module.eks-cluster.aws_security_group.node",
            "module.eks.module.eks-cluster.aws_security_group_rule.cluster",
            "module.eks.module.eks-cluster.aws_security_group_rule.node",
            "module.eks.module.eks-cluster.data.aws_caller_identity.current",
            "module.eks.module.eks-cluster.data.aws_eks_addon_version.this",
            "module.eks.module.eks-cluster.data.aws_iam_policy_document.assume_role_policy",
            "module.eks.module.eks-cluster.data.aws_iam_policy_document.cni_ipv6_policy",
            "module.eks.module.eks-cluster.data.aws_iam_session_context.current",
            "module.eks.module.eks-cluster.data.aws_partition.current",
            "module.eks.module.eks-cluster.data.tls_certificate.this",
            "module.eks.module.eks-cluster.kubernetes_config_map.aws_auth",
            "module.eks.module.eks-cluster.kubernetes_config_map_v1_data.aws_auth",
            "module.eks.module.eks-cluster.module.eks_managed_node_group.aws_autoscaling_schedule.this",
            "module.eks.module.eks-cluster.module.eks_managed_node_group.aws_eks_node_group.this",
            "module.eks.module.eks-cluster.module.eks_managed_node_group.aws_iam_role.this",
            "module.eks.module.eks-cluster.module.eks_managed_node_group.aws_iam_role_policy_attachment.additional",
            "module.eks.module.eks-cluster.module.eks_managed_node_group.aws_iam_role_policy_attachment.this",
            "module.eks.module.eks-cluster.module.eks_managed_node_group.aws_launch_template.this",
            "module.eks.module.eks-cluster.module.eks_managed_node_group.data.aws_caller_identity.current",
            "module.eks.module.eks-cluster.module.eks_managed_node_group.data.aws_iam_policy_document.assume_role_policy",
            "module.eks.module.eks-cluster.module.eks_managed_node_group.data.aws_partition.current",
            "module.eks.module.eks-cluster.module.eks_managed_node_group.module.user_data.data.cloudinit_config.linux_eks_managed_node_group",
            "module.eks.module.eks-cluster.module.fargate_profile.aws_eks_fargate_profile.this",
            "module.eks.module.eks-cluster.module.fargate_profile.aws_iam_role.this",
            "module.eks.module.eks-cluster.module.fargate_profile.aws_iam_role_policy_attachment.additional",
            "module.eks.module.eks-cluster.module.fargate_profile.aws_iam_role_policy_attachment.this",
            "module.eks.module.eks-cluster.module.fargate_profile.data.aws_caller_identity.current",
            "module.eks.module.eks-cluster.module.fargate_profile.data.aws_iam_policy_document.assume_role_policy",
            "module.eks.module.eks-cluster.module.fargate_profile.data.aws_partition.current",
            "module.eks.module.eks-cluster.module.kms.aws_kms_alias.this",
            "module.eks.module.eks-cluster.module.kms.aws_kms_external_key.this",
            "module.eks.module.eks-cluster.module.kms.aws_kms_grant.this",
            "module.eks.module.eks-cluster.module.kms.aws_kms_key.this",
            "module.eks.module.eks-cluster.module.kms.aws_kms_replica_external_key.this",
            "module.eks.module.eks-cluster.module.kms.aws_kms_replica_key.this",
            "module.eks.module.eks-cluster.module.kms.data.aws_caller_identity.current",
            "module.eks.module.eks-cluster.module.kms.data.aws_iam_policy_document.this",
            "module.eks.module.eks-cluster.module.kms.data.aws_partition.current",
            "module.eks.module.eks-cluster.module.self_managed_node_group.aws_autoscaling_group.this",
            "module.eks.module.eks-cluster.module.self_managed_node_group.aws_autoscaling_schedule.this",
            "module.eks.module.eks-cluster.module.self_managed_node_group.aws_iam_instance_profile.this",
            "module.eks.module.eks-cluster.module.self_managed_node_group.aws_iam_role.this",
            "module.eks.module.eks-cluster.module.self_managed_node_group.aws_iam_role_policy_attachment.additional",
            "module.eks.module.eks-cluster.module.self_managed_node_group.aws_iam_role_policy_attachment.this",
            "module.eks.module.eks-cluster.module.self_managed_node_group.aws_launch_template.this",
            "module.eks.module.eks-cluster.module.self_managed_node_group.data.aws_ami.eks_default",
            "module.eks.module.eks-cluster.module.self_managed_node_group.data.aws_caller_identity.current",
            "module.eks.module.eks-cluster.module.self_managed_node_group.data.aws_iam_policy_document.assume_role_policy",
            "module.eks.module.eks-cluster.module.self_managed_node_group.data.aws_partition.current",
            "module.eks.module.eks-cluster.module.self_managed_node_group.module.user_data.data.cloudinit_config.linux_eks_managed_node_group",
            "module.eks.module.eks-cluster.time_sleep.this",
            "module.eks.module.eks_blueprints_addons.aws_iam_instance_profile.karpenter",
            "module.eks.module.eks_blueprints_addons.aws_iam_role.karpenter",
            "module.eks.module.eks_blueprints_addons.data.aws_caller_identity.current",
            "module.eks.module.eks_blueprints_addons.data.aws_iam_policy_document.karpenter",
            "module.eks.module.eks_blueprints_addons.data.aws_iam_policy_document.karpenter_assume_role",
            "module.eks.module.eks_blueprints_addons.data.aws_partition.current",
            "module.eks.module.eks_blueprints_addons.data.aws_region.current",
            "module.eks.module.eks_blueprints_addons.module.karpenter.aws_iam_policy.this",
            "module.eks.module.eks_blueprints_addons.module.karpenter.aws_iam_role.this",
            "module.eks.module.eks_blueprints_addons.module.karpenter.aws_iam_role_policy_attachment.additional",
            "module.eks.module.eks_blueprints_addons.module.karpenter.aws_iam_role_policy_attachment.this",
            "module.eks.module.eks_blueprints_addons.module.karpenter.data.aws_caller_identity.current",
            "module.eks.module.eks_blueprints_addons.module.karpenter.data.aws_iam_policy_document.assume",
            "module.eks.module.eks_blueprints_addons.module.karpenter.data.aws_iam_policy_document.this",
            "module.eks.module.eks_blueprints_addons.module.karpenter.data.aws_partition.current",
            "module.eks.module.eks_blueprints_addons.module.karpenter.helm_release.this",
            "module.eks.module.eks_blueprints_addons.module.karpenter_sqs.aws_sqs_queue.dlq",
            "module.eks.module.eks_blueprints_addons.module.karpenter_sqs.aws_sqs_queue.this",
            "module.eks.module.eks_blueprints_addons.module.karpenter_sqs.aws_sqs_queue_policy.dlq",
            "module.eks.module.eks_blueprints_addons.module.karpenter_sqs.aws_sqs_queue_policy.this",
            "module.eks.module.eks_blueprints_addons.module.karpenter_sqs.aws_sqs_queue_redrive_allow_policy.dlq",
            "module.eks.module.eks_blueprints_addons.module.karpenter_sqs.aws_sqs_queue_redrive_allow_policy.this",
            "module.eks.module.eks_blueprints_addons.module.karpenter_sqs.aws_sqs_queue_redrive_policy.dlq",
            "module.eks.module.eks_blueprints_addons.module.karpenter_sqs.aws_sqs_queue_redrive_policy.this",
            "module.eks.module.eks_blueprints_addons.module.karpenter_sqs.data.aws_iam_policy_document.dlq",
            "module.eks.module.eks_blueprints_addons.module.karpenter_sqs.data.aws_iam_policy_document.this",
            "module.eks.module.eks_blueprints_addons.time_sleep.this",
            "module.vpc.aws_subnet.private",
            "module.vpc.aws_subnet.public",
            "module.vpc.aws_vpc.this",
            "module.vpc.aws_vpc_ipv4_cidr_block_association.this"
          ]
        }
      ]
    },
    {
      "module": "module.eks",
      "mode": "managed",
      "type": "kubectl_manifest",
      "name": "service_account",
      "provider": "module.eks.provider[\"registry.terraform.io/gavinbunney/kubectl\"]",
      "instances": [
        {
          "schema_version": 1,
          "attributes": {
            "api_version": "v1",
            "apply_only": false,
            "force_conflicts": false,
            "force_new": false,
            "id": "/api/v1/namespaces/kube-system/serviceaccounts/aws-load-balancer-controller",
            "ignore_fields": null,
            "kind": "ServiceAccount",
            "live_manifest_incluster": "633c4dce15e9484d3b02bce14ee3ea3bd408fe4c42dd2fa0f67a3f43f280df35",
            "live_uid": "0ac7dbd6-750b-4f27-aa84-598fd0864c06",
            "name": "aws-load-balancer-controller",
            "namespace": "kube-system",
            "override_namespace": null,
            "sensitive_fields": null,
            "server_side_apply": false,
            "timeouts": null,
            "uid": "0ac7dbd6-750b-4f27-aa84-598fd0864c06",
            "validate_schema": true,
            "wait": null,
            "wait_for_rollout": true,
            "yaml_body": "apiVersion: v1\nkind: ServiceAccount\nmetadata:\n  labels:\n    app.kubernetes.io/component: controller\n    app.kubernetes.io/name: aws-load-balancer-controller\n  name: aws-load-balancer-controller\n  namespace: kube-system\n  annotations:\n    eks.amazonaws.com/role-arn: arn:aws:iam::339712971032:role/AmazonEKSLoadBalancerControllerRole",
            "yaml_body_parsed": "apiVersion: v1\nkind: ServiceAccount\nmetadata:\n  annotations:\n    eks.amazonaws.com/role-arn: arn:aws:iam::339712971032:role/AmazonEKSLoadBalancerControllerRole\n  labels:\n    app.kubernetes.io/component: controller\n    app.kubernetes.io/name: aws-load-balancer-controller\n  name: aws-load-balancer-controller\n  namespace: kube-system\n",
            "yaml_incluster": "633c4dce15e9484d3b02bce14ee3ea3bd408fe4c42dd2fa0f67a3f43f280df35"
          },
          "sensitive_attributes": [],
          "private": "eyJlMmJmYjczMC1lY2FhLTExZTYtOGY4OC0zNDM2M2JjN2M0YzAiOnsiY3JlYXRlIjo2MDAwMDAwMDAwMDB9LCJzY2hlbWFfdmVyc2lvbiI6IjEifQ==",
          "dependencies": [
            "module.eks.aws_iam_role.eks_service_account",
            "module.eks.data.aws_caller_identity.current",
            "module.eks.data.aws_eks_cluster_auth.eks",
            "module.eks.data.kubectl_file_documents.service_account",
            "module.eks.module.eks-cluster.aws_cloudwatch_log_group.this",
            "module.eks.module.eks-cluster.aws_eks_cluster.this",
            "module.eks.module.eks-cluster.aws_iam_policy.cni_ipv6_policy",
            "module.eks.module.eks-cluster.aws_iam_role.this",
            "module.eks.module.eks-cluster.aws_iam_role_policy_attachment.this",
            "module.eks.module.eks-cluster.aws_security_group.cluster",
            "module.eks.module.eks-cluster.aws_security_group.node",
            "module.eks.module.eks-cluster.aws_security_group_rule.cluster",
            "module.eks.module.eks-cluster.aws_security_group_rule.node",
            "module.eks.module.eks-cluster.data.aws_caller_identity.current",
            "module.eks.module.eks-cluster.data.aws_iam_policy_document.assume_role_policy",
            "module.eks.module.eks-cluster.data.aws_iam_policy_document.cni_ipv6_policy",
            "module.eks.module.eks-cluster.data.aws_iam_session_context.current",
            "module.eks.module.eks-cluster.data.aws_partition.current",
            "module.eks.module.eks-cluster.module.kms.aws_kms_external_key.this",
            "module.eks.module.eks-cluster.module.kms.aws_kms_key.this",
            "module.eks.module.eks-cluster.module.kms.aws_kms_replica_external_key.this",
            "module.eks.module.eks-cluster.module.kms.aws_kms_replica_key.this",
            "module.eks.module.eks-cluster.module.kms.data.aws_caller_identity.current",
            "module.eks.module.eks-cluster.module.kms.data.aws_iam_policy_document.this",
            "module.eks.module.eks-cluster.module.kms.data.aws_partition.current",
            "module.vpc.aws_subnet.private",
            "module.vpc.aws_subnet.public",
            "module.vpc.aws_vpc.this",
            "module.vpc.aws_vpc_ipv4_cidr_block_association.this"
          ]
        }
      ]
    },
    {
      "module": "module.eks",
      "mode": "managed",
      "type": "terraform_data",
      "name": "kubeconfig",
      "provider": "provider[\"terraform.io/builtin/terraform\"]",
      "instances": [
        {
          "schema_version": 0,
          "attributes": {
            "id": "9e180819-e369-19f7-7634-cd233ba20bb6",
            "input": null,
            "output": null,
            "triggers_replace": null
          },
          "sensitive_attributes": [],
          "dependencies": [
            "module.eks.aws_iam_role.eks_service_account",
            "module.eks.data.aws_caller_identity.current",
            "module.eks.data.aws_ecrpublic_authorization_token.token",
            "module.eks.data.aws_eks_cluster_auth.eks",
            "module.eks.data.kubectl_file_documents.service_account",
            "module.eks.data.kubectl_path_documents.cluster_role_binding",
            "module.eks.kubectl_manifest.cluster_role_binding",
            "module.eks.kubectl_manifest.service_account",
            "module.eks.module.eks-cluster.aws_cloudwatch_log_group.this",
            "module.eks.module.eks-cluster.aws_ec2_tag.cluster_primary_security_group",
            "module.eks.module.eks-cluster.aws_eks_addon.before_compute",
            "module.eks.module.eks-cluster.aws_eks_addon.this",
            "module.eks.module.eks-cluster.aws_eks_cluster.this",
            "module.eks.module.eks-cluster.aws_eks_identity_provider_config.this",
            "module.eks.module.eks-cluster.aws_iam_openid_connect_provider.oidc_provider",
            "module.eks.module.eks-cluster.aws_iam_policy.cluster_encryption",
            "module.eks.module.eks-cluster.aws_iam_policy.cni_ipv6_policy",
            "module.eks.module.eks-cluster.aws_iam_role.this",
            "module.eks.module.eks-cluster.aws_iam_role_policy_attachment.additional",
            "module.eks.module.eks-cluster.aws_iam_role_policy_attachment.cluster_encryption",
            "module.eks.module.eks-cluster.aws_iam_role_policy_attachment.this",
            "module.eks.module.eks-cluster.aws_security_group.cluster",
            "module.eks.module.eks-cluster.aws_security_group.node",
            "module.eks.module.eks-cluster.aws_security_group_rule.cluster",
            "module.eks.module.eks-cluster.aws_security_group_rule.node",
            "module.eks.module.eks-cluster.data.aws_caller_identity.current",
            "module.eks.module.eks-cluster.data.aws_eks_addon_version.this",
            "module.eks.module.eks-cluster.data.aws_iam_policy_document.assume_role_policy",
            "module.eks.module.eks-cluster.data.aws_iam_policy_document.cni_ipv6_policy",
            "module.eks.module.eks-cluster.data.aws_iam_session_context.current",
            "module.eks.module.eks-cluster.data.aws_partition.current",
            "module.eks.module.eks-cluster.data.tls_certificate.this",
            "module.eks.module.eks-cluster.kubernetes_config_map.aws_auth",
            "module.eks.module.eks-cluster.kubernetes_config_map_v1_data.aws_auth",
            "module.eks.module.eks-cluster.module.eks_managed_node_group.aws_autoscaling_schedule.this",
            "module.eks.module.eks-cluster.module.eks_managed_node_group.aws_eks_node_group.this",
            "module.eks.module.eks-cluster.module.eks_managed_node_group.aws_iam_role.this",
            "module.eks.module.eks-cluster.module.eks_managed_node_group.aws_iam_role_policy_attachment.additional",
            "module.eks.module.eks-cluster.module.eks_managed_node_group.aws_iam_role_policy_attachment.this",
            "module.eks.module.eks-cluster.module.eks_managed_node_group.aws_launch_template.this",
            "module.eks.module.eks-cluster.module.eks_managed_node_group.data.aws_caller_identity.current",
            "module.eks.module.eks-cluster.module.eks_managed_node_group.data.aws_iam_policy_document.assume_role_policy",
            "module.eks.module.eks-cluster.module.eks_managed_node_group.data.aws_partition.current",
            "module.eks.module.eks-cluster.module.eks_managed_node_group.module.user_data.data.cloudinit_config.linux_eks_managed_node_group",
            "module.eks.module.eks-cluster.module.fargate_profile.aws_eks_fargate_profile.this",
            "module.eks.module.eks-cluster.module.fargate_profile.aws_iam_role.this",
            "module.eks.module.eks-cluster.module.fargate_profile.aws_iam_role_policy_attachment.additional",
            "module.eks.module.eks-cluster.module.fargate_profile.aws_iam_role_policy_attachment.this",
            "module.eks.module.eks-cluster.module.fargate_profile.data.aws_caller_identity.current",
            "module.eks.module.eks-cluster.module.fargate_profile.data.aws_iam_policy_document.assume_role_policy",
            "module.eks.module.eks-cluster.module.fargate_profile.data.aws_partition.current",
            "module.eks.module.eks-cluster.module.kms.aws_kms_alias.this",
            "module.eks.module.eks-cluster.module.kms.aws_kms_external_key.this",
            "module.eks.module.eks-cluster.module.kms.aws_kms_grant.this",
            "module.eks.module.eks-cluster.module.kms.aws_kms_key.this",
            "module.eks.module.eks-cluster.module.kms.aws_kms_replica_external_key.this",
            "module.eks.module.eks-cluster.module.kms.aws_kms_replica_key.this",
            "module.eks.module.eks-cluster.module.kms.data.aws_caller_identity.current",
            "module.eks.module.eks-cluster.module.kms.data.aws_iam_policy_document.this",
            "module.eks.module.eks-cluster.module.kms.data.aws_partition.current",
            "module.eks.module.eks-cluster.module.self_managed_node_group.aws_autoscaling_group.this",
            "module.eks.module.eks-cluster.module.self_managed_node_group.aws_autoscaling_schedule.this",
            "module.eks.module.eks-cluster.module.self_managed_node_group.aws_iam_instance_profile.this",
            "module.eks.module.eks-cluster.module.self_managed_node_group.aws_iam_role.this",
            "module.eks.module.eks-cluster.module.self_managed_node_group.aws_iam_role_policy_attachment.additional",
            "module.eks.module.eks-cluster.module.self_managed_node_group.aws_iam_role_policy_attachment.this",
            "module.eks.module.eks-cluster.module.self_managed_node_group.aws_launch_template.this",
            "module.eks.module.eks-cluster.module.self_managed_node_group.data.aws_ami.eks_default",
            "module.eks.module.eks-cluster.module.self_managed_node_group.data.aws_caller_identity.current",
            "module.eks.module.eks-cluster.module.self_managed_node_group.data.aws_iam_policy_document.assume_role_policy",
            "module.eks.module.eks-cluster.module.self_managed_node_group.data.aws_partition.current",
            "module.eks.module.eks-cluster.module.self_managed_node_group.module.user_data.data.cloudinit_config.linux_eks_managed_node_group",
            "module.eks.module.eks-cluster.time_sleep.this",
            "module.eks.module.eks_blueprints_addons.aws_iam_instance_profile.karpenter",
            "module.eks.module.eks_blueprints_addons.aws_iam_role.karpenter",
            "module.eks.module.eks_blueprints_addons.data.aws_caller_identity.current",
            "module.eks.module.eks_blueprints_addons.data.aws_iam_policy_document.karpenter",
            "module.eks.module.eks_blueprints_addons.data.aws_iam_policy_document.karpenter_assume_role",
            "module.eks.module.eks_blueprints_addons.data.aws_partition.current",
            "module.eks.module.eks_blueprints_addons.data.aws_region.current",
            "module.eks.module.eks_blueprints_addons.module.karpenter.aws_iam_policy.this",
            "module.eks.module.eks_blueprints_addons.module.karpenter.aws_iam_role.this",
            "module.eks.module.eks_blueprints_addons.module.karpenter.aws_iam_role_policy_attachment.additional",
            "module.eks.module.eks_blueprints_addons.module.karpenter.aws_iam_role_policy_attachment.this",
            "module.eks.module.eks_blueprints_addons.module.karpenter.data.aws_caller_identity.current",
            "module.eks.module.eks_blueprints_addons.module.karpenter.data.aws_iam_policy_document.assume",
            "module.eks.module.eks_blueprints_addons.module.karpenter.data.aws_iam_policy_document.this",
            "module.eks.module.eks_blueprints_addons.module.karpenter.data.aws_partition.current",
            "module.eks.module.eks_blueprints_addons.module.karpenter.helm_release.this",
            "module.eks.module.eks_blueprints_addons.module.karpenter_sqs.aws_sqs_queue.dlq",
            "module.eks.module.eks_blueprints_addons.module.karpenter_sqs.aws_sqs_queue.this",
            "module.eks.module.eks_blueprints_addons.module.karpenter_sqs.aws_sqs_queue_policy.dlq",
            "module.eks.module.eks_blueprints_addons.module.karpenter_sqs.aws_sqs_queue_policy.this",
            "module.eks.module.eks_blueprints_addons.module.karpenter_sqs.aws_sqs_queue_redrive_allow_policy.dlq",
            "module.eks.module.eks_blueprints_addons.module.karpenter_sqs.aws_sqs_queue_redrive_allow_policy.this",
            "module.eks.module.eks_blueprints_addons.module.karpenter_sqs.aws_sqs_queue_redrive_policy.dlq",
            "module.eks.module.eks_blueprints_addons.module.karpenter_sqs.aws_sqs_queue_redrive_policy.this",
            "module.eks.module.eks_blueprints_addons.module.karpenter_sqs.data.aws_iam_policy_document.dlq",
            "module.eks.module.eks_blueprints_addons.module.karpenter_sqs.data.aws_iam_policy_document.this",
            "module.eks.module.eks_blueprints_addons.time_sleep.this",
            "module.vpc.aws_subnet.private",
            "module.vpc.aws_subnet.public",
            "module.vpc.aws_vpc.this",
            "module.vpc.aws_vpc_ipv4_cidr_block_association.this"
          ]
        }
      ]
    },
    {
      "module": "module.eks",
      "mode": "managed",
      "type": "terraform_data",
      "name": "wait_for_load_balancer_controller",
      "provider": "provider[\"terraform.io/builtin/terraform\"]",
      "instances": [
        {
          "schema_version": 0,
          "attributes": {
            "id": "1d3e985c-429b-ccee-0269-bafc1074938e",
            "input": null,
            "output": null,
            "triggers_replace": null
          },
          "sensitive_attributes": [],
          "dependencies": [
            "module.eks.data.aws_ecrpublic_authorization_token.token",
            "module.eks.data.aws_eks_cluster_auth.eks",
            "module.eks.data.kubectl_file_documents.load_balancer_controller_crds",
            "module.eks.helm_release.load_balancer_controller",
            "module.eks.kubectl_manifest.load_balancer_controller_crds",
            "module.eks.module.eks-cluster.aws_cloudwatch_log_group.this",
            "module.eks.module.eks-cluster.aws_ec2_tag.cluster_primary_security_group",
            "module.eks.module.eks-cluster.aws_eks_addon.before_compute",
            "module.eks.module.eks-cluster.aws_eks_addon.this",
            "module.eks.module.eks-cluster.aws_eks_cluster.this",
            "module.eks.module.eks-cluster.aws_eks_identity_provider_config.this",
            "module.eks.module.eks-cluster.aws_iam_openid_connect_provider.oidc_provider",
            "module.eks.module.eks-cluster.aws_iam_policy.cluster_encryption",
            "module.eks.module.eks-cluster.aws_iam_policy.cni_ipv6_policy",
            "module.eks.module.eks-cluster.aws_iam_role.this",
            "module.eks.module.eks-cluster.aws_iam_role_policy_attachment.additional",
            "module.eks.module.eks-cluster.aws_iam_role_policy_attachment.cluster_encryption",
            "module.eks.module.eks-cluster.aws_iam_role_policy_attachment.this",
            "module.eks.module.eks-cluster.aws_security_group.cluster",
            "module.eks.module.eks-cluster.aws_security_group.node",
            "module.eks.module.eks-cluster.aws_security_group_rule.cluster",
            "module.eks.module.eks-cluster.aws_security_group_rule.node",
            "module.eks.module.eks-cluster.data.aws_caller_identity.current",
            "module.eks.module.eks-cluster.data.aws_eks_addon_version.this",
            "module.eks.module.eks-cluster.data.aws_iam_policy_document.assume_role_policy",
            "module.eks.module.eks-cluster.data.aws_iam_policy_document.cni_ipv6_policy",
            "module.eks.module.eks-cluster.data.aws_iam_session_context.current",
            "module.eks.module.eks-cluster.data.aws_partition.current",
            "module.eks.module.eks-cluster.data.tls_certificate.this",
            "module.eks.module.eks-cluster.kubernetes_config_map.aws_auth",
            "module.eks.module.eks-cluster.kubernetes_config_map_v1_data.aws_auth",
            "module.eks.module.eks-cluster.module.eks_managed_node_group.aws_autoscaling_schedule.this",
            "module.eks.module.eks-cluster.module.eks_managed_node_group.aws_eks_node_group.this",
            "module.eks.module.eks-cluster.module.eks_managed_node_group.aws_iam_role.this",
            "module.eks.module.eks-cluster.module.eks_managed_node_group.aws_iam_role_policy_attachment.additional",
            "module.eks.module.eks-cluster.module.eks_managed_node_group.aws_iam_role_policy_attachment.this",
            "module.eks.module.eks-cluster.module.eks_managed_node_group.aws_launch_template.this",
            "module.eks.module.eks-cluster.module.eks_managed_node_group.data.aws_caller_identity.current",
            "module.eks.module.eks-cluster.module.eks_managed_node_group.data.aws_iam_policy_document.assume_role_policy",
            "module.eks.module.eks-cluster.module.eks_managed_node_group.data.aws_partition.current",
            "module.eks.module.eks-cluster.module.eks_managed_node_group.module.user_data.data.cloudinit_config.linux_eks_managed_node_group",
            "module.eks.module.eks-cluster.module.fargate_profile.aws_eks_fargate_profile.this",
            "module.eks.module.eks-cluster.module.fargate_profile.aws_iam_role.this",
            "module.eks.module.eks-cluster.module.fargate_profile.aws_iam_role_policy_attachment.additional",
            "module.eks.module.eks-cluster.module.fargate_profile.aws_iam_role_policy_attachment.this",
            "module.eks.module.eks-cluster.module.fargate_profile.data.aws_caller_identity.current",
            "module.eks.module.eks-cluster.module.fargate_profile.data.aws_iam_policy_document.assume_role_policy",
            "module.eks.module.eks-cluster.module.fargate_profile.data.aws_partition.current",
            "module.eks.module.eks-cluster.module.kms.aws_kms_alias.this",
            "module.eks.module.eks-cluster.module.kms.aws_kms_external_key.this",
            "module.eks.module.eks-cluster.module.kms.aws_kms_grant.this",
            "module.eks.module.eks-cluster.module.kms.aws_kms_key.this",
            "module.eks.module.eks-cluster.module.kms.aws_kms_replica_external_key.this",
            "module.eks.module.eks-cluster.module.kms.aws_kms_replica_key.this",
            "module.eks.module.eks-cluster.module.kms.data.aws_caller_identity.current",
            "module.eks.module.eks-cluster.module.kms.data.aws_iam_policy_document.this",
            "module.eks.module.eks-cluster.module.kms.data.aws_partition.current",
            "module.eks.module.eks-cluster.module.self_managed_node_group.aws_autoscaling_group.this",
            "module.eks.module.eks-cluster.module.self_managed_node_group.aws_autoscaling_schedule.this",
            "module.eks.module.eks-cluster.module.self_managed_node_group.aws_iam_instance_profile.this",
            "module.eks.module.eks-cluster.module.self_managed_node_group.aws_iam_role.this",
            "module.eks.module.eks-cluster.module.self_managed_node_group.aws_iam_role_policy_attachment.additional",
            "module.eks.module.eks-cluster.module.self_managed_node_group.aws_iam_role_policy_attachment.this",
            "module.eks.module.eks-cluster.module.self_managed_node_group.aws_launch_template.this",
            "module.eks.module.eks-cluster.module.self_managed_node_group.data.aws_ami.eks_default",
            "module.eks.module.eks-cluster.module.self_managed_node_group.data.aws_caller_identity.current",
            "module.eks.module.eks-cluster.module.self_managed_node_group.data.aws_iam_policy_document.assume_role_policy",
            "module.eks.module.eks-cluster.module.self_managed_node_group.data.aws_partition.current",
            "module.eks.module.eks-cluster.module.self_managed_node_group.module.user_data.data.cloudinit_config.linux_eks_managed_node_group",
            "module.eks.module.eks-cluster.time_sleep.this",
            "module.eks.module.eks_blueprints_addons.aws_iam_instance_profile.karpenter",
            "module.eks.module.eks_blueprints_addons.aws_iam_role.karpenter",
            "module.eks.module.eks_blueprints_addons.data.aws_caller_identity.current",
            "module.eks.module.eks_blueprints_addons.data.aws_iam_policy_document.karpenter",
            "module.eks.module.eks_blueprints_addons.data.aws_iam_policy_document.karpenter_assume_role",
            "module.eks.module.eks_blueprints_addons.data.aws_partition.current",
            "module.eks.module.eks_blueprints_addons.data.aws_region.current",
            "module.eks.module.eks_blueprints_addons.module.karpenter.aws_iam_policy.this",
            "module.eks.module.eks_blueprints_addons.module.karpenter.aws_iam_role.this",
            "module.eks.module.eks_blueprints_addons.module.karpenter.aws_iam_role_policy_attachment.additional",
            "module.eks.module.eks_blueprints_addons.module.karpenter.aws_iam_role_policy_attachment.this",
            "module.eks.module.eks_blueprints_addons.module.karpenter.data.aws_caller_identity.current",
            "module.eks.module.eks_blueprints_addons.module.karpenter.data.aws_iam_policy_document.assume",
            "module.eks.module.eks_blueprints_addons.module.karpenter.data.aws_iam_policy_document.this",
            "module.eks.module.eks_blueprints_addons.module.karpenter.data.aws_partition.current",
            "module.eks.module.eks_blueprints_addons.module.karpenter.helm_release.this",
            "module.eks.module.eks_blueprints_addons.module.karpenter_sqs.aws_sqs_queue.dlq",
            "module.eks.module.eks_blueprints_addons.module.karpenter_sqs.aws_sqs_queue.this",
            "module.eks.module.eks_blueprints_addons.module.karpenter_sqs.aws_sqs_queue_policy.dlq",
            "module.eks.module.eks_blueprints_addons.module.karpenter_sqs.aws_sqs_queue_policy.this",
            "module.eks.module.eks_blueprints_addons.module.karpenter_sqs.aws_sqs_queue_redrive_allow_policy.dlq",
            "module.eks.module.eks_blueprints_addons.module.karpenter_sqs.aws_sqs_queue_redrive_allow_policy.this",
            "module.eks.module.eks_blueprints_addons.module.karpenter_sqs.aws_sqs_queue_redrive_policy.dlq",
            "module.eks.module.eks_blueprints_addons.module.karpenter_sqs.aws_sqs_queue_redrive_policy.this",
            "module.eks.module.eks_blueprints_addons.module.karpenter_sqs.data.aws_iam_policy_document.dlq",
            "module.eks.module.eks_blueprints_addons.module.karpenter_sqs.data.aws_iam_policy_document.this",
            "module.eks.module.eks_blueprints_addons.time_sleep.this",
            "module.vpc.aws_subnet.private",
            "module.vpc.aws_subnet.public",
            "module.vpc.aws_vpc.this",
            "module.vpc.aws_vpc_ipv4_cidr_block_association.this"
          ]
        }
      ]
    },
    {
      "module": "module.eks.module.eks-cluster",
      "mode": "data",
      "type": "aws_caller_identity",
      "name": "current",
      "provider": "provider[\"registry.terraform.io/hashicorp/aws\"]",
      "instances": [
        {
          "schema_version": 0,
          "attributes": {
            "account_id": "339712971032",
            "arn": "arn:aws:iam::339712971032:user/terraform",
            "id": "339712971032",
            "user_id": "AIDAU6GDYSEMFFKJODROY"
          },
          "sensitive_attributes": []
        }
      ]
    },
    {
      "module": "module.eks.module.eks-cluster",
      "mode": "data",
      "type": "aws_eks_addon_version",
      "name": "this",
      "provider": "provider[\"registry.terraform.io/hashicorp/aws\"]",
      "instances": []
    },
    {
      "module": "module.eks.module.eks-cluster",
      "mode": "data",
      "type": "aws_iam_policy_document",
      "name": "assume_role_policy",
      "provider": "provider[\"registry.terraform.io/hashicorp/aws\"]",
      "instances": [
        {
          "index_key": 0,
          "schema_version": 0,
          "attributes": {
            "id": "2764486067",
            "json": "{\n  \"Version\": \"2012-10-17\",\n  \"Statement\": [\n    {\n      \"Sid\": \"EKSClusterAssumeRole\",\n      \"Effect\": \"Allow\",\n      \"Action\": \"sts:AssumeRole\",\n      \"Principal\": {\n        \"Service\": \"eks.amazonaws.com\"\n      }\n    }\n  ]\n}",
            "override_policy_documents": null,
            "policy_id": null,
            "source_policy_documents": null,
            "statement": [
              {
                "actions": [
                  "sts:AssumeRole"
                ],
                "condition": [],
                "effect": "Allow",
                "not_actions": [],
                "not_principals": [],
                "not_resources": [],
                "principals": [
                  {
                    "identifiers": [
                      "eks.amazonaws.com"
                    ],
                    "type": "Service"
                  }
                ],
                "resources": [],
                "sid": "EKSClusterAssumeRole"
              }
            ],
            "version": "2012-10-17"
          },
          "sensitive_attributes": []
        }
      ]
    },
    {
      "module": "module.eks.module.eks-cluster",
      "mode": "data",
      "type": "aws_iam_policy_document",
      "name": "cni_ipv6_policy",
      "provider": "provider[\"registry.terraform.io/hashicorp/aws\"]",
      "instances": []
    },
    {
      "module": "module.eks.module.eks-cluster",
      "mode": "data",
      "type": "aws_iam_session_context",
      "name": "current",
      "provider": "provider[\"registry.terraform.io/hashicorp/aws\"]",
      "instances": [
        {
          "schema_version": 0,
          "attributes": {
            "arn": "arn:aws:iam::339712971032:user/terraform",
            "id": "arn:aws:iam::339712971032:user/terraform",
            "issuer_arn": "arn:aws:iam::339712971032:user/terraform",
            "issuer_id": "",
            "issuer_name": "",
            "session_name": ""
          },
          "sensitive_attributes": []
        }
      ]
    },
    {
      "module": "module.eks.module.eks-cluster",
      "mode": "data",
      "type": "aws_partition",
      "name": "current",
      "provider": "provider[\"registry.terraform.io/hashicorp/aws\"]",
      "instances": [
        {
          "schema_version": 0,
          "attributes": {
            "dns_suffix": "amazonaws.com",
            "id": "aws",
            "partition": "aws",
            "reverse_dns_prefix": "com.amazonaws"
          },
          "sensitive_attributes": []
        }
      ]
    },
    {
      "module": "module.eks.module.eks-cluster",
      "mode": "data",
      "type": "tls_certificate",
      "name": "this",
      "provider": "provider[\"registry.terraform.io/hashicorp/tls\"]",
      "instances": [
        {
          "index_key": 0,
          "schema_version": 0,
          "attributes": {
            "certificates": [
              {
                "cert_pem": "-----BEGIN CERTIFICATE-----\nMIIEdTCCA12gAwIBAgIJAKcOSkw0grd/MA0GCSqGSIb3DQEBCwUAMGgxCzAJBgNV\nBAYTAlVTMSUwIwYDVQQKExxTdGFyZmllbGQgVGVjaG5vbG9naWVzLCBJbmMuMTIw\nMAYDVQQLEylTdGFyZmllbGQgQ2xhc3MgMiBDZXJ0aWZpY2F0aW9uIEF1dGhvcml0\neTAeFw0wOTA5MDIwMDAwMDBaFw0zNDA2MjgxNzM5MTZaMIGYMQswCQYDVQQGEwJV\nUzEQMA4GA1UECBMHQXJpem9uYTETMBEGA1UEBxMKU2NvdHRzZGFsZTElMCMGA1UE\nChMcU3RhcmZpZWxkIFRlY2hub2xvZ2llcywgSW5jLjE7MDkGA1UEAxMyU3RhcmZp\nZWxkIFNlcnZpY2VzIFJvb3QgQ2VydGlmaWNhdGUgQXV0aG9yaXR5IC0gRzIwggEi\nMA0GCSqGSIb3DQEBAQUAA4IBDwAwggEKAoIBAQDVDDrEKvlO4vW+GZdfjohTsR8/\ny8+fIBNtKTrID30892t2OGPZNmCom15cAICyL1l/9of5JUOG52kbUpqQ4XHj2C0N\nTm/2yEnZtvMaVq4rtnQU68/7JuMauh2WLmo7WJSJR1b/JaCTcFOD2oR0FMNnngRo\nOt+OQFodSk7PQ5E751bWAHDLUu57fa4657wx+UX2wmDPE1kCK4DMNEffud6QZW0C\nzyyRpqbn3oUYSXxmTqM6bam17jQuug0DuDPfR+uxa40l2ZvOgdFFRjKWcIfeAg5J\nQ4W2bHO7ZOphQazJ1FTfhy/HIrImzJ9ZVGif/L4qL8RVHHVAYBeFAlU5i38FAgMB\nAAGjgfAwge0wDwYDVR0TAQH/BAUwAwEB/zAOBgNVHQ8BAf8EBAMCAYYwHQYDVR0O\nBBYEFJxfAN+qAdcwKziIorhtSpzyEZGDMB8GA1UdIwQYMBaAFL9ft9HO3R+G9FtV\nrNzXEMIOqYjnME8GCCsGAQUFBwEBBEMwQTAcBggrBgEFBQcwAYYQaHR0cDovL28u\nc3MyLnVzLzAhBggrBgEFBQcwAoYVaHR0cDovL3guc3MyLnVzL3guY2VyMCYGA1Ud\nHwQfMB0wG6AZoBeGFWh0dHA6Ly9zLnNzMi51cy9yLmNybDARBgNVHSAECjAIMAYG\nBFUdIAAwDQYJKoZIhvcNAQELBQADggEBACMd44pXyn3pF3lM8R5V/cxTbj5HD9/G\nVfKyBDbtgB9TxF00KGu+x1X8Z+rLP3+QsjPNG1gQggL4+C/1E2DUBc7xgQjB3ad1\nl08YuW3e95ORCLp+QCztweq7dp4zBncdDQh/U90bZKuCJ/Fp1U1ervShw3WnWEQt\n8jxwmKy6abaVd38PMV4s/KCHOkdp8Hlf9BRUpJVeEXgSYCfOn8J3/yNTd126/+pZ\n59vPr5KW7ySaNRB6nJHGDn2Z9j8Z3/VyVOEVqQdZe4O/Ui5GjLIAZHYcSNPYeehu\nVsyuLAOQ1xk4meTKCRlb/weWsKh/NEnfVqn3sF/tM+2MR7cwA130A4w=\n-----END CERTIFICATE-----\n",
                "is_ca": true,
                "issuer": "OU=Starfield Class 2 Certification Authority,O=Starfield Technologies\\, Inc.,C=US",
                "not_after": "2034-06-28T17:39:16Z",
                "not_before": "2009-09-02T00:00:00Z",
                "public_key_algorithm": "RSA",
                "serial_number": "12037640545166866303",
                "sha1_fingerprint": "9e99a48a9960b14926bb7f3b02e22da2b0ab7280",
                "signature_algorithm": "SHA256-RSA",
                "subject": "CN=Starfield Services Root Certificate Authority - G2,O=Starfield Technologies\\, Inc.,L=Scottsdale,ST=Arizona,C=US",
                "version": 3
              },
              {
                "cert_pem": "-----BEGIN CERTIFICATE-----\nMIIEkjCCA3qgAwIBAgITBn+USionzfP6wq4rAfkI7rnExjANBgkqhkiG9w0BAQsF\nADCBmDELMAkGA1UEBhMCVVMxEDAOBgNVBAgTB0FyaXpvbmExEzARBgNVBAcTClNj\nb3R0c2RhbGUxJTAjBgNVBAoTHFN0YXJmaWVsZCBUZWNobm9sb2dpZXMsIEluYy4x\nOzA5BgNVBAMTMlN0YXJmaWVsZCBTZXJ2aWNlcyBSb290IENlcnRpZmljYXRlIEF1\ndGhvcml0eSAtIEcyMB4XDTE1MDUyNTEyMDAwMFoXDTM3MTIzMTAxMDAwMFowOTEL\nMAkGA1UEBhMCVVMxDzANBgNVBAoTBkFtYXpvbjEZMBcGA1UEAxMQQW1hem9uIFJv\nb3QgQ0EgMTCCASIwDQYJKoZIhvcNAQEBBQADggEPADCCAQoCggEBALJ4gHHKeNXj\nca9HgFB0fW7Y14h29Jlo91ghYPl0hAEvrAIthtOgQ3pOsqTQNroBvo3bSMgHFzZM\n9O6II8c+6zf1tRn4SWiw3te5djgdYZ6k/oI2peVKVuRF4fn9tBb6dNqcmzU5L/qw\nIFAGbHrQgLKm+a/sRxmPUDgH3KKHOVj4utWp+UhnMJbulHheb4mjUcAwhmahRWa6\nVOujw5H5SNz/0egwLX0tdHA114gk957EWW67c4cX8jJGKLhD+rcdqsq08p8kDi1L\n93FcXmn/6pUCyziKrlA4b9v7LWIbxcceVOF34GfID5yHI9Y/QCB/IIDEgEw+OyQm\njgSubJrIqg0CAwEAAaOCATEwggEtMA8GA1UdEwEB/wQFMAMBAf8wDgYDVR0PAQH/\nBAQDAgGGMB0GA1UdDgQWBBSEGMyFNOy8DJSULghZnMeyEE4KCDAfBgNVHSMEGDAW\ngBScXwDfqgHXMCs4iKK4bUqc8hGRgzB4BggrBgEFBQcBAQRsMGowLgYIKwYBBQUH\nMAGGImh0dHA6Ly9vY3NwLnJvb3RnMi5hbWF6b250cnVzdC5jb20wOAYIKwYBBQUH\nMAKGLGh0dHA6Ly9jcnQucm9vdGcyLmFtYXpvbnRydXN0LmNvbS9yb290ZzIuY2Vy\nMD0GA1UdHwQ2MDQwMqAwoC6GLGh0dHA6Ly9jcmwucm9vdGcyLmFtYXpvbnRydXN0\nLmNvbS9yb290ZzIuY3JsMBEGA1UdIAQKMAgwBgYEVR0gADANBgkqhkiG9w0BAQsF\nAAOCAQEAYjdCXLwQtT6LLOkMm2xF4gcAevnFWAu5CIw+7bMlPLVvUOTNNWqnkzSW\nMiGpSESrnO09tKpzbeR/FoCJbM8oAxiDR3mjEH4wW6w7sGDgd9QIpuEdfF7Au/ma\neyKdpwAJfqxGF4PcnCZXmTA5YpaP7dreqsXMGz7KQ2hsVxa81Q4gLv7/wmpdLqBK\nbRRYh5TmOTFffHPLkIhqhBGWJ6bt2YFGpn6jcgAKUj6DiAdjd4lpFw85hdKrCEVN\n0FE6/V1dN2RMfjCyVSRCnTawXZwXgWHxyvkQAiSr6w10kY17RSlQOYiypok1JR4U\nakcjMS9cmvqtmg5iUaQqqcT5NJ0hGA==\n-----END CERTIFICATE-----\n",
                "is_ca": true,
                "issuer": "CN=Starfield Services Root Certificate Authority - G2,O=Starfield Technologies\\, Inc.,L=Scottsdale,ST=Arizona,C=US",
                "not_after": "2037-12-31T01:00:00Z",
                "not_before": "2015-05-25T12:00:00Z",
                "public_key_algorithm": "RSA",
                "serial_number": "144918191876577076464031512351042010504348870",
                "sha1_fingerprint": "06b25927c42a721631c1efd9431e648fa62e1e39",
                "signature_algorithm": "SHA256-RSA",
                "subject": "CN=Amazon Root CA 1,O=Amazon,C=US",
                "version": 3
              },
              {
                "cert_pem": "-----BEGIN CERTIFICATE-----\nMIIEXjCCA0agAwIBAgITB3MSSkvL1E7HtTvq8ZSELToPoTANBgkqhkiG9w0BAQsF\nADA5MQswCQYDVQQGEwJVUzEPMA0GA1UEChMGQW1hem9uMRkwFwYDVQQDExBBbWF6\nb24gUm9vdCBDQSAxMB4XDTIyMDgyMzIyMjUzMFoXDTMwMDgyMzIyMjUzMFowPDEL\nMAkGA1UEBhMCVVMxDzANBgNVBAoTBkFtYXpvbjEcMBoGA1UEAxMTQW1hem9uIFJT\nQSAyMDQ4IE0wMjCCASIwDQYJKoZIhvcNAQEBBQADggEPADCCAQoCggEBALtDGMZa\nqHneKei1by6+pUPPLljTB143Si6VpEWPc6mSkFhZb/6qrkZyoHlQLbDYnI2D7hD0\nsdzEqfnuAjIsuXQLG3A8TvX6V3oFNBFVe8NlLJHvBseKY88saLwufxkZVwk74g4n\nWlNMXzla9Y5F3wwRHwMVH443xGz6UtGSZSqQ94eFx5X7Tlqt8whi8qCaKdZ5rNak\n+r9nUThOeClqFd4oXych//Rc7Y0eX1KNWHYSI1Nk31mYgiK3JvH063g+K9tHA63Z\neTgKgndlh+WI+zv7i44HepRZjA1FYwYZ9Vv/9UkC5Yz8/yU65fgjaE+wVHM4e/Yy\nC2osrPWE7gJ+dXMCAwEAAaOCAVowggFWMBIGA1UdEwEB/wQIMAYBAf8CAQAwDgYD\nVR0PAQH/BAQDAgGGMB0GA1UdJQQWMBQGCCsGAQUFBwMBBggrBgEFBQcDAjAdBgNV\nHQ4EFgQUwDFSzVpQw4J8dHHOy+mc+XrrguIwHwYDVR0jBBgwFoAUhBjMhTTsvAyU\nlC4IWZzHshBOCggwewYIKwYBBQUHAQEEbzBtMC8GCCsGAQUFBzABhiNodHRwOi8v\nb2NzcC5yb290Y2ExLmFtYXpvbnRydXN0LmNvbTA6BggrBgEFBQcwAoYuaHR0cDov\nL2NydC5yb290Y2ExLmFtYXpvbnRydXN0LmNvbS9yb290Y2ExLmNlcjA/BgNVHR8E\nODA2MDSgMqAwhi5odHRwOi8vY3JsLnJvb3RjYTEuYW1hem9udHJ1c3QuY29tL3Jv\nb3RjYTEuY3JsMBMGA1UdIAQMMAowCAYGZ4EMAQIBMA0GCSqGSIb3DQEBCwUAA4IB\nAQAtTi6Fs0Azfi+iwm7jrz+CSxHH+uHl7Law3MQSXVtR8RV53PtR6r/6gNpqlzdo\nZq4FKbADi1v9Bun8RY8D51uedRfjsbeodizeBB8nXmeyD33Ep7VATj4ozcd31YFV\nfgRhvTSxNrrTlNpWkUk0m3BMPv8sg381HhA6uEYokE5q9uws/3YkKqRiEz3TsaWm\nJqIRZhMbgAfp7O7FUwFIb7UIspogZSKxPIWJpxiPo3TcBambbVtQOcNRWz5qCQdD\nslI2yayq0n2TXoHyNCLEH8rpsJRVILFsg0jc7BaFrMnF462+ajSehgj12IidNeRN\n4zl+EoNaWdpnWndvSpAEkq2P\n-----END CERTIFICATE-----\n",
                "is_ca": true,
                "issuer": "CN=Amazon Root CA 1,O=Amazon,C=US",
                "not_after": "2030-08-23T22:25:30Z",
                "not_before": "2022-08-23T22:25:30Z",
                "public_key_algorithm": "RSA",
                "serial_number": "166129353110899469622597955040406457904926625",
                "sha1_fingerprint": "414a2060b738c635cc7fc243e052615592830c53",
                "signature_algorithm": "SHA256-RSA",
                "subject": "CN=Amazon RSA 2048 M02,O=Amazon,C=US",
                "version": 3
              },
              {
                "cert_pem": "-----BEGIN CERTIFICATE-----\nMIIF7DCCBNSgAwIBAgIQByOkjeOvl//8xMrhlZkruzANBgkqhkiG9w0BAQsFADA8\nMQswCQYDVQQGEwJVUzEPMA0GA1UEChMGQW1hem9uMRwwGgYDVQQDExNBbWF6b24g\nUlNBIDIwNDggTTAyMB4XDTIzMDUxMzAwMDAwMFoXDTI0MDYxMDIzNTk1OVowKzEp\nMCcGA1UEAxMgb2lkYy5la3MudXMtZWFzdC0xLmFtYXpvbmF3cy5jb20wggEiMA0G\nCSqGSIb3DQEBAQUAA4IBDwAwggEKAoIBAQClT+mO1HZk/Gp/3sS6BO8QDhG0yK53\nE11wkdlUn9HEomcqZ2VVhbEG4ahOZY5MLUqIQViMswUueYFov57zyGnPSnH0IrMu\nmL3/dqxEwP96VPm5ZgbjCfartRfJcuYmmMCoWxocMdTq09ECEjawt47i4FmOLJmH\n+UUnisQgHMvPHtCrfL1WYAgdN3ls4meIFkS1CVHLmoCG9MuponJu3+uqw9UHxPZz\nvGLezHUUSzLE0+b+1Wd6DAPJBZmCa+PBweaRfrlqhhgW+QHcCK7XxlfwMxvzwmdv\nicOBHF7SJM/o3opUvrUf/XJCtCDHuv0GQNxyCcpJImQJ4Ae0MtEihY/rAgMBAAGj\nggL5MIIC9TAfBgNVHSMEGDAWgBTAMVLNWlDDgnx0cc7L6Zz5euuC4jAdBgNVHQ4E\nFgQUeamiamg4o8YroTJziJnlxHJnDdEwKwYDVR0RBCQwIoIgb2lkYy5la3MudXMt\nZWFzdC0xLmFtYXpvbmF3cy5jb20wDgYDVR0PAQH/BAQDAgWgMB0GA1UdJQQWMBQG\nCCsGAQUFBwMBBggrBgEFBQcDAjA7BgNVHR8ENDAyMDCgLqAshipodHRwOi8vY3Js\nLnIybTAyLmFtYXpvbnRydXN0LmNvbS9yMm0wMi5jcmwwEwYDVR0gBAwwCjAIBgZn\ngQwBAgEwdQYIKwYBBQUHAQEEaTBnMC0GCCsGAQUFBzABhiFodHRwOi8vb2NzcC5y\nMm0wMi5hbWF6b250cnVzdC5jb20wNgYIKwYBBQUHMAKGKmh0dHA6Ly9jcnQucjJt\nMDIuYW1hem9udHJ1c3QuY29tL3IybTAyLmNlcjAMBgNVHRMBAf8EAjAAMIIBfgYK\nKwYBBAHWeQIEAgSCAW4EggFqAWgAdgDuzdBk1dsazsVct520zROiModGfLzs3sNR\nSFlGcR+1mwAAAYgTgMKgAAAEAwBHMEUCIHtTzRueHJdgA2Wq32YkXNXRJ1ZRD2uC\nQCn025Jin2hCAiEAlV/lCQaMq1JoBRlULDV7n9f/VS8+xyJSVgMFRFwFtzsAdgBI\nsONr2qZHNA/lagL6nTDrHFIBy1bdLIHZu7+rOdiEcwAAAYgTgMLXAAAEAwBHMEUC\nIAKsJE1jj4gpyaa2VgkbHFszMoco2rABil1iy2YvVzmTAiEAsuzpO1atz7WIx1CM\nMU9iMqq58yDpLhjQFktRuWamDlsAdgDatr9rP7W2Ip+bwrtca+hwkXFsu1GEhTS9\npD0wSNf7qwAAAYgTgMKjAAAEAwBHMEUCIHuwITeM92ncsbOvXgXPQjLHDLgReknJ\nTUoo4uIlPetJAiEApQ3W+NHlj6/RhckoAxGn4zE1alq+Y3Bk3JUFAvDrR78wDQYJ\nKoZIhvcNAQELBQADggEBAFNUUzuzuuDQMUvefHzllQPg/zbGNeDRZeOomSl1FrxS\nFJ0CA2vznfoTXAJLS2/aWlQT9mR3h6WlxI5XSUaLrzcZi94F+l6Ixn8DJUhfgf+O\nZUxtmBX91AEQ1ccU+Odj2ILrWdSs28J82ODoPlkJ6OqIYo+kEXrUwy8SM2N9iFJw\nHgZNOwzPQ2Ox/ozlRh6/6OUgYZ84j343BoDnNbTQijLBe6HL4pVw4nPKWrUQnTot\nxMymAcBknnb4X4TcmEoJ0CrB1H6FKfe8yASCLjwSC72Os9ADyADMZqTUSOH1V8Vh\nR3Zv4DlLItu8BHaE59teueLM9AW1PBFMci5JiYrgLEM=\n-----END CERTIFICATE-----\n",
                "is_ca": false,
                "issuer": "CN=Amazon RSA 2048 M02,O=Amazon,C=US",
                "not_after": "2024-06-10T23:59:59Z",
                "not_before": "2023-05-13T00:00:00Z",
                "public_key_algorithm": "RSA",
                "serial_number": "9489663917354420509896793514074254267",
                "sha1_fingerprint": "aaa68bb211d468db8a8a19561ccba2e4043dcc80",
                "signature_algorithm": "SHA256-RSA",
                "subject": "CN=oidc.eks.us-east-1.amazonaws.com",
                "version": 3
              }
            ],
            "content": null,
            "id": "5933588ce34e24e9fb40c3565fb0b5993639df67",
            "url": "https://oidc.eks.us-east-1.amazonaws.com/id/FD74D748539038C56F947D4FE2130D33",
            "verify_chain": true
          },
          "sensitive_attributes": []
        }
      ]
    },
    {
      "module": "module.eks.module.eks-cluster",
      "mode": "managed",
      "type": "aws_cloudwatch_log_group",
      "name": "this",
      "provider": "provider[\"registry.terraform.io/hashicorp/aws\"]",
      "instances": [
        {
          "index_key": 0,
          "schema_version": 0,
          "attributes": {
            "arn": "arn:aws:logs:us-east-1:339712971032:log-group:/aws/eks/phdi-playground-dev/cluster",
            "id": "/aws/eks/phdi-playground-dev/cluster",
            "kms_key_id": "",
            "log_group_class": "STANDARD",
            "name": "/aws/eks/phdi-playground-dev/cluster",
            "name_prefix": "",
            "retention_in_days": 7,
            "skip_destroy": false,
            "tags": {
              "Name": "/aws/eks/phdi-playground-dev/cluster",
              "karpenter.sh/discovery": "phdi-playground-dev"
            },
            "tags_all": {
              "Environment": "dev",
              "Name": "/aws/eks/phdi-playground-dev/cluster",
              "Owner": "Skylight",
              "karpenter.sh/discovery": "phdi-playground-dev"
            }
          },
          "sensitive_attributes": [],
          "private": "bnVsbA==",
          "create_before_destroy": true
        }
      ]
    },
    {
      "module": "module.eks.module.eks-cluster",
      "mode": "managed",
      "type": "aws_ec2_tag",
      "name": "cluster_primary_security_group",
      "provider": "provider[\"registry.terraform.io/hashicorp/aws\"]",
      "instances": [
        {
          "index_key": "karpenter.sh/discovery",
          "schema_version": 0,
          "attributes": {
            "id": "sg-0be717e96627715cf,karpenter.sh/discovery",
            "key": "karpenter.sh/discovery",
            "resource_id": "sg-0be717e96627715cf",
            "value": "phdi-playground-dev"
          },
          "sensitive_attributes": [],
          "private": "bnVsbA==",
          "dependencies": [
            "module.eks.module.eks-cluster.aws_cloudwatch_log_group.this",
            "module.eks.module.eks-cluster.aws_eks_cluster.this",
            "module.eks.module.eks-cluster.aws_iam_policy.cni_ipv6_policy",
            "module.eks.module.eks-cluster.aws_iam_role.this",
            "module.eks.module.eks-cluster.aws_iam_role_policy_attachment.this",
            "module.eks.module.eks-cluster.aws_security_group.cluster",
            "module.eks.module.eks-cluster.aws_security_group.node",
            "module.eks.module.eks-cluster.aws_security_group_rule.cluster",
            "module.eks.module.eks-cluster.aws_security_group_rule.node",
            "module.eks.module.eks-cluster.data.aws_caller_identity.current",
            "module.eks.module.eks-cluster.data.aws_iam_policy_document.assume_role_policy",
            "module.eks.module.eks-cluster.data.aws_iam_policy_document.cni_ipv6_policy",
            "module.eks.module.eks-cluster.data.aws_iam_session_context.current",
            "module.eks.module.eks-cluster.data.aws_partition.current",
            "module.eks.module.eks-cluster.module.kms.aws_kms_external_key.this",
            "module.eks.module.eks-cluster.module.kms.aws_kms_key.this",
            "module.eks.module.eks-cluster.module.kms.aws_kms_replica_external_key.this",
            "module.eks.module.eks-cluster.module.kms.aws_kms_replica_key.this",
            "module.eks.module.eks-cluster.module.kms.data.aws_caller_identity.current",
            "module.eks.module.eks-cluster.module.kms.data.aws_iam_policy_document.this",
            "module.eks.module.eks-cluster.module.kms.data.aws_partition.current",
            "module.vpc.aws_subnet.private",
            "module.vpc.aws_subnet.public",
            "module.vpc.aws_vpc.this",
            "module.vpc.aws_vpc_ipv4_cidr_block_association.this"
          ]
        }
      ]
    },
    {
      "module": "module.eks.module.eks-cluster",
      "mode": "managed",
      "type": "aws_eks_addon",
      "name": "before_compute",
      "provider": "provider[\"registry.terraform.io/hashicorp/aws\"]",
      "instances": []
    },
    {
      "module": "module.eks.module.eks-cluster",
      "mode": "managed",
      "type": "aws_eks_addon",
      "name": "this",
      "provider": "provider[\"registry.terraform.io/hashicorp/aws\"]",
      "instances": []
    },
    {
      "module": "module.eks.module.eks-cluster",
      "mode": "managed",
      "type": "aws_eks_cluster",
      "name": "this",
      "provider": "provider[\"registry.terraform.io/hashicorp/aws\"]",
      "instances": [
        {
          "index_key": 0,
          "schema_version": 0,
          "attributes": {
            "arn": "arn:aws:eks:us-east-1:339712971032:cluster/phdi-playground-dev",
            "certificate_authority": [
              {
                "data": "LS0tLS1CRUdJTiBDRVJUSUZJQ0FURS0tLS0tCk1JSURCVENDQWUyZ0F3SUJBZ0lJTXVSOW1qTVB6UzR3RFFZSktvWklodmNOQVFFTEJRQXdGVEVUTUJFR0ExVUUKQXhNS2EzVmlaWEp1WlhSbGN6QWVGdzB5TkRBeU1UUXlNekF4TXpsYUZ3MHpOREF5TVRFeU16QTJNemxhTUJVeApFekFSQmdOVkJBTVRDbXQxWW1WeWJtVjBaWE13Z2dFaU1BMEdDU3FHU0liM0RRRUJBUVVBQTRJQkR3QXdnZ0VLCkFvSUJBUUN5SjFlOVdRRys0MHlKMjhyd3pPOFlFTC9wemJBcHcxc3hrZ0tiZjJvWVFJTmt4TEM0c3VGN2F4UjUKTzNScFNnaG16NU1FTG0vSkdVckcvc1phVEhCd1J0Z1FLMUgzQWFUM2hLZzJUTTBOQWk3MVl6dEpBOVAwTjhtWgpmbmhMSWlKYlFBWlVVaWUrUTRrTkI2Mkc1c3YyY2VwVGZ2VzNjenVlazFJcTI4RFk4OW9BVE9WcnVHM21PdHFwCnEyVXJLcDNpb3lZa05UVjJMRThmc2JiQk12T2tUZ0V3WHA5cXpKRUdYMkVuM2JVZmRZaXVMN0cwMTFjVVF0SG0KamNmNHVUcS9HeGVUdkZLZnhNeHFIZ04wdVBWRFhkeUUwL2hVN1ZIVnEvRi9DOEJCTjVkOExUN3ZGaVRDWnNMRgprcEVGR2RidGJzeE4vU1FjYzVCZUl3OTVhKzRCQWdNQkFBR2pXVEJYTUE0R0ExVWREd0VCL3dRRUF3SUNwREFQCkJnTlZIUk1CQWY4RUJUQURBUUgvTUIwR0ExVWREZ1FXQkJTbFlNMWxlKzVsVEtkNHpzNkpSMzYxSlNBdVlqQVYKQmdOVkhSRUVEakFNZ2dwcmRXSmxjbTVsZEdWek1BMEdDU3FHU0liM0RRRUJDd1VBQTRJQkFRQU5xUktuSmJEVApQTnJpYm5leTFPSnRUWlMwc1BDNjE5S3cyZTFYbGpOOEpUbkFxOC9Rd0JMVG1IOEp6RlNGYUJVczd1WUczdER2CjBmZWw5bUYzWXFtZ2x2aG1FS2J0RWJqMzYxWjlEOXBqQ2JINnFWTWtsVHF2QUJqV3FYWG9yd0dFcWEvdFBnWngKL3lubm1Id2FISnhhTkpXc3U4TGtHZGxvRE1lTmxqL2tFWHAvTkp6dEJTd1F3enc4Z0d0c2FnaFhXQXBOc0Y4bAp0ckVrOWh5ZlVXWG9seVV1aUErbUdqNmN1eERqRlVKMkFCVWlLdER3eUR5NFdNeFpWdmZjREF0UHg0RnJZd0lmCmM5Uk5FRDVVMVFUUzM4dHBpSWpTSG5zc3M3dzN0MStWN0VQKzVBSFlFckFiWnJ4dnVIRWloLy83SmoxVWVnU1kKbThxNW80YytITlJuCi0tLS0tRU5EIENFUlRJRklDQVRFLS0tLS0K"
              }
            ],
            "cluster_id": null,
            "created_at": "2024-02-14 23:01:28.593 +0000 UTC",
            "enabled_cluster_log_types": [
              "api",
              "audit",
              "authenticator",
              "controllerManager",
              "scheduler"
            ],
            "encryption_config": [
              {
                "provider": [
                  {
                    "key_arn": "arn:aws:kms:us-east-1:339712971032:key/b5d16b2a-063e-4447-b009-173257664cb2"
                  }
                ],
                "resources": [
                  "secrets"
                ]
              }
            ],
            "endpoint": "https://FD74D748539038C56F947D4FE2130D33.gr7.us-east-1.eks.amazonaws.com",
            "id": "phdi-playground-dev",
            "identity": [
              {
                "oidc": [
                  {
                    "issuer": "https://oidc.eks.us-east-1.amazonaws.com/id/FD74D748539038C56F947D4FE2130D33"
                  }
                ]
              }
            ],
            "kubernetes_network_config": [
              {
                "ip_family": "ipv4",
                "service_ipv4_cidr": "10.100.0.0/16",
                "service_ipv6_cidr": ""
              }
            ],
            "name": "phdi-playground-dev",
            "outpost_config": [],
            "platform_version": "eks.1",
            "role_arn": "arn:aws:iam::339712971032:role/phdi-playground-dev-cluster-20240214230102436900000001",
            "status": "ACTIVE",
            "tags": {
              "karpenter.sh/discovery": "phdi-playground-dev"
            },
            "tags_all": {
              "Environment": "dev",
              "Owner": "Skylight",
              "karpenter.sh/discovery": "phdi-playground-dev"
            },
            "timeouts": {
              "create": null,
              "delete": null,
              "update": null
            },
            "version": "1.29",
            "vpc_config": [
              {
                "cluster_security_group_id": "sg-0be717e96627715cf",
                "endpoint_private_access": true,
                "endpoint_public_access": true,
                "public_access_cidrs": [
                  "0.0.0.0/0"
                ],
                "security_group_ids": [],
                "subnet_ids": [
                  "subnet-0207a791395ea9e6a",
                  "subnet-03dc93e35e89c30a9",
                  "subnet-0a1ab89a7bc3b277d",
                  "subnet-0a5d3711377dc6c17"
                ],
                "vpc_id": "vpc-0ce2209f49b6b97ad"
              }
            ]
          },
          "sensitive_attributes": [],
          "private": "eyJlMmJmYjczMC1lY2FhLTExZTYtOGY4OC0zNDM2M2JjN2M0YzAiOnsiY3JlYXRlIjoxODAwMDAwMDAwMDAwLCJkZWxldGUiOjkwMDAwMDAwMDAwMCwidXBkYXRlIjozNjAwMDAwMDAwMDAwfX0=",
          "dependencies": [
            "module.eks.module.eks-cluster.aws_cloudwatch_log_group.this",
            "module.eks.module.eks-cluster.aws_iam_policy.cni_ipv6_policy",
            "module.eks.module.eks-cluster.aws_iam_role.this",
            "module.eks.module.eks-cluster.aws_iam_role_policy_attachment.this",
            "module.eks.module.eks-cluster.aws_security_group.cluster",
            "module.eks.module.eks-cluster.aws_security_group.node",
            "module.eks.module.eks-cluster.aws_security_group_rule.cluster",
            "module.eks.module.eks-cluster.aws_security_group_rule.node",
            "module.eks.module.eks-cluster.data.aws_caller_identity.current",
            "module.eks.module.eks-cluster.data.aws_iam_policy_document.assume_role_policy",
            "module.eks.module.eks-cluster.data.aws_iam_policy_document.cni_ipv6_policy",
            "module.eks.module.eks-cluster.data.aws_iam_session_context.current",
            "module.eks.module.eks-cluster.data.aws_partition.current",
            "module.eks.module.eks-cluster.module.kms.aws_kms_external_key.this",
            "module.eks.module.eks-cluster.module.kms.aws_kms_key.this",
            "module.eks.module.eks-cluster.module.kms.aws_kms_replica_external_key.this",
            "module.eks.module.eks-cluster.module.kms.aws_kms_replica_key.this",
            "module.eks.module.eks-cluster.module.kms.data.aws_caller_identity.current",
            "module.eks.module.eks-cluster.module.kms.data.aws_iam_policy_document.this",
            "module.eks.module.eks-cluster.module.kms.data.aws_partition.current",
            "module.vpc.aws_subnet.private",
            "module.vpc.aws_subnet.public",
            "module.vpc.aws_vpc.this",
            "module.vpc.aws_vpc_ipv4_cidr_block_association.this"
          ],
          "create_before_destroy": true
        }
      ]
    },
    {
      "module": "module.eks.module.eks-cluster",
      "mode": "managed",
      "type": "aws_eks_identity_provider_config",
      "name": "this",
      "provider": "provider[\"registry.terraform.io/hashicorp/aws\"]",
      "instances": []
    },
    {
      "module": "module.eks.module.eks-cluster",
      "mode": "managed",
      "type": "aws_iam_openid_connect_provider",
      "name": "oidc_provider",
      "provider": "provider[\"registry.terraform.io/hashicorp/aws\"]",
      "instances": [
        {
          "index_key": 0,
          "schema_version": 0,
          "attributes": {
            "arn": "arn:aws:iam::339712971032:oidc-provider/oidc.eks.us-east-1.amazonaws.com/id/FD74D748539038C56F947D4FE2130D33",
            "client_id_list": [
              "sts.amazonaws.com"
            ],
            "id": "arn:aws:iam::339712971032:oidc-provider/oidc.eks.us-east-1.amazonaws.com/id/FD74D748539038C56F947D4FE2130D33",
            "tags": {
              "Name": "phdi-playground-dev-eks-irsa",
              "karpenter.sh/discovery": "phdi-playground-dev"
            },
            "tags_all": {
              "Environment": "dev",
              "Name": "phdi-playground-dev-eks-irsa",
              "Owner": "Skylight",
              "karpenter.sh/discovery": "phdi-playground-dev"
            },
            "thumbprint_list": [
              "9e99a48a9960b14926bb7f3b02e22da2b0ab7280"
            ],
            "url": "oidc.eks.us-east-1.amazonaws.com/id/FD74D748539038C56F947D4FE2130D33"
          },
          "sensitive_attributes": [],
          "private": "bnVsbA==",
          "dependencies": [
            "module.eks.module.eks-cluster.aws_cloudwatch_log_group.this",
            "module.eks.module.eks-cluster.aws_eks_cluster.this",
            "module.eks.module.eks-cluster.aws_iam_policy.cni_ipv6_policy",
            "module.eks.module.eks-cluster.aws_iam_role.this",
            "module.eks.module.eks-cluster.aws_iam_role_policy_attachment.this",
            "module.eks.module.eks-cluster.aws_security_group.cluster",
            "module.eks.module.eks-cluster.aws_security_group.node",
            "module.eks.module.eks-cluster.aws_security_group_rule.cluster",
            "module.eks.module.eks-cluster.aws_security_group_rule.node",
            "module.eks.module.eks-cluster.data.aws_caller_identity.current",
            "module.eks.module.eks-cluster.data.aws_iam_policy_document.assume_role_policy",
            "module.eks.module.eks-cluster.data.aws_iam_policy_document.cni_ipv6_policy",
            "module.eks.module.eks-cluster.data.aws_iam_session_context.current",
            "module.eks.module.eks-cluster.data.aws_partition.current",
            "module.eks.module.eks-cluster.data.tls_certificate.this",
            "module.eks.module.eks-cluster.module.kms.aws_kms_external_key.this",
            "module.eks.module.eks-cluster.module.kms.aws_kms_key.this",
            "module.eks.module.eks-cluster.module.kms.aws_kms_replica_external_key.this",
            "module.eks.module.eks-cluster.module.kms.aws_kms_replica_key.this",
            "module.eks.module.eks-cluster.module.kms.data.aws_caller_identity.current",
            "module.eks.module.eks-cluster.module.kms.data.aws_iam_policy_document.this",
            "module.eks.module.eks-cluster.module.kms.data.aws_partition.current",
            "module.vpc.aws_subnet.private",
            "module.vpc.aws_subnet.public",
            "module.vpc.aws_vpc.this",
            "module.vpc.aws_vpc_ipv4_cidr_block_association.this"
          ]
        }
      ]
    },
    {
      "module": "module.eks.module.eks-cluster",
      "mode": "managed",
      "type": "aws_iam_policy",
      "name": "cluster_encryption",
      "provider": "provider[\"registry.terraform.io/hashicorp/aws\"]",
      "instances": [
        {
          "index_key": 0,
          "schema_version": 0,
          "attributes": {
            "arn": "arn:aws:iam::339712971032:policy/phdi-playground-dev-cluster-ClusterEncryption2024021423012632780000000e",
            "description": "Cluster encryption policy to allow cluster role to utilize CMK provided",
            "id": "arn:aws:iam::339712971032:policy/phdi-playground-dev-cluster-ClusterEncryption2024021423012632780000000e",
            "name": "phdi-playground-dev-cluster-ClusterEncryption2024021423012632780000000e",
            "name_prefix": "phdi-playground-dev-cluster-ClusterEncryption",
            "path": "/",
            "policy": "{\"Statement\":[{\"Action\":[\"kms:Encrypt\",\"kms:Decrypt\",\"kms:ListGrants\",\"kms:DescribeKey\"],\"Effect\":\"Allow\",\"Resource\":\"arn:aws:kms:us-east-1:339712971032:key/b5d16b2a-063e-4447-b009-173257664cb2\"}],\"Version\":\"2012-10-17\"}",
            "policy_id": "ANPAU6GDYSEMBKSJF4LEG",
            "tags": {
              "karpenter.sh/discovery": "phdi-playground-dev"
            },
            "tags_all": {
              "Environment": "dev",
              "Owner": "Skylight",
              "karpenter.sh/discovery": "phdi-playground-dev"
            }
          },
          "sensitive_attributes": [],
          "private": "bnVsbA==",
          "dependencies": [
            "module.eks.module.eks-cluster.aws_iam_role.this",
            "module.eks.module.eks-cluster.data.aws_caller_identity.current",
            "module.eks.module.eks-cluster.data.aws_iam_policy_document.assume_role_policy",
            "module.eks.module.eks-cluster.data.aws_iam_session_context.current",
            "module.eks.module.eks-cluster.data.aws_partition.current",
            "module.eks.module.eks-cluster.module.kms.aws_kms_external_key.this",
            "module.eks.module.eks-cluster.module.kms.aws_kms_key.this",
            "module.eks.module.eks-cluster.module.kms.aws_kms_replica_external_key.this",
            "module.eks.module.eks-cluster.module.kms.aws_kms_replica_key.this",
            "module.eks.module.eks-cluster.module.kms.data.aws_caller_identity.current",
            "module.eks.module.eks-cluster.module.kms.data.aws_iam_policy_document.this",
            "module.eks.module.eks-cluster.module.kms.data.aws_partition.current"
          ]
        }
      ]
    },
    {
      "module": "module.eks.module.eks-cluster",
      "mode": "managed",
      "type": "aws_iam_policy",
      "name": "cni_ipv6_policy",
      "provider": "provider[\"registry.terraform.io/hashicorp/aws\"]",
      "instances": []
    },
    {
      "module": "module.eks.module.eks-cluster",
      "mode": "managed",
      "type": "aws_iam_role",
      "name": "this",
      "provider": "provider[\"registry.terraform.io/hashicorp/aws\"]",
      "instances": [
        {
          "index_key": 0,
          "schema_version": 0,
          "attributes": {
            "arn": "arn:aws:iam::339712971032:role/phdi-playground-dev-cluster-20240214230102436900000001",
            "assume_role_policy": "{\"Statement\":[{\"Action\":\"sts:AssumeRole\",\"Effect\":\"Allow\",\"Principal\":{\"Service\":\"eks.amazonaws.com\"},\"Sid\":\"EKSClusterAssumeRole\"}],\"Version\":\"2012-10-17\"}",
            "create_date": "2024-02-14T23:01:02Z",
            "description": "",
            "force_detach_policies": true,
            "id": "phdi-playground-dev-cluster-20240214230102436900000001",
            "inline_policy": [
              {
                "name": "phdi-playground-dev-cluster",
                "policy": "{\"Version\":\"2012-10-17\",\"Statement\":[{\"Action\":[\"logs:CreateLogGroup\"],\"Effect\":\"Deny\",\"Resource\":\"*\"}]}"
              }
            ],
            "managed_policy_arns": [
              "arn:aws:iam::339712971032:policy/phdi-playground-dev-cluster-ClusterEncryption2024021423012632780000000e",
              "arn:aws:iam::aws:policy/AmazonEKSClusterPolicy",
              "arn:aws:iam::aws:policy/AmazonEKSVPCResourceController"
            ],
            "max_session_duration": 3600,
            "name": "phdi-playground-dev-cluster-20240214230102436900000001",
            "name_prefix": "phdi-playground-dev-cluster-",
            "path": "/",
            "permissions_boundary": "",
            "tags": {
              "karpenter.sh/discovery": "phdi-playground-dev"
            },
            "tags_all": {
              "Environment": "dev",
              "Owner": "Skylight",
              "karpenter.sh/discovery": "phdi-playground-dev"
            },
            "unique_id": "AROAU6GDYSEMLD5RS3SJ6"
          },
          "sensitive_attributes": [],
          "private": "bnVsbA==",
          "dependencies": [
            "module.eks.module.eks-cluster.data.aws_iam_policy_document.assume_role_policy",
            "module.eks.module.eks-cluster.data.aws_partition.current"
          ],
          "create_before_destroy": true
        }
      ]
    },
    {
      "module": "module.eks.module.eks-cluster",
      "mode": "managed",
      "type": "aws_iam_role_policy_attachment",
      "name": "cluster_encryption",
      "provider": "provider[\"registry.terraform.io/hashicorp/aws\"]",
      "instances": [
        {
          "index_key": 0,
          "schema_version": 0,
          "attributes": {
            "id": "phdi-playground-dev-cluster-20240214230102436900000001-2024021423012691600000000f",
            "policy_arn": "arn:aws:iam::339712971032:policy/phdi-playground-dev-cluster-ClusterEncryption2024021423012632780000000e",
            "role": "phdi-playground-dev-cluster-20240214230102436900000001"
          },
          "sensitive_attributes": [],
          "private": "bnVsbA==",
          "dependencies": [
            "module.eks.module.eks-cluster.aws_iam_policy.cluster_encryption",
            "module.eks.module.eks-cluster.aws_iam_role.this",
            "module.eks.module.eks-cluster.data.aws_caller_identity.current",
            "module.eks.module.eks-cluster.data.aws_iam_policy_document.assume_role_policy",
            "module.eks.module.eks-cluster.data.aws_iam_session_context.current",
            "module.eks.module.eks-cluster.data.aws_partition.current",
            "module.eks.module.eks-cluster.module.kms.aws_kms_external_key.this",
            "module.eks.module.eks-cluster.module.kms.aws_kms_key.this",
            "module.eks.module.eks-cluster.module.kms.aws_kms_replica_external_key.this",
            "module.eks.module.eks-cluster.module.kms.aws_kms_replica_key.this",
            "module.eks.module.eks-cluster.module.kms.data.aws_caller_identity.current",
            "module.eks.module.eks-cluster.module.kms.data.aws_iam_policy_document.this",
            "module.eks.module.eks-cluster.module.kms.data.aws_partition.current"
          ]
        }
      ]
    },
    {
      "module": "module.eks.module.eks-cluster",
      "mode": "managed",
      "type": "aws_iam_role_policy_attachment",
      "name": "this",
      "provider": "provider[\"registry.terraform.io/hashicorp/aws\"]",
      "instances": [
        {
          "index_key": "AmazonEKSClusterPolicy",
          "schema_version": 0,
          "attributes": {
            "id": "phdi-playground-dev-cluster-20240214230102436900000001-20240214230103583000000003",
            "policy_arn": "arn:aws:iam::aws:policy/AmazonEKSClusterPolicy",
            "role": "phdi-playground-dev-cluster-20240214230102436900000001"
          },
          "sensitive_attributes": [],
          "private": "bnVsbA==",
          "dependencies": [
            "module.eks.module.eks-cluster.aws_iam_role.this",
            "module.eks.module.eks-cluster.data.aws_iam_policy_document.assume_role_policy",
            "module.eks.module.eks-cluster.data.aws_partition.current"
          ],
          "create_before_destroy": true
        },
        {
          "index_key": "AmazonEKSVPCResourceController",
          "schema_version": 0,
          "attributes": {
            "id": "phdi-playground-dev-cluster-20240214230102436900000001-20240214230103571000000002",
            "policy_arn": "arn:aws:iam::aws:policy/AmazonEKSVPCResourceController",
            "role": "phdi-playground-dev-cluster-20240214230102436900000001"
          },
          "sensitive_attributes": [],
          "private": "bnVsbA==",
          "dependencies": [
            "module.eks.module.eks-cluster.aws_iam_role.this",
            "module.eks.module.eks-cluster.data.aws_iam_policy_document.assume_role_policy",
            "module.eks.module.eks-cluster.data.aws_partition.current"
          ],
          "create_before_destroy": true
        }
      ]
    },
    {
      "module": "module.eks.module.eks-cluster",
      "mode": "managed",
      "type": "aws_security_group",
      "name": "cluster",
      "provider": "provider[\"registry.terraform.io/hashicorp/aws\"]",
      "instances": []
    },
    {
      "module": "module.eks.module.eks-cluster",
      "mode": "managed",
      "type": "aws_security_group",
      "name": "node",
      "provider": "provider[\"registry.terraform.io/hashicorp/aws\"]",
      "instances": []
    },
    {
      "module": "module.eks.module.eks-cluster",
      "mode": "managed",
      "type": "aws_security_group_rule",
      "name": "cluster",
      "provider": "provider[\"registry.terraform.io/hashicorp/aws\"]",
      "instances": []
    },
    {
      "module": "module.eks.module.eks-cluster",
      "mode": "managed",
      "type": "aws_security_group_rule",
      "name": "node",
      "provider": "provider[\"registry.terraform.io/hashicorp/aws\"]",
      "instances": []
    },
    {
      "module": "module.eks.module.eks-cluster",
      "mode": "managed",
      "type": "kubernetes_config_map",
      "name": "aws_auth",
      "provider": "module.eks.provider[\"registry.terraform.io/hashicorp/kubernetes\"]",
      "instances": []
    },
    {
      "module": "module.eks.module.eks-cluster",
      "mode": "managed",
      "type": "kubernetes_config_map_v1_data",
      "name": "aws_auth",
      "provider": "module.eks.provider[\"registry.terraform.io/hashicorp/kubernetes\"]",
      "instances": [
        {
          "index_key": 0,
          "schema_version": 0,
          "attributes": {
            "data": {
              "mapAccounts": "- \"339712971032\"\n",
              "mapRoles": "- \"groups\":\n  - \"system:bootstrappers\"\n  - \"system:nodes\"\n  - \"system:node-proxier\"\n  \"rolearn\": \"arn:aws:iam::339712971032:role/default-20240214230117034900000005\"\n  \"username\": \"system:node:{{SessionName}}\"\n- \"groups\":\n  - \"system:bootstrappers\"\n  - \"system:nodes\"\n  - \"system:node-proxier\"\n  \"rolearn\": \"arn:aws:iam::339712971032:role/karpenter-20240214230116854000000004\"\n  \"username\": \"system:node:{{SessionName}}\"\n- \"groups\":\n  - \"system:bootstrappers\"\n  - \"system:nodes\"\n  - \"system:node-proxier\"\n  \"rolearn\": \"arn:aws:iam::339712971032:role/kube-system-20240214230117052000000006\"\n  \"username\": \"system:node:{{SessionName}}\"\n- \"groups\":\n  - \"system:masters\"\n  \"rolearn\": \"arn:aws:iam::339712971032:role/Developer\"\n  \"username\": \"Developer\"\n- \"groups\":\n  - \"system:bootstrappers\"\n  - \"system:nodes\"\n  \"rolearn\": \"arn:aws:iam::339712971032:role/karpenter-phdi-playground-dev\"\n  \"username\": \"system:node:{{EC2PrivateDNSName}}\"\n",
              "mapUsers": "- \"groups\":\n  - \"system:masters\"\n  \"userarn\": \"arn:aws:iam::339712971032:user/terraform\"\n  \"username\": \"terraform\"\n"
            },
            "field_manager": "Terraform",
            "force": true,
            "id": "kube-system/aws-auth",
            "metadata": [
              {
                "name": "aws-auth",
                "namespace": "kube-system"
              }
            ]
          },
          "sensitive_attributes": [],
          "private": "bnVsbA==",
          "dependencies": [
            "module.eks.data.aws_ecrpublic_authorization_token.token",
            "module.eks.data.aws_eks_cluster_auth.eks",
            "module.eks.module.eks-cluster.aws_cloudwatch_log_group.this",
            "module.eks.module.eks-cluster.aws_eks_cluster.this",
            "module.eks.module.eks-cluster.aws_iam_openid_connect_provider.oidc_provider",
            "module.eks.module.eks-cluster.aws_iam_policy.cni_ipv6_policy",
            "module.eks.module.eks-cluster.aws_iam_role.this",
            "module.eks.module.eks-cluster.aws_iam_role_policy_attachment.this",
            "module.eks.module.eks-cluster.aws_security_group.cluster",
            "module.eks.module.eks-cluster.aws_security_group.node",
            "module.eks.module.eks-cluster.aws_security_group_rule.cluster",
            "module.eks.module.eks-cluster.aws_security_group_rule.node",
            "module.eks.module.eks-cluster.data.aws_caller_identity.current",
            "module.eks.module.eks-cluster.data.aws_iam_policy_document.assume_role_policy",
            "module.eks.module.eks-cluster.data.aws_iam_policy_document.cni_ipv6_policy",
            "module.eks.module.eks-cluster.data.aws_iam_session_context.current",
            "module.eks.module.eks-cluster.data.aws_partition.current",
            "module.eks.module.eks-cluster.data.tls_certificate.this",
            "module.eks.module.eks-cluster.kubernetes_config_map.aws_auth",
            "module.eks.module.eks-cluster.module.eks_managed_node_group.aws_autoscaling_schedule.this",
            "module.eks.module.eks-cluster.module.eks_managed_node_group.aws_eks_node_group.this",
            "module.eks.module.eks-cluster.module.eks_managed_node_group.aws_iam_role.this",
            "module.eks.module.eks-cluster.module.eks_managed_node_group.aws_iam_role_policy_attachment.additional",
            "module.eks.module.eks-cluster.module.eks_managed_node_group.aws_iam_role_policy_attachment.this",
            "module.eks.module.eks-cluster.module.eks_managed_node_group.aws_launch_template.this",
            "module.eks.module.eks-cluster.module.eks_managed_node_group.data.aws_caller_identity.current",
            "module.eks.module.eks-cluster.module.eks_managed_node_group.data.aws_iam_policy_document.assume_role_policy",
            "module.eks.module.eks-cluster.module.eks_managed_node_group.data.aws_partition.current",
            "module.eks.module.eks-cluster.module.eks_managed_node_group.module.user_data.data.cloudinit_config.linux_eks_managed_node_group",
            "module.eks.module.eks-cluster.module.fargate_profile.aws_eks_fargate_profile.this",
            "module.eks.module.eks-cluster.module.fargate_profile.aws_iam_role.this",
            "module.eks.module.eks-cluster.module.fargate_profile.aws_iam_role_policy_attachment.additional",
            "module.eks.module.eks-cluster.module.fargate_profile.aws_iam_role_policy_attachment.this",
            "module.eks.module.eks-cluster.module.fargate_profile.data.aws_caller_identity.current",
            "module.eks.module.eks-cluster.module.fargate_profile.data.aws_iam_policy_document.assume_role_policy",
            "module.eks.module.eks-cluster.module.fargate_profile.data.aws_partition.current",
            "module.eks.module.eks-cluster.module.kms.aws_kms_external_key.this",
            "module.eks.module.eks-cluster.module.kms.aws_kms_key.this",
            "module.eks.module.eks-cluster.module.kms.aws_kms_replica_external_key.this",
            "module.eks.module.eks-cluster.module.kms.aws_kms_replica_key.this",
            "module.eks.module.eks-cluster.module.kms.data.aws_caller_identity.current",
            "module.eks.module.eks-cluster.module.kms.data.aws_iam_policy_document.this",
            "module.eks.module.eks-cluster.module.kms.data.aws_partition.current",
            "module.eks.module.eks-cluster.module.self_managed_node_group.aws_autoscaling_group.this",
            "module.eks.module.eks-cluster.module.self_managed_node_group.aws_autoscaling_schedule.this",
            "module.eks.module.eks-cluster.module.self_managed_node_group.aws_iam_instance_profile.this",
            "module.eks.module.eks-cluster.module.self_managed_node_group.aws_iam_role.this",
            "module.eks.module.eks-cluster.module.self_managed_node_group.aws_iam_role_policy_attachment.additional",
            "module.eks.module.eks-cluster.module.self_managed_node_group.aws_iam_role_policy_attachment.this",
            "module.eks.module.eks-cluster.module.self_managed_node_group.aws_launch_template.this",
            "module.eks.module.eks-cluster.module.self_managed_node_group.data.aws_ami.eks_default",
            "module.eks.module.eks-cluster.module.self_managed_node_group.data.aws_caller_identity.current",
            "module.eks.module.eks-cluster.module.self_managed_node_group.data.aws_iam_policy_document.assume_role_policy",
            "module.eks.module.eks-cluster.module.self_managed_node_group.data.aws_partition.current",
            "module.eks.module.eks-cluster.module.self_managed_node_group.module.user_data.data.cloudinit_config.linux_eks_managed_node_group",
            "module.eks.module.eks-cluster.time_sleep.this",
            "module.eks.module.eks_blueprints_addons.aws_iam_instance_profile.karpenter",
            "module.eks.module.eks_blueprints_addons.aws_iam_role.karpenter",
            "module.eks.module.eks_blueprints_addons.data.aws_caller_identity.current",
            "module.eks.module.eks_blueprints_addons.data.aws_iam_policy_document.karpenter",
            "module.eks.module.eks_blueprints_addons.data.aws_iam_policy_document.karpenter_assume_role",
            "module.eks.module.eks_blueprints_addons.data.aws_partition.current",
            "module.eks.module.eks_blueprints_addons.data.aws_region.current",
            "module.eks.module.eks_blueprints_addons.module.karpenter.aws_iam_policy.this",
            "module.eks.module.eks_blueprints_addons.module.karpenter.aws_iam_role.this",
            "module.eks.module.eks_blueprints_addons.module.karpenter.aws_iam_role_policy_attachment.additional",
            "module.eks.module.eks_blueprints_addons.module.karpenter.aws_iam_role_policy_attachment.this",
            "module.eks.module.eks_blueprints_addons.module.karpenter.data.aws_caller_identity.current",
            "module.eks.module.eks_blueprints_addons.module.karpenter.data.aws_iam_policy_document.assume",
            "module.eks.module.eks_blueprints_addons.module.karpenter.data.aws_iam_policy_document.this",
            "module.eks.module.eks_blueprints_addons.module.karpenter.data.aws_partition.current",
            "module.eks.module.eks_blueprints_addons.module.karpenter.helm_release.this",
            "module.eks.module.eks_blueprints_addons.module.karpenter_sqs.aws_sqs_queue.dlq",
            "module.eks.module.eks_blueprints_addons.module.karpenter_sqs.aws_sqs_queue.this",
            "module.eks.module.eks_blueprints_addons.module.karpenter_sqs.aws_sqs_queue_policy.dlq",
            "module.eks.module.eks_blueprints_addons.module.karpenter_sqs.aws_sqs_queue_policy.this",
            "module.eks.module.eks_blueprints_addons.module.karpenter_sqs.aws_sqs_queue_redrive_allow_policy.dlq",
            "module.eks.module.eks_blueprints_addons.module.karpenter_sqs.aws_sqs_queue_redrive_allow_policy.this",
            "module.eks.module.eks_blueprints_addons.module.karpenter_sqs.aws_sqs_queue_redrive_policy.dlq",
            "module.eks.module.eks_blueprints_addons.module.karpenter_sqs.aws_sqs_queue_redrive_policy.this",
            "module.eks.module.eks_blueprints_addons.module.karpenter_sqs.data.aws_iam_policy_document.dlq",
            "module.eks.module.eks_blueprints_addons.module.karpenter_sqs.data.aws_iam_policy_document.this",
            "module.eks.module.eks_blueprints_addons.time_sleep.this",
            "module.vpc.aws_subnet.private",
            "module.vpc.aws_subnet.public",
            "module.vpc.aws_vpc.this",
            "module.vpc.aws_vpc_ipv4_cidr_block_association.this"
          ]
        }
      ]
    },
    {
      "module": "module.eks.module.eks-cluster",
      "mode": "managed",
      "type": "time_sleep",
      "name": "this",
      "provider": "provider[\"registry.terraform.io/hashicorp/time\"]",
      "instances": [
        {
          "index_key": 0,
          "schema_version": 0,
          "attributes": {
            "create_duration": "30s",
            "destroy_duration": null,
            "id": "2024-02-14T23:11:30Z",
            "triggers": {
              "cluster_certificate_authority_data": "LS0tLS1CRUdJTiBDRVJUSUZJQ0FURS0tLS0tCk1JSURCVENDQWUyZ0F3SUJBZ0lJTXVSOW1qTVB6UzR3RFFZSktvWklodmNOQVFFTEJRQXdGVEVUTUJFR0ExVUUKQXhNS2EzVmlaWEp1WlhSbGN6QWVGdzB5TkRBeU1UUXlNekF4TXpsYUZ3MHpOREF5TVRFeU16QTJNemxhTUJVeApFekFSQmdOVkJBTVRDbXQxWW1WeWJtVjBaWE13Z2dFaU1BMEdDU3FHU0liM0RRRUJBUVVBQTRJQkR3QXdnZ0VLCkFvSUJBUUN5SjFlOVdRRys0MHlKMjhyd3pPOFlFTC9wemJBcHcxc3hrZ0tiZjJvWVFJTmt4TEM0c3VGN2F4UjUKTzNScFNnaG16NU1FTG0vSkdVckcvc1phVEhCd1J0Z1FLMUgzQWFUM2hLZzJUTTBOQWk3MVl6dEpBOVAwTjhtWgpmbmhMSWlKYlFBWlVVaWUrUTRrTkI2Mkc1c3YyY2VwVGZ2VzNjenVlazFJcTI4RFk4OW9BVE9WcnVHM21PdHFwCnEyVXJLcDNpb3lZa05UVjJMRThmc2JiQk12T2tUZ0V3WHA5cXpKRUdYMkVuM2JVZmRZaXVMN0cwMTFjVVF0SG0KamNmNHVUcS9HeGVUdkZLZnhNeHFIZ04wdVBWRFhkeUUwL2hVN1ZIVnEvRi9DOEJCTjVkOExUN3ZGaVRDWnNMRgprcEVGR2RidGJzeE4vU1FjYzVCZUl3OTVhKzRCQWdNQkFBR2pXVEJYTUE0R0ExVWREd0VCL3dRRUF3SUNwREFQCkJnTlZIUk1CQWY4RUJUQURBUUgvTUIwR0ExVWREZ1FXQkJTbFlNMWxlKzVsVEtkNHpzNkpSMzYxSlNBdVlqQVYKQmdOVkhSRUVEakFNZ2dwcmRXSmxjbTVsZEdWek1BMEdDU3FHU0liM0RRRUJDd1VBQTRJQkFRQU5xUktuSmJEVApQTnJpYm5leTFPSnRUWlMwc1BDNjE5S3cyZTFYbGpOOEpUbkFxOC9Rd0JMVG1IOEp6RlNGYUJVczd1WUczdER2CjBmZWw5bUYzWXFtZ2x2aG1FS2J0RWJqMzYxWjlEOXBqQ2JINnFWTWtsVHF2QUJqV3FYWG9yd0dFcWEvdFBnWngKL3lubm1Id2FISnhhTkpXc3U4TGtHZGxvRE1lTmxqL2tFWHAvTkp6dEJTd1F3enc4Z0d0c2FnaFhXQXBOc0Y4bAp0ckVrOWh5ZlVXWG9seVV1aUErbUdqNmN1eERqRlVKMkFCVWlLdER3eUR5NFdNeFpWdmZjREF0UHg0RnJZd0lmCmM5Uk5FRDVVMVFUUzM4dHBpSWpTSG5zc3M3dzN0MStWN0VQKzVBSFlFckFiWnJ4dnVIRWloLy83SmoxVWVnU1kKbThxNW80YytITlJuCi0tLS0tRU5EIENFUlRJRklDQVRFLS0tLS0K",
              "cluster_endpoint": "https://FD74D748539038C56F947D4FE2130D33.gr7.us-east-1.eks.amazonaws.com",
              "cluster_name": "phdi-playground-dev",
              "cluster_version": "1.29"
            }
          },
          "sensitive_attributes": [],
          "dependencies": [
            "module.eks.module.eks-cluster.aws_cloudwatch_log_group.this",
            "module.eks.module.eks-cluster.aws_eks_cluster.this",
            "module.eks.module.eks-cluster.aws_iam_policy.cni_ipv6_policy",
            "module.eks.module.eks-cluster.aws_iam_role.this",
            "module.eks.module.eks-cluster.aws_iam_role_policy_attachment.this",
            "module.eks.module.eks-cluster.aws_security_group.cluster",
            "module.eks.module.eks-cluster.aws_security_group.node",
            "module.eks.module.eks-cluster.aws_security_group_rule.cluster",
            "module.eks.module.eks-cluster.aws_security_group_rule.node",
            "module.eks.module.eks-cluster.data.aws_caller_identity.current",
            "module.eks.module.eks-cluster.data.aws_iam_policy_document.assume_role_policy",
            "module.eks.module.eks-cluster.data.aws_iam_policy_document.cni_ipv6_policy",
            "module.eks.module.eks-cluster.data.aws_iam_session_context.current",
            "module.eks.module.eks-cluster.data.aws_partition.current",
            "module.eks.module.eks-cluster.module.kms.aws_kms_external_key.this",
            "module.eks.module.eks-cluster.module.kms.aws_kms_key.this",
            "module.eks.module.eks-cluster.module.kms.aws_kms_replica_external_key.this",
            "module.eks.module.eks-cluster.module.kms.aws_kms_replica_key.this",
            "module.eks.module.eks-cluster.module.kms.data.aws_caller_identity.current",
            "module.eks.module.eks-cluster.module.kms.data.aws_iam_policy_document.this",
            "module.eks.module.eks-cluster.module.kms.data.aws_partition.current",
            "module.vpc.aws_subnet.private",
            "module.vpc.aws_subnet.public",
            "module.vpc.aws_vpc.this",
            "module.vpc.aws_vpc_ipv4_cidr_block_association.this"
          ],
          "create_before_destroy": true
        }
      ]
    },
    {
      "module": "module.eks.module.eks-cluster.module.fargate_profile[\"default\"]",
      "mode": "data",
      "type": "aws_caller_identity",
      "name": "current",
      "provider": "provider[\"registry.terraform.io/hashicorp/aws\"]",
      "instances": [
        {
          "schema_version": 0,
          "attributes": {
            "account_id": "339712971032",
            "arn": "arn:aws:iam::339712971032:user/terraform",
            "id": "339712971032",
            "user_id": "AIDAU6GDYSEMFFKJODROY"
          },
          "sensitive_attributes": []
        }
      ]
    },
    {
      "module": "module.eks.module.eks-cluster.module.fargate_profile[\"default\"]",
      "mode": "data",
      "type": "aws_iam_policy_document",
      "name": "assume_role_policy",
      "provider": "provider[\"registry.terraform.io/hashicorp/aws\"]",
      "instances": [
        {
          "index_key": 0,
          "schema_version": 0,
          "attributes": {
            "id": "3016102342",
            "json": "{\n  \"Version\": \"2012-10-17\",\n  \"Statement\": [\n    {\n      \"Effect\": \"Allow\",\n      \"Action\": \"sts:AssumeRole\",\n      \"Principal\": {\n        \"Service\": \"eks-fargate-pods.amazonaws.com\"\n      }\n    }\n  ]\n}",
            "override_policy_documents": null,
            "policy_id": null,
            "source_policy_documents": null,
            "statement": [
              {
                "actions": [
                  "sts:AssumeRole"
                ],
                "condition": [],
                "effect": "Allow",
                "not_actions": [],
                "not_principals": [],
                "not_resources": [],
                "principals": [
                  {
                    "identifiers": [
                      "eks-fargate-pods.amazonaws.com"
                    ],
                    "type": "Service"
                  }
                ],
                "resources": [],
                "sid": ""
              }
            ],
            "version": "2012-10-17"
          },
          "sensitive_attributes": []
        }
      ]
    },
    {
      "module": "module.eks.module.eks-cluster.module.fargate_profile[\"default\"]",
      "mode": "data",
      "type": "aws_partition",
      "name": "current",
      "provider": "provider[\"registry.terraform.io/hashicorp/aws\"]",
      "instances": [
        {
          "schema_version": 0,
          "attributes": {
            "dns_suffix": "amazonaws.com",
            "id": "aws",
            "partition": "aws",
            "reverse_dns_prefix": "com.amazonaws"
          },
          "sensitive_attributes": []
        }
      ]
    },
    {
      "module": "module.eks.module.eks-cluster.module.fargate_profile[\"default\"]",
      "mode": "managed",
      "type": "aws_eks_fargate_profile",
      "name": "this",
      "provider": "provider[\"registry.terraform.io/hashicorp/aws\"]",
      "instances": [
        {
          "index_key": 0,
          "schema_version": 0,
          "attributes": {
            "arn": "arn:aws:eks:us-east-1:339712971032:fargateprofile/phdi-playground-dev/default/7ac6d4f1-dd6e-1dc6-8808-f4c4d290e275",
            "cluster_name": "phdi-playground-dev",
            "fargate_profile_name": "default",
            "id": "phdi-playground-dev:default",
            "pod_execution_role_arn": "arn:aws:iam::339712971032:role/default-20240214230117034900000005",
            "selector": [
              {
                "labels": {},
                "namespace": "default"
              }
            ],
            "status": "ACTIVE",
            "subnet_ids": [
              "subnet-0a1ab89a7bc3b277d",
              "subnet-0a5d3711377dc6c17"
            ],
            "tags": {
              "karpenter.sh/discovery": "phdi-playground-dev"
            },
            "tags_all": {
              "Environment": "dev",
              "Owner": "Skylight",
              "karpenter.sh/discovery": "phdi-playground-dev"
            },
            "timeouts": {
              "create": null,
              "delete": null
            }
          },
          "sensitive_attributes": [],
          "private": "eyJlMmJmYjczMC1lY2FhLTExZTYtOGY4OC0zNDM2M2JjN2M0YzAiOnsiY3JlYXRlIjo2MDAwMDAwMDAwMDAsImRlbGV0ZSI6NjAwMDAwMDAwMDAwfX0=",
          "dependencies": [
            "module.eks.module.eks-cluster.aws_cloudwatch_log_group.this",
            "module.eks.module.eks-cluster.aws_eks_cluster.this",
            "module.eks.module.eks-cluster.aws_iam_policy.cni_ipv6_policy",
            "module.eks.module.eks-cluster.aws_iam_role.this",
            "module.eks.module.eks-cluster.aws_iam_role_policy_attachment.this",
            "module.eks.module.eks-cluster.aws_security_group.cluster",
            "module.eks.module.eks-cluster.aws_security_group.node",
            "module.eks.module.eks-cluster.aws_security_group_rule.cluster",
            "module.eks.module.eks-cluster.aws_security_group_rule.node",
            "module.eks.module.eks-cluster.data.aws_caller_identity.current",
            "module.eks.module.eks-cluster.data.aws_iam_policy_document.assume_role_policy",
            "module.eks.module.eks-cluster.data.aws_iam_policy_document.cni_ipv6_policy",
            "module.eks.module.eks-cluster.data.aws_iam_session_context.current",
            "module.eks.module.eks-cluster.data.aws_partition.current",
            "module.eks.module.eks-cluster.module.fargate_profile.aws_iam_role.this",
            "module.eks.module.eks-cluster.module.fargate_profile.data.aws_iam_policy_document.assume_role_policy",
            "module.eks.module.eks-cluster.module.kms.aws_kms_external_key.this",
            "module.eks.module.eks-cluster.module.kms.aws_kms_key.this",
            "module.eks.module.eks-cluster.module.kms.aws_kms_replica_external_key.this",
            "module.eks.module.eks-cluster.module.kms.aws_kms_replica_key.this",
            "module.eks.module.eks-cluster.module.kms.data.aws_caller_identity.current",
            "module.eks.module.eks-cluster.module.kms.data.aws_iam_policy_document.this",
            "module.eks.module.eks-cluster.module.kms.data.aws_partition.current",
            "module.eks.module.eks-cluster.time_sleep.this",
            "module.vpc.aws_subnet.private",
            "module.vpc.aws_subnet.public",
            "module.vpc.aws_vpc.this",
            "module.vpc.aws_vpc_ipv4_cidr_block_association.this"
          ]
        }
      ]
    },
    {
      "module": "module.eks.module.eks-cluster.module.fargate_profile[\"default\"]",
      "mode": "managed",
      "type": "aws_iam_role",
      "name": "this",
      "provider": "provider[\"registry.terraform.io/hashicorp/aws\"]",
      "instances": [
        {
          "index_key": 0,
          "schema_version": 0,
          "attributes": {
            "arn": "arn:aws:iam::339712971032:role/default-20240214230117034900000005",
            "assume_role_policy": "{\"Statement\":[{\"Action\":\"sts:AssumeRole\",\"Effect\":\"Allow\",\"Principal\":{\"Service\":\"eks-fargate-pods.amazonaws.com\"}}],\"Version\":\"2012-10-17\"}",
            "create_date": "2024-02-14T23:01:17Z",
            "description": "Fargate profile IAM role",
            "force_detach_policies": true,
            "id": "default-20240214230117034900000005",
            "inline_policy": [],
            "managed_policy_arns": [
              "arn:aws:iam::aws:policy/AmazonEKSFargatePodExecutionRolePolicy",
              "arn:aws:iam::aws:policy/AmazonEKS_CNI_Policy"
            ],
            "max_session_duration": 3600,
            "name": "default-20240214230117034900000005",
            "name_prefix": "default-",
            "path": "/",
            "permissions_boundary": "",
            "tags": {
              "karpenter.sh/discovery": "phdi-playground-dev"
            },
            "tags_all": {
              "Environment": "dev",
              "Owner": "Skylight",
              "karpenter.sh/discovery": "phdi-playground-dev"
            },
            "unique_id": "AROAU6GDYSEMHOOA5KWHG"
          },
          "sensitive_attributes": [],
          "private": "bnVsbA==",
          "dependencies": [
            "module.eks.module.eks-cluster.module.fargate_profile.data.aws_iam_policy_document.assume_role_policy",
            "module.vpc.aws_subnet.private",
            "module.vpc.aws_vpc.this",
            "module.vpc.aws_vpc_ipv4_cidr_block_association.this"
          ]
        }
      ]
    },
    {
      "module": "module.eks.module.eks-cluster.module.fargate_profile[\"default\"]",
      "mode": "managed",
      "type": "aws_iam_role_policy_attachment",
      "name": "this",
      "provider": "provider[\"registry.terraform.io/hashicorp/aws\"]",
      "instances": [
        {
          "index_key": "arn:aws:iam::aws:policy/AmazonEKSFargatePodExecutionRolePolicy",
          "schema_version": 0,
          "attributes": {
            "id": "default-20240214230117034900000005-2024021423011777920000000a",
            "policy_arn": "arn:aws:iam::aws:policy/AmazonEKSFargatePodExecutionRolePolicy",
            "role": "default-20240214230117034900000005"
          },
          "sensitive_attributes": [],
          "private": "bnVsbA==",
          "dependencies": [
            "module.eks.module.eks-cluster.module.fargate_profile.aws_iam_role.this",
            "module.eks.module.eks-cluster.module.fargate_profile.data.aws_caller_identity.current",
            "module.eks.module.eks-cluster.module.fargate_profile.data.aws_iam_policy_document.assume_role_policy",
            "module.eks.module.eks-cluster.module.fargate_profile.data.aws_partition.current",
            "module.vpc.aws_subnet.private",
            "module.vpc.aws_vpc.this",
            "module.vpc.aws_vpc_ipv4_cidr_block_association.this"
          ]
        },
        {
          "index_key": "arn:aws:iam::aws:policy/AmazonEKS_CNI_Policy",
          "schema_version": 0,
          "attributes": {
            "id": "default-20240214230117034900000005-2024021423011793710000000d",
            "policy_arn": "arn:aws:iam::aws:policy/AmazonEKS_CNI_Policy",
            "role": "default-20240214230117034900000005"
          },
          "sensitive_attributes": [],
          "private": "bnVsbA==",
          "dependencies": [
            "module.eks.module.eks-cluster.module.fargate_profile.aws_iam_role.this",
            "module.eks.module.eks-cluster.module.fargate_profile.data.aws_caller_identity.current",
            "module.eks.module.eks-cluster.module.fargate_profile.data.aws_iam_policy_document.assume_role_policy",
            "module.eks.module.eks-cluster.module.fargate_profile.data.aws_partition.current",
            "module.vpc.aws_subnet.private",
            "module.vpc.aws_vpc.this",
            "module.vpc.aws_vpc_ipv4_cidr_block_association.this"
          ]
        }
      ]
    },
    {
      "module": "module.eks.module.eks-cluster.module.fargate_profile[\"karpenter\"]",
      "mode": "data",
      "type": "aws_caller_identity",
      "name": "current",
      "provider": "provider[\"registry.terraform.io/hashicorp/aws\"]",
      "instances": [
        {
          "schema_version": 0,
          "attributes": {
            "account_id": "339712971032",
            "arn": "arn:aws:iam::339712971032:user/terraform",
            "id": "339712971032",
            "user_id": "AIDAU6GDYSEMFFKJODROY"
          },
          "sensitive_attributes": []
        }
      ]
    },
    {
      "module": "module.eks.module.eks-cluster.module.fargate_profile[\"karpenter\"]",
      "mode": "data",
      "type": "aws_iam_policy_document",
      "name": "assume_role_policy",
      "provider": "provider[\"registry.terraform.io/hashicorp/aws\"]",
      "instances": [
        {
          "index_key": 0,
          "schema_version": 0,
          "attributes": {
            "id": "3016102342",
            "json": "{\n  \"Version\": \"2012-10-17\",\n  \"Statement\": [\n    {\n      \"Effect\": \"Allow\",\n      \"Action\": \"sts:AssumeRole\",\n      \"Principal\": {\n        \"Service\": \"eks-fargate-pods.amazonaws.com\"\n      }\n    }\n  ]\n}",
            "override_policy_documents": null,
            "policy_id": null,
            "source_policy_documents": null,
            "statement": [
              {
                "actions": [
                  "sts:AssumeRole"
                ],
                "condition": [],
                "effect": "Allow",
                "not_actions": [],
                "not_principals": [],
                "not_resources": [],
                "principals": [
                  {
                    "identifiers": [
                      "eks-fargate-pods.amazonaws.com"
                    ],
                    "type": "Service"
                  }
                ],
                "resources": [],
                "sid": ""
              }
            ],
            "version": "2012-10-17"
          },
          "sensitive_attributes": []
        }
      ]
    },
    {
      "module": "module.eks.module.eks-cluster.module.fargate_profile[\"karpenter\"]",
      "mode": "data",
      "type": "aws_partition",
      "name": "current",
      "provider": "provider[\"registry.terraform.io/hashicorp/aws\"]",
      "instances": [
        {
          "schema_version": 0,
          "attributes": {
            "dns_suffix": "amazonaws.com",
            "id": "aws",
            "partition": "aws",
            "reverse_dns_prefix": "com.amazonaws"
          },
          "sensitive_attributes": []
        }
      ]
    },
    {
      "module": "module.eks.module.eks-cluster.module.fargate_profile[\"karpenter\"]",
      "mode": "managed",
      "type": "aws_eks_fargate_profile",
      "name": "this",
      "provider": "provider[\"registry.terraform.io/hashicorp/aws\"]",
      "instances": [
        {
          "index_key": 0,
          "schema_version": 0,
          "attributes": {
            "arn": "arn:aws:eks:us-east-1:339712971032:fargateprofile/phdi-playground-dev/karpenter/b6c6d4f3-1d93-0954-6489-5daa02a2e1b8",
            "cluster_name": "phdi-playground-dev",
            "fargate_profile_name": "karpenter",
            "id": "phdi-playground-dev:karpenter",
            "pod_execution_role_arn": "arn:aws:iam::339712971032:role/karpenter-20240214230116854000000004",
            "selector": [
              {
                "labels": {},
                "namespace": "karpenter"
              }
            ],
            "status": "ACTIVE",
            "subnet_ids": [
              "subnet-0a1ab89a7bc3b277d",
              "subnet-0a5d3711377dc6c17"
            ],
            "tags": {
              "karpenter.sh/discovery": "phdi-playground-dev"
            },
            "tags_all": {
              "Environment": "dev",
              "Owner": "Skylight",
              "karpenter.sh/discovery": "phdi-playground-dev"
            },
            "timeouts": {
              "create": null,
              "delete": null
            }
          },
          "sensitive_attributes": [],
          "private": "eyJlMmJmYjczMC1lY2FhLTExZTYtOGY4OC0zNDM2M2JjN2M0YzAiOnsiY3JlYXRlIjo2MDAwMDAwMDAwMDAsImRlbGV0ZSI6NjAwMDAwMDAwMDAwfX0=",
          "dependencies": [
            "module.eks.module.eks-cluster.aws_cloudwatch_log_group.this",
            "module.eks.module.eks-cluster.aws_eks_cluster.this",
            "module.eks.module.eks-cluster.aws_iam_policy.cni_ipv6_policy",
            "module.eks.module.eks-cluster.aws_iam_role.this",
            "module.eks.module.eks-cluster.aws_iam_role_policy_attachment.this",
            "module.eks.module.eks-cluster.aws_security_group.cluster",
            "module.eks.module.eks-cluster.aws_security_group.node",
            "module.eks.module.eks-cluster.aws_security_group_rule.cluster",
            "module.eks.module.eks-cluster.aws_security_group_rule.node",
            "module.eks.module.eks-cluster.data.aws_caller_identity.current",
            "module.eks.module.eks-cluster.data.aws_iam_policy_document.assume_role_policy",
            "module.eks.module.eks-cluster.data.aws_iam_policy_document.cni_ipv6_policy",
            "module.eks.module.eks-cluster.data.aws_iam_session_context.current",
            "module.eks.module.eks-cluster.data.aws_partition.current",
            "module.eks.module.eks-cluster.module.fargate_profile.aws_iam_role.this",
            "module.eks.module.eks-cluster.module.fargate_profile.data.aws_iam_policy_document.assume_role_policy",
            "module.eks.module.eks-cluster.module.kms.aws_kms_external_key.this",
            "module.eks.module.eks-cluster.module.kms.aws_kms_key.this",
            "module.eks.module.eks-cluster.module.kms.aws_kms_replica_external_key.this",
            "module.eks.module.eks-cluster.module.kms.aws_kms_replica_key.this",
            "module.eks.module.eks-cluster.module.kms.data.aws_caller_identity.current",
            "module.eks.module.eks-cluster.module.kms.data.aws_iam_policy_document.this",
            "module.eks.module.eks-cluster.module.kms.data.aws_partition.current",
            "module.eks.module.eks-cluster.time_sleep.this",
            "module.vpc.aws_subnet.private",
            "module.vpc.aws_subnet.public",
            "module.vpc.aws_vpc.this",
            "module.vpc.aws_vpc_ipv4_cidr_block_association.this"
          ]
        }
      ]
    },
    {
      "module": "module.eks.module.eks-cluster.module.fargate_profile[\"karpenter\"]",
      "mode": "managed",
      "type": "aws_iam_role",
      "name": "this",
      "provider": "provider[\"registry.terraform.io/hashicorp/aws\"]",
      "instances": [
        {
          "index_key": 0,
          "schema_version": 0,
          "attributes": {
            "arn": "arn:aws:iam::339712971032:role/karpenter-20240214230116854000000004",
            "assume_role_policy": "{\"Statement\":[{\"Action\":\"sts:AssumeRole\",\"Effect\":\"Allow\",\"Principal\":{\"Service\":\"eks-fargate-pods.amazonaws.com\"}}],\"Version\":\"2012-10-17\"}",
            "create_date": "2024-02-14T23:01:16Z",
            "description": "Fargate profile IAM role",
            "force_detach_policies": true,
            "id": "karpenter-20240214230116854000000004",
            "inline_policy": [],
            "managed_policy_arns": [
              "arn:aws:iam::aws:policy/AmazonEKSFargatePodExecutionRolePolicy",
              "arn:aws:iam::aws:policy/AmazonEKS_CNI_Policy"
            ],
            "max_session_duration": 3600,
            "name": "karpenter-20240214230116854000000004",
            "name_prefix": "karpenter-",
            "path": "/",
            "permissions_boundary": "",
            "tags": {
              "karpenter.sh/discovery": "phdi-playground-dev"
            },
            "tags_all": {
              "Environment": "dev",
              "Owner": "Skylight",
              "karpenter.sh/discovery": "phdi-playground-dev"
            },
            "unique_id": "AROAU6GDYSEMKOH2KGVPR"
          },
          "sensitive_attributes": [],
          "private": "bnVsbA==",
          "dependencies": [
            "module.eks.module.eks-cluster.module.fargate_profile.data.aws_iam_policy_document.assume_role_policy",
            "module.vpc.aws_subnet.private",
            "module.vpc.aws_vpc.this",
            "module.vpc.aws_vpc_ipv4_cidr_block_association.this"
          ]
        }
      ]
    },
    {
      "module": "module.eks.module.eks-cluster.module.fargate_profile[\"karpenter\"]",
      "mode": "managed",
      "type": "aws_iam_role_policy_attachment",
      "name": "this",
      "provider": "provider[\"registry.terraform.io/hashicorp/aws\"]",
      "instances": [
        {
          "index_key": "arn:aws:iam::aws:policy/AmazonEKSFargatePodExecutionRolePolicy",
          "schema_version": 0,
          "attributes": {
            "id": "karpenter-20240214230116854000000004-20240214230117777800000008",
            "policy_arn": "arn:aws:iam::aws:policy/AmazonEKSFargatePodExecutionRolePolicy",
            "role": "karpenter-20240214230116854000000004"
          },
          "sensitive_attributes": [],
          "private": "bnVsbA==",
          "dependencies": [
            "module.eks.module.eks-cluster.module.fargate_profile.aws_iam_role.this",
            "module.eks.module.eks-cluster.module.fargate_profile.data.aws_caller_identity.current",
            "module.eks.module.eks-cluster.module.fargate_profile.data.aws_iam_policy_document.assume_role_policy",
            "module.eks.module.eks-cluster.module.fargate_profile.data.aws_partition.current",
            "module.vpc.aws_subnet.private",
            "module.vpc.aws_vpc.this",
            "module.vpc.aws_vpc_ipv4_cidr_block_association.this"
          ]
        },
        {
          "index_key": "arn:aws:iam::aws:policy/AmazonEKS_CNI_Policy",
          "schema_version": 0,
          "attributes": {
            "id": "karpenter-20240214230116854000000004-2024021423011784190000000c",
            "policy_arn": "arn:aws:iam::aws:policy/AmazonEKS_CNI_Policy",
            "role": "karpenter-20240214230116854000000004"
          },
          "sensitive_attributes": [],
          "private": "bnVsbA==",
          "dependencies": [
            "module.eks.module.eks-cluster.module.fargate_profile.aws_iam_role.this",
            "module.eks.module.eks-cluster.module.fargate_profile.data.aws_caller_identity.current",
            "module.eks.module.eks-cluster.module.fargate_profile.data.aws_iam_policy_document.assume_role_policy",
            "module.eks.module.eks-cluster.module.fargate_profile.data.aws_partition.current",
            "module.vpc.aws_subnet.private",
            "module.vpc.aws_vpc.this",
            "module.vpc.aws_vpc_ipv4_cidr_block_association.this"
          ]
        }
      ]
    },
    {
      "module": "module.eks.module.eks-cluster.module.fargate_profile[\"kube_system\"]",
      "mode": "data",
      "type": "aws_caller_identity",
      "name": "current",
      "provider": "provider[\"registry.terraform.io/hashicorp/aws\"]",
      "instances": [
        {
          "schema_version": 0,
          "attributes": {
            "account_id": "339712971032",
            "arn": "arn:aws:iam::339712971032:user/terraform",
            "id": "339712971032",
            "user_id": "AIDAU6GDYSEMFFKJODROY"
          },
          "sensitive_attributes": []
        }
      ]
    },
    {
      "module": "module.eks.module.eks-cluster.module.fargate_profile[\"kube_system\"]",
      "mode": "data",
      "type": "aws_iam_policy_document",
      "name": "assume_role_policy",
      "provider": "provider[\"registry.terraform.io/hashicorp/aws\"]",
      "instances": [
        {
          "index_key": 0,
          "schema_version": 0,
          "attributes": {
            "id": "3016102342",
            "json": "{\n  \"Version\": \"2012-10-17\",\n  \"Statement\": [\n    {\n      \"Effect\": \"Allow\",\n      \"Action\": \"sts:AssumeRole\",\n      \"Principal\": {\n        \"Service\": \"eks-fargate-pods.amazonaws.com\"\n      }\n    }\n  ]\n}",
            "override_policy_documents": null,
            "policy_id": null,
            "source_policy_documents": null,
            "statement": [
              {
                "actions": [
                  "sts:AssumeRole"
                ],
                "condition": [],
                "effect": "Allow",
                "not_actions": [],
                "not_principals": [],
                "not_resources": [],
                "principals": [
                  {
                    "identifiers": [
                      "eks-fargate-pods.amazonaws.com"
                    ],
                    "type": "Service"
                  }
                ],
                "resources": [],
                "sid": ""
              }
            ],
            "version": "2012-10-17"
          },
          "sensitive_attributes": []
        }
      ]
    },
    {
      "module": "module.eks.module.eks-cluster.module.fargate_profile[\"kube_system\"]",
      "mode": "data",
      "type": "aws_partition",
      "name": "current",
      "provider": "provider[\"registry.terraform.io/hashicorp/aws\"]",
      "instances": [
        {
          "schema_version": 0,
          "attributes": {
            "dns_suffix": "amazonaws.com",
            "id": "aws",
            "partition": "aws",
            "reverse_dns_prefix": "com.amazonaws"
          },
          "sensitive_attributes": []
        }
      ]
    },
    {
      "module": "module.eks.module.eks-cluster.module.fargate_profile[\"kube_system\"]",
      "mode": "managed",
      "type": "aws_eks_fargate_profile",
      "name": "this",
      "provider": "provider[\"registry.terraform.io/hashicorp/aws\"]",
      "instances": [
        {
          "index_key": 0,
          "schema_version": 0,
          "attributes": {
            "arn": "arn:aws:eks:us-east-1:339712971032:fargateprofile/phdi-playground-dev/kube-system/e6c6d4f2-ff76-9114-c0d8-e34dd7b2bc9d",
            "cluster_name": "phdi-playground-dev",
            "fargate_profile_name": "kube-system",
            "id": "phdi-playground-dev:kube-system",
            "pod_execution_role_arn": "arn:aws:iam::339712971032:role/kube-system-20240214230117052000000006",
            "selector": [
              {
                "labels": {},
                "namespace": "kube-system"
              }
            ],
            "status": "ACTIVE",
            "subnet_ids": [
              "subnet-0a1ab89a7bc3b277d",
              "subnet-0a5d3711377dc6c17"
            ],
            "tags": {
              "karpenter.sh/discovery": "phdi-playground-dev"
            },
            "tags_all": {
              "Environment": "dev",
              "Owner": "Skylight",
              "karpenter.sh/discovery": "phdi-playground-dev"
            },
            "timeouts": {
              "create": null,
              "delete": null
            }
          },
          "sensitive_attributes": [],
          "private": "eyJlMmJmYjczMC1lY2FhLTExZTYtOGY4OC0zNDM2M2JjN2M0YzAiOnsiY3JlYXRlIjo2MDAwMDAwMDAwMDAsImRlbGV0ZSI6NjAwMDAwMDAwMDAwfX0=",
          "dependencies": [
            "module.eks.module.eks-cluster.aws_cloudwatch_log_group.this",
            "module.eks.module.eks-cluster.aws_eks_cluster.this",
            "module.eks.module.eks-cluster.aws_iam_policy.cni_ipv6_policy",
            "module.eks.module.eks-cluster.aws_iam_role.this",
            "module.eks.module.eks-cluster.aws_iam_role_policy_attachment.this",
            "module.eks.module.eks-cluster.aws_security_group.cluster",
            "module.eks.module.eks-cluster.aws_security_group.node",
            "module.eks.module.eks-cluster.aws_security_group_rule.cluster",
            "module.eks.module.eks-cluster.aws_security_group_rule.node",
            "module.eks.module.eks-cluster.data.aws_caller_identity.current",
            "module.eks.module.eks-cluster.data.aws_iam_policy_document.assume_role_policy",
            "module.eks.module.eks-cluster.data.aws_iam_policy_document.cni_ipv6_policy",
            "module.eks.module.eks-cluster.data.aws_iam_session_context.current",
            "module.eks.module.eks-cluster.data.aws_partition.current",
            "module.eks.module.eks-cluster.module.fargate_profile.aws_iam_role.this",
            "module.eks.module.eks-cluster.module.fargate_profile.data.aws_iam_policy_document.assume_role_policy",
            "module.eks.module.eks-cluster.module.kms.aws_kms_external_key.this",
            "module.eks.module.eks-cluster.module.kms.aws_kms_key.this",
            "module.eks.module.eks-cluster.module.kms.aws_kms_replica_external_key.this",
            "module.eks.module.eks-cluster.module.kms.aws_kms_replica_key.this",
            "module.eks.module.eks-cluster.module.kms.data.aws_caller_identity.current",
            "module.eks.module.eks-cluster.module.kms.data.aws_iam_policy_document.this",
            "module.eks.module.eks-cluster.module.kms.data.aws_partition.current",
            "module.eks.module.eks-cluster.time_sleep.this",
            "module.vpc.aws_subnet.private",
            "module.vpc.aws_subnet.public",
            "module.vpc.aws_vpc.this",
            "module.vpc.aws_vpc_ipv4_cidr_block_association.this"
          ]
        }
      ]
    },
    {
      "module": "module.eks.module.eks-cluster.module.fargate_profile[\"kube_system\"]",
      "mode": "managed",
      "type": "aws_iam_role",
      "name": "this",
      "provider": "provider[\"registry.terraform.io/hashicorp/aws\"]",
      "instances": [
        {
          "index_key": 0,
          "schema_version": 0,
          "attributes": {
            "arn": "arn:aws:iam::339712971032:role/kube-system-20240214230117052000000006",
            "assume_role_policy": "{\"Statement\":[{\"Action\":\"sts:AssumeRole\",\"Effect\":\"Allow\",\"Principal\":{\"Service\":\"eks-fargate-pods.amazonaws.com\"}}],\"Version\":\"2012-10-17\"}",
            "create_date": "2024-02-14T23:01:17Z",
            "description": "Fargate profile IAM role",
            "force_detach_policies": true,
            "id": "kube-system-20240214230117052000000006",
            "inline_policy": [],
            "managed_policy_arns": [
              "arn:aws:iam::aws:policy/AmazonEKSFargatePodExecutionRolePolicy",
              "arn:aws:iam::aws:policy/AmazonEKS_CNI_Policy"
            ],
            "max_session_duration": 3600,
            "name": "kube-system-20240214230117052000000006",
            "name_prefix": "kube-system-",
            "path": "/",
            "permissions_boundary": "",
            "tags": {
              "karpenter.sh/discovery": "phdi-playground-dev"
            },
            "tags_all": {
              "Environment": "dev",
              "Owner": "Skylight",
              "karpenter.sh/discovery": "phdi-playground-dev"
            },
            "unique_id": "AROAU6GDYSEMEC5AVVIJZ"
          },
          "sensitive_attributes": [],
          "private": "bnVsbA==",
          "dependencies": [
            "module.eks.module.eks-cluster.module.fargate_profile.data.aws_iam_policy_document.assume_role_policy",
            "module.vpc.aws_subnet.private",
            "module.vpc.aws_vpc.this",
            "module.vpc.aws_vpc_ipv4_cidr_block_association.this"
          ]
        }
      ]
    },
    {
      "module": "module.eks.module.eks-cluster.module.fargate_profile[\"kube_system\"]",
      "mode": "managed",
      "type": "aws_iam_role_policy_attachment",
      "name": "this",
      "provider": "provider[\"registry.terraform.io/hashicorp/aws\"]",
      "instances": [
        {
          "index_key": "arn:aws:iam::aws:policy/AmazonEKSFargatePodExecutionRolePolicy",
          "schema_version": 0,
          "attributes": {
            "id": "kube-system-20240214230117052000000006-20240214230117778500000009",
            "policy_arn": "arn:aws:iam::aws:policy/AmazonEKSFargatePodExecutionRolePolicy",
            "role": "kube-system-20240214230117052000000006"
          },
          "sensitive_attributes": [],
          "private": "bnVsbA==",
          "dependencies": [
            "module.eks.module.eks-cluster.module.fargate_profile.aws_iam_role.this",
            "module.eks.module.eks-cluster.module.fargate_profile.data.aws_caller_identity.current",
            "module.eks.module.eks-cluster.module.fargate_profile.data.aws_iam_policy_document.assume_role_policy",
            "module.eks.module.eks-cluster.module.fargate_profile.data.aws_partition.current",
            "module.vpc.aws_subnet.private",
            "module.vpc.aws_vpc.this",
            "module.vpc.aws_vpc_ipv4_cidr_block_association.this"
          ]
        },
        {
          "index_key": "arn:aws:iam::aws:policy/AmazonEKS_CNI_Policy",
          "schema_version": 0,
          "attributes": {
            "id": "kube-system-20240214230117052000000006-2024021423011778560000000b",
            "policy_arn": "arn:aws:iam::aws:policy/AmazonEKS_CNI_Policy",
            "role": "kube-system-20240214230117052000000006"
          },
          "sensitive_attributes": [],
          "private": "bnVsbA==",
          "dependencies": [
            "module.eks.module.eks-cluster.module.fargate_profile.aws_iam_role.this",
            "module.eks.module.eks-cluster.module.fargate_profile.data.aws_caller_identity.current",
            "module.eks.module.eks-cluster.module.fargate_profile.data.aws_iam_policy_document.assume_role_policy",
            "module.eks.module.eks-cluster.module.fargate_profile.data.aws_partition.current",
            "module.vpc.aws_subnet.private",
            "module.vpc.aws_vpc.this",
            "module.vpc.aws_vpc_ipv4_cidr_block_association.this"
          ]
        }
      ]
    },
    {
      "module": "module.eks.module.eks-cluster.module.kms",
      "mode": "data",
      "type": "aws_caller_identity",
      "name": "current",
      "provider": "provider[\"registry.terraform.io/hashicorp/aws\"]",
      "instances": [
        {
          "index_key": 0,
          "schema_version": 0,
          "attributes": {
            "account_id": "339712971032",
            "arn": "arn:aws:iam::339712971032:user/terraform",
            "id": "339712971032",
            "user_id": "AIDAU6GDYSEMFFKJODROY"
          },
          "sensitive_attributes": []
        }
      ]
    },
    {
      "module": "module.eks.module.eks-cluster.module.kms",
      "mode": "data",
      "type": "aws_iam_policy_document",
      "name": "this",
      "provider": "provider[\"registry.terraform.io/hashicorp/aws\"]",
      "instances": [
        {
          "index_key": 0,
          "schema_version": 0,
          "attributes": {
            "id": "317108847",
            "json": "{\n  \"Version\": \"2012-10-17\",\n  \"Statement\": [\n    {\n      \"Sid\": \"KeyAdministration\",\n      \"Effect\": \"Allow\",\n      \"Action\": [\n        \"kms:Update*\",\n        \"kms:UntagResource\",\n        \"kms:TagResource\",\n        \"kms:ScheduleKeyDeletion\",\n        \"kms:Revoke*\",\n        \"kms:ReplicateKey\",\n        \"kms:Put*\",\n        \"kms:List*\",\n        \"kms:ImportKeyMaterial\",\n        \"kms:Get*\",\n        \"kms:Enable*\",\n        \"kms:Disable*\",\n        \"kms:Describe*\",\n        \"kms:Delete*\",\n        \"kms:Create*\",\n        \"kms:CancelKeyDeletion\"\n      ],\n      \"Resource\": \"*\",\n      \"Principal\": {\n        \"AWS\": \"arn:aws:iam::339712971032:user/terraform\"\n      }\n    },\n    {\n      \"Sid\": \"KeyUsage\",\n      \"Effect\": \"Allow\",\n      \"Action\": [\n        \"kms:ReEncrypt*\",\n        \"kms:GenerateDataKey*\",\n        \"kms:Encrypt\",\n        \"kms:DescribeKey\",\n        \"kms:Decrypt\"\n      ],\n      \"Resource\": \"*\",\n      \"Principal\": {\n        \"AWS\": \"arn:aws:iam::339712971032:role/phdi-playground-dev-cluster-20240214230102436900000001\"\n      }\n    }\n  ]\n}",
            "override_policy_documents": null,
            "policy_id": null,
            "source_policy_documents": null,
            "statement": [
              {
                "actions": [
                  "kms:CancelKeyDeletion",
                  "kms:Create*",
                  "kms:Delete*",
                  "kms:Describe*",
                  "kms:Disable*",
                  "kms:Enable*",
                  "kms:Get*",
                  "kms:ImportKeyMaterial",
                  "kms:List*",
                  "kms:Put*",
                  "kms:ReplicateKey",
                  "kms:Revoke*",
                  "kms:ScheduleKeyDeletion",
                  "kms:TagResource",
                  "kms:UntagResource",
                  "kms:Update*"
                ],
                "condition": [],
                "effect": "Allow",
                "not_actions": [],
                "not_principals": [],
                "not_resources": [],
                "principals": [
                  {
                    "identifiers": [
                      "arn:aws:iam::339712971032:user/terraform"
                    ],
                    "type": "AWS"
                  }
                ],
                "resources": [
                  "*"
                ],
                "sid": "KeyAdministration"
              },
              {
                "actions": [
                  "kms:Decrypt",
                  "kms:DescribeKey",
                  "kms:Encrypt",
                  "kms:GenerateDataKey*",
                  "kms:ReEncrypt*"
                ],
                "condition": [],
                "effect": "Allow",
                "not_actions": [],
                "not_principals": [],
                "not_resources": [],
                "principals": [
                  {
                    "identifiers": [
                      "arn:aws:iam::339712971032:role/phdi-playground-dev-cluster-20240214230102436900000001"
                    ],
                    "type": "AWS"
                  }
                ],
                "resources": [
                  "*"
                ],
                "sid": "KeyUsage"
              }
            ],
            "version": "2012-10-17"
          },
          "sensitive_attributes": []
        }
      ]
    },
    {
      "module": "module.eks.module.eks-cluster.module.kms",
      "mode": "data",
      "type": "aws_partition",
      "name": "current",
      "provider": "provider[\"registry.terraform.io/hashicorp/aws\"]",
      "instances": [
        {
          "index_key": 0,
          "schema_version": 0,
          "attributes": {
            "dns_suffix": "amazonaws.com",
            "id": "aws",
            "partition": "aws",
            "reverse_dns_prefix": "com.amazonaws"
          },
          "sensitive_attributes": []
        }
      ]
    },
    {
      "module": "module.eks.module.eks-cluster.module.kms",
      "mode": "managed",
      "type": "aws_kms_alias",
      "name": "this",
      "provider": "provider[\"registry.terraform.io/hashicorp/aws\"]",
      "instances": [
        {
          "index_key": "cluster",
          "schema_version": 0,
          "attributes": {
            "arn": "arn:aws:kms:us-east-1:339712971032:alias/eks/phdi-playground-dev",
            "id": "alias/eks/phdi-playground-dev",
            "name": "alias/eks/phdi-playground-dev",
            "name_prefix": "",
            "target_key_arn": "arn:aws:kms:us-east-1:339712971032:key/b5d16b2a-063e-4447-b009-173257664cb2",
            "target_key_id": "b5d16b2a-063e-4447-b009-173257664cb2"
          },
          "sensitive_attributes": [],
          "private": "bnVsbA==",
          "dependencies": [
            "module.eks.module.eks-cluster.aws_iam_role.this",
            "module.eks.module.eks-cluster.data.aws_caller_identity.current",
            "module.eks.module.eks-cluster.data.aws_iam_policy_document.assume_role_policy",
            "module.eks.module.eks-cluster.data.aws_iam_session_context.current",
            "module.eks.module.eks-cluster.data.aws_partition.current",
            "module.eks.module.eks-cluster.module.kms.aws_kms_external_key.this",
            "module.eks.module.eks-cluster.module.kms.aws_kms_key.this",
            "module.eks.module.eks-cluster.module.kms.aws_kms_replica_external_key.this",
            "module.eks.module.eks-cluster.module.kms.aws_kms_replica_key.this",
            "module.eks.module.eks-cluster.module.kms.data.aws_caller_identity.current",
            "module.eks.module.eks-cluster.module.kms.data.aws_iam_policy_document.this",
            "module.eks.module.eks-cluster.module.kms.data.aws_partition.current"
          ]
        }
      ]
    },
    {
      "module": "module.eks.module.eks-cluster.module.kms",
      "mode": "managed",
      "type": "aws_kms_external_key",
      "name": "this",
      "provider": "provider[\"registry.terraform.io/hashicorp/aws\"]",
      "instances": []
    },
    {
      "module": "module.eks.module.eks-cluster.module.kms",
      "mode": "managed",
      "type": "aws_kms_key",
      "name": "this",
      "provider": "provider[\"registry.terraform.io/hashicorp/aws\"]",
      "instances": [
        {
          "index_key": 0,
          "schema_version": 0,
          "attributes": {
            "arn": "arn:aws:kms:us-east-1:339712971032:key/b5d16b2a-063e-4447-b009-173257664cb2",
            "bypass_policy_lockout_safety_check": false,
            "custom_key_store_id": "",
            "customer_master_key_spec": "SYMMETRIC_DEFAULT",
            "deletion_window_in_days": null,
            "description": "phdi-playground-dev cluster encryption key",
            "enable_key_rotation": true,
            "id": "b5d16b2a-063e-4447-b009-173257664cb2",
            "is_enabled": true,
            "key_id": "b5d16b2a-063e-4447-b009-173257664cb2",
            "key_usage": "ENCRYPT_DECRYPT",
            "multi_region": false,
            "policy": "{\"Statement\":[{\"Action\":[\"kms:Update*\",\"kms:UntagResource\",\"kms:TagResource\",\"kms:ScheduleKeyDeletion\",\"kms:Revoke*\",\"kms:ReplicateKey\",\"kms:Put*\",\"kms:List*\",\"kms:ImportKeyMaterial\",\"kms:Get*\",\"kms:Enable*\",\"kms:Disable*\",\"kms:Describe*\",\"kms:Delete*\",\"kms:Create*\",\"kms:CancelKeyDeletion\"],\"Effect\":\"Allow\",\"Principal\":{\"AWS\":\"arn:aws:iam::339712971032:user/terraform\"},\"Resource\":\"*\",\"Sid\":\"KeyAdministration\"},{\"Action\":[\"kms:ReEncrypt*\",\"kms:GenerateDataKey*\",\"kms:Encrypt\",\"kms:DescribeKey\",\"kms:Decrypt\"],\"Effect\":\"Allow\",\"Principal\":{\"AWS\":\"arn:aws:iam::339712971032:role/phdi-playground-dev-cluster-20240214230102436900000001\"},\"Resource\":\"*\",\"Sid\":\"KeyUsage\"}],\"Version\":\"2012-10-17\"}",
            "tags": {
              "karpenter.sh/discovery": "phdi-playground-dev"
            },
            "tags_all": {
              "Environment": "dev",
              "Owner": "Skylight",
              "karpenter.sh/discovery": "phdi-playground-dev"
            },
            "timeouts": null
          },
          "sensitive_attributes": [],
          "private": "eyJlMmJmYjczMC1lY2FhLTExZTYtOGY4OC0zNDM2M2JjN2M0YzAiOnsiY3JlYXRlIjoxMjAwMDAwMDAwMDB9fQ==",
          "dependencies": [
            "module.eks.module.eks-cluster.aws_iam_role.this",
            "module.eks.module.eks-cluster.data.aws_caller_identity.current",
            "module.eks.module.eks-cluster.data.aws_iam_policy_document.assume_role_policy",
            "module.eks.module.eks-cluster.data.aws_iam_session_context.current",
            "module.eks.module.eks-cluster.data.aws_partition.current",
            "module.eks.module.eks-cluster.module.kms.data.aws_caller_identity.current",
            "module.eks.module.eks-cluster.module.kms.data.aws_iam_policy_document.this",
            "module.eks.module.eks-cluster.module.kms.data.aws_partition.current"
          ],
          "create_before_destroy": true
        }
      ]
    },
    {
      "module": "module.eks.module.eks-cluster.module.kms",
      "mode": "managed",
      "type": "aws_kms_replica_external_key",
      "name": "this",
      "provider": "provider[\"registry.terraform.io/hashicorp/aws\"]",
      "instances": []
    },
    {
      "module": "module.eks.module.eks-cluster.module.kms",
      "mode": "managed",
      "type": "aws_kms_replica_key",
      "name": "this",
      "provider": "provider[\"registry.terraform.io/hashicorp/aws\"]",
      "instances": []
    },
    {
      "module": "module.eks.module.eks_blueprints_addons",
      "mode": "data",
      "type": "aws_caller_identity",
      "name": "current",
      "provider": "provider[\"registry.terraform.io/hashicorp/aws\"]",
      "instances": [
        {
          "schema_version": 0,
          "attributes": {
            "account_id": "339712971032",
            "arn": "arn:aws:iam::339712971032:user/terraform",
            "id": "339712971032",
            "user_id": "AIDAU6GDYSEMFFKJODROY"
          },
          "sensitive_attributes": []
        }
      ]
    },
    {
      "module": "module.eks.module.eks_blueprints_addons",
      "mode": "data",
      "type": "aws_eks_addon_version",
      "name": "this",
      "provider": "provider[\"registry.terraform.io/hashicorp/aws\"]",
      "instances": [
        {
          "index_key": "coredns",
          "schema_version": 0,
          "attributes": {
            "addon_name": "coredns",
            "id": "coredns",
            "kubernetes_version": "1.29",
            "most_recent": true,
            "version": "v1.11.1-eksbuild.6"
          },
          "sensitive_attributes": []
        },
        {
          "index_key": "kube-proxy",
          "schema_version": 0,
          "attributes": {
            "addon_name": "kube-proxy",
            "id": "kube-proxy",
            "kubernetes_version": "1.29",
            "most_recent": true,
            "version": "v1.29.0-eksbuild.3"
          },
          "sensitive_attributes": []
        },
        {
          "index_key": "vpc-cni",
          "schema_version": 0,
          "attributes": {
            "addon_name": "vpc-cni",
            "id": "vpc-cni",
            "kubernetes_version": "1.29",
            "most_recent": true,
            "version": "v1.16.2-eksbuild.1"
          },
          "sensitive_attributes": []
        }
      ]
    },
    {
      "module": "module.eks.module.eks_blueprints_addons",
      "mode": "data",
      "type": "aws_iam_policy_document",
      "name": "karpenter",
      "provider": "provider[\"registry.terraform.io/hashicorp/aws\"]",
      "instances": [
        {
          "index_key": 0,
          "schema_version": 0,
          "attributes": {
            "id": "3442277164",
            "json": "{\n  \"Version\": \"2012-10-17\",\n  \"Statement\": [\n    {\n      \"Effect\": \"Allow\",\n      \"Action\": [\n        \"ec2:DescribeSubnets\",\n        \"ec2:DescribeSpotPriceHistory\",\n        \"ec2:DescribeSecurityGroups\",\n        \"ec2:DescribeLaunchTemplates\",\n        \"ec2:DescribeInstances\",\n        \"ec2:DescribeInstanceTypes\",\n        \"ec2:DescribeInstanceTypeOfferings\",\n        \"ec2:DescribeImages\",\n        \"ec2:DescribeAvailabilityZones\"\n      ],\n      \"Resource\": \"*\"\n    },\n    {\n      \"Effect\": \"Allow\",\n      \"Action\": [\n        \"ec2:RunInstances\",\n        \"ec2:DeleteLaunchTemplate\",\n        \"ec2:CreateTags\",\n        \"ec2:CreateLaunchTemplate\",\n        \"ec2:CreateFleet\"\n      ],\n      \"Resource\": [\n        \"arn:aws:ec2:us-east-1::image/*\",\n        \"arn:aws:ec2:us-east-1:339712971032:*\"\n      ]\n    },\n    {\n      \"Effect\": \"Allow\",\n      \"Action\": \"iam:PassRole\",\n      \"Resource\": \"arn:aws:iam::339712971032:role/karpenter-phdi-playground-dev\"\n    },\n    {\n      \"Effect\": \"Allow\",\n      \"Action\": \"pricing:GetProducts\",\n      \"Resource\": \"*\"\n    },\n    {\n      \"Effect\": \"Allow\",\n      \"Action\": \"ssm:GetParameter\",\n      \"Resource\": \"arn:aws:ssm:us-east-1::parameter/aws/service/*\"\n    },\n    {\n      \"Effect\": \"Allow\",\n      \"Action\": \"eks:DescribeCluster\",\n      \"Resource\": \"arn:aws:eks:*:339712971032:cluster/phdi-playground-dev\"\n    },\n    {\n      \"Effect\": \"Allow\",\n      \"Action\": \"ec2:TerminateInstances\",\n      \"Resource\": \"arn:aws:ec2:us-east-1:339712971032:instance/*\",\n      \"Condition\": {\n        \"StringLike\": {\n          \"ec2:ResourceTag/kubernetes.io/cluster/phdi-playground-dev\": \"*\"\n        }\n      }\n    },\n    {\n      \"Effect\": \"Allow\",\n      \"Action\": [\n        \"sqs:ReceiveMessage\",\n        \"sqs:GetQueueUrl\",\n        \"sqs:GetQueueAttributes\",\n        \"sqs:DeleteMessage\"\n      ],\n      \"Resource\": \"arn:aws:sqs:us-east-1:339712971032:karpenter-phdi-playground-dev\"\n    },\n    {\n      \"Effect\": \"Allow\",\n      \"Action\": [\n        \"iam:TagInstanceProfile\",\n        \"iam:RemoveRoleFromInstanceProfile\",\n        \"iam:GetInstanceProfile\",\n        \"iam:DeleteInstanceProfile\",\n        \"iam:CreateInstanceProfile\",\n        \"iam:AddRoleToInstanceProfile\"\n      ],\n      \"Resource\": \"*\"\n    }\n  ]\n}",
            "override_policy_documents": null,
            "policy_id": null,
            "source_policy_documents": null,
            "statement": [
              {
                "actions": [
                  "ec2:DescribeAvailabilityZones",
                  "ec2:DescribeImages",
                  "ec2:DescribeInstanceTypeOfferings",
                  "ec2:DescribeInstanceTypes",
                  "ec2:DescribeInstances",
                  "ec2:DescribeLaunchTemplates",
                  "ec2:DescribeSecurityGroups",
                  "ec2:DescribeSpotPriceHistory",
                  "ec2:DescribeSubnets"
                ],
                "condition": [],
                "effect": "Allow",
                "not_actions": [],
                "not_principals": [],
                "not_resources": [],
                "principals": [],
                "resources": [
                  "*"
                ],
                "sid": ""
              },
              {
                "actions": [
                  "ec2:CreateFleet",
                  "ec2:CreateLaunchTemplate",
                  "ec2:CreateTags",
                  "ec2:DeleteLaunchTemplate",
                  "ec2:RunInstances"
                ],
                "condition": [],
                "effect": "Allow",
                "not_actions": [],
                "not_principals": [],
                "not_resources": [],
                "principals": [],
                "resources": [
                  "arn:aws:ec2:us-east-1:339712971032:*",
                  "arn:aws:ec2:us-east-1::image/*"
                ],
                "sid": ""
              },
              {
                "actions": [
                  "iam:PassRole"
                ],
                "condition": [],
                "effect": "Allow",
                "not_actions": [],
                "not_principals": [],
                "not_resources": [],
                "principals": [],
                "resources": [
                  "arn:aws:iam::339712971032:role/karpenter-phdi-playground-dev"
                ],
                "sid": ""
              },
              {
                "actions": [
                  "pricing:GetProducts"
                ],
                "condition": [],
                "effect": "Allow",
                "not_actions": [],
                "not_principals": [],
                "not_resources": [],
                "principals": [],
                "resources": [
                  "*"
                ],
                "sid": ""
              },
              {
                "actions": [
                  "ssm:GetParameter"
                ],
                "condition": [],
                "effect": "Allow",
                "not_actions": [],
                "not_principals": [],
                "not_resources": [],
                "principals": [],
                "resources": [
                  "arn:aws:ssm:us-east-1::parameter/aws/service/*"
                ],
                "sid": ""
              },
              {
                "actions": [
                  "eks:DescribeCluster"
                ],
                "condition": [],
                "effect": "Allow",
                "not_actions": [],
                "not_principals": [],
                "not_resources": [],
                "principals": [],
                "resources": [
                  "arn:aws:eks:*:339712971032:cluster/phdi-playground-dev"
                ],
                "sid": ""
              },
              {
                "actions": [
                  "ec2:TerminateInstances"
                ],
                "condition": [
                  {
                    "test": "StringLike",
                    "values": [
                      "*"
                    ],
                    "variable": "ec2:ResourceTag/kubernetes.io/cluster/phdi-playground-dev"
                  }
                ],
                "effect": "Allow",
                "not_actions": [],
                "not_principals": [],
                "not_resources": [],
                "principals": [],
                "resources": [
                  "arn:aws:ec2:us-east-1:339712971032:instance/*"
                ],
                "sid": ""
              },
              {
                "actions": [
                  "sqs:DeleteMessage",
                  "sqs:GetQueueAttributes",
                  "sqs:GetQueueUrl",
                  "sqs:ReceiveMessage"
                ],
                "condition": [],
                "effect": "Allow",
                "not_actions": [],
                "not_principals": [],
                "not_resources": [],
                "principals": [],
                "resources": [
                  "arn:aws:sqs:us-east-1:339712971032:karpenter-phdi-playground-dev"
                ],
                "sid": ""
              },
              {
                "actions": [
                  "iam:AddRoleToInstanceProfile",
                  "iam:CreateInstanceProfile",
                  "iam:DeleteInstanceProfile",
                  "iam:GetInstanceProfile",
                  "iam:RemoveRoleFromInstanceProfile",
                  "iam:TagInstanceProfile"
                ],
                "condition": [],
                "effect": "Allow",
                "not_actions": [],
                "not_principals": [],
                "not_resources": [],
                "principals": [],
                "resources": [
                  "*"
                ],
                "sid": ""
              }
            ],
            "version": "2012-10-17"
          },
          "sensitive_attributes": []
        }
      ]
    },
    {
      "module": "module.eks.module.eks_blueprints_addons",
      "mode": "data",
      "type": "aws_iam_policy_document",
      "name": "karpenter_assume_role",
      "provider": "provider[\"registry.terraform.io/hashicorp/aws\"]",
      "instances": [
        {
          "index_key": 0,
          "schema_version": 0,
          "attributes": {
            "id": "106987850",
            "json": "{\n  \"Version\": \"2012-10-17\",\n  \"Statement\": [\n    {\n      \"Sid\": \"KarpenterNodeAssumeRole\",\n      \"Effect\": \"Allow\",\n      \"Action\": \"sts:AssumeRole\",\n      \"Principal\": {\n        \"Service\": \"ec2.amazonaws.com\"\n      }\n    }\n  ]\n}",
            "override_policy_documents": null,
            "policy_id": null,
            "source_policy_documents": null,
            "statement": [
              {
                "actions": [
                  "sts:AssumeRole"
                ],
                "condition": [],
                "effect": "Allow",
                "not_actions": [],
                "not_principals": [],
                "not_resources": [],
                "principals": [
                  {
                    "identifiers": [
                      "ec2.amazonaws.com"
                    ],
                    "type": "Service"
                  }
                ],
                "resources": [],
                "sid": "KarpenterNodeAssumeRole"
              }
            ],
            "version": "2012-10-17"
          },
          "sensitive_attributes": []
        }
      ]
    },
    {
      "module": "module.eks.module.eks_blueprints_addons",
      "mode": "data",
      "type": "aws_partition",
      "name": "current",
      "provider": "provider[\"registry.terraform.io/hashicorp/aws\"]",
      "instances": [
        {
          "schema_version": 0,
          "attributes": {
            "dns_suffix": "amazonaws.com",
            "id": "aws",
            "partition": "aws",
            "reverse_dns_prefix": "com.amazonaws"
          },
          "sensitive_attributes": []
        }
      ]
    },
    {
      "module": "module.eks.module.eks_blueprints_addons",
      "mode": "data",
      "type": "aws_region",
      "name": "current",
      "provider": "provider[\"registry.terraform.io/hashicorp/aws\"]",
      "instances": [
        {
          "schema_version": 0,
          "attributes": {
            "description": "US East (N. Virginia)",
            "endpoint": "ec2.us-east-1.amazonaws.com",
            "id": "us-east-1",
            "name": "us-east-1"
          },
          "sensitive_attributes": []
        }
      ]
    },
    {
      "module": "module.eks.module.eks_blueprints_addons",
      "mode": "managed",
      "type": "aws_cloudwatch_event_rule",
      "name": "karpenter",
      "provider": "provider[\"registry.terraform.io/hashicorp/aws\"]",
      "instances": [
        {
          "index_key": "health_event",
          "schema_version": 1,
          "attributes": {
            "arn": "arn:aws:events:us-east-1:339712971032:rule/Karpenter-HealthEvent-20240214231100351800000012",
            "description": "AWS health event",
            "event_bus_name": "default",
            "event_pattern": "{\"detail-type\":[\"AWS Health Event\"],\"source\":[\"aws.health\"]}",
            "id": "Karpenter-HealthEvent-20240214231100351800000012",
            "is_enabled": true,
            "name": "Karpenter-HealthEvent-20240214231100351800000012",
            "name_prefix": "Karpenter-HealthEvent-",
            "role_arn": "",
            "schedule_expression": "",
            "state": "ENABLED",
            "tags": {
              "Blueprint": "phdi-playground-dev",
              "ClusterName": "phdi-playground-dev",
              "GithubRepo": "github.com/aws-ia/terraform-aws-eks-blueprints"
            },
            "tags_all": {
              "Blueprint": "phdi-playground-dev",
              "ClusterName": "phdi-playground-dev",
              "Environment": "dev",
              "GithubRepo": "github.com/aws-ia/terraform-aws-eks-blueprints",
              "Owner": "Skylight"
            }
          },
          "sensitive_attributes": [],
          "private": "eyJzY2hlbWFfdmVyc2lvbiI6IjEifQ==",
          "dependencies": [
            "module.eks.module.eks-cluster.aws_cloudwatch_log_group.this",
            "module.eks.module.eks-cluster.aws_eks_cluster.this",
            "module.eks.module.eks-cluster.aws_iam_policy.cni_ipv6_policy",
            "module.eks.module.eks-cluster.aws_iam_role.this",
            "module.eks.module.eks-cluster.aws_iam_role_policy_attachment.this",
            "module.eks.module.eks-cluster.aws_security_group.cluster",
            "module.eks.module.eks-cluster.aws_security_group.node",
            "module.eks.module.eks-cluster.aws_security_group_rule.cluster",
            "module.eks.module.eks-cluster.aws_security_group_rule.node",
            "module.eks.module.eks-cluster.data.aws_caller_identity.current",
            "module.eks.module.eks-cluster.data.aws_iam_policy_document.assume_role_policy",
            "module.eks.module.eks-cluster.data.aws_iam_policy_document.cni_ipv6_policy",
            "module.eks.module.eks-cluster.data.aws_iam_session_context.current",
            "module.eks.module.eks-cluster.data.aws_partition.current",
            "module.eks.module.eks-cluster.module.kms.aws_kms_external_key.this",
            "module.eks.module.eks-cluster.module.kms.aws_kms_key.this",
            "module.eks.module.eks-cluster.module.kms.aws_kms_replica_external_key.this",
            "module.eks.module.eks-cluster.module.kms.aws_kms_replica_key.this",
            "module.eks.module.eks-cluster.module.kms.data.aws_caller_identity.current",
            "module.eks.module.eks-cluster.module.kms.data.aws_iam_policy_document.this",
            "module.eks.module.eks-cluster.module.kms.data.aws_partition.current",
            "module.vpc.aws_subnet.private",
            "module.vpc.aws_subnet.public",
            "module.vpc.aws_vpc.this",
            "module.vpc.aws_vpc_ipv4_cidr_block_association.this"
          ]
        },
        {
          "index_key": "instance_rebalance",
          "schema_version": 1,
          "attributes": {
            "arn": "arn:aws:events:us-east-1:339712971032:rule/Karpenter-InstanceRebalance-20240214231100351700000011",
            "description": "EC2 instance rebalance recommendation",
            "event_bus_name": "default",
            "event_pattern": "{\"detail-type\":[\"EC2 Instance Rebalance Recommendation\"],\"source\":[\"aws.ec2\"]}",
            "id": "Karpenter-InstanceRebalance-20240214231100351700000011",
            "is_enabled": true,
            "name": "Karpenter-InstanceRebalance-20240214231100351700000011",
            "name_prefix": "Karpenter-InstanceRebalance-",
            "role_arn": "",
            "schedule_expression": "",
            "state": "ENABLED",
            "tags": {
              "Blueprint": "phdi-playground-dev",
              "ClusterName": "phdi-playground-dev",
              "GithubRepo": "github.com/aws-ia/terraform-aws-eks-blueprints"
            },
            "tags_all": {
              "Blueprint": "phdi-playground-dev",
              "ClusterName": "phdi-playground-dev",
              "Environment": "dev",
              "GithubRepo": "github.com/aws-ia/terraform-aws-eks-blueprints",
              "Owner": "Skylight"
            }
          },
          "sensitive_attributes": [],
          "private": "eyJzY2hlbWFfdmVyc2lvbiI6IjEifQ==",
          "dependencies": [
            "module.eks.module.eks-cluster.aws_cloudwatch_log_group.this",
            "module.eks.module.eks-cluster.aws_eks_cluster.this",
            "module.eks.module.eks-cluster.aws_iam_policy.cni_ipv6_policy",
            "module.eks.module.eks-cluster.aws_iam_role.this",
            "module.eks.module.eks-cluster.aws_iam_role_policy_attachment.this",
            "module.eks.module.eks-cluster.aws_security_group.cluster",
            "module.eks.module.eks-cluster.aws_security_group.node",
            "module.eks.module.eks-cluster.aws_security_group_rule.cluster",
            "module.eks.module.eks-cluster.aws_security_group_rule.node",
            "module.eks.module.eks-cluster.data.aws_caller_identity.current",
            "module.eks.module.eks-cluster.data.aws_iam_policy_document.assume_role_policy",
            "module.eks.module.eks-cluster.data.aws_iam_policy_document.cni_ipv6_policy",
            "module.eks.module.eks-cluster.data.aws_iam_session_context.current",
            "module.eks.module.eks-cluster.data.aws_partition.current",
            "module.eks.module.eks-cluster.module.kms.aws_kms_external_key.this",
            "module.eks.module.eks-cluster.module.kms.aws_kms_key.this",
            "module.eks.module.eks-cluster.module.kms.aws_kms_replica_external_key.this",
            "module.eks.module.eks-cluster.module.kms.aws_kms_replica_key.this",
            "module.eks.module.eks-cluster.module.kms.data.aws_caller_identity.current",
            "module.eks.module.eks-cluster.module.kms.data.aws_iam_policy_document.this",
            "module.eks.module.eks-cluster.module.kms.data.aws_partition.current",
            "module.vpc.aws_subnet.private",
            "module.vpc.aws_subnet.public",
            "module.vpc.aws_vpc.this",
            "module.vpc.aws_vpc_ipv4_cidr_block_association.this"
          ]
        },
        {
          "index_key": "instance_state_change",
          "schema_version": 1,
          "attributes": {
            "arn": "arn:aws:events:us-east-1:339712971032:rule/Karpenter-InstanceStateChange-20240214231100354000000013",
            "description": "EC2 instance state-change notification",
            "event_bus_name": "default",
            "event_pattern": "{\"detail-type\":[\"EC2 Instance State-change Notification\"],\"source\":[\"aws.ec2\"]}",
            "id": "Karpenter-InstanceStateChange-20240214231100354000000013",
            "is_enabled": true,
            "name": "Karpenter-InstanceStateChange-20240214231100354000000013",
            "name_prefix": "Karpenter-InstanceStateChange-",
            "role_arn": "",
            "schedule_expression": "",
            "state": "ENABLED",
            "tags": {
              "Blueprint": "phdi-playground-dev",
              "ClusterName": "phdi-playground-dev",
              "GithubRepo": "github.com/aws-ia/terraform-aws-eks-blueprints"
            },
            "tags_all": {
              "Blueprint": "phdi-playground-dev",
              "ClusterName": "phdi-playground-dev",
              "Environment": "dev",
              "GithubRepo": "github.com/aws-ia/terraform-aws-eks-blueprints",
              "Owner": "Skylight"
            }
          },
          "sensitive_attributes": [],
          "private": "eyJzY2hlbWFfdmVyc2lvbiI6IjEifQ==",
          "dependencies": [
            "module.eks.module.eks-cluster.aws_cloudwatch_log_group.this",
            "module.eks.module.eks-cluster.aws_eks_cluster.this",
            "module.eks.module.eks-cluster.aws_iam_policy.cni_ipv6_policy",
            "module.eks.module.eks-cluster.aws_iam_role.this",
            "module.eks.module.eks-cluster.aws_iam_role_policy_attachment.this",
            "module.eks.module.eks-cluster.aws_security_group.cluster",
            "module.eks.module.eks-cluster.aws_security_group.node",
            "module.eks.module.eks-cluster.aws_security_group_rule.cluster",
            "module.eks.module.eks-cluster.aws_security_group_rule.node",
            "module.eks.module.eks-cluster.data.aws_caller_identity.current",
            "module.eks.module.eks-cluster.data.aws_iam_policy_document.assume_role_policy",
            "module.eks.module.eks-cluster.data.aws_iam_policy_document.cni_ipv6_policy",
            "module.eks.module.eks-cluster.data.aws_iam_session_context.current",
            "module.eks.module.eks-cluster.data.aws_partition.current",
            "module.eks.module.eks-cluster.module.kms.aws_kms_external_key.this",
            "module.eks.module.eks-cluster.module.kms.aws_kms_key.this",
            "module.eks.module.eks-cluster.module.kms.aws_kms_replica_external_key.this",
            "module.eks.module.eks-cluster.module.kms.aws_kms_replica_key.this",
            "module.eks.module.eks-cluster.module.kms.data.aws_caller_identity.current",
            "module.eks.module.eks-cluster.module.kms.data.aws_iam_policy_document.this",
            "module.eks.module.eks-cluster.module.kms.data.aws_partition.current",
            "module.vpc.aws_subnet.private",
            "module.vpc.aws_subnet.public",
            "module.vpc.aws_vpc.this",
            "module.vpc.aws_vpc_ipv4_cidr_block_association.this"
          ]
        },
        {
          "index_key": "spot_interupt",
          "schema_version": 1,
          "attributes": {
            "arn": "arn:aws:events:us-east-1:339712971032:rule/Karpenter-SpotInterrupt-20240214231100351700000010",
            "description": "EC2 spot instance interruption warning",
            "event_bus_name": "default",
            "event_pattern": "{\"detail-type\":[\"EC2 Spot Instance Interruption Warning\"],\"source\":[\"aws.ec2\"]}",
            "id": "Karpenter-SpotInterrupt-20240214231100351700000010",
            "is_enabled": true,
            "name": "Karpenter-SpotInterrupt-20240214231100351700000010",
            "name_prefix": "Karpenter-SpotInterrupt-",
            "role_arn": "",
            "schedule_expression": "",
            "state": "ENABLED",
            "tags": {
              "Blueprint": "phdi-playground-dev",
              "ClusterName": "phdi-playground-dev",
              "GithubRepo": "github.com/aws-ia/terraform-aws-eks-blueprints"
            },
            "tags_all": {
              "Blueprint": "phdi-playground-dev",
              "ClusterName": "phdi-playground-dev",
              "Environment": "dev",
              "GithubRepo": "github.com/aws-ia/terraform-aws-eks-blueprints",
              "Owner": "Skylight"
            }
          },
          "sensitive_attributes": [],
          "private": "eyJzY2hlbWFfdmVyc2lvbiI6IjEifQ==",
          "dependencies": [
            "module.eks.module.eks-cluster.aws_cloudwatch_log_group.this",
            "module.eks.module.eks-cluster.aws_eks_cluster.this",
            "module.eks.module.eks-cluster.aws_iam_policy.cni_ipv6_policy",
            "module.eks.module.eks-cluster.aws_iam_role.this",
            "module.eks.module.eks-cluster.aws_iam_role_policy_attachment.this",
            "module.eks.module.eks-cluster.aws_security_group.cluster",
            "module.eks.module.eks-cluster.aws_security_group.node",
            "module.eks.module.eks-cluster.aws_security_group_rule.cluster",
            "module.eks.module.eks-cluster.aws_security_group_rule.node",
            "module.eks.module.eks-cluster.data.aws_caller_identity.current",
            "module.eks.module.eks-cluster.data.aws_iam_policy_document.assume_role_policy",
            "module.eks.module.eks-cluster.data.aws_iam_policy_document.cni_ipv6_policy",
            "module.eks.module.eks-cluster.data.aws_iam_session_context.current",
            "module.eks.module.eks-cluster.data.aws_partition.current",
            "module.eks.module.eks-cluster.module.kms.aws_kms_external_key.this",
            "module.eks.module.eks-cluster.module.kms.aws_kms_key.this",
            "module.eks.module.eks-cluster.module.kms.aws_kms_replica_external_key.this",
            "module.eks.module.eks-cluster.module.kms.aws_kms_replica_key.this",
            "module.eks.module.eks-cluster.module.kms.data.aws_caller_identity.current",
            "module.eks.module.eks-cluster.module.kms.data.aws_iam_policy_document.this",
            "module.eks.module.eks-cluster.module.kms.data.aws_partition.current",
            "module.vpc.aws_subnet.private",
            "module.vpc.aws_subnet.public",
            "module.vpc.aws_vpc.this",
            "module.vpc.aws_vpc_ipv4_cidr_block_association.this"
          ]
        }
      ]
    },
    {
      "module": "module.eks.module.eks_blueprints_addons",
      "mode": "managed",
      "type": "aws_cloudwatch_event_target",
      "name": "karpenter",
      "provider": "provider[\"registry.terraform.io/hashicorp/aws\"]",
      "instances": [
        {
          "index_key": "health_event",
          "schema_version": 1,
          "attributes": {
            "arn": "arn:aws:sqs:us-east-1:339712971032:karpenter-phdi-playground-dev",
            "batch_target": [],
            "dead_letter_config": [],
            "ecs_target": [],
            "event_bus_name": "default",
            "http_target": [],
            "id": "Karpenter-HealthEvent-20240214231100351800000012-KarpenterQueueTarget",
            "input": "",
            "input_path": "",
            "input_transformer": [],
            "kinesis_target": [],
            "redshift_target": [],
            "retry_policy": [],
            "role_arn": "",
            "rule": "Karpenter-HealthEvent-20240214231100351800000012",
            "run_command_targets": [],
            "sagemaker_pipeline_target": [],
            "sqs_target": [],
            "target_id": "KarpenterQueueTarget"
          },
          "sensitive_attributes": [],
          "private": "eyJzY2hlbWFfdmVyc2lvbiI6IjEifQ==",
          "dependencies": [
            "module.eks.module.eks-cluster.aws_cloudwatch_log_group.this",
            "module.eks.module.eks-cluster.aws_eks_cluster.this",
            "module.eks.module.eks-cluster.aws_iam_policy.cni_ipv6_policy",
            "module.eks.module.eks-cluster.aws_iam_role.this",
            "module.eks.module.eks-cluster.aws_iam_role_policy_attachment.this",
            "module.eks.module.eks-cluster.aws_security_group.cluster",
            "module.eks.module.eks-cluster.aws_security_group.node",
            "module.eks.module.eks-cluster.aws_security_group_rule.cluster",
            "module.eks.module.eks-cluster.aws_security_group_rule.node",
            "module.eks.module.eks-cluster.data.aws_caller_identity.current",
            "module.eks.module.eks-cluster.data.aws_iam_policy_document.assume_role_policy",
            "module.eks.module.eks-cluster.data.aws_iam_policy_document.cni_ipv6_policy",
            "module.eks.module.eks-cluster.data.aws_iam_session_context.current",
            "module.eks.module.eks-cluster.data.aws_partition.current",
            "module.eks.module.eks-cluster.module.kms.aws_kms_external_key.this",
            "module.eks.module.eks-cluster.module.kms.aws_kms_key.this",
            "module.eks.module.eks-cluster.module.kms.aws_kms_replica_external_key.this",
            "module.eks.module.eks-cluster.module.kms.aws_kms_replica_key.this",
            "module.eks.module.eks-cluster.module.kms.data.aws_caller_identity.current",
            "module.eks.module.eks-cluster.module.kms.data.aws_iam_policy_document.this",
            "module.eks.module.eks-cluster.module.kms.data.aws_partition.current",
            "module.eks.module.eks_blueprints_addons.aws_cloudwatch_event_rule.karpenter",
            "module.eks.module.eks_blueprints_addons.module.karpenter_sqs.aws_sqs_queue.this",
            "module.vpc.aws_subnet.private",
            "module.vpc.aws_subnet.public",
            "module.vpc.aws_vpc.this",
            "module.vpc.aws_vpc_ipv4_cidr_block_association.this"
          ]
        },
        {
          "index_key": "instance_rebalance",
          "schema_version": 1,
          "attributes": {
            "arn": "arn:aws:sqs:us-east-1:339712971032:karpenter-phdi-playground-dev",
            "batch_target": [],
            "dead_letter_config": [],
            "ecs_target": [],
            "event_bus_name": "default",
            "http_target": [],
            "id": "Karpenter-InstanceRebalance-20240214231100351700000011-KarpenterQueueTarget",
            "input": "",
            "input_path": "",
            "input_transformer": [],
            "kinesis_target": [],
            "redshift_target": [],
            "retry_policy": [],
            "role_arn": "",
            "rule": "Karpenter-InstanceRebalance-20240214231100351700000011",
            "run_command_targets": [],
            "sagemaker_pipeline_target": [],
            "sqs_target": [],
            "target_id": "KarpenterQueueTarget"
          },
          "sensitive_attributes": [],
          "private": "eyJzY2hlbWFfdmVyc2lvbiI6IjEifQ==",
          "dependencies": [
            "module.eks.module.eks-cluster.aws_cloudwatch_log_group.this",
            "module.eks.module.eks-cluster.aws_eks_cluster.this",
            "module.eks.module.eks-cluster.aws_iam_policy.cni_ipv6_policy",
            "module.eks.module.eks-cluster.aws_iam_role.this",
            "module.eks.module.eks-cluster.aws_iam_role_policy_attachment.this",
            "module.eks.module.eks-cluster.aws_security_group.cluster",
            "module.eks.module.eks-cluster.aws_security_group.node",
            "module.eks.module.eks-cluster.aws_security_group_rule.cluster",
            "module.eks.module.eks-cluster.aws_security_group_rule.node",
            "module.eks.module.eks-cluster.data.aws_caller_identity.current",
            "module.eks.module.eks-cluster.data.aws_iam_policy_document.assume_role_policy",
            "module.eks.module.eks-cluster.data.aws_iam_policy_document.cni_ipv6_policy",
            "module.eks.module.eks-cluster.data.aws_iam_session_context.current",
            "module.eks.module.eks-cluster.data.aws_partition.current",
            "module.eks.module.eks-cluster.module.kms.aws_kms_external_key.this",
            "module.eks.module.eks-cluster.module.kms.aws_kms_key.this",
            "module.eks.module.eks-cluster.module.kms.aws_kms_replica_external_key.this",
            "module.eks.module.eks-cluster.module.kms.aws_kms_replica_key.this",
            "module.eks.module.eks-cluster.module.kms.data.aws_caller_identity.current",
            "module.eks.module.eks-cluster.module.kms.data.aws_iam_policy_document.this",
            "module.eks.module.eks-cluster.module.kms.data.aws_partition.current",
            "module.eks.module.eks_blueprints_addons.aws_cloudwatch_event_rule.karpenter",
            "module.eks.module.eks_blueprints_addons.module.karpenter_sqs.aws_sqs_queue.this",
            "module.vpc.aws_subnet.private",
            "module.vpc.aws_subnet.public",
            "module.vpc.aws_vpc.this",
            "module.vpc.aws_vpc_ipv4_cidr_block_association.this"
          ]
        },
        {
          "index_key": "instance_state_change",
          "schema_version": 1,
          "attributes": {
            "arn": "arn:aws:sqs:us-east-1:339712971032:karpenter-phdi-playground-dev",
            "batch_target": [],
            "dead_letter_config": [],
            "ecs_target": [],
            "event_bus_name": "default",
            "http_target": [],
            "id": "Karpenter-InstanceStateChange-20240214231100354000000013-KarpenterQueueTarget",
            "input": "",
            "input_path": "",
            "input_transformer": [],
            "kinesis_target": [],
            "redshift_target": [],
            "retry_policy": [],
            "role_arn": "",
            "rule": "Karpenter-InstanceStateChange-20240214231100354000000013",
            "run_command_targets": [],
            "sagemaker_pipeline_target": [],
            "sqs_target": [],
            "target_id": "KarpenterQueueTarget"
          },
          "sensitive_attributes": [],
          "private": "eyJzY2hlbWFfdmVyc2lvbiI6IjEifQ==",
          "dependencies": [
            "module.eks.module.eks-cluster.aws_cloudwatch_log_group.this",
            "module.eks.module.eks-cluster.aws_eks_cluster.this",
            "module.eks.module.eks-cluster.aws_iam_policy.cni_ipv6_policy",
            "module.eks.module.eks-cluster.aws_iam_role.this",
            "module.eks.module.eks-cluster.aws_iam_role_policy_attachment.this",
            "module.eks.module.eks-cluster.aws_security_group.cluster",
            "module.eks.module.eks-cluster.aws_security_group.node",
            "module.eks.module.eks-cluster.aws_security_group_rule.cluster",
            "module.eks.module.eks-cluster.aws_security_group_rule.node",
            "module.eks.module.eks-cluster.data.aws_caller_identity.current",
            "module.eks.module.eks-cluster.data.aws_iam_policy_document.assume_role_policy",
            "module.eks.module.eks-cluster.data.aws_iam_policy_document.cni_ipv6_policy",
            "module.eks.module.eks-cluster.data.aws_iam_session_context.current",
            "module.eks.module.eks-cluster.data.aws_partition.current",
            "module.eks.module.eks-cluster.module.kms.aws_kms_external_key.this",
            "module.eks.module.eks-cluster.module.kms.aws_kms_key.this",
            "module.eks.module.eks-cluster.module.kms.aws_kms_replica_external_key.this",
            "module.eks.module.eks-cluster.module.kms.aws_kms_replica_key.this",
            "module.eks.module.eks-cluster.module.kms.data.aws_caller_identity.current",
            "module.eks.module.eks-cluster.module.kms.data.aws_iam_policy_document.this",
            "module.eks.module.eks-cluster.module.kms.data.aws_partition.current",
            "module.eks.module.eks_blueprints_addons.aws_cloudwatch_event_rule.karpenter",
            "module.eks.module.eks_blueprints_addons.module.karpenter_sqs.aws_sqs_queue.this",
            "module.vpc.aws_subnet.private",
            "module.vpc.aws_subnet.public",
            "module.vpc.aws_vpc.this",
            "module.vpc.aws_vpc_ipv4_cidr_block_association.this"
          ]
        },
        {
          "index_key": "spot_interupt",
          "schema_version": 1,
          "attributes": {
            "arn": "arn:aws:sqs:us-east-1:339712971032:karpenter-phdi-playground-dev",
            "batch_target": [],
            "dead_letter_config": [],
            "ecs_target": [],
            "event_bus_name": "default",
            "http_target": [],
            "id": "Karpenter-SpotInterrupt-20240214231100351700000010-KarpenterQueueTarget",
            "input": "",
            "input_path": "",
            "input_transformer": [],
            "kinesis_target": [],
            "redshift_target": [],
            "retry_policy": [],
            "role_arn": "",
            "rule": "Karpenter-SpotInterrupt-20240214231100351700000010",
            "run_command_targets": [],
            "sagemaker_pipeline_target": [],
            "sqs_target": [],
            "target_id": "KarpenterQueueTarget"
          },
          "sensitive_attributes": [],
          "private": "eyJzY2hlbWFfdmVyc2lvbiI6IjEifQ==",
          "dependencies": [
            "module.eks.module.eks-cluster.aws_cloudwatch_log_group.this",
            "module.eks.module.eks-cluster.aws_eks_cluster.this",
            "module.eks.module.eks-cluster.aws_iam_policy.cni_ipv6_policy",
            "module.eks.module.eks-cluster.aws_iam_role.this",
            "module.eks.module.eks-cluster.aws_iam_role_policy_attachment.this",
            "module.eks.module.eks-cluster.aws_security_group.cluster",
            "module.eks.module.eks-cluster.aws_security_group.node",
            "module.eks.module.eks-cluster.aws_security_group_rule.cluster",
            "module.eks.module.eks-cluster.aws_security_group_rule.node",
            "module.eks.module.eks-cluster.data.aws_caller_identity.current",
            "module.eks.module.eks-cluster.data.aws_iam_policy_document.assume_role_policy",
            "module.eks.module.eks-cluster.data.aws_iam_policy_document.cni_ipv6_policy",
            "module.eks.module.eks-cluster.data.aws_iam_session_context.current",
            "module.eks.module.eks-cluster.data.aws_partition.current",
            "module.eks.module.eks-cluster.module.kms.aws_kms_external_key.this",
            "module.eks.module.eks-cluster.module.kms.aws_kms_key.this",
            "module.eks.module.eks-cluster.module.kms.aws_kms_replica_external_key.this",
            "module.eks.module.eks-cluster.module.kms.aws_kms_replica_key.this",
            "module.eks.module.eks-cluster.module.kms.data.aws_caller_identity.current",
            "module.eks.module.eks-cluster.module.kms.data.aws_iam_policy_document.this",
            "module.eks.module.eks-cluster.module.kms.data.aws_partition.current",
            "module.eks.module.eks_blueprints_addons.aws_cloudwatch_event_rule.karpenter",
            "module.eks.module.eks_blueprints_addons.module.karpenter_sqs.aws_sqs_queue.this",
            "module.vpc.aws_subnet.private",
            "module.vpc.aws_subnet.public",
            "module.vpc.aws_vpc.this",
            "module.vpc.aws_vpc_ipv4_cidr_block_association.this"
          ]
        }
      ]
    },
    {
      "module": "module.eks.module.eks_blueprints_addons",
      "mode": "managed",
      "type": "aws_eks_addon",
      "name": "this",
      "provider": "provider[\"registry.terraform.io/hashicorp/aws\"]",
      "instances": [
        {
          "index_key": "coredns",
          "schema_version": 0,
          "attributes": {
            "addon_name": "coredns",
            "addon_version": "v1.11.1-eksbuild.6",
            "arn": "arn:aws:eks:us-east-1:339712971032:addon/phdi-playground-dev/coredns/7ac6d4f3-7aad-07b1-d296-30832431361e",
            "cluster_name": "phdi-playground-dev",
            "configuration_values": "{\"computeType\":\"Fargate\",\"resources\":{\"limits\":{\"cpu\":\"0.25\",\"memory\":\"256M\"},\"requests\":{\"cpu\":\"0.25\",\"memory\":\"256M\"}}}",
            "created_at": "2024-02-14T23:15:02Z",
            "id": "phdi-playground-dev:coredns",
            "modified_at": "2024-02-14T23:17:10Z",
            "preserve": true,
            "resolve_conflicts": null,
            "resolve_conflicts_on_create": "OVERWRITE",
            "resolve_conflicts_on_update": "OVERWRITE",
            "service_account_role_arn": "",
            "tags": {
              "Blueprint": "phdi-playground-dev",
              "GithubRepo": "github.com/aws-ia/terraform-aws-eks-blueprints"
            },
            "tags_all": {
              "Blueprint": "phdi-playground-dev",
              "Environment": "dev",
              "GithubRepo": "github.com/aws-ia/terraform-aws-eks-blueprints",
              "Owner": "Skylight"
            },
            "timeouts": {
              "create": null,
              "delete": null,
              "update": null
            }
          },
          "sensitive_attributes": [],
          "private": "eyJlMmJmYjczMC1lY2FhLTExZTYtOGY4OC0zNDM2M2JjN2M0YzAiOnsiY3JlYXRlIjoxMjAwMDAwMDAwMDAwLCJkZWxldGUiOjI0MDAwMDAwMDAwMDAsInVwZGF0ZSI6MTIwMDAwMDAwMDAwMH19",
          "dependencies": [
            "module.eks.data.aws_eks_cluster_auth.eks",
            "module.eks.module.eks-cluster.aws_cloudwatch_log_group.this",
            "module.eks.module.eks-cluster.aws_eks_cluster.this",
            "module.eks.module.eks-cluster.aws_iam_openid_connect_provider.oidc_provider",
            "module.eks.module.eks-cluster.aws_iam_policy.cni_ipv6_policy",
            "module.eks.module.eks-cluster.aws_iam_role.this",
            "module.eks.module.eks-cluster.aws_iam_role_policy_attachment.this",
            "module.eks.module.eks-cluster.aws_security_group.cluster",
            "module.eks.module.eks-cluster.aws_security_group.node",
            "module.eks.module.eks-cluster.aws_security_group_rule.cluster",
            "module.eks.module.eks-cluster.aws_security_group_rule.node",
            "module.eks.module.eks-cluster.data.aws_caller_identity.current",
            "module.eks.module.eks-cluster.data.aws_iam_policy_document.assume_role_policy",
            "module.eks.module.eks-cluster.data.aws_iam_policy_document.cni_ipv6_policy",
            "module.eks.module.eks-cluster.data.aws_iam_session_context.current",
            "module.eks.module.eks-cluster.data.aws_partition.current",
            "module.eks.module.eks-cluster.data.tls_certificate.this",
            "module.eks.module.eks-cluster.module.fargate_profile.aws_eks_fargate_profile.this",
            "module.eks.module.eks-cluster.module.fargate_profile.aws_iam_role.this",
            "module.eks.module.eks-cluster.module.fargate_profile.aws_iam_role_policy_attachment.additional",
            "module.eks.module.eks-cluster.module.fargate_profile.aws_iam_role_policy_attachment.this",
            "module.eks.module.eks-cluster.module.fargate_profile.data.aws_caller_identity.current",
            "module.eks.module.eks-cluster.module.fargate_profile.data.aws_iam_policy_document.assume_role_policy",
            "module.eks.module.eks-cluster.module.fargate_profile.data.aws_partition.current",
            "module.eks.module.eks-cluster.module.kms.aws_kms_external_key.this",
            "module.eks.module.eks-cluster.module.kms.aws_kms_key.this",
            "module.eks.module.eks-cluster.module.kms.aws_kms_replica_external_key.this",
            "module.eks.module.eks-cluster.module.kms.aws_kms_replica_key.this",
            "module.eks.module.eks-cluster.module.kms.data.aws_caller_identity.current",
            "module.eks.module.eks-cluster.module.kms.data.aws_iam_policy_document.this",
            "module.eks.module.eks-cluster.module.kms.data.aws_partition.current",
            "module.eks.module.eks-cluster.time_sleep.this",
            "module.eks.module.eks_blueprints_addons.data.aws_eks_addon_version.this",
            "module.eks.module.eks_blueprints_addons.module.cert_manager.aws_iam_role.this",
            "module.eks.module.eks_blueprints_addons.module.cert_manager.data.aws_caller_identity.current",
            "module.eks.module.eks_blueprints_addons.module.cert_manager.data.aws_iam_policy_document.assume",
            "module.eks.module.eks_blueprints_addons.module.cert_manager.data.aws_partition.current",
            "module.eks.module.eks_blueprints_addons.module.cert_manager.helm_release.this",
            "module.eks.module.eks_blueprints_addons.time_sleep.this",
            "module.vpc.aws_subnet.private",
            "module.vpc.aws_subnet.public",
            "module.vpc.aws_vpc.this",
            "module.vpc.aws_vpc_ipv4_cidr_block_association.this"
          ]
        },
        {
          "index_key": "kube-proxy",
          "schema_version": 0,
          "attributes": {
            "addon_name": "kube-proxy",
            "addon_version": "v1.29.0-eksbuild.3",
            "arn": "arn:aws:eks:us-east-1:339712971032:addon/phdi-playground-dev/kube-proxy/2ec6d4f3-7a9f-b2f9-77a8-5ea0f1c5927b",
            "cluster_name": "phdi-playground-dev",
            "configuration_values": "",
            "created_at": "2024-02-14T23:15:02Z",
            "id": "phdi-playground-dev:kube-proxy",
            "modified_at": "2024-02-14T23:15:04Z",
            "preserve": true,
            "resolve_conflicts": null,
            "resolve_conflicts_on_create": "OVERWRITE",
            "resolve_conflicts_on_update": "OVERWRITE",
            "service_account_role_arn": "",
            "tags": {
              "Blueprint": "phdi-playground-dev",
              "GithubRepo": "github.com/aws-ia/terraform-aws-eks-blueprints"
            },
            "tags_all": {
              "Blueprint": "phdi-playground-dev",
              "Environment": "dev",
              "GithubRepo": "github.com/aws-ia/terraform-aws-eks-blueprints",
              "Owner": "Skylight"
            },
            "timeouts": {
              "create": null,
              "delete": null,
              "update": null
            }
          },
          "sensitive_attributes": [],
          "private": "eyJlMmJmYjczMC1lY2FhLTExZTYtOGY4OC0zNDM2M2JjN2M0YzAiOnsiY3JlYXRlIjoxMjAwMDAwMDAwMDAwLCJkZWxldGUiOjI0MDAwMDAwMDAwMDAsInVwZGF0ZSI6MTIwMDAwMDAwMDAwMH19",
          "dependencies": [
            "module.eks.data.aws_eks_cluster_auth.eks",
            "module.eks.module.eks-cluster.aws_cloudwatch_log_group.this",
            "module.eks.module.eks-cluster.aws_eks_cluster.this",
            "module.eks.module.eks-cluster.aws_iam_openid_connect_provider.oidc_provider",
            "module.eks.module.eks-cluster.aws_iam_policy.cni_ipv6_policy",
            "module.eks.module.eks-cluster.aws_iam_role.this",
            "module.eks.module.eks-cluster.aws_iam_role_policy_attachment.this",
            "module.eks.module.eks-cluster.aws_security_group.cluster",
            "module.eks.module.eks-cluster.aws_security_group.node",
            "module.eks.module.eks-cluster.aws_security_group_rule.cluster",
            "module.eks.module.eks-cluster.aws_security_group_rule.node",
            "module.eks.module.eks-cluster.data.aws_caller_identity.current",
            "module.eks.module.eks-cluster.data.aws_iam_policy_document.assume_role_policy",
            "module.eks.module.eks-cluster.data.aws_iam_policy_document.cni_ipv6_policy",
            "module.eks.module.eks-cluster.data.aws_iam_session_context.current",
            "module.eks.module.eks-cluster.data.aws_partition.current",
            "module.eks.module.eks-cluster.data.tls_certificate.this",
            "module.eks.module.eks-cluster.module.fargate_profile.aws_eks_fargate_profile.this",
            "module.eks.module.eks-cluster.module.fargate_profile.aws_iam_role.this",
            "module.eks.module.eks-cluster.module.fargate_profile.aws_iam_role_policy_attachment.additional",
            "module.eks.module.eks-cluster.module.fargate_profile.aws_iam_role_policy_attachment.this",
            "module.eks.module.eks-cluster.module.fargate_profile.data.aws_caller_identity.current",
            "module.eks.module.eks-cluster.module.fargate_profile.data.aws_iam_policy_document.assume_role_policy",
            "module.eks.module.eks-cluster.module.fargate_profile.data.aws_partition.current",
            "module.eks.module.eks-cluster.module.kms.aws_kms_external_key.this",
            "module.eks.module.eks-cluster.module.kms.aws_kms_key.this",
            "module.eks.module.eks-cluster.module.kms.aws_kms_replica_external_key.this",
            "module.eks.module.eks-cluster.module.kms.aws_kms_replica_key.this",
            "module.eks.module.eks-cluster.module.kms.data.aws_caller_identity.current",
            "module.eks.module.eks-cluster.module.kms.data.aws_iam_policy_document.this",
            "module.eks.module.eks-cluster.module.kms.data.aws_partition.current",
            "module.eks.module.eks-cluster.time_sleep.this",
            "module.eks.module.eks_blueprints_addons.data.aws_eks_addon_version.this",
            "module.eks.module.eks_blueprints_addons.module.cert_manager.aws_iam_role.this",
            "module.eks.module.eks_blueprints_addons.module.cert_manager.data.aws_caller_identity.current",
            "module.eks.module.eks_blueprints_addons.module.cert_manager.data.aws_iam_policy_document.assume",
            "module.eks.module.eks_blueprints_addons.module.cert_manager.data.aws_partition.current",
            "module.eks.module.eks_blueprints_addons.module.cert_manager.helm_release.this",
            "module.eks.module.eks_blueprints_addons.time_sleep.this",
            "module.vpc.aws_subnet.private",
            "module.vpc.aws_subnet.public",
            "module.vpc.aws_vpc.this",
            "module.vpc.aws_vpc_ipv4_cidr_block_association.this"
          ]
        },
        {
          "index_key": "vpc-cni",
          "schema_version": 0,
          "attributes": {
            "addon_name": "vpc-cni",
            "addon_version": "v1.16.2-eksbuild.1",
            "arn": "arn:aws:eks:us-east-1:339712971032:addon/phdi-playground-dev/vpc-cni/c2c6d4f3-7aa0-395e-f0ff-f216c885c922",
            "cluster_name": "phdi-playground-dev",
            "configuration_values": "",
            "created_at": "2024-02-14T23:15:02Z",
            "id": "phdi-playground-dev:vpc-cni",
            "modified_at": "2024-02-14T23:15:05Z",
            "preserve": true,
            "resolve_conflicts": null,
            "resolve_conflicts_on_create": "OVERWRITE",
            "resolve_conflicts_on_update": "OVERWRITE",
            "service_account_role_arn": "",
            "tags": {
              "Blueprint": "phdi-playground-dev",
              "GithubRepo": "github.com/aws-ia/terraform-aws-eks-blueprints"
            },
            "tags_all": {
              "Blueprint": "phdi-playground-dev",
              "Environment": "dev",
              "GithubRepo": "github.com/aws-ia/terraform-aws-eks-blueprints",
              "Owner": "Skylight"
            },
            "timeouts": {
              "create": null,
              "delete": null,
              "update": null
            }
          },
          "sensitive_attributes": [],
          "private": "eyJlMmJmYjczMC1lY2FhLTExZTYtOGY4OC0zNDM2M2JjN2M0YzAiOnsiY3JlYXRlIjoxMjAwMDAwMDAwMDAwLCJkZWxldGUiOjI0MDAwMDAwMDAwMDAsInVwZGF0ZSI6MTIwMDAwMDAwMDAwMH19",
          "dependencies": [
            "module.eks.data.aws_eks_cluster_auth.eks",
            "module.eks.module.eks-cluster.aws_cloudwatch_log_group.this",
            "module.eks.module.eks-cluster.aws_eks_cluster.this",
            "module.eks.module.eks-cluster.aws_iam_openid_connect_provider.oidc_provider",
            "module.eks.module.eks-cluster.aws_iam_policy.cni_ipv6_policy",
            "module.eks.module.eks-cluster.aws_iam_role.this",
            "module.eks.module.eks-cluster.aws_iam_role_policy_attachment.this",
            "module.eks.module.eks-cluster.aws_security_group.cluster",
            "module.eks.module.eks-cluster.aws_security_group.node",
            "module.eks.module.eks-cluster.aws_security_group_rule.cluster",
            "module.eks.module.eks-cluster.aws_security_group_rule.node",
            "module.eks.module.eks-cluster.data.aws_caller_identity.current",
            "module.eks.module.eks-cluster.data.aws_iam_policy_document.assume_role_policy",
            "module.eks.module.eks-cluster.data.aws_iam_policy_document.cni_ipv6_policy",
            "module.eks.module.eks-cluster.data.aws_iam_session_context.current",
            "module.eks.module.eks-cluster.data.aws_partition.current",
            "module.eks.module.eks-cluster.data.tls_certificate.this",
            "module.eks.module.eks-cluster.module.fargate_profile.aws_eks_fargate_profile.this",
            "module.eks.module.eks-cluster.module.fargate_profile.aws_iam_role.this",
            "module.eks.module.eks-cluster.module.fargate_profile.aws_iam_role_policy_attachment.additional",
            "module.eks.module.eks-cluster.module.fargate_profile.aws_iam_role_policy_attachment.this",
            "module.eks.module.eks-cluster.module.fargate_profile.data.aws_caller_identity.current",
            "module.eks.module.eks-cluster.module.fargate_profile.data.aws_iam_policy_document.assume_role_policy",
            "module.eks.module.eks-cluster.module.fargate_profile.data.aws_partition.current",
            "module.eks.module.eks-cluster.module.kms.aws_kms_external_key.this",
            "module.eks.module.eks-cluster.module.kms.aws_kms_key.this",
            "module.eks.module.eks-cluster.module.kms.aws_kms_replica_external_key.this",
            "module.eks.module.eks-cluster.module.kms.aws_kms_replica_key.this",
            "module.eks.module.eks-cluster.module.kms.data.aws_caller_identity.current",
            "module.eks.module.eks-cluster.module.kms.data.aws_iam_policy_document.this",
            "module.eks.module.eks-cluster.module.kms.data.aws_partition.current",
            "module.eks.module.eks-cluster.time_sleep.this",
            "module.eks.module.eks_blueprints_addons.data.aws_eks_addon_version.this",
            "module.eks.module.eks_blueprints_addons.module.cert_manager.aws_iam_role.this",
            "module.eks.module.eks_blueprints_addons.module.cert_manager.data.aws_caller_identity.current",
            "module.eks.module.eks_blueprints_addons.module.cert_manager.data.aws_iam_policy_document.assume",
            "module.eks.module.eks_blueprints_addons.module.cert_manager.data.aws_partition.current",
            "module.eks.module.eks_blueprints_addons.module.cert_manager.helm_release.this",
            "module.eks.module.eks_blueprints_addons.time_sleep.this",
            "module.vpc.aws_subnet.private",
            "module.vpc.aws_subnet.public",
            "module.vpc.aws_vpc.this",
            "module.vpc.aws_vpc_ipv4_cidr_block_association.this"
          ]
        }
      ]
    },
    {
      "module": "module.eks.module.eks_blueprints_addons",
      "mode": "managed",
      "type": "aws_iam_instance_profile",
      "name": "karpenter",
      "provider": "provider[\"registry.terraform.io/hashicorp/aws\"]",
      "instances": [
        {
          "index_key": 0,
          "schema_version": 0,
          "attributes": {
            "arn": "arn:aws:iam::339712971032:instance-profile/karpenter-phdi-playground-dev",
            "create_date": "2024-02-14T23:11:01Z",
            "id": "karpenter-phdi-playground-dev",
            "name": "karpenter-phdi-playground-dev",
            "name_prefix": "",
            "path": "/",
            "role": "karpenter-phdi-playground-dev",
            "tags": {
              "Blueprint": "phdi-playground-dev",
              "GithubRepo": "github.com/aws-ia/terraform-aws-eks-blueprints"
            },
            "tags_all": {
              "Blueprint": "phdi-playground-dev",
              "Environment": "dev",
              "GithubRepo": "github.com/aws-ia/terraform-aws-eks-blueprints",
              "Owner": "Skylight"
            },
            "unique_id": "AIPAU6GDYSEMLMONU2SAH"
          },
          "sensitive_attributes": [],
          "private": "bnVsbA==",
          "dependencies": [
            "module.eks.module.eks-cluster.aws_cloudwatch_log_group.this",
            "module.eks.module.eks-cluster.aws_eks_cluster.this",
            "module.eks.module.eks-cluster.aws_iam_policy.cni_ipv6_policy",
            "module.eks.module.eks-cluster.aws_iam_role.this",
            "module.eks.module.eks-cluster.aws_iam_role_policy_attachment.this",
            "module.eks.module.eks-cluster.aws_security_group.cluster",
            "module.eks.module.eks-cluster.aws_security_group.node",
            "module.eks.module.eks-cluster.aws_security_group_rule.cluster",
            "module.eks.module.eks-cluster.aws_security_group_rule.node",
            "module.eks.module.eks-cluster.data.aws_caller_identity.current",
            "module.eks.module.eks-cluster.data.aws_iam_policy_document.assume_role_policy",
            "module.eks.module.eks-cluster.data.aws_iam_policy_document.cni_ipv6_policy",
            "module.eks.module.eks-cluster.data.aws_iam_session_context.current",
            "module.eks.module.eks-cluster.data.aws_partition.current",
            "module.eks.module.eks-cluster.module.kms.aws_kms_external_key.this",
            "module.eks.module.eks-cluster.module.kms.aws_kms_key.this",
            "module.eks.module.eks-cluster.module.kms.aws_kms_replica_external_key.this",
            "module.eks.module.eks-cluster.module.kms.aws_kms_replica_key.this",
            "module.eks.module.eks-cluster.module.kms.data.aws_caller_identity.current",
            "module.eks.module.eks-cluster.module.kms.data.aws_iam_policy_document.this",
            "module.eks.module.eks-cluster.module.kms.data.aws_partition.current",
            "module.eks.module.eks_blueprints_addons.aws_iam_role.karpenter",
            "module.eks.module.eks_blueprints_addons.data.aws_iam_policy_document.karpenter_assume_role",
            "module.eks.module.eks_blueprints_addons.data.aws_partition.current",
            "module.vpc.aws_subnet.private",
            "module.vpc.aws_subnet.public",
            "module.vpc.aws_vpc.this",
            "module.vpc.aws_vpc_ipv4_cidr_block_association.this"
          ]
        }
      ]
    },
    {
      "module": "module.eks.module.eks_blueprints_addons",
      "mode": "managed",
      "type": "aws_iam_role",
      "name": "karpenter",
      "provider": "provider[\"registry.terraform.io/hashicorp/aws\"]",
      "instances": [
        {
          "index_key": 0,
          "schema_version": 0,
          "attributes": {
            "arn": "arn:aws:iam::339712971032:role/karpenter-phdi-playground-dev",
            "assume_role_policy": "{\"Statement\":[{\"Action\":\"sts:AssumeRole\",\"Effect\":\"Allow\",\"Principal\":{\"Service\":\"ec2.amazonaws.com\"},\"Sid\":\"KarpenterNodeAssumeRole\"}],\"Version\":\"2012-10-17\"}",
            "create_date": "2024-02-14T23:11:00Z",
            "description": "Karpenter EC2 node IAM role",
            "force_detach_policies": true,
            "id": "karpenter-phdi-playground-dev",
            "inline_policy": [],
            "managed_policy_arns": [
              "arn:aws:iam::aws:policy/AmazonEC2ContainerRegistryReadOnly",
              "arn:aws:iam::aws:policy/AmazonEKSWorkerNodePolicy",
              "arn:aws:iam::aws:policy/AmazonEKS_CNI_Policy"
            ],
            "max_session_duration": 3600,
            "name": "karpenter-phdi-playground-dev",
            "name_prefix": "",
            "path": "/",
            "permissions_boundary": "",
            "tags": {
              "Blueprint": "phdi-playground-dev",
              "GithubRepo": "github.com/aws-ia/terraform-aws-eks-blueprints"
            },
            "tags_all": {
              "Blueprint": "phdi-playground-dev",
              "Environment": "dev",
              "GithubRepo": "github.com/aws-ia/terraform-aws-eks-blueprints",
              "Owner": "Skylight"
            },
            "unique_id": "AROAU6GDYSEMJZSTADJOC"
          },
          "sensitive_attributes": [],
          "private": "bnVsbA==",
          "dependencies": [
            "module.eks.module.eks-cluster.aws_cloudwatch_log_group.this",
            "module.eks.module.eks-cluster.aws_eks_cluster.this",
            "module.eks.module.eks-cluster.aws_iam_policy.cni_ipv6_policy",
            "module.eks.module.eks-cluster.aws_iam_role.this",
            "module.eks.module.eks-cluster.aws_iam_role_policy_attachment.this",
            "module.eks.module.eks-cluster.aws_security_group.cluster",
            "module.eks.module.eks-cluster.aws_security_group.node",
            "module.eks.module.eks-cluster.aws_security_group_rule.cluster",
            "module.eks.module.eks-cluster.aws_security_group_rule.node",
            "module.eks.module.eks-cluster.data.aws_caller_identity.current",
            "module.eks.module.eks-cluster.data.aws_iam_policy_document.assume_role_policy",
            "module.eks.module.eks-cluster.data.aws_iam_policy_document.cni_ipv6_policy",
            "module.eks.module.eks-cluster.data.aws_iam_session_context.current",
            "module.eks.module.eks-cluster.data.aws_partition.current",
            "module.eks.module.eks-cluster.module.kms.aws_kms_external_key.this",
            "module.eks.module.eks-cluster.module.kms.aws_kms_key.this",
            "module.eks.module.eks-cluster.module.kms.aws_kms_replica_external_key.this",
            "module.eks.module.eks-cluster.module.kms.aws_kms_replica_key.this",
            "module.eks.module.eks-cluster.module.kms.data.aws_caller_identity.current",
            "module.eks.module.eks-cluster.module.kms.data.aws_iam_policy_document.this",
            "module.eks.module.eks-cluster.module.kms.data.aws_partition.current",
            "module.eks.module.eks_blueprints_addons.data.aws_iam_policy_document.karpenter_assume_role",
            "module.eks.module.eks_blueprints_addons.data.aws_partition.current",
            "module.vpc.aws_subnet.private",
            "module.vpc.aws_subnet.public",
            "module.vpc.aws_vpc.this",
            "module.vpc.aws_vpc_ipv4_cidr_block_association.this"
          ]
        }
      ]
    },
    {
      "module": "module.eks.module.eks_blueprints_addons",
      "mode": "managed",
      "type": "aws_iam_role_policy_attachment",
      "name": "karpenter",
      "provider": "provider[\"registry.terraform.io/hashicorp/aws\"]",
      "instances": [
        {
          "index_key": "AmazonEC2ContainerRegistryReadOnly",
          "schema_version": 0,
          "attributes": {
            "id": "karpenter-phdi-playground-dev-20240214231101383200000016",
            "policy_arn": "arn:aws:iam::aws:policy/AmazonEC2ContainerRegistryReadOnly",
            "role": "karpenter-phdi-playground-dev"
          },
          "sensitive_attributes": [],
          "private": "bnVsbA==",
          "dependencies": [
            "module.eks.module.eks-cluster.aws_cloudwatch_log_group.this",
            "module.eks.module.eks-cluster.aws_eks_cluster.this",
            "module.eks.module.eks-cluster.aws_iam_policy.cni_ipv6_policy",
            "module.eks.module.eks-cluster.aws_iam_role.this",
            "module.eks.module.eks-cluster.aws_iam_role_policy_attachment.this",
            "module.eks.module.eks-cluster.aws_security_group.cluster",
            "module.eks.module.eks-cluster.aws_security_group.node",
            "module.eks.module.eks-cluster.aws_security_group_rule.cluster",
            "module.eks.module.eks-cluster.aws_security_group_rule.node",
            "module.eks.module.eks-cluster.data.aws_caller_identity.current",
            "module.eks.module.eks-cluster.data.aws_iam_policy_document.assume_role_policy",
            "module.eks.module.eks-cluster.data.aws_iam_policy_document.cni_ipv6_policy",
            "module.eks.module.eks-cluster.data.aws_iam_session_context.current",
            "module.eks.module.eks-cluster.data.aws_partition.current",
            "module.eks.module.eks-cluster.module.kms.aws_kms_external_key.this",
            "module.eks.module.eks-cluster.module.kms.aws_kms_key.this",
            "module.eks.module.eks-cluster.module.kms.aws_kms_replica_external_key.this",
            "module.eks.module.eks-cluster.module.kms.aws_kms_replica_key.this",
            "module.eks.module.eks-cluster.module.kms.data.aws_caller_identity.current",
            "module.eks.module.eks-cluster.module.kms.data.aws_iam_policy_document.this",
            "module.eks.module.eks-cluster.module.kms.data.aws_partition.current",
            "module.eks.module.eks_blueprints_addons.aws_iam_role.karpenter",
            "module.eks.module.eks_blueprints_addons.data.aws_iam_policy_document.karpenter_assume_role",
            "module.eks.module.eks_blueprints_addons.data.aws_partition.current",
            "module.vpc.aws_subnet.private",
            "module.vpc.aws_subnet.public",
            "module.vpc.aws_vpc.this",
            "module.vpc.aws_vpc_ipv4_cidr_block_association.this"
          ]
        },
        {
          "index_key": "AmazonEKSWorkerNodePolicy",
          "schema_version": 0,
          "attributes": {
            "id": "karpenter-phdi-playground-dev-20240214231101148600000014",
            "policy_arn": "arn:aws:iam::aws:policy/AmazonEKSWorkerNodePolicy",
            "role": "karpenter-phdi-playground-dev"
          },
          "sensitive_attributes": [],
          "private": "bnVsbA==",
          "dependencies": [
            "module.eks.module.eks-cluster.aws_cloudwatch_log_group.this",
            "module.eks.module.eks-cluster.aws_eks_cluster.this",
            "module.eks.module.eks-cluster.aws_iam_policy.cni_ipv6_policy",
            "module.eks.module.eks-cluster.aws_iam_role.this",
            "module.eks.module.eks-cluster.aws_iam_role_policy_attachment.this",
            "module.eks.module.eks-cluster.aws_security_group.cluster",
            "module.eks.module.eks-cluster.aws_security_group.node",
            "module.eks.module.eks-cluster.aws_security_group_rule.cluster",
            "module.eks.module.eks-cluster.aws_security_group_rule.node",
            "module.eks.module.eks-cluster.data.aws_caller_identity.current",
            "module.eks.module.eks-cluster.data.aws_iam_policy_document.assume_role_policy",
            "module.eks.module.eks-cluster.data.aws_iam_policy_document.cni_ipv6_policy",
            "module.eks.module.eks-cluster.data.aws_iam_session_context.current",
            "module.eks.module.eks-cluster.data.aws_partition.current",
            "module.eks.module.eks-cluster.module.kms.aws_kms_external_key.this",
            "module.eks.module.eks-cluster.module.kms.aws_kms_key.this",
            "module.eks.module.eks-cluster.module.kms.aws_kms_replica_external_key.this",
            "module.eks.module.eks-cluster.module.kms.aws_kms_replica_key.this",
            "module.eks.module.eks-cluster.module.kms.data.aws_caller_identity.current",
            "module.eks.module.eks-cluster.module.kms.data.aws_iam_policy_document.this",
            "module.eks.module.eks-cluster.module.kms.data.aws_partition.current",
            "module.eks.module.eks_blueprints_addons.aws_iam_role.karpenter",
            "module.eks.module.eks_blueprints_addons.data.aws_iam_policy_document.karpenter_assume_role",
            "module.eks.module.eks_blueprints_addons.data.aws_partition.current",
            "module.vpc.aws_subnet.private",
            "module.vpc.aws_subnet.public",
            "module.vpc.aws_vpc.this",
            "module.vpc.aws_vpc_ipv4_cidr_block_association.this"
          ]
        },
        {
          "index_key": "AmazonEKS_CNI_Policy",
          "schema_version": 0,
          "attributes": {
            "id": "karpenter-phdi-playground-dev-20240214231101371500000015",
            "policy_arn": "arn:aws:iam::aws:policy/AmazonEKS_CNI_Policy",
            "role": "karpenter-phdi-playground-dev"
          },
          "sensitive_attributes": [],
          "private": "bnVsbA==",
          "dependencies": [
            "module.eks.module.eks-cluster.aws_cloudwatch_log_group.this",
            "module.eks.module.eks-cluster.aws_eks_cluster.this",
            "module.eks.module.eks-cluster.aws_iam_policy.cni_ipv6_policy",
            "module.eks.module.eks-cluster.aws_iam_role.this",
            "module.eks.module.eks-cluster.aws_iam_role_policy_attachment.this",
            "module.eks.module.eks-cluster.aws_security_group.cluster",
            "module.eks.module.eks-cluster.aws_security_group.node",
            "module.eks.module.eks-cluster.aws_security_group_rule.cluster",
            "module.eks.module.eks-cluster.aws_security_group_rule.node",
            "module.eks.module.eks-cluster.data.aws_caller_identity.current",
            "module.eks.module.eks-cluster.data.aws_iam_policy_document.assume_role_policy",
            "module.eks.module.eks-cluster.data.aws_iam_policy_document.cni_ipv6_policy",
            "module.eks.module.eks-cluster.data.aws_iam_session_context.current",
            "module.eks.module.eks-cluster.data.aws_partition.current",
            "module.eks.module.eks-cluster.module.kms.aws_kms_external_key.this",
            "module.eks.module.eks-cluster.module.kms.aws_kms_key.this",
            "module.eks.module.eks-cluster.module.kms.aws_kms_replica_external_key.this",
            "module.eks.module.eks-cluster.module.kms.aws_kms_replica_key.this",
            "module.eks.module.eks-cluster.module.kms.data.aws_caller_identity.current",
            "module.eks.module.eks-cluster.module.kms.data.aws_iam_policy_document.this",
            "module.eks.module.eks-cluster.module.kms.data.aws_partition.current",
            "module.eks.module.eks_blueprints_addons.aws_iam_role.karpenter",
            "module.eks.module.eks_blueprints_addons.data.aws_iam_policy_document.karpenter_assume_role",
            "module.eks.module.eks_blueprints_addons.data.aws_partition.current",
            "module.vpc.aws_subnet.private",
            "module.vpc.aws_subnet.public",
            "module.vpc.aws_vpc.this",
            "module.vpc.aws_vpc_ipv4_cidr_block_association.this"
          ]
        }
      ]
    },
    {
      "module": "module.eks.module.eks_blueprints_addons",
      "mode": "managed",
      "type": "time_sleep",
      "name": "this",
      "provider": "provider[\"registry.terraform.io/hashicorp/time\"]",
      "instances": [
        {
          "schema_version": 0,
          "attributes": {
            "create_duration": "30s",
            "destroy_duration": null,
            "id": "2024-02-14T23:15:00Z",
            "triggers": {
              "cluster_endpoint": "https://FD74D748539038C56F947D4FE2130D33.gr7.us-east-1.eks.amazonaws.com",
              "cluster_name": "phdi-playground-dev",
              "custom": "arn:aws:eks:us-east-1:339712971032:fargateprofile/phdi-playground-dev/default/7ac6d4f1-dd6e-1dc6-8808-f4c4d290e275,arn:aws:eks:us-east-1:339712971032:fargateprofile/phdi-playground-dev/karpenter/b6c6d4f3-1d93-0954-6489-5daa02a2e1b8,arn:aws:eks:us-east-1:339712971032:fargateprofile/phdi-playground-dev/kube-system/e6c6d4f2-ff76-9114-c0d8-e34dd7b2bc9d",
              "oidc_provider_arn": "arn:aws:iam::339712971032:oidc-provider/oidc.eks.us-east-1.amazonaws.com/id/FD74D748539038C56F947D4FE2130D33"
            }
          },
          "sensitive_attributes": [],
          "dependencies": [
            "module.eks.module.eks-cluster.aws_cloudwatch_log_group.this",
            "module.eks.module.eks-cluster.aws_eks_cluster.this",
            "module.eks.module.eks-cluster.aws_iam_openid_connect_provider.oidc_provider",
            "module.eks.module.eks-cluster.aws_iam_policy.cni_ipv6_policy",
            "module.eks.module.eks-cluster.aws_iam_role.this",
            "module.eks.module.eks-cluster.aws_iam_role_policy_attachment.this",
            "module.eks.module.eks-cluster.aws_security_group.cluster",
            "module.eks.module.eks-cluster.aws_security_group.node",
            "module.eks.module.eks-cluster.aws_security_group_rule.cluster",
            "module.eks.module.eks-cluster.aws_security_group_rule.node",
            "module.eks.module.eks-cluster.data.aws_caller_identity.current",
            "module.eks.module.eks-cluster.data.aws_iam_policy_document.assume_role_policy",
            "module.eks.module.eks-cluster.data.aws_iam_policy_document.cni_ipv6_policy",
            "module.eks.module.eks-cluster.data.aws_iam_session_context.current",
            "module.eks.module.eks-cluster.data.aws_partition.current",
            "module.eks.module.eks-cluster.data.tls_certificate.this",
            "module.eks.module.eks-cluster.module.fargate_profile.aws_eks_fargate_profile.this",
            "module.eks.module.eks-cluster.module.fargate_profile.aws_iam_role.this",
            "module.eks.module.eks-cluster.module.fargate_profile.aws_iam_role_policy_attachment.additional",
            "module.eks.module.eks-cluster.module.fargate_profile.aws_iam_role_policy_attachment.this",
            "module.eks.module.eks-cluster.module.fargate_profile.data.aws_caller_identity.current",
            "module.eks.module.eks-cluster.module.fargate_profile.data.aws_iam_policy_document.assume_role_policy",
            "module.eks.module.eks-cluster.module.fargate_profile.data.aws_partition.current",
            "module.eks.module.eks-cluster.module.kms.aws_kms_external_key.this",
            "module.eks.module.eks-cluster.module.kms.aws_kms_key.this",
            "module.eks.module.eks-cluster.module.kms.aws_kms_replica_external_key.this",
            "module.eks.module.eks-cluster.module.kms.aws_kms_replica_key.this",
            "module.eks.module.eks-cluster.module.kms.data.aws_caller_identity.current",
            "module.eks.module.eks-cluster.module.kms.data.aws_iam_policy_document.this",
            "module.eks.module.eks-cluster.module.kms.data.aws_partition.current",
            "module.eks.module.eks-cluster.time_sleep.this",
            "module.vpc.aws_subnet.private",
            "module.vpc.aws_subnet.public",
            "module.vpc.aws_vpc.this",
            "module.vpc.aws_vpc_ipv4_cidr_block_association.this"
          ]
        }
      ]
    },
    {
      "module": "module.eks.module.eks_blueprints_addons.module.cert_manager",
      "mode": "data",
      "type": "aws_caller_identity",
      "name": "current",
      "provider": "provider[\"registry.terraform.io/hashicorp/aws\"]",
      "instances": []
    },
    {
      "module": "module.eks.module.eks_blueprints_addons.module.cert_manager",
      "mode": "data",
      "type": "aws_iam_policy_document",
      "name": "assume",
      "provider": "provider[\"registry.terraform.io/hashicorp/aws\"]",
      "instances": []
    },
    {
      "module": "module.eks.module.eks_blueprints_addons.module.cert_manager",
      "mode": "data",
      "type": "aws_partition",
      "name": "current",
      "provider": "provider[\"registry.terraform.io/hashicorp/aws\"]",
      "instances": []
    },
    {
      "module": "module.eks.module.eks_blueprints_addons.module.cert_manager",
      "mode": "managed",
      "type": "aws_iam_role",
      "name": "this",
      "provider": "provider[\"registry.terraform.io/hashicorp/aws\"]",
      "instances": []
    },
    {
      "module": "module.eks.module.eks_blueprints_addons.module.cert_manager",
      "mode": "managed",
      "type": "helm_release",
      "name": "this",
      "provider": "module.eks.provider[\"registry.terraform.io/hashicorp/helm\"]",
      "instances": []
    },
    {
      "module": "module.eks.module.eks_blueprints_addons.module.karpenter",
      "mode": "data",
      "type": "aws_caller_identity",
      "name": "current",
      "provider": "provider[\"registry.terraform.io/hashicorp/aws\"]",
      "instances": [
        {
          "index_key": 0,
          "schema_version": 0,
          "attributes": {
            "account_id": "339712971032",
            "arn": "arn:aws:iam::339712971032:user/terraform",
            "id": "339712971032",
            "user_id": "AIDAU6GDYSEMFFKJODROY"
          },
          "sensitive_attributes": []
        }
      ]
    },
    {
      "module": "module.eks.module.eks_blueprints_addons.module.karpenter",
      "mode": "data",
      "type": "aws_iam_policy_document",
      "name": "assume",
      "provider": "provider[\"registry.terraform.io/hashicorp/aws\"]",
      "instances": [
        {
          "index_key": 0,
          "schema_version": 0,
          "attributes": {
            "id": "2917333085",
            "json": "{\n  \"Version\": \"2012-10-17\",\n  \"Statement\": [\n    {\n      \"Effect\": \"Allow\",\n      \"Action\": \"sts:AssumeRoleWithWebIdentity\",\n      \"Principal\": {\n        \"Federated\": \"arn:aws:iam::339712971032:oidc-provider/oidc.eks.us-east-1.amazonaws.com/id/FD74D748539038C56F947D4FE2130D33\"\n      },\n      \"Condition\": {\n        \"StringEquals\": {\n          \"oidc.eks.us-east-1.amazonaws.com/id/FD74D748539038C56F947D4FE2130D33:aud\": \"sts.amazonaws.com\",\n          \"oidc.eks.us-east-1.amazonaws.com/id/FD74D748539038C56F947D4FE2130D33:sub\": \"system:serviceaccount:karpenter:karpenter\"\n        }\n      }\n    }\n  ]\n}",
            "override_policy_documents": null,
            "policy_id": null,
            "source_policy_documents": null,
            "statement": [
              {
                "actions": [
                  "sts:AssumeRoleWithWebIdentity"
                ],
                "condition": [
                  {
                    "test": "StringEquals",
                    "values": [
                      "sts.amazonaws.com"
                    ],
                    "variable": "oidc.eks.us-east-1.amazonaws.com/id/FD74D748539038C56F947D4FE2130D33:aud"
                  },
                  {
                    "test": "StringEquals",
                    "values": [
                      "system:serviceaccount:karpenter:karpenter"
                    ],
                    "variable": "oidc.eks.us-east-1.amazonaws.com/id/FD74D748539038C56F947D4FE2130D33:sub"
                  }
                ],
                "effect": "Allow",
                "not_actions": [],
                "not_principals": [],
                "not_resources": [],
                "principals": [
                  {
                    "identifiers": [
                      "arn:aws:iam::339712971032:oidc-provider/oidc.eks.us-east-1.amazonaws.com/id/FD74D748539038C56F947D4FE2130D33"
                    ],
                    "type": "Federated"
                  }
                ],
                "resources": [],
                "sid": ""
              }
            ],
            "version": "2012-10-17"
          },
          "sensitive_attributes": []
        }
      ]
    },
    {
      "module": "module.eks.module.eks_blueprints_addons.module.karpenter",
      "mode": "data",
      "type": "aws_iam_policy_document",
      "name": "this",
      "provider": "provider[\"registry.terraform.io/hashicorp/aws\"]",
      "instances": [
        {
          "index_key": 0,
          "schema_version": 0,
          "attributes": {
            "id": "3442277164",
            "json": "{\n  \"Version\": \"2012-10-17\",\n  \"Statement\": [\n    {\n      \"Effect\": \"Allow\",\n      \"Action\": [\n        \"ec2:DescribeSubnets\",\n        \"ec2:DescribeSpotPriceHistory\",\n        \"ec2:DescribeSecurityGroups\",\n        \"ec2:DescribeLaunchTemplates\",\n        \"ec2:DescribeInstances\",\n        \"ec2:DescribeInstanceTypes\",\n        \"ec2:DescribeInstanceTypeOfferings\",\n        \"ec2:DescribeImages\",\n        \"ec2:DescribeAvailabilityZones\"\n      ],\n      \"Resource\": \"*\"\n    },\n    {\n      \"Effect\": \"Allow\",\n      \"Action\": [\n        \"ec2:RunInstances\",\n        \"ec2:DeleteLaunchTemplate\",\n        \"ec2:CreateTags\",\n        \"ec2:CreateLaunchTemplate\",\n        \"ec2:CreateFleet\"\n      ],\n      \"Resource\": [\n        \"arn:aws:ec2:us-east-1::image/*\",\n        \"arn:aws:ec2:us-east-1:339712971032:*\"\n      ]\n    },\n    {\n      \"Effect\": \"Allow\",\n      \"Action\": \"iam:PassRole\",\n      \"Resource\": \"arn:aws:iam::339712971032:role/karpenter-phdi-playground-dev\"\n    },\n    {\n      \"Effect\": \"Allow\",\n      \"Action\": \"pricing:GetProducts\",\n      \"Resource\": \"*\"\n    },\n    {\n      \"Effect\": \"Allow\",\n      \"Action\": \"ssm:GetParameter\",\n      \"Resource\": \"arn:aws:ssm:us-east-1::parameter/aws/service/*\"\n    },\n    {\n      \"Effect\": \"Allow\",\n      \"Action\": \"eks:DescribeCluster\",\n      \"Resource\": \"arn:aws:eks:*:339712971032:cluster/phdi-playground-dev\"\n    },\n    {\n      \"Effect\": \"Allow\",\n      \"Action\": \"ec2:TerminateInstances\",\n      \"Resource\": \"arn:aws:ec2:us-east-1:339712971032:instance/*\",\n      \"Condition\": {\n        \"StringLike\": {\n          \"ec2:ResourceTag/kubernetes.io/cluster/phdi-playground-dev\": \"*\"\n        }\n      }\n    },\n    {\n      \"Effect\": \"Allow\",\n      \"Action\": [\n        \"sqs:ReceiveMessage\",\n        \"sqs:GetQueueUrl\",\n        \"sqs:GetQueueAttributes\",\n        \"sqs:DeleteMessage\"\n      ],\n      \"Resource\": \"arn:aws:sqs:us-east-1:339712971032:karpenter-phdi-playground-dev\"\n    },\n    {\n      \"Effect\": \"Allow\",\n      \"Action\": [\n        \"iam:TagInstanceProfile\",\n        \"iam:RemoveRoleFromInstanceProfile\",\n        \"iam:GetInstanceProfile\",\n        \"iam:DeleteInstanceProfile\",\n        \"iam:CreateInstanceProfile\",\n        \"iam:AddRoleToInstanceProfile\"\n      ],\n      \"Resource\": \"*\"\n    }\n  ]\n}",
            "override_policy_documents": null,
            "policy_id": null,
            "source_policy_documents": [
              "{\n  \"Version\": \"2012-10-17\",\n  \"Statement\": [\n    {\n      \"Effect\": \"Allow\",\n      \"Action\": [\n        \"ec2:DescribeSubnets\",\n        \"ec2:DescribeSpotPriceHistory\",\n        \"ec2:DescribeSecurityGroups\",\n        \"ec2:DescribeLaunchTemplates\",\n        \"ec2:DescribeInstances\",\n        \"ec2:DescribeInstanceTypes\",\n        \"ec2:DescribeInstanceTypeOfferings\",\n        \"ec2:DescribeImages\",\n        \"ec2:DescribeAvailabilityZones\"\n      ],\n      \"Resource\": \"*\"\n    },\n    {\n      \"Effect\": \"Allow\",\n      \"Action\": [\n        \"ec2:RunInstances\",\n        \"ec2:DeleteLaunchTemplate\",\n        \"ec2:CreateTags\",\n        \"ec2:CreateLaunchTemplate\",\n        \"ec2:CreateFleet\"\n      ],\n      \"Resource\": [\n        \"arn:aws:ec2:us-east-1::image/*\",\n        \"arn:aws:ec2:us-east-1:339712971032:*\"\n      ]\n    },\n    {\n      \"Effect\": \"Allow\",\n      \"Action\": \"iam:PassRole\",\n      \"Resource\": \"arn:aws:iam::339712971032:role/karpenter-phdi-playground-dev\"\n    },\n    {\n      \"Effect\": \"Allow\",\n      \"Action\": \"pricing:GetProducts\",\n      \"Resource\": \"*\"\n    },\n    {\n      \"Effect\": \"Allow\",\n      \"Action\": \"ssm:GetParameter\",\n      \"Resource\": \"arn:aws:ssm:us-east-1::parameter/aws/service/*\"\n    },\n    {\n      \"Effect\": \"Allow\",\n      \"Action\": \"eks:DescribeCluster\",\n      \"Resource\": \"arn:aws:eks:*:339712971032:cluster/phdi-playground-dev\"\n    },\n    {\n      \"Effect\": \"Allow\",\n      \"Action\": \"ec2:TerminateInstances\",\n      \"Resource\": \"arn:aws:ec2:us-east-1:339712971032:instance/*\",\n      \"Condition\": {\n        \"StringLike\": {\n          \"ec2:ResourceTag/kubernetes.io/cluster/phdi-playground-dev\": \"*\"\n        }\n      }\n    },\n    {\n      \"Effect\": \"Allow\",\n      \"Action\": [\n        \"sqs:ReceiveMessage\",\n        \"sqs:GetQueueUrl\",\n        \"sqs:GetQueueAttributes\",\n        \"sqs:DeleteMessage\"\n      ],\n      \"Resource\": \"arn:aws:sqs:us-east-1:339712971032:karpenter-phdi-playground-dev\"\n    },\n    {\n      \"Effect\": \"Allow\",\n      \"Action\": [\n        \"iam:TagInstanceProfile\",\n        \"iam:RemoveRoleFromInstanceProfile\",\n        \"iam:GetInstanceProfile\",\n        \"iam:DeleteInstanceProfile\",\n        \"iam:CreateInstanceProfile\",\n        \"iam:AddRoleToInstanceProfile\"\n      ],\n      \"Resource\": \"*\"\n    }\n  ]\n}"
            ],
            "statement": null,
            "version": "2012-10-17"
          },
          "sensitive_attributes": []
        }
      ]
    },
    {
      "module": "module.eks.module.eks_blueprints_addons.module.karpenter",
      "mode": "data",
      "type": "aws_partition",
      "name": "current",
      "provider": "provider[\"registry.terraform.io/hashicorp/aws\"]",
      "instances": [
        {
          "index_key": 0,
          "schema_version": 0,
          "attributes": {
            "dns_suffix": "amazonaws.com",
            "id": "aws",
            "partition": "aws",
            "reverse_dns_prefix": "com.amazonaws"
          },
          "sensitive_attributes": []
        }
      ]
    },
    {
      "module": "module.eks.module.eks_blueprints_addons.module.karpenter",
      "mode": "managed",
      "type": "aws_iam_policy",
      "name": "this",
      "provider": "provider[\"registry.terraform.io/hashicorp/aws\"]",
      "instances": [
        {
          "index_key": 0,
          "schema_version": 0,
          "attributes": {
            "arn": "arn:aws:iam::339712971032:policy/karpenter-20240214231127578000000018",
            "description": "IAM Policy for karpenter",
            "id": "arn:aws:iam::339712971032:policy/karpenter-20240214231127578000000018",
            "name": "karpenter-20240214231127578000000018",
            "name_prefix": "karpenter-",
            "path": "/",
            "policy": "{\"Statement\":[{\"Action\":[\"ec2:DescribeSubnets\",\"ec2:DescribeSpotPriceHistory\",\"ec2:DescribeSecurityGroups\",\"ec2:DescribeLaunchTemplates\",\"ec2:DescribeInstances\",\"ec2:DescribeInstanceTypes\",\"ec2:DescribeInstanceTypeOfferings\",\"ec2:DescribeImages\",\"ec2:DescribeAvailabilityZones\"],\"Effect\":\"Allow\",\"Resource\":\"*\"},{\"Action\":[\"ec2:RunInstances\",\"ec2:DeleteLaunchTemplate\",\"ec2:CreateTags\",\"ec2:CreateLaunchTemplate\",\"ec2:CreateFleet\"],\"Effect\":\"Allow\",\"Resource\":[\"arn:aws:ec2:us-east-1::image/*\",\"arn:aws:ec2:us-east-1:339712971032:*\"]},{\"Action\":\"iam:PassRole\",\"Effect\":\"Allow\",\"Resource\":\"arn:aws:iam::339712971032:role/karpenter-phdi-playground-dev\"},{\"Action\":\"pricing:GetProducts\",\"Effect\":\"Allow\",\"Resource\":\"*\"},{\"Action\":\"ssm:GetParameter\",\"Effect\":\"Allow\",\"Resource\":\"arn:aws:ssm:us-east-1::parameter/aws/service/*\"},{\"Action\":\"eks:DescribeCluster\",\"Effect\":\"Allow\",\"Resource\":\"arn:aws:eks:*:339712971032:cluster/phdi-playground-dev\"},{\"Action\":\"ec2:TerminateInstances\",\"Condition\":{\"StringLike\":{\"ec2:ResourceTag/kubernetes.io/cluster/phdi-playground-dev\":\"*\"}},\"Effect\":\"Allow\",\"Resource\":\"arn:aws:ec2:us-east-1:339712971032:instance/*\"},{\"Action\":[\"sqs:ReceiveMessage\",\"sqs:GetQueueUrl\",\"sqs:GetQueueAttributes\",\"sqs:DeleteMessage\"],\"Effect\":\"Allow\",\"Resource\":\"arn:aws:sqs:us-east-1:339712971032:karpenter-phdi-playground-dev\"},{\"Action\":[\"iam:TagInstanceProfile\",\"iam:RemoveRoleFromInstanceProfile\",\"iam:GetInstanceProfile\",\"iam:DeleteInstanceProfile\",\"iam:CreateInstanceProfile\",\"iam:AddRoleToInstanceProfile\"],\"Effect\":\"Allow\",\"Resource\":\"*\"}],\"Version\":\"2012-10-17\"}",
            "policy_id": "ANPAU6GDYSEMIFFAH4CGY",
            "tags": {
              "Blueprint": "phdi-playground-dev",
              "GithubRepo": "github.com/aws-ia/terraform-aws-eks-blueprints"
            },
            "tags_all": {
              "Blueprint": "phdi-playground-dev",
              "Environment": "dev",
              "GithubRepo": "github.com/aws-ia/terraform-aws-eks-blueprints",
              "Owner": "Skylight"
            }
          },
          "sensitive_attributes": [],
          "private": "bnVsbA==",
          "dependencies": [
            "module.eks.data.aws_ecrpublic_authorization_token.token",
            "module.eks.module.eks-cluster.aws_cloudwatch_log_group.this",
            "module.eks.module.eks-cluster.aws_eks_cluster.this",
            "module.eks.module.eks-cluster.aws_iam_policy.cni_ipv6_policy",
            "module.eks.module.eks-cluster.aws_iam_role.this",
            "module.eks.module.eks-cluster.aws_iam_role_policy_attachment.this",
            "module.eks.module.eks-cluster.aws_security_group.cluster",
            "module.eks.module.eks-cluster.aws_security_group.node",
            "module.eks.module.eks-cluster.aws_security_group_rule.cluster",
            "module.eks.module.eks-cluster.aws_security_group_rule.node",
            "module.eks.module.eks-cluster.data.aws_caller_identity.current",
            "module.eks.module.eks-cluster.data.aws_iam_policy_document.assume_role_policy",
            "module.eks.module.eks-cluster.data.aws_iam_policy_document.cni_ipv6_policy",
            "module.eks.module.eks-cluster.data.aws_iam_session_context.current",
            "module.eks.module.eks-cluster.data.aws_partition.current",
            "module.eks.module.eks-cluster.module.kms.aws_kms_external_key.this",
            "module.eks.module.eks-cluster.module.kms.aws_kms_key.this",
            "module.eks.module.eks-cluster.module.kms.aws_kms_replica_external_key.this",
            "module.eks.module.eks-cluster.module.kms.aws_kms_replica_key.this",
            "module.eks.module.eks-cluster.module.kms.data.aws_caller_identity.current",
            "module.eks.module.eks-cluster.module.kms.data.aws_iam_policy_document.this",
            "module.eks.module.eks-cluster.module.kms.data.aws_partition.current",
            "module.eks.module.eks_blueprints_addons.aws_iam_role.karpenter",
            "module.eks.module.eks_blueprints_addons.data.aws_caller_identity.current",
            "module.eks.module.eks_blueprints_addons.data.aws_iam_policy_document.karpenter",
            "module.eks.module.eks_blueprints_addons.data.aws_iam_policy_document.karpenter_assume_role",
            "module.eks.module.eks_blueprints_addons.data.aws_partition.current",
            "module.eks.module.eks_blueprints_addons.data.aws_region.current",
            "module.eks.module.eks_blueprints_addons.module.karpenter.data.aws_iam_policy_document.this",
            "module.eks.module.eks_blueprints_addons.module.karpenter_sqs.aws_sqs_queue.this",
            "module.vpc.aws_subnet.private",
            "module.vpc.aws_subnet.public",
            "module.vpc.aws_vpc.this",
            "module.vpc.aws_vpc_ipv4_cidr_block_association.this"
          ]
        }
      ]
    },
    {
      "module": "module.eks.module.eks_blueprints_addons.module.karpenter",
      "mode": "managed",
      "type": "aws_iam_role",
      "name": "this",
      "provider": "provider[\"registry.terraform.io/hashicorp/aws\"]",
      "instances": [
        {
          "index_key": 0,
          "schema_version": 0,
          "attributes": {
            "arn": "arn:aws:iam::339712971032:role/karpenter-2024021423150197570000001f",
            "assume_role_policy": "{\"Statement\":[{\"Action\":\"sts:AssumeRoleWithWebIdentity\",\"Condition\":{\"StringEquals\":{\"oidc.eks.us-east-1.amazonaws.com/id/FD74D748539038C56F947D4FE2130D33:aud\":\"sts.amazonaws.com\",\"oidc.eks.us-east-1.amazonaws.com/id/FD74D748539038C56F947D4FE2130D33:sub\":\"system:serviceaccount:karpenter:karpenter\"}},\"Effect\":\"Allow\",\"Principal\":{\"Federated\":\"arn:aws:iam::339712971032:oidc-provider/oidc.eks.us-east-1.amazonaws.com/id/FD74D748539038C56F947D4FE2130D33\"}}],\"Version\":\"2012-10-17\"}",
            "create_date": "2024-02-14T23:15:02Z",
            "description": "IRSA for Karpenter",
            "force_detach_policies": true,
            "id": "karpenter-2024021423150197570000001f",
            "inline_policy": [],
            "managed_policy_arns": [
              "arn:aws:iam::339712971032:policy/karpenter-20240214231127578000000018"
            ],
            "max_session_duration": 3600,
            "name": "karpenter-2024021423150197570000001f",
            "name_prefix": "karpenter-",
            "path": "/",
            "permissions_boundary": "",
            "tags": {
              "Blueprint": "phdi-playground-dev",
              "GithubRepo": "github.com/aws-ia/terraform-aws-eks-blueprints"
            },
            "tags_all": {
              "Blueprint": "phdi-playground-dev",
              "Environment": "dev",
              "GithubRepo": "github.com/aws-ia/terraform-aws-eks-blueprints",
              "Owner": "Skylight"
            },
            "unique_id": "AROAU6GDYSEMDDOU3TMX2"
          },
          "sensitive_attributes": [],
          "private": "bnVsbA==",
          "dependencies": [
            "module.eks.data.aws_ecrpublic_authorization_token.token",
            "module.eks.module.eks-cluster.aws_cloudwatch_log_group.this",
            "module.eks.module.eks-cluster.aws_eks_cluster.this",
            "module.eks.module.eks-cluster.aws_iam_openid_connect_provider.oidc_provider",
            "module.eks.module.eks-cluster.aws_iam_policy.cni_ipv6_policy",
            "module.eks.module.eks-cluster.aws_iam_role.this",
            "module.eks.module.eks-cluster.aws_iam_role_policy_attachment.this",
            "module.eks.module.eks-cluster.aws_security_group.cluster",
            "module.eks.module.eks-cluster.aws_security_group.node",
            "module.eks.module.eks-cluster.aws_security_group_rule.cluster",
            "module.eks.module.eks-cluster.aws_security_group_rule.node",
            "module.eks.module.eks-cluster.data.aws_caller_identity.current",
            "module.eks.module.eks-cluster.data.aws_iam_policy_document.assume_role_policy",
            "module.eks.module.eks-cluster.data.aws_iam_policy_document.cni_ipv6_policy",
            "module.eks.module.eks-cluster.data.aws_iam_session_context.current",
            "module.eks.module.eks-cluster.data.aws_partition.current",
            "module.eks.module.eks-cluster.data.tls_certificate.this",
            "module.eks.module.eks-cluster.module.fargate_profile.aws_eks_fargate_profile.this",
            "module.eks.module.eks-cluster.module.fargate_profile.aws_iam_role.this",
            "module.eks.module.eks-cluster.module.fargate_profile.aws_iam_role_policy_attachment.additional",
            "module.eks.module.eks-cluster.module.fargate_profile.aws_iam_role_policy_attachment.this",
            "module.eks.module.eks-cluster.module.fargate_profile.data.aws_caller_identity.current",
            "module.eks.module.eks-cluster.module.fargate_profile.data.aws_iam_policy_document.assume_role_policy",
            "module.eks.module.eks-cluster.module.fargate_profile.data.aws_partition.current",
            "module.eks.module.eks-cluster.module.kms.aws_kms_external_key.this",
            "module.eks.module.eks-cluster.module.kms.aws_kms_key.this",
            "module.eks.module.eks-cluster.module.kms.aws_kms_replica_external_key.this",
            "module.eks.module.eks-cluster.module.kms.aws_kms_replica_key.this",
            "module.eks.module.eks-cluster.module.kms.data.aws_caller_identity.current",
            "module.eks.module.eks-cluster.module.kms.data.aws_iam_policy_document.this",
            "module.eks.module.eks-cluster.module.kms.data.aws_partition.current",
            "module.eks.module.eks-cluster.time_sleep.this",
            "module.eks.module.eks_blueprints_addons.module.karpenter.data.aws_caller_identity.current",
            "module.eks.module.eks_blueprints_addons.module.karpenter.data.aws_iam_policy_document.assume",
            "module.eks.module.eks_blueprints_addons.module.karpenter.data.aws_partition.current",
            "module.eks.module.eks_blueprints_addons.time_sleep.this",
            "module.vpc.aws_subnet.private",
            "module.vpc.aws_subnet.public",
            "module.vpc.aws_vpc.this",
            "module.vpc.aws_vpc_ipv4_cidr_block_association.this"
          ]
        }
      ]
    },
    {
      "module": "module.eks.module.eks_blueprints_addons.module.karpenter",
      "mode": "managed",
      "type": "aws_iam_role_policy_attachment",
      "name": "this",
      "provider": "provider[\"registry.terraform.io/hashicorp/aws\"]",
      "instances": [
        {
          "index_key": 0,
          "schema_version": 0,
          "attributes": {
            "id": "karpenter-2024021423150197570000001f-20240214231502864000000020",
            "policy_arn": "arn:aws:iam::339712971032:policy/karpenter-20240214231127578000000018",
            "role": "karpenter-2024021423150197570000001f"
          },
          "sensitive_attributes": [],
          "private": "bnVsbA==",
          "dependencies": [
            "module.eks.data.aws_ecrpublic_authorization_token.token",
            "module.eks.module.eks-cluster.aws_cloudwatch_log_group.this",
            "module.eks.module.eks-cluster.aws_eks_cluster.this",
            "module.eks.module.eks-cluster.aws_iam_openid_connect_provider.oidc_provider",
            "module.eks.module.eks-cluster.aws_iam_policy.cni_ipv6_policy",
            "module.eks.module.eks-cluster.aws_iam_role.this",
            "module.eks.module.eks-cluster.aws_iam_role_policy_attachment.this",
            "module.eks.module.eks-cluster.aws_security_group.cluster",
            "module.eks.module.eks-cluster.aws_security_group.node",
            "module.eks.module.eks-cluster.aws_security_group_rule.cluster",
            "module.eks.module.eks-cluster.aws_security_group_rule.node",
            "module.eks.module.eks-cluster.data.aws_caller_identity.current",
            "module.eks.module.eks-cluster.data.aws_iam_policy_document.assume_role_policy",
            "module.eks.module.eks-cluster.data.aws_iam_policy_document.cni_ipv6_policy",
            "module.eks.module.eks-cluster.data.aws_iam_session_context.current",
            "module.eks.module.eks-cluster.data.aws_partition.current",
            "module.eks.module.eks-cluster.data.tls_certificate.this",
            "module.eks.module.eks-cluster.module.fargate_profile.aws_eks_fargate_profile.this",
            "module.eks.module.eks-cluster.module.fargate_profile.aws_iam_role.this",
            "module.eks.module.eks-cluster.module.fargate_profile.aws_iam_role_policy_attachment.additional",
            "module.eks.module.eks-cluster.module.fargate_profile.aws_iam_role_policy_attachment.this",
            "module.eks.module.eks-cluster.module.fargate_profile.data.aws_caller_identity.current",
            "module.eks.module.eks-cluster.module.fargate_profile.data.aws_iam_policy_document.assume_role_policy",
            "module.eks.module.eks-cluster.module.fargate_profile.data.aws_partition.current",
            "module.eks.module.eks-cluster.module.kms.aws_kms_external_key.this",
            "module.eks.module.eks-cluster.module.kms.aws_kms_key.this",
            "module.eks.module.eks-cluster.module.kms.aws_kms_replica_external_key.this",
            "module.eks.module.eks-cluster.module.kms.aws_kms_replica_key.this",
            "module.eks.module.eks-cluster.module.kms.data.aws_caller_identity.current",
            "module.eks.module.eks-cluster.module.kms.data.aws_iam_policy_document.this",
            "module.eks.module.eks-cluster.module.kms.data.aws_partition.current",
            "module.eks.module.eks-cluster.time_sleep.this",
            "module.eks.module.eks_blueprints_addons.aws_iam_role.karpenter",
            "module.eks.module.eks_blueprints_addons.data.aws_caller_identity.current",
            "module.eks.module.eks_blueprints_addons.data.aws_iam_policy_document.karpenter",
            "module.eks.module.eks_blueprints_addons.data.aws_iam_policy_document.karpenter_assume_role",
            "module.eks.module.eks_blueprints_addons.data.aws_partition.current",
            "module.eks.module.eks_blueprints_addons.data.aws_region.current",
            "module.eks.module.eks_blueprints_addons.module.karpenter.aws_iam_policy.this",
            "module.eks.module.eks_blueprints_addons.module.karpenter.aws_iam_role.this",
            "module.eks.module.eks_blueprints_addons.module.karpenter.data.aws_caller_identity.current",
            "module.eks.module.eks_blueprints_addons.module.karpenter.data.aws_iam_policy_document.assume",
            "module.eks.module.eks_blueprints_addons.module.karpenter.data.aws_iam_policy_document.this",
            "module.eks.module.eks_blueprints_addons.module.karpenter.data.aws_partition.current",
            "module.eks.module.eks_blueprints_addons.module.karpenter_sqs.aws_sqs_queue.this",
            "module.eks.module.eks_blueprints_addons.time_sleep.this",
            "module.vpc.aws_subnet.private",
            "module.vpc.aws_subnet.public",
            "module.vpc.aws_vpc.this",
            "module.vpc.aws_vpc_ipv4_cidr_block_association.this"
          ]
        }
      ]
    },
    {
      "module": "module.eks.module.eks_blueprints_addons.module.karpenter",
      "mode": "managed",
      "type": "helm_release",
      "name": "this",
      "provider": "module.eks.provider[\"registry.terraform.io/hashicorp/helm\"]",
      "instances": [
        {
          "index_key": 0,
          "schema_version": 1,
          "attributes": {
            "atomic": false,
            "chart": "karpenter",
            "cleanup_on_fail": false,
            "create_namespace": true,
            "dependency_update": false,
            "description": "A Helm chart to deploy Karpenter",
            "devel": null,
            "disable_crd_hooks": false,
            "disable_openapi_validation": false,
            "disable_webhooks": false,
            "force_update": false,
            "id": "karpenter",
            "keyring": null,
            "lint": false,
            "manifest": null,
            "max_history": 0,
            "metadata": [
              {
                "app_version": "0.32.1",
                "chart": "karpenter",
                "name": "karpenter",
                "namespace": "karpenter",
                "revision": 2,
                "values": "{\"serviceAccount\":{\"annotations\":{\"eks.amazonaws.com/role-arn\":\"arn:aws:iam::339712971032:role/karpenter-2024021423150197570000001f\"},\"name\":\"karpenter\"},\"settings\":{\"aws\":{\"clusterEndpoint\":\"https://FD74D748539038C56F947D4FE2130D33.gr7.us-east-1.eks.amazonaws.com\",\"clusterName\":\"phdi-playground-dev\",\"interruptionQueueName\":\"karpenter-phdi-playground-dev\"},\"clusterEndpoint\":\"https://FD74D748539038C56F947D4FE2130D33.gr7.us-east-1.eks.amazonaws.com\",\"clusterName\":\"phdi-playground-dev\",\"interruptionQueue\":\"karpenter-phdi-playground-dev\"}}",
                "version": "v0.32.1"
              }
            ],
            "name": "karpenter",
            "namespace": "karpenter",
            "pass_credentials": false,
            "postrender": [],
            "recreate_pods": false,
            "render_subchart_notes": true,
            "replace": false,
            "repository": "oci://public.ecr.aws/karpenter",
            "repository_ca_file": null,
            "repository_cert_file": null,
            "repository_key_file": null,
            "repository_password": "eyJwYXlsb2FkIjoiTmZQMFJxK2NDL3UyRGEzWkVaTnUrdzRvUG9jaFpmMHVMbTNZQTgzMnhHZ0QzdjVCdmd1Nk1WM1FDQXc2Q3Y4TkxSbll6MTdjRmtuc1ErUHZPUjh0VDR3a1p1MXI4TlRORE5rYkdRdW9TUGtOZlFsZ0g1bEVwUFpkQm1zUUdMTnBTd3hTa2E0ZmhINzlwak14VGZET3cvV1BNNWdkQ3NMbGVYWE1vakRtY01xalFOM1NwWW12d0JtMHdMbk1rcUJRakxIc3ZEZjEvdnZBdUtQRmNwMGdRWkVENEcyOXB2d1pRK2pXWVpYbkF3eHRrbTkrOGY2OFVNQVlXN0dwYTR6dE5XYTBJc2tpZmRUN3JWenBmUmFtNXZqM3lxeUtlaTNxSlFqbFUvYU51SGo3WmYwdEFBTTAvd24rcjVSaE1RcmYwdjlIVkVDZ0JxZnJBWDg3bExmWTAzdzhSU0U0TGdnUUJuWXEzbjVzY2RoNEZCZHV3SjJ0YXJvZ2oxeERQOFIvWWUyQjYvN0lyV0JweHl3WEhTa2F0RWd1d0VXQjl3THhNREtuYjBGbEFwYUNrTlAvakkvZlJpblNzWW5Gdk5Zc3hSc0lDWFVXU2Qwc292NkpZWnM1YWFlNlZLWEl3RG9UaU9BOE1kT1JyRDd1Q1RuemVoVmRpYVA3Vyt6Rk9lV2loTUpCZzdMZVR2TnlXVjNKNmNPRE5lL202c1dBQkVwZlowM1l3dGpCazRqSzQ1eEZ3VlRHc0s5dWhiQTN1dXpXZEcwWHY1RjJhZVNROTN5cHJVUk9KVWp3eXQzdW1aSXh6SENsbFEvcVBzZENMdmt6TnVJNWhMVm5IMmdwNFk4dU5RczhraGhIc21Oa0hHcjJEVnQwRkovRmNRRDJERUVkVlN3RmREekNaTFp5TEhvMXVkb0pwRlNKYWVZdXFBSHFhTzZnRTRLLzFlUVNReWtRcXpObnJIVG14WURtcDFmS3p0SUwwRjNwb1Q5RnVveVNGSmRVK1ZJSDVreHNXajlsMmc4d3dmT1dERnFYYjZyVSswV1gwWCtWVWxpSVFkQ0xUL0ZuNnlvMW55YmNuVUhaaUR2S3FDWTJ1SEFFWFVlTmZIM0EvNkJ2Q2t6dVVsSEs0eFdwWEorQjhkYVM0MHNSc2RYaFVPNGtHSmd5cVluQnhURHBvLzVYRTRldzVZZ080QTh2TS9ENXBFaFROWTNzU1NhZU5BMUV0TmNYdFExV2JmUEZYVlNQYkJjbEhpVVJEKzRiWmVDMndTeTRPdjdmcGlYbjNPTlFkMzJHcXE1bkVmQk56OE5uSHdsWkNDRWZEOS9yd1U0LzhSWDJTV2taZ2VGMkVSazdhSkVQOVdESi9ScDg2U2xWbitwWThEZEhXdHgxTTRLdzIxVUciLCJkYXRha2V5IjoiZXlKUVJGZ2lPaUpTSzB3elNURm5lWFJYVjNrNGVITldMMUpHUldRMFJGaHNSV3d5VldrMFMwSnJhbVZYY2pOdWEweGxWRTA0VnpsRFRuRm9UV2hzUm01UE5VSnpUMGwyWW1KNVFrRjVkVTVRVTFWV1FqTjNjVGsyUVRKMmMySkZReTlYVmxwNWJtNHljbVIzTUVwWFNXTmpNVFJUTlUxTmJrWmtVR0Z2YkdkTFUyZENielpvVDJrdmJYWnhUU3RvUW1Sc1JIWldkSFJMZG5GUk5WcHpkbU5XWmpoVFNEUmFXSEk1WVdGSFZEaGlVemhyZERCUGJFWmtielF4VFVrdlEzSjRNemxvU1ZOSk1VNDVPVEJDVTJOdFRWVnhNamRwUkU5TmJFSm1MMHBaZHpaUE5ubERiMHBHTUhGNVFrNTVOMEoyUkVOVFN6TlhVbk5zWTNscmRXSkpTVTR5U1c0d1MwSnlTVUZMTm5sTVpucFhOMHh1TXpGVE1HcHZhRFpaVURCWUsyVnpOSE5VY0ZSdFIzTm9PR2hKYjJ4V1ltdDFjbVEyUmxST1pUZGxOV3cxTkdneGFtMDFZVEJzVlRGbGJGZHhaRzlsVTBKdk1sRnBVbEU5UFNJc0lrbEJSQ0k2SWtaUU5YUkhiRlJIVUZVNFJubHVWMFpYUjAwMlIxcHhhV3BSTVRkWGFpOXNkVEJVUld0bVpWWjBOSEIxVkRoQ2RFSXpZM3BZUzJseWNIUk1la1JHUVZWWFJIUXhjMEp4TTAxUWJXbDZjbVpWTTB0QmRrWTFXSE5JU0hWalMxVlpXbWN4WlU5Rk5YaHZLMkYwY1ZKT1ozcDZaVkZVVXk5UGJsQlhaVmd3WTBOMGNYQkpiMnBaTjJZdlRVNXljMlJLVkc5S1IyNVhTVzFVTTFKRE9IWTBja3h2Um5KT2FqWTJVV0oyWnpSM1IyNVpZMnBzTjJNdk1HNDJWUzlJUjA1cU0ydzBkRGx1WVU1S2VIbzJlRk53VFc4MlJ5OXpORmxsVmtsbU1XVmFlSEl3ZEhKaFRrUTJWa1JWWms1SFozUnFjMjlRTURKSmJHeEVkRWxxU1hFNVVsaExaWGx5V1dWT2VXOTZWRWRhY0VsTGIzRjVSbWcwUW1SdlUxZHBUMUYxWVRKc1pGRnBlWGhMTVM5b1JtdzBSR1UyUkU1TWVXMTJXRzV1WVU1VVRtdGFZbFZVYm05b05rRnhTSGRLVFVscU5WUlJXUzg1WnowOUluMD0iLCJ2ZXJzaW9uIjoiMyIsInR5cGUiOiJEQVRBX0tFWSIsImV4cGlyYXRpb24iOjE3MDc5OTYwNDV9",
            "repository_username": "AWS",
            "reset_values": false,
            "reuse_values": false,
            "set": [
              {
                "name": "serviceAccount.annotations.eks\\.amazonaws\\.com/role-arn",
                "type": "",
                "value": "arn:aws:iam::339712971032:role/karpenter-2024021423150197570000001f"
              },
              {
                "name": "serviceAccount.name",
                "type": "",
                "value": "karpenter"
              },
              {
                "name": "settings.aws.clusterEndpoint",
                "type": "",
                "value": "https://FD74D748539038C56F947D4FE2130D33.gr7.us-east-1.eks.amazonaws.com"
              },
              {
                "name": "settings.aws.clusterName",
                "type": "",
                "value": "phdi-playground-dev"
              },
              {
                "name": "settings.aws.interruptionQueueName",
                "type": "",
                "value": "karpenter-phdi-playground-dev"
              },
              {
                "name": "settings.clusterEndpoint",
                "type": "",
                "value": "https://FD74D748539038C56F947D4FE2130D33.gr7.us-east-1.eks.amazonaws.com"
              },
              {
                "name": "settings.clusterName",
                "type": "",
                "value": "phdi-playground-dev"
              },
              {
                "name": "settings.interruptionQueue",
                "type": "",
                "value": "karpenter-phdi-playground-dev"
              }
            ],
            "set_list": [],
            "set_sensitive": [],
            "skip_crds": false,
            "status": "deployed",
            "timeout": 300,
            "values": [],
            "verify": false,
            "version": "v0.32.1",
            "wait": false,
            "wait_for_jobs": false
          },
          "sensitive_attributes": [
            [
              {
                "type": "get_attr",
                "value": "repository_password"
              }
            ]
          ],
          "private": "eyJzY2hlbWFfdmVyc2lvbiI6IjEifQ==",
          "dependencies": [
            "module.eks.data.aws_ecrpublic_authorization_token.token",
            "module.eks.data.aws_eks_cluster_auth.eks",
            "module.eks.module.eks-cluster.aws_cloudwatch_log_group.this",
            "module.eks.module.eks-cluster.aws_eks_cluster.this",
            "module.eks.module.eks-cluster.aws_iam_openid_connect_provider.oidc_provider",
            "module.eks.module.eks-cluster.aws_iam_policy.cni_ipv6_policy",
            "module.eks.module.eks-cluster.aws_iam_role.this",
            "module.eks.module.eks-cluster.aws_iam_role_policy_attachment.this",
            "module.eks.module.eks-cluster.aws_security_group.cluster",
            "module.eks.module.eks-cluster.aws_security_group.node",
            "module.eks.module.eks-cluster.aws_security_group_rule.cluster",
            "module.eks.module.eks-cluster.aws_security_group_rule.node",
            "module.eks.module.eks-cluster.data.aws_caller_identity.current",
            "module.eks.module.eks-cluster.data.aws_iam_policy_document.assume_role_policy",
            "module.eks.module.eks-cluster.data.aws_iam_policy_document.cni_ipv6_policy",
            "module.eks.module.eks-cluster.data.aws_iam_session_context.current",
            "module.eks.module.eks-cluster.data.aws_partition.current",
            "module.eks.module.eks-cluster.data.tls_certificate.this",
            "module.eks.module.eks-cluster.module.fargate_profile.aws_eks_fargate_profile.this",
            "module.eks.module.eks-cluster.module.fargate_profile.aws_iam_role.this",
            "module.eks.module.eks-cluster.module.fargate_profile.aws_iam_role_policy_attachment.additional",
            "module.eks.module.eks-cluster.module.fargate_profile.aws_iam_role_policy_attachment.this",
            "module.eks.module.eks-cluster.module.fargate_profile.data.aws_caller_identity.current",
            "module.eks.module.eks-cluster.module.fargate_profile.data.aws_iam_policy_document.assume_role_policy",
            "module.eks.module.eks-cluster.module.fargate_profile.data.aws_partition.current",
            "module.eks.module.eks-cluster.module.kms.aws_kms_external_key.this",
            "module.eks.module.eks-cluster.module.kms.aws_kms_key.this",
            "module.eks.module.eks-cluster.module.kms.aws_kms_replica_external_key.this",
            "module.eks.module.eks-cluster.module.kms.aws_kms_replica_key.this",
            "module.eks.module.eks-cluster.module.kms.data.aws_caller_identity.current",
            "module.eks.module.eks-cluster.module.kms.data.aws_iam_policy_document.this",
            "module.eks.module.eks-cluster.module.kms.data.aws_partition.current",
            "module.eks.module.eks-cluster.time_sleep.this",
            "module.eks.module.eks_blueprints_addons.aws_iam_instance_profile.karpenter",
            "module.eks.module.eks_blueprints_addons.aws_iam_role.karpenter",
            "module.eks.module.eks_blueprints_addons.data.aws_iam_policy_document.karpenter_assume_role",
            "module.eks.module.eks_blueprints_addons.data.aws_partition.current",
            "module.eks.module.eks_blueprints_addons.module.karpenter.aws_iam_role.this",
            "module.eks.module.eks_blueprints_addons.module.karpenter.data.aws_caller_identity.current",
            "module.eks.module.eks_blueprints_addons.module.karpenter.data.aws_iam_policy_document.assume",
            "module.eks.module.eks_blueprints_addons.module.karpenter.data.aws_partition.current",
            "module.eks.module.eks_blueprints_addons.module.karpenter_sqs.aws_sqs_queue.this",
            "module.eks.module.eks_blueprints_addons.time_sleep.this",
            "module.vpc.aws_subnet.private",
            "module.vpc.aws_subnet.public",
            "module.vpc.aws_vpc.this",
            "module.vpc.aws_vpc_ipv4_cidr_block_association.this"
          ]
        }
      ]
    },
    {
      "module": "module.eks.module.eks_blueprints_addons.module.karpenter_sqs",
      "mode": "data",
      "type": "aws_iam_policy_document",
      "name": "this",
      "provider": "provider[\"registry.terraform.io/hashicorp/aws\"]",
      "instances": [
        {
          "index_key": 0,
          "schema_version": 0,
          "attributes": {
            "id": "145170805",
            "json": "{\n  \"Version\": \"2012-10-17\",\n  \"Statement\": [\n    {\n      \"Sid\": \"SendEventsToQueue\",\n      \"Effect\": \"Allow\",\n      \"Action\": \"sqs:SendMessage\",\n      \"Resource\": \"arn:aws:sqs:us-east-1:339712971032:karpenter-phdi-playground-dev\",\n      \"Principal\": {\n        \"Service\": [\n          \"sqs.amazonaws.com\",\n          \"events.amazonaws.com\"\n        ]\n      }\n    }\n  ]\n}",
            "override_policy_documents": null,
            "policy_id": null,
            "source_policy_documents": null,
            "statement": [
              {
                "actions": [
                  "sqs:SendMessage"
                ],
                "condition": [],
                "effect": "Allow",
                "not_actions": [],
                "not_principals": [],
                "not_resources": [],
                "principals": [
                  {
                    "identifiers": [
                      "events.amazonaws.com",
                      "sqs.amazonaws.com"
                    ],
                    "type": "Service"
                  }
                ],
                "resources": [
                  "arn:aws:sqs:us-east-1:339712971032:karpenter-phdi-playground-dev"
                ],
                "sid": "SendEventsToQueue"
              }
            ],
            "version": "2012-10-17"
          },
          "sensitive_attributes": []
        }
      ]
    },
    {
      "module": "module.eks.module.eks_blueprints_addons.module.karpenter_sqs",
      "mode": "managed",
      "type": "aws_sqs_queue",
      "name": "dlq",
      "provider": "provider[\"registry.terraform.io/hashicorp/aws\"]",
      "instances": []
    },
    {
      "module": "module.eks.module.eks_blueprints_addons.module.karpenter_sqs",
      "mode": "managed",
      "type": "aws_sqs_queue",
      "name": "this",
      "provider": "provider[\"registry.terraform.io/hashicorp/aws\"]",
      "instances": [
        {
          "index_key": 0,
          "schema_version": 0,
          "attributes": {
            "arn": "arn:aws:sqs:us-east-1:339712971032:karpenter-phdi-playground-dev",
            "content_based_deduplication": false,
            "deduplication_scope": "",
            "delay_seconds": 0,
            "fifo_queue": false,
            "fifo_throughput_limit": "",
            "id": "https://sqs.us-east-1.amazonaws.com/339712971032/karpenter-phdi-playground-dev",
            "kms_data_key_reuse_period_seconds": 300,
            "kms_master_key_id": "",
            "max_message_size": 262144,
            "message_retention_seconds": 300,
            "name": "karpenter-phdi-playground-dev",
            "name_prefix": "",
            "policy": "{\"Statement\":[{\"Action\":\"sqs:SendMessage\",\"Effect\":\"Allow\",\"Principal\":{\"Service\":[\"sqs.amazonaws.com\",\"events.amazonaws.com\"]},\"Resource\":\"arn:aws:sqs:us-east-1:339712971032:karpenter-phdi-playground-dev\",\"Sid\":\"SendEventsToQueue\"}],\"Version\":\"2012-10-17\"}",
            "receive_wait_time_seconds": 0,
            "redrive_allow_policy": "",
            "redrive_policy": "",
            "sqs_managed_sse_enabled": true,
            "tags": {
              "Blueprint": "phdi-playground-dev",
              "GithubRepo": "github.com/aws-ia/terraform-aws-eks-blueprints"
            },
            "tags_all": {
              "Blueprint": "phdi-playground-dev",
              "Environment": "dev",
              "GithubRepo": "github.com/aws-ia/terraform-aws-eks-blueprints",
              "Owner": "Skylight"
            },
            "url": "https://sqs.us-east-1.amazonaws.com/339712971032/karpenter-phdi-playground-dev",
            "visibility_timeout_seconds": 30
          },
          "sensitive_attributes": [],
          "private": "bnVsbA==",
          "dependencies": [
            "module.eks.module.eks-cluster.aws_cloudwatch_log_group.this",
            "module.eks.module.eks-cluster.aws_eks_cluster.this",
            "module.eks.module.eks-cluster.aws_iam_policy.cni_ipv6_policy",
            "module.eks.module.eks-cluster.aws_iam_role.this",
            "module.eks.module.eks-cluster.aws_iam_role_policy_attachment.this",
            "module.eks.module.eks-cluster.aws_security_group.cluster",
            "module.eks.module.eks-cluster.aws_security_group.node",
            "module.eks.module.eks-cluster.aws_security_group_rule.cluster",
            "module.eks.module.eks-cluster.aws_security_group_rule.node",
            "module.eks.module.eks-cluster.data.aws_caller_identity.current",
            "module.eks.module.eks-cluster.data.aws_iam_policy_document.assume_role_policy",
            "module.eks.module.eks-cluster.data.aws_iam_policy_document.cni_ipv6_policy",
            "module.eks.module.eks-cluster.data.aws_iam_session_context.current",
            "module.eks.module.eks-cluster.data.aws_partition.current",
            "module.eks.module.eks-cluster.module.kms.aws_kms_external_key.this",
            "module.eks.module.eks-cluster.module.kms.aws_kms_key.this",
            "module.eks.module.eks-cluster.module.kms.aws_kms_replica_external_key.this",
            "module.eks.module.eks-cluster.module.kms.aws_kms_replica_key.this",
            "module.eks.module.eks-cluster.module.kms.data.aws_caller_identity.current",
            "module.eks.module.eks-cluster.module.kms.data.aws_iam_policy_document.this",
            "module.eks.module.eks-cluster.module.kms.data.aws_partition.current",
            "module.vpc.aws_subnet.private",
            "module.vpc.aws_subnet.public",
            "module.vpc.aws_vpc.this",
            "module.vpc.aws_vpc_ipv4_cidr_block_association.this"
          ]
        }
      ]
    },
    {
      "module": "module.eks.module.eks_blueprints_addons.module.karpenter_sqs",
      "mode": "managed",
      "type": "aws_sqs_queue_policy",
      "name": "this",
      "provider": "provider[\"registry.terraform.io/hashicorp/aws\"]",
      "instances": [
        {
          "index_key": 0,
          "schema_version": 1,
          "attributes": {
            "id": "https://sqs.us-east-1.amazonaws.com/339712971032/karpenter-phdi-playground-dev",
            "policy": "{\"Statement\":[{\"Action\":\"sqs:SendMessage\",\"Effect\":\"Allow\",\"Principal\":{\"Service\":[\"sqs.amazonaws.com\",\"events.amazonaws.com\"]},\"Resource\":\"arn:aws:sqs:us-east-1:339712971032:karpenter-phdi-playground-dev\",\"Sid\":\"SendEventsToQueue\"}],\"Version\":\"2012-10-17\"}",
            "queue_url": "https://sqs.us-east-1.amazonaws.com/339712971032/karpenter-phdi-playground-dev"
          },
          "sensitive_attributes": [],
          "private": "eyJzY2hlbWFfdmVyc2lvbiI6IjEifQ==",
          "dependencies": [
            "module.eks.module.eks-cluster.aws_cloudwatch_log_group.this",
            "module.eks.module.eks-cluster.aws_eks_cluster.this",
            "module.eks.module.eks-cluster.aws_iam_policy.cni_ipv6_policy",
            "module.eks.module.eks-cluster.aws_iam_role.this",
            "module.eks.module.eks-cluster.aws_iam_role_policy_attachment.this",
            "module.eks.module.eks-cluster.aws_security_group.cluster",
            "module.eks.module.eks-cluster.aws_security_group.node",
            "module.eks.module.eks-cluster.aws_security_group_rule.cluster",
            "module.eks.module.eks-cluster.aws_security_group_rule.node",
            "module.eks.module.eks-cluster.data.aws_caller_identity.current",
            "module.eks.module.eks-cluster.data.aws_iam_policy_document.assume_role_policy",
            "module.eks.module.eks-cluster.data.aws_iam_policy_document.cni_ipv6_policy",
            "module.eks.module.eks-cluster.data.aws_iam_session_context.current",
            "module.eks.module.eks-cluster.data.aws_partition.current",
            "module.eks.module.eks-cluster.module.kms.aws_kms_external_key.this",
            "module.eks.module.eks-cluster.module.kms.aws_kms_key.this",
            "module.eks.module.eks-cluster.module.kms.aws_kms_replica_external_key.this",
            "module.eks.module.eks-cluster.module.kms.aws_kms_replica_key.this",
            "module.eks.module.eks-cluster.module.kms.data.aws_caller_identity.current",
            "module.eks.module.eks-cluster.module.kms.data.aws_iam_policy_document.this",
            "module.eks.module.eks-cluster.module.kms.data.aws_partition.current",
            "module.eks.module.eks_blueprints_addons.data.aws_partition.current",
            "module.eks.module.eks_blueprints_addons.module.karpenter_sqs.aws_sqs_queue.this",
            "module.eks.module.eks_blueprints_addons.module.karpenter_sqs.data.aws_iam_policy_document.this",
            "module.vpc.aws_subnet.private",
            "module.vpc.aws_subnet.public",
            "module.vpc.aws_vpc.this",
            "module.vpc.aws_vpc_ipv4_cidr_block_association.this"
          ]
        }
      ]
    },
    {
      "module": "module.vpc",
      "mode": "managed",
      "type": "aws_default_network_acl",
      "name": "this",
      "provider": "provider[\"registry.terraform.io/hashicorp/aws\"]",
      "instances": [
        {
          "index_key": 0,
          "schema_version": 0,
          "attributes": {
            "arn": "arn:aws:ec2:us-east-1:339712971032:network-acl/acl-05aa5cb2be2374485",
            "default_network_acl_id": "acl-05aa5cb2be2374485",
            "egress": [
              {
                "action": "allow",
                "cidr_block": "",
                "from_port": 0,
                "icmp_code": 0,
                "icmp_type": 0,
                "ipv6_cidr_block": "::/0",
                "protocol": "-1",
                "rule_no": 101,
                "to_port": 0
              },
              {
                "action": "allow",
                "cidr_block": "0.0.0.0/0",
                "from_port": 0,
                "icmp_code": 0,
                "icmp_type": 0,
                "ipv6_cidr_block": "",
                "protocol": "-1",
                "rule_no": 100,
                "to_port": 0
              }
            ],
            "id": "acl-05aa5cb2be2374485",
            "ingress": [
              {
                "action": "allow",
                "cidr_block": "",
                "from_port": 0,
                "icmp_code": 0,
                "icmp_type": 0,
                "ipv6_cidr_block": "::/0",
                "protocol": "-1",
                "rule_no": 101,
                "to_port": 0
              },
              {
                "action": "allow",
                "cidr_block": "0.0.0.0/0",
                "from_port": 0,
                "icmp_code": 0,
                "icmp_type": 0,
                "ipv6_cidr_block": "",
                "protocol": "-1",
                "rule_no": 100,
                "to_port": 0
              }
            ],
            "owner_id": "339712971032",
            "subnet_ids": [
              "subnet-0207a791395ea9e6a",
              "subnet-03dc93e35e89c30a9",
              "subnet-0a1ab89a7bc3b277d",
              "subnet-0a5d3711377dc6c17"
            ],
            "tags": {
              "Name": "phdi-playground-dev-default",
              "kubernetes.io/cluster/phdi-playground-dev": "shared"
            },
            "tags_all": {
              "Environment": "dev",
              "Name": "phdi-playground-dev-default",
              "Owner": "Skylight",
              "kubernetes.io/cluster/phdi-playground-dev": "shared"
            },
            "vpc_id": "vpc-0ce2209f49b6b97ad"
          },
          "sensitive_attributes": [],
          "private": "bnVsbA==",
          "dependencies": [
            "module.vpc.aws_vpc.this"
          ]
        }
      ]
    },
    {
      "module": "module.vpc",
      "mode": "managed",
      "type": "aws_default_route_table",
      "name": "default",
      "provider": "provider[\"registry.terraform.io/hashicorp/aws\"]",
      "instances": [
        {
          "index_key": 0,
          "schema_version": 0,
          "attributes": {
            "arn": "arn:aws:ec2:us-east-1:339712971032:route-table/rtb-04aaecd743f5f3223",
            "default_route_table_id": "rtb-04aaecd743f5f3223",
            "id": "rtb-04aaecd743f5f3223",
            "owner_id": "339712971032",
            "propagating_vgws": [],
            "route": [],
            "tags": {
              "Name": "phdi-playground-dev-default",
              "kubernetes.io/cluster/phdi-playground-dev": "shared"
            },
            "tags_all": {
              "Environment": "dev",
              "Name": "phdi-playground-dev-default",
              "Owner": "Skylight",
              "kubernetes.io/cluster/phdi-playground-dev": "shared"
            },
            "timeouts": {
              "create": "5m",
              "update": "5m"
            },
            "vpc_id": "vpc-0ce2209f49b6b97ad"
          },
          "sensitive_attributes": [],
          "private": "eyJlMmJmYjczMC1lY2FhLTExZTYtOGY4OC0zNDM2M2JjN2M0YzAiOnsiY3JlYXRlIjozMDAwMDAwMDAwMDAsInVwZGF0ZSI6MzAwMDAwMDAwMDAwfX0=",
          "dependencies": [
            "module.vpc.aws_vpc.this"
          ]
        }
      ]
    },
    {
      "module": "module.vpc",
      "mode": "managed",
      "type": "aws_default_security_group",
      "name": "this",
      "provider": "provider[\"registry.terraform.io/hashicorp/aws\"]",
      "instances": [
        {
          "index_key": 0,
          "schema_version": 1,
          "attributes": {
            "arn": "arn:aws:ec2:us-east-1:339712971032:security-group/sg-06396cb400c572487",
            "description": "default VPC security group",
            "egress": [],
            "id": "sg-06396cb400c572487",
            "ingress": [],
            "name": "default",
            "name_prefix": "",
            "owner_id": "339712971032",
            "revoke_rules_on_delete": false,
            "tags": {
              "Name": "phdi-playground-dev-security-group",
              "kubernetes.io/cluster/phdi-playground-dev": "shared"
            },
            "tags_all": {
              "Environment": "dev",
              "Name": "phdi-playground-dev-security-group",
              "Owner": "Skylight",
              "kubernetes.io/cluster/phdi-playground-dev": "shared"
            },
            "vpc_id": "vpc-0ce2209f49b6b97ad"
          },
          "sensitive_attributes": [],
          "private": "eyJzY2hlbWFfdmVyc2lvbiI6IjEifQ==",
          "dependencies": [
            "module.vpc.aws_vpc.this"
          ]
        }
      ]
    },
    {
      "module": "module.vpc",
      "mode": "managed",
      "type": "aws_eip",
      "name": "nat",
      "provider": "provider[\"registry.terraform.io/hashicorp/aws\"]",
      "instances": [
        {
          "index_key": 0,
          "schema_version": 0,
          "attributes": {
            "address": null,
            "allocation_id": "eipalloc-067bc0fb243939301",
            "associate_with_private_ip": null,
            "association_id": "eipassoc-01f80847a7bf8278d",
            "carrier_ip": "",
            "customer_owned_ip": "",
            "customer_owned_ipv4_pool": "",
            "domain": "vpc",
            "id": "eipalloc-067bc0fb243939301",
            "instance": "",
            "network_border_group": "us-east-1",
            "network_interface": "eni-0bb82e033a3ee835b",
            "private_dns": "ip-176-24-2-40.ec2.internal",
            "private_ip": "176.24.2.40",
            "public_dns": "ec2-18-215-86-35.compute-1.amazonaws.com",
            "public_ip": "18.215.86.35",
            "public_ipv4_pool": "amazon",
            "tags": {
              "Name": "phdi-playground-dev-us-east-1a",
              "kubernetes.io/cluster/phdi-playground-dev": "shared"
            },
            "tags_all": {
              "Environment": "dev",
              "Name": "phdi-playground-dev-us-east-1a",
              "Owner": "Skylight",
              "kubernetes.io/cluster/phdi-playground-dev": "shared"
            },
            "timeouts": null,
            "vpc": true
          },
          "sensitive_attributes": [],
          "private": "eyJlMmJmYjczMC1lY2FhLTExZTYtOGY4OC0zNDM2M2JjN2M0YzAiOnsiZGVsZXRlIjoxODAwMDAwMDAwMDAsInJlYWQiOjkwMDAwMDAwMDAwMCwidXBkYXRlIjozMDAwMDAwMDAwMDB9fQ==",
          "dependencies": [
            "module.vpc.aws_internet_gateway.this",
            "module.vpc.aws_vpc.this",
            "module.vpc.aws_vpc_ipv4_cidr_block_association.this"
          ]
        }
      ]
    },
    {
      "module": "module.vpc",
      "mode": "managed",
      "type": "aws_internet_gateway",
      "name": "this",
      "provider": "provider[\"registry.terraform.io/hashicorp/aws\"]",
      "instances": [
        {
          "index_key": 0,
          "schema_version": 0,
          "attributes": {
            "arn": "arn:aws:ec2:us-east-1:339712971032:internet-gateway/igw-0633fae05665b6edb",
            "id": "igw-0633fae05665b6edb",
            "owner_id": "339712971032",
            "tags": {
              "Name": "phdi-playground-dev",
              "kubernetes.io/cluster/phdi-playground-dev": "shared"
            },
            "tags_all": {
              "Environment": "dev",
              "Name": "phdi-playground-dev",
              "Owner": "Skylight",
              "kubernetes.io/cluster/phdi-playground-dev": "shared"
            },
            "timeouts": null,
            "vpc_id": "vpc-0ce2209f49b6b97ad"
          },
          "sensitive_attributes": [],
          "private": "eyJlMmJmYjczMC1lY2FhLTExZTYtOGY4OC0zNDM2M2JjN2M0YzAiOnsiY3JlYXRlIjoxMjAwMDAwMDAwMDAwLCJkZWxldGUiOjEyMDAwMDAwMDAwMDAsInVwZGF0ZSI6MTIwMDAwMDAwMDAwMH19",
          "dependencies": [
            "module.vpc.aws_vpc.this",
            "module.vpc.aws_vpc_ipv4_cidr_block_association.this"
          ]
        }
      ]
    },
    {
      "module": "module.vpc",
      "mode": "managed",
      "type": "aws_nat_gateway",
      "name": "this",
      "provider": "provider[\"registry.terraform.io/hashicorp/aws\"]",
      "instances": [
        {
          "index_key": 0,
          "schema_version": 0,
          "attributes": {
            "allocation_id": "eipalloc-067bc0fb243939301",
            "association_id": "eipassoc-01f80847a7bf8278d",
            "connectivity_type": "public",
            "id": "nat-03b93b5c157655aa9",
            "network_interface_id": "eni-0bb82e033a3ee835b",
            "private_ip": "176.24.2.40",
            "public_ip": "18.215.86.35",
            "secondary_allocation_ids": [],
            "secondary_private_ip_address_count": 0,
            "secondary_private_ip_addresses": [],
            "subnet_id": "subnet-0207a791395ea9e6a",
            "tags": {
              "Name": "phdi-playground-dev-us-east-1a",
              "kubernetes.io/cluster/phdi-playground-dev": "shared"
            },
            "tags_all": {
              "Environment": "dev",
              "Name": "phdi-playground-dev-us-east-1a",
              "Owner": "Skylight",
              "kubernetes.io/cluster/phdi-playground-dev": "shared"
            },
            "timeouts": null
          },
          "sensitive_attributes": [],
          "private": "eyJlMmJmYjczMC1lY2FhLTExZTYtOGY4OC0zNDM2M2JjN2M0YzAiOnsiY3JlYXRlIjo2MDAwMDAwMDAwMDAsImRlbGV0ZSI6MTgwMDAwMDAwMDAwMCwidXBkYXRlIjo2MDAwMDAwMDAwMDB9fQ==",
          "dependencies": [
            "module.vpc.aws_eip.nat",
            "module.vpc.aws_internet_gateway.this",
            "module.vpc.aws_subnet.public",
            "module.vpc.aws_vpc.this",
            "module.vpc.aws_vpc_ipv4_cidr_block_association.this"
          ]
        }
      ]
    },
    {
      "module": "module.vpc",
      "mode": "managed",
      "type": "aws_route",
      "name": "private_nat_gateway",
      "provider": "provider[\"registry.terraform.io/hashicorp/aws\"]",
      "instances": [
        {
          "index_key": 0,
          "schema_version": 0,
          "attributes": {
            "carrier_gateway_id": "",
            "core_network_arn": "",
            "destination_cidr_block": "0.0.0.0/0",
            "destination_ipv6_cidr_block": "",
            "destination_prefix_list_id": "",
            "egress_only_gateway_id": "",
            "gateway_id": "",
            "id": "r-rtb-00e634b1c36606c2f1080289494",
            "instance_id": "",
            "instance_owner_id": "",
            "local_gateway_id": "",
            "nat_gateway_id": "nat-03b93b5c157655aa9",
            "network_interface_id": "",
            "origin": "CreateRoute",
            "route_table_id": "rtb-00e634b1c36606c2f",
            "state": "active",
            "timeouts": {
              "create": "5m",
              "delete": null,
              "update": null
            },
            "transit_gateway_id": "",
            "vpc_endpoint_id": "",
            "vpc_peering_connection_id": ""
          },
          "sensitive_attributes": [],
          "private": "eyJlMmJmYjczMC1lY2FhLTExZTYtOGY4OC0zNDM2M2JjN2M0YzAiOnsiY3JlYXRlIjozMDAwMDAwMDAwMDAsImRlbGV0ZSI6MzAwMDAwMDAwMDAwLCJ1cGRhdGUiOjEyMDAwMDAwMDAwMH19",
          "dependencies": [
            "module.vpc.aws_eip.nat",
            "module.vpc.aws_internet_gateway.this",
            "module.vpc.aws_nat_gateway.this",
            "module.vpc.aws_route_table.private",
            "module.vpc.aws_subnet.public",
            "module.vpc.aws_vpc.this",
            "module.vpc.aws_vpc_ipv4_cidr_block_association.this"
          ]
        }
      ]
    },
    {
      "module": "module.vpc",
      "mode": "managed",
      "type": "aws_route",
      "name": "public_internet_gateway",
      "provider": "provider[\"registry.terraform.io/hashicorp/aws\"]",
      "instances": [
        {
          "index_key": 0,
          "schema_version": 0,
          "attributes": {
            "carrier_gateway_id": "",
            "core_network_arn": "",
            "destination_cidr_block": "0.0.0.0/0",
            "destination_ipv6_cidr_block": "",
            "destination_prefix_list_id": "",
            "egress_only_gateway_id": "",
            "gateway_id": "igw-0633fae05665b6edb",
            "id": "r-rtb-0469d497cdbccd35d1080289494",
            "instance_id": "",
            "instance_owner_id": "",
            "local_gateway_id": "",
            "nat_gateway_id": "",
            "network_interface_id": "",
            "origin": "CreateRoute",
            "route_table_id": "rtb-0469d497cdbccd35d",
            "state": "active",
            "timeouts": {
              "create": "5m",
              "delete": null,
              "update": null
            },
            "transit_gateway_id": "",
            "vpc_endpoint_id": "",
            "vpc_peering_connection_id": ""
          },
          "sensitive_attributes": [],
          "private": "eyJlMmJmYjczMC1lY2FhLTExZTYtOGY4OC0zNDM2M2JjN2M0YzAiOnsiY3JlYXRlIjozMDAwMDAwMDAwMDAsImRlbGV0ZSI6MzAwMDAwMDAwMDAwLCJ1cGRhdGUiOjEyMDAwMDAwMDAwMH19",
          "dependencies": [
            "module.vpc.aws_internet_gateway.this",
            "module.vpc.aws_route_table.public",
            "module.vpc.aws_vpc.this",
            "module.vpc.aws_vpc_ipv4_cidr_block_association.this"
          ]
        }
      ]
    },
    {
      "module": "module.vpc",
      "mode": "managed",
      "type": "aws_route_table",
      "name": "private",
      "provider": "provider[\"registry.terraform.io/hashicorp/aws\"]",
      "instances": [
        {
          "index_key": 0,
          "schema_version": 0,
          "attributes": {
            "arn": "arn:aws:ec2:us-east-1:339712971032:route-table/rtb-00e634b1c36606c2f",
            "id": "rtb-00e634b1c36606c2f",
            "owner_id": "339712971032",
            "propagating_vgws": [],
            "route": [
              {
                "carrier_gateway_id": "",
                "cidr_block": "0.0.0.0/0",
                "core_network_arn": "",
                "destination_prefix_list_id": "",
                "egress_only_gateway_id": "",
                "gateway_id": "",
                "ipv6_cidr_block": "",
                "local_gateway_id": "",
                "nat_gateway_id": "nat-03b93b5c157655aa9",
                "network_interface_id": "",
                "transit_gateway_id": "",
                "vpc_endpoint_id": "",
                "vpc_peering_connection_id": ""
              }
            ],
            "tags": {
              "Name": "phdi-playground-dev-private",
              "kubernetes.io/cluster/phdi-playground-dev": "shared"
            },
            "tags_all": {
              "Environment": "dev",
              "Name": "phdi-playground-dev-private",
              "Owner": "Skylight",
              "kubernetes.io/cluster/phdi-playground-dev": "shared"
            },
            "timeouts": null,
            "vpc_id": "vpc-0ce2209f49b6b97ad"
          },
          "sensitive_attributes": [],
          "private": "eyJlMmJmYjczMC1lY2FhLTExZTYtOGY4OC0zNDM2M2JjN2M0YzAiOnsiY3JlYXRlIjozMDAwMDAwMDAwMDAsImRlbGV0ZSI6MzAwMDAwMDAwMDAwLCJ1cGRhdGUiOjEyMDAwMDAwMDAwMH19",
          "dependencies": [
            "module.vpc.aws_vpc.this",
            "module.vpc.aws_vpc_ipv4_cidr_block_association.this"
          ]
        }
      ]
    },
    {
      "module": "module.vpc",
      "mode": "managed",
      "type": "aws_route_table",
      "name": "public",
      "provider": "provider[\"registry.terraform.io/hashicorp/aws\"]",
      "instances": [
        {
          "index_key": 0,
          "schema_version": 0,
          "attributes": {
            "arn": "arn:aws:ec2:us-east-1:339712971032:route-table/rtb-0469d497cdbccd35d",
            "id": "rtb-0469d497cdbccd35d",
            "owner_id": "339712971032",
            "propagating_vgws": [],
            "route": [
              {
                "carrier_gateway_id": "",
                "cidr_block": "0.0.0.0/0",
                "core_network_arn": "",
                "destination_prefix_list_id": "",
                "egress_only_gateway_id": "",
                "gateway_id": "igw-0633fae05665b6edb",
                "ipv6_cidr_block": "",
                "local_gateway_id": "",
                "nat_gateway_id": "",
                "network_interface_id": "",
                "transit_gateway_id": "",
                "vpc_endpoint_id": "",
                "vpc_peering_connection_id": ""
              }
            ],
            "tags": {
              "Name": "phdi-playground-dev-public",
              "kubernetes.io/cluster/phdi-playground-dev": "shared"
            },
            "tags_all": {
              "Environment": "dev",
              "Name": "phdi-playground-dev-public",
              "Owner": "Skylight",
              "kubernetes.io/cluster/phdi-playground-dev": "shared"
            },
            "timeouts": null,
            "vpc_id": "vpc-0ce2209f49b6b97ad"
          },
          "sensitive_attributes": [],
          "private": "eyJlMmJmYjczMC1lY2FhLTExZTYtOGY4OC0zNDM2M2JjN2M0YzAiOnsiY3JlYXRlIjozMDAwMDAwMDAwMDAsImRlbGV0ZSI6MzAwMDAwMDAwMDAwLCJ1cGRhdGUiOjEyMDAwMDAwMDAwMH19",
          "dependencies": [
            "module.vpc.aws_vpc.this",
            "module.vpc.aws_vpc_ipv4_cidr_block_association.this"
          ]
        }
      ]
    },
    {
      "module": "module.vpc",
      "mode": "managed",
      "type": "aws_route_table_association",
      "name": "private",
      "provider": "provider[\"registry.terraform.io/hashicorp/aws\"]",
      "instances": [
        {
          "index_key": 0,
          "schema_version": 0,
          "attributes": {
            "gateway_id": "",
            "id": "rtbassoc-04794e5136f54fd68",
            "route_table_id": "rtb-00e634b1c36606c2f",
            "subnet_id": "subnet-0a5d3711377dc6c17",
            "timeouts": null
          },
          "sensitive_attributes": [],
          "private": "eyJlMmJmYjczMC1lY2FhLTExZTYtOGY4OC0zNDM2M2JjN2M0YzAiOnsiY3JlYXRlIjozMDAwMDAwMDAwMDAsImRlbGV0ZSI6MzAwMDAwMDAwMDAwLCJ1cGRhdGUiOjEyMDAwMDAwMDAwMH19",
          "dependencies": [
            "module.vpc.aws_route_table.private",
            "module.vpc.aws_subnet.private",
            "module.vpc.aws_vpc.this",
            "module.vpc.aws_vpc_ipv4_cidr_block_association.this"
          ]
        },
        {
          "index_key": 1,
          "schema_version": 0,
          "attributes": {
            "gateway_id": "",
            "id": "rtbassoc-072d2aeff3e4e5a36",
            "route_table_id": "rtb-00e634b1c36606c2f",
            "subnet_id": "subnet-0a1ab89a7bc3b277d",
            "timeouts": null
          },
          "sensitive_attributes": [],
          "private": "eyJlMmJmYjczMC1lY2FhLTExZTYtOGY4OC0zNDM2M2JjN2M0YzAiOnsiY3JlYXRlIjozMDAwMDAwMDAwMDAsImRlbGV0ZSI6MzAwMDAwMDAwMDAwLCJ1cGRhdGUiOjEyMDAwMDAwMDAwMH19",
          "dependencies": [
            "module.vpc.aws_route_table.private",
            "module.vpc.aws_subnet.private",
            "module.vpc.aws_vpc.this",
            "module.vpc.aws_vpc_ipv4_cidr_block_association.this"
          ]
        }
      ]
    },
    {
      "module": "module.vpc",
      "mode": "managed",
      "type": "aws_route_table_association",
      "name": "public",
      "provider": "provider[\"registry.terraform.io/hashicorp/aws\"]",
      "instances": [
        {
          "index_key": 0,
          "schema_version": 0,
          "attributes": {
            "gateway_id": "",
            "id": "rtbassoc-0b176bde9c4013ab2",
            "route_table_id": "rtb-0469d497cdbccd35d",
            "subnet_id": "subnet-0207a791395ea9e6a",
            "timeouts": null
          },
          "sensitive_attributes": [],
          "private": "eyJlMmJmYjczMC1lY2FhLTExZTYtOGY4OC0zNDM2M2JjN2M0YzAiOnsiY3JlYXRlIjozMDAwMDAwMDAwMDAsImRlbGV0ZSI6MzAwMDAwMDAwMDAwLCJ1cGRhdGUiOjEyMDAwMDAwMDAwMH19",
          "dependencies": [
            "module.vpc.aws_route_table.public",
            "module.vpc.aws_subnet.public",
            "module.vpc.aws_vpc.this",
            "module.vpc.aws_vpc_ipv4_cidr_block_association.this"
          ]
        },
        {
          "index_key": 1,
          "schema_version": 0,
          "attributes": {
            "gateway_id": "",
            "id": "rtbassoc-069d1b1f7deb8fc3c",
            "route_table_id": "rtb-0469d497cdbccd35d",
            "subnet_id": "subnet-03dc93e35e89c30a9",
            "timeouts": null
          },
          "sensitive_attributes": [],
          "private": "eyJlMmJmYjczMC1lY2FhLTExZTYtOGY4OC0zNDM2M2JjN2M0YzAiOnsiY3JlYXRlIjozMDAwMDAwMDAwMDAsImRlbGV0ZSI6MzAwMDAwMDAwMDAwLCJ1cGRhdGUiOjEyMDAwMDAwMDAwMH19",
          "dependencies": [
            "module.vpc.aws_route_table.public",
            "module.vpc.aws_subnet.public",
            "module.vpc.aws_vpc.this",
            "module.vpc.aws_vpc_ipv4_cidr_block_association.this"
          ]
        }
      ]
    },
    {
      "module": "module.vpc",
      "mode": "managed",
      "type": "aws_subnet",
      "name": "private",
      "provider": "provider[\"registry.terraform.io/hashicorp/aws\"]",
      "instances": [
        {
          "index_key": 0,
          "schema_version": 1,
          "attributes": {
            "arn": "arn:aws:ec2:us-east-1:339712971032:subnet/subnet-0a5d3711377dc6c17",
            "assign_ipv6_address_on_creation": false,
            "availability_zone": "us-east-1a",
            "availability_zone_id": "use1-az1",
            "cidr_block": "176.24.1.0/24",
            "customer_owned_ipv4_pool": "",
            "enable_dns64": false,
            "enable_lni_at_device_index": 0,
            "enable_resource_name_dns_a_record_on_launch": false,
            "enable_resource_name_dns_aaaa_record_on_launch": false,
            "id": "subnet-0a5d3711377dc6c17",
            "ipv6_cidr_block": "",
            "ipv6_cidr_block_association_id": "",
            "ipv6_native": false,
            "map_customer_owned_ip_on_launch": false,
            "map_public_ip_on_launch": false,
            "outpost_arn": "",
            "owner_id": "339712971032",
            "private_dns_hostname_type_on_launch": "ip-name",
            "tags": {
              "Name": "phdi-playground-dev-private-us-east-1a",
              "karpenter.sh/discovery": "phdi-playground-dev",
              "kubernetes.io/cluster/phdi-playground-dev": "shared",
              "kubernetes.io/role/internal-elb": "1"
            },
            "tags_all": {
              "Environment": "dev",
              "Name": "phdi-playground-dev-private-us-east-1a",
              "Owner": "Skylight",
              "karpenter.sh/discovery": "phdi-playground-dev",
              "kubernetes.io/cluster/phdi-playground-dev": "shared",
              "kubernetes.io/role/internal-elb": "1"
            },
            "timeouts": null,
            "vpc_id": "vpc-0ce2209f49b6b97ad"
          },
          "sensitive_attributes": [],
          "private": "eyJlMmJmYjczMC1lY2FhLTExZTYtOGY4OC0zNDM2M2JjN2M0YzAiOnsiY3JlYXRlIjo2MDAwMDAwMDAwMDAsImRlbGV0ZSI6MTIwMDAwMDAwMDAwMH0sInNjaGVtYV92ZXJzaW9uIjoiMSJ9",
          "dependencies": [
            "module.vpc.aws_vpc.this",
            "module.vpc.aws_vpc_ipv4_cidr_block_association.this"
          ],
          "create_before_destroy": true
        },
        {
          "index_key": 1,
          "schema_version": 1,
          "attributes": {
            "arn": "arn:aws:ec2:us-east-1:339712971032:subnet/subnet-0a1ab89a7bc3b277d",
            "assign_ipv6_address_on_creation": false,
            "availability_zone": "us-east-1b",
            "availability_zone_id": "use1-az2",
            "cidr_block": "176.24.3.0/24",
            "customer_owned_ipv4_pool": "",
            "enable_dns64": false,
            "enable_lni_at_device_index": 0,
            "enable_resource_name_dns_a_record_on_launch": false,
            "enable_resource_name_dns_aaaa_record_on_launch": false,
            "id": "subnet-0a1ab89a7bc3b277d",
            "ipv6_cidr_block": "",
            "ipv6_cidr_block_association_id": "",
            "ipv6_native": false,
            "map_customer_owned_ip_on_launch": false,
            "map_public_ip_on_launch": false,
            "outpost_arn": "",
            "owner_id": "339712971032",
            "private_dns_hostname_type_on_launch": "ip-name",
            "tags": {
              "Name": "phdi-playground-dev-private-us-east-1b",
              "karpenter.sh/discovery": "phdi-playground-dev",
              "kubernetes.io/cluster/phdi-playground-dev": "shared",
              "kubernetes.io/role/internal-elb": "1"
            },
            "tags_all": {
              "Environment": "dev",
              "Name": "phdi-playground-dev-private-us-east-1b",
              "Owner": "Skylight",
              "karpenter.sh/discovery": "phdi-playground-dev",
              "kubernetes.io/cluster/phdi-playground-dev": "shared",
              "kubernetes.io/role/internal-elb": "1"
            },
            "timeouts": null,
            "vpc_id": "vpc-0ce2209f49b6b97ad"
          },
          "sensitive_attributes": [],
          "private": "eyJlMmJmYjczMC1lY2FhLTExZTYtOGY4OC0zNDM2M2JjN2M0YzAiOnsiY3JlYXRlIjo2MDAwMDAwMDAwMDAsImRlbGV0ZSI6MTIwMDAwMDAwMDAwMH0sInNjaGVtYV92ZXJzaW9uIjoiMSJ9",
          "dependencies": [
            "module.vpc.aws_vpc.this",
            "module.vpc.aws_vpc_ipv4_cidr_block_association.this"
          ],
          "create_before_destroy": true
        }
      ]
    },
    {
      "module": "module.vpc",
      "mode": "managed",
      "type": "aws_subnet",
      "name": "public",
      "provider": "provider[\"registry.terraform.io/hashicorp/aws\"]",
      "instances": [
        {
          "index_key": 0,
          "schema_version": 1,
          "attributes": {
            "arn": "arn:aws:ec2:us-east-1:339712971032:subnet/subnet-0207a791395ea9e6a",
            "assign_ipv6_address_on_creation": false,
            "availability_zone": "us-east-1a",
            "availability_zone_id": "use1-az1",
            "cidr_block": "176.24.2.0/24",
            "customer_owned_ipv4_pool": "",
            "enable_dns64": false,
            "enable_lni_at_device_index": 0,
            "enable_resource_name_dns_a_record_on_launch": false,
            "enable_resource_name_dns_aaaa_record_on_launch": false,
            "id": "subnet-0207a791395ea9e6a",
            "ipv6_cidr_block": "",
            "ipv6_cidr_block_association_id": "",
            "ipv6_native": false,
            "map_customer_owned_ip_on_launch": false,
            "map_public_ip_on_launch": false,
            "outpost_arn": "",
            "owner_id": "339712971032",
            "private_dns_hostname_type_on_launch": "ip-name",
            "tags": {
              "Name": "phdi-playground-dev-public-us-east-1a",
              "kubernetes.io/cluster/phdi-playground-dev": "shared",
              "kubernetes.io/role/elb": "1"
            },
            "tags_all": {
              "Environment": "dev",
              "Name": "phdi-playground-dev-public-us-east-1a",
              "Owner": "Skylight",
              "kubernetes.io/cluster/phdi-playground-dev": "shared",
              "kubernetes.io/role/elb": "1"
            },
            "timeouts": null,
            "vpc_id": "vpc-0ce2209f49b6b97ad"
          },
          "sensitive_attributes": [],
          "private": "eyJlMmJmYjczMC1lY2FhLTExZTYtOGY4OC0zNDM2M2JjN2M0YzAiOnsiY3JlYXRlIjo2MDAwMDAwMDAwMDAsImRlbGV0ZSI6MTIwMDAwMDAwMDAwMH0sInNjaGVtYV92ZXJzaW9uIjoiMSJ9",
          "dependencies": [
            "module.vpc.aws_vpc.this",
            "module.vpc.aws_vpc_ipv4_cidr_block_association.this"
          ],
          "create_before_destroy": true
        },
        {
          "index_key": 1,
          "schema_version": 1,
          "attributes": {
            "arn": "arn:aws:ec2:us-east-1:339712971032:subnet/subnet-03dc93e35e89c30a9",
            "assign_ipv6_address_on_creation": false,
            "availability_zone": "us-east-1b",
            "availability_zone_id": "use1-az2",
            "cidr_block": "176.24.4.0/24",
            "customer_owned_ipv4_pool": "",
            "enable_dns64": false,
            "enable_lni_at_device_index": 0,
            "enable_resource_name_dns_a_record_on_launch": false,
            "enable_resource_name_dns_aaaa_record_on_launch": false,
            "id": "subnet-03dc93e35e89c30a9",
            "ipv6_cidr_block": "",
            "ipv6_cidr_block_association_id": "",
            "ipv6_native": false,
            "map_customer_owned_ip_on_launch": false,
            "map_public_ip_on_launch": false,
            "outpost_arn": "",
            "owner_id": "339712971032",
            "private_dns_hostname_type_on_launch": "ip-name",
            "tags": {
              "Name": "phdi-playground-dev-public-us-east-1b",
              "kubernetes.io/cluster/phdi-playground-dev": "shared",
              "kubernetes.io/role/elb": "1"
            },
            "tags_all": {
              "Environment": "dev",
              "Name": "phdi-playground-dev-public-us-east-1b",
              "Owner": "Skylight",
              "kubernetes.io/cluster/phdi-playground-dev": "shared",
              "kubernetes.io/role/elb": "1"
            },
            "timeouts": null,
            "vpc_id": "vpc-0ce2209f49b6b97ad"
          },
          "sensitive_attributes": [],
          "private": "eyJlMmJmYjczMC1lY2FhLTExZTYtOGY4OC0zNDM2M2JjN2M0YzAiOnsiY3JlYXRlIjo2MDAwMDAwMDAwMDAsImRlbGV0ZSI6MTIwMDAwMDAwMDAwMH0sInNjaGVtYV92ZXJzaW9uIjoiMSJ9",
          "dependencies": [
            "module.vpc.aws_vpc.this",
            "module.vpc.aws_vpc_ipv4_cidr_block_association.this"
          ],
          "create_before_destroy": true
        }
      ]
    },
    {
      "module": "module.vpc",
      "mode": "managed",
      "type": "aws_vpc",
      "name": "this",
      "provider": "provider[\"registry.terraform.io/hashicorp/aws\"]",
      "instances": [
        {
          "index_key": 0,
          "schema_version": 1,
          "attributes": {
            "arn": "arn:aws:ec2:us-east-1:339712971032:vpc/vpc-0ce2209f49b6b97ad",
            "assign_generated_ipv6_cidr_block": false,
            "cidr_block": "176.24.0.0/16",
            "default_network_acl_id": "acl-05aa5cb2be2374485",
            "default_route_table_id": "rtb-04aaecd743f5f3223",
            "default_security_group_id": "sg-06396cb400c572487",
            "dhcp_options_id": "dopt-0352bada9f8e105d0",
            "enable_dns_hostnames": true,
            "enable_dns_support": true,
            "enable_network_address_usage_metrics": false,
            "id": "vpc-0ce2209f49b6b97ad",
            "instance_tenancy": "default",
            "ipv4_ipam_pool_id": null,
            "ipv4_netmask_length": null,
            "ipv6_association_id": "",
            "ipv6_cidr_block": "",
            "ipv6_cidr_block_network_border_group": "",
            "ipv6_ipam_pool_id": "",
            "ipv6_netmask_length": 0,
            "main_route_table_id": "rtb-04aaecd743f5f3223",
            "owner_id": "339712971032",
            "tags": {
              "Name": "phdi-playground-dev",
              "kubernetes.io/cluster/phdi-playground-dev": "shared"
            },
            "tags_all": {
              "Environment": "dev",
              "Name": "phdi-playground-dev",
              "Owner": "Skylight",
              "kubernetes.io/cluster/phdi-playground-dev": "shared"
            }
          },
          "sensitive_attributes": [],
          "private": "eyJzY2hlbWFfdmVyc2lvbiI6IjEifQ==",
          "create_before_destroy": true
        }
      ]
    },
    {
      "module": "module.vpc",
      "mode": "managed",
      "type": "aws_vpc_ipv4_cidr_block_association",
      "name": "this",
      "provider": "provider[\"registry.terraform.io/hashicorp/aws\"]",
      "instances": []
    }
  ],
  "check_results": null
}
